{
  "version": 4,
  "terraform_version": "1.0.4",
  "serial": 454,
  "lineage": "bb5e322d-bb41-91d8-a113-7fe61f5724f9",
  "outputs": {},
  "resources": [
    {
      "module": "module.dns-private-zone",
      "mode": "managed",
      "type": "google_dns_managed_zone",
      "name": "private",
      "provider": "provider[\"registry.terraform.io/hashicorp/google\"]",
      "instances": [
        {
          "index_key": 0,
          "schema_version": 0,
          "attributes": {
            "description": "Managed by Terraform",
            "dns_name": "framework.services.gcp.com.ar.",
            "dnssec_config": [],
            "force_destroy": false,
            "forwarding_config": [],
            "id": "projects/sdypp-framework-ago/managedZones/framework-services-gcp-com-ar",
            "labels": {},
            "name": "framework-services-gcp-com-ar",
            "name_servers": [
              "ns-gcp-private.googledomains.com."
            ],
            "peering_config": [],
            "private_visibility_config": [
              {
                "networks": [
                  {
                    "network_url": "https://www.googleapis.com/compute/v1/projects/sdypp-framework-ago/global/networks/sdypp-framework-ago-vpc-deployments"
                  },
                  {
                    "network_url": "https://www.googleapis.com/compute/v1/projects/sdypp-framework-ago/global/networks/sdypp-framework-ago-vpc-resources"
                  }
                ]
              }
            ],
            "project": "sdypp-framework-ago",
            "timeouts": null,
            "visibility": "private"
          },
          "sensitive_attributes": [],
          "private": "eyJlMmJmYjczMC1lY2FhLTExZTYtOGY4OC0zNDM2M2JjN2M0YzAiOnsiY3JlYXRlIjoyNDAwMDAwMDAwMDAsImRlbGV0ZSI6MjQwMDAwMDAwMDAwLCJ1cGRhdGUiOjI0MDAwMDAwMDAwMH19",
          "dependencies": [
            "module.vpc_deployments.module.vpc.google_compute_network.network",
            "module.vpc_resources.module.vpc.google_compute_network.network"
          ]
        }
      ]
    },
    {
      "module": "module.vpc_deployments.module.vpc",
      "mode": "managed",
      "type": "google_compute_network",
      "name": "network",
      "provider": "provider[\"registry.terraform.io/hashicorp/google\"]",
      "instances": [
        {
          "schema_version": 0,
          "attributes": {
            "auto_create_subnetworks": false,
            "delete_default_routes_on_create": false,
            "description": "",
            "gateway_ipv4": "",
            "id": "projects/sdypp-framework-ago/global/networks/sdypp-framework-ago-vpc-deployments",
            "mtu": 0,
            "name": "sdypp-framework-ago-vpc-deployments",
            "project": "sdypp-framework-ago",
            "routing_mode": "REGIONAL",
            "self_link": "https://www.googleapis.com/compute/v1/projects/sdypp-framework-ago/global/networks/sdypp-framework-ago-vpc-deployments",
            "timeouts": null
          },
          "sensitive_attributes": [],
          "private": "eyJlMmJmYjczMC1lY2FhLTExZTYtOGY4OC0zNDM2M2JjN2M0YzAiOnsiY3JlYXRlIjoyNDAwMDAwMDAwMDAsImRlbGV0ZSI6MjQwMDAwMDAwMDAwLCJ1cGRhdGUiOjI0MDAwMDAwMDAwMH19"
        }
      ]
    },
    {
      "module": "module.vpc_resources.module.vpc",
      "mode": "managed",
      "type": "google_compute_network",
      "name": "network",
      "provider": "provider[\"registry.terraform.io/hashicorp/google\"]",
      "instances": [
        {
          "schema_version": 0,
          "attributes": {
            "auto_create_subnetworks": false,
            "delete_default_routes_on_create": false,
            "description": "",
            "gateway_ipv4": "",
            "id": "projects/sdypp-framework-ago/global/networks/sdypp-framework-ago-vpc-resources",
            "mtu": 0,
            "name": "sdypp-framework-ago-vpc-resources",
            "project": "sdypp-framework-ago",
            "routing_mode": "REGIONAL",
            "self_link": "https://www.googleapis.com/compute/v1/projects/sdypp-framework-ago/global/networks/sdypp-framework-ago-vpc-resources",
            "timeouts": null
          },
          "sensitive_attributes": [],
          "private": "eyJlMmJmYjczMC1lY2FhLTExZTYtOGY4OC0zNDM2M2JjN2M0YzAiOnsiY3JlYXRlIjoyNDAwMDAwMDAwMDAsImRlbGV0ZSI6MjQwMDAwMDAwMDAwLCJ1cGRhdGUiOjI0MDAwMDAwMDAwMH19"
        }
      ]
    }
  ]
}
