{
  "version": 4,
  "terraform_version": "1.0.4",
  "serial": 109,
  "lineage": "bb5e322d-bb41-91d8-a113-7fe61f5724f9",
  "outputs": {},
  "resources": [
    {
      "module": "module.cloud-nat_deployments",
      "mode": "managed",
      "type": "google_compute_router_nat",
      "name": "main",
      "provider": "provider[\"registry.terraform.io/hashicorp/google\"]",
      "instances": [
        {
          "schema_version": 0,
          "attributes": {
            "drain_nat_ips": [],
            "enable_endpoint_independent_mapping": true,
            "icmp_idle_timeout_sec": 30,
            "id": "sdypp-framework-ago/us-central1/router-sdypp-framework-ago-vpc-deployments/nat-router-sdypp-framework-ago-vpc-deployments",
            "log_config": [],
            "min_ports_per_vm": 64,
            "name": "nat-router-sdypp-framework-ago-vpc-deployments",
            "nat_ip_allocate_option": "AUTO_ONLY",
            "nat_ips": [],
            "project": "sdypp-framework-ago",
            "region": "us-central1",
            "router": "router-sdypp-framework-ago-vpc-deployments",
            "source_subnetwork_ip_ranges_to_nat": "ALL_SUBNETWORKS_ALL_IP_RANGES",
            "subnetwork": [],
            "tcp_established_idle_timeout_sec": 1200,
            "tcp_transitory_idle_timeout_sec": 30,
            "timeouts": null,
            "udp_idle_timeout_sec": 30
          },
          "sensitive_attributes": [],
          "private": "eyJlMmJmYjczMC1lY2FhLTExZTYtOGY4OC0zNDM2M2JjN2M0YzAiOnsiY3JlYXRlIjo2MDAwMDAwMDAwMDAsImRlbGV0ZSI6NjAwMDAwMDAwMDAwLCJ1cGRhdGUiOjYwMDAwMDAwMDAwMH19",
          "dependencies": [
            "module.cloud_router_deployments.google_compute_router.router",
            "module.cloud_router_deployments.google_compute_router_nat.nats",
            "module.vpc_deployments.module.firewall_rules.google_compute_firewall.rules",
            "module.vpc_deployments.module.routes.google_compute_route.route",
            "module.vpc_deployments.module.subnets.google_compute_subnetwork.subnetwork",
            "module.vpc_deployments.module.vpc.google_compute_network.network",
            "module.vpc_deployments.module.vpc.google_compute_shared_vpc_host_project.shared_vpc_host",
            "module.cloud-nat_deployments.google_compute_router.router",
            "module.cloud-nat_deployments.random_string.name_suffix"
          ]
        }
      ]
    },
    {
      "module": "module.cloud-nat_deployments",
      "mode": "managed",
      "type": "random_string",
      "name": "name_suffix",
      "provider": "provider[\"registry.terraform.io/hashicorp/random\"]",
      "instances": [
        {
          "schema_version": 1,
          "attributes": {
            "id": "xsjnb0",
            "keepers": null,
            "length": 6,
            "lower": true,
            "min_lower": 0,
            "min_numeric": 0,
            "min_special": 0,
            "min_upper": 0,
            "number": true,
            "override_special": null,
            "result": "xsjnb0",
            "special": false,
            "upper": false
          },
          "sensitive_attributes": [],
          "private": "eyJzY2hlbWFfdmVyc2lvbiI6IjEifQ==",
          "dependencies": [
            "module.vpc_deployments.module.firewall_rules.google_compute_firewall.rules",
            "module.vpc_deployments.module.routes.google_compute_route.route",
            "module.vpc_deployments.module.subnets.google_compute_subnetwork.subnetwork",
            "module.vpc_deployments.module.vpc.google_compute_network.network",
            "module.vpc_deployments.module.vpc.google_compute_shared_vpc_host_project.shared_vpc_host",
            "module.cloud_router_deployments.google_compute_router.router",
            "module.cloud_router_deployments.google_compute_router_nat.nats"
          ]
        }
      ]
    },
    {
      "module": "module.cloud-nat_management",
      "mode": "managed",
      "type": "google_compute_router_nat",
      "name": "main",
      "provider": "provider[\"registry.terraform.io/hashicorp/google\"]",
      "instances": [
        {
          "schema_version": 0,
          "attributes": {
            "drain_nat_ips": [],
            "enable_endpoint_independent_mapping": true,
            "icmp_idle_timeout_sec": 30,
            "id": "sdypp-framework-ago/us-east1/router-sdypp-framework-ago-vpc-management/nat-router-sdypp-framework-ago-vpc-management",
            "log_config": [],
            "min_ports_per_vm": 64,
            "name": "nat-router-sdypp-framework-ago-vpc-management",
            "nat_ip_allocate_option": "AUTO_ONLY",
            "nat_ips": [],
            "project": "sdypp-framework-ago",
            "region": "us-east1",
            "router": "router-sdypp-framework-ago-vpc-management",
            "source_subnetwork_ip_ranges_to_nat": "ALL_SUBNETWORKS_ALL_IP_RANGES",
            "subnetwork": [],
            "tcp_established_idle_timeout_sec": 1200,
            "tcp_transitory_idle_timeout_sec": 30,
            "timeouts": null,
            "udp_idle_timeout_sec": 30
          },
          "sensitive_attributes": [],
          "private": "eyJlMmJmYjczMC1lY2FhLTExZTYtOGY4OC0zNDM2M2JjN2M0YzAiOnsiY3JlYXRlIjo2MDAwMDAwMDAwMDAsImRlbGV0ZSI6NjAwMDAwMDAwMDAwLCJ1cGRhdGUiOjYwMDAwMDAwMDAwMH19",
          "dependencies": [
            "module.cloud_router_management.google_compute_router_nat.nats",
            "module.vpc_management.module.firewall_rules.google_compute_firewall.rules",
            "module.vpc_management.module.vpc.google_compute_shared_vpc_host_project.shared_vpc_host",
            "module.cloud-nat_management.google_compute_router.router",
            "module.cloud_router_management.google_compute_router.router",
            "module.vpc_management.module.subnets.google_compute_subnetwork.subnetwork",
            "module.vpc_management.module.vpc.google_compute_network.network",
            "module.cloud-nat_management.random_string.name_suffix",
            "module.vpc_management.module.routes.google_compute_route.route"
          ]
        }
      ]
    },
    {
      "module": "module.cloud-nat_management",
      "mode": "managed",
      "type": "random_string",
      "name": "name_suffix",
      "provider": "provider[\"registry.terraform.io/hashicorp/random\"]",
      "instances": [
        {
          "schema_version": 1,
          "attributes": {
            "id": "jwsbkr",
            "keepers": null,
            "length": 6,
            "lower": true,
            "min_lower": 0,
            "min_numeric": 0,
            "min_special": 0,
            "min_upper": 0,
            "number": true,
            "override_special": null,
            "result": "jwsbkr",
            "special": false,
            "upper": false
          },
          "sensitive_attributes": [],
          "private": "eyJzY2hlbWFfdmVyc2lvbiI6IjEifQ==",
          "dependencies": [
            "module.vpc_management.module.routes.google_compute_route.route",
            "module.vpc_management.module.subnets.google_compute_subnetwork.subnetwork",
            "module.vpc_management.module.vpc.google_compute_network.network",
            "module.vpc_management.module.vpc.google_compute_shared_vpc_host_project.shared_vpc_host",
            "module.cloud_router_management.google_compute_router.router",
            "module.cloud_router_management.google_compute_router_nat.nats",
            "module.vpc_management.module.firewall_rules.google_compute_firewall.rules"
          ]
        }
      ]
    },
    {
      "module": "module.cloud-nat_resources",
      "mode": "managed",
      "type": "google_compute_router_nat",
      "name": "main",
      "provider": "provider[\"registry.terraform.io/hashicorp/google\"]",
      "instances": [
        {
          "schema_version": 0,
          "attributes": {
            "drain_nat_ips": [],
            "enable_endpoint_independent_mapping": true,
            "icmp_idle_timeout_sec": 30,
            "id": "sdypp-framework-ago/us-west1/router-sdypp-framework-ago-vpc-resources/nat-router-sdypp-framework-ago-vpc-resources",
            "log_config": [],
            "min_ports_per_vm": 64,
            "name": "nat-router-sdypp-framework-ago-vpc-resources",
            "nat_ip_allocate_option": "AUTO_ONLY",
            "nat_ips": [],
            "project": "sdypp-framework-ago",
            "region": "us-west1",
            "router": "router-sdypp-framework-ago-vpc-resources",
            "source_subnetwork_ip_ranges_to_nat": "ALL_SUBNETWORKS_ALL_IP_RANGES",
            "subnetwork": [],
            "tcp_established_idle_timeout_sec": 1200,
            "tcp_transitory_idle_timeout_sec": 30,
            "timeouts": null,
            "udp_idle_timeout_sec": 30
          },
          "sensitive_attributes": [],
          "private": "eyJlMmJmYjczMC1lY2FhLTExZTYtOGY4OC0zNDM2M2JjN2M0YzAiOnsiY3JlYXRlIjo2MDAwMDAwMDAwMDAsImRlbGV0ZSI6NjAwMDAwMDAwMDAwLCJ1cGRhdGUiOjYwMDAwMDAwMDAwMH19",
          "dependencies": [
            "module.vpc_resources.module.vpc.google_compute_network.network",
            "module.vpc_resources.module.vpc.google_compute_shared_vpc_host_project.shared_vpc_host",
            "module.cloud-nat_resources.google_compute_router.router",
            "module.cloud_router_resources.google_compute_router.router",
            "module.cloud_router_resources.google_compute_router_nat.nats",
            "module.vpc_resources.module.subnets.google_compute_subnetwork.subnetwork",
            "module.cloud-nat_resources.random_string.name_suffix",
            "module.vpc_resources.module.firewall_rules.google_compute_firewall.rules",
            "module.vpc_resources.module.routes.google_compute_route.route"
          ]
        }
      ]
    },
    {
      "module": "module.cloud-nat_resources",
      "mode": "managed",
      "type": "random_string",
      "name": "name_suffix",
      "provider": "provider[\"registry.terraform.io/hashicorp/random\"]",
      "instances": [
        {
          "schema_version": 1,
          "attributes": {
            "id": "xx1nnc",
            "keepers": null,
            "length": 6,
            "lower": true,
            "min_lower": 0,
            "min_numeric": 0,
            "min_special": 0,
            "min_upper": 0,
            "number": true,
            "override_special": null,
            "result": "xx1nnc",
            "special": false,
            "upper": false
          },
          "sensitive_attributes": [],
          "private": "eyJzY2hlbWFfdmVyc2lvbiI6IjEifQ==",
          "dependencies": [
            "module.cloud_router_resources.google_compute_router_nat.nats",
            "module.vpc_resources.module.firewall_rules.google_compute_firewall.rules",
            "module.vpc_resources.module.routes.google_compute_route.route",
            "module.vpc_resources.module.subnets.google_compute_subnetwork.subnetwork",
            "module.vpc_resources.module.vpc.google_compute_network.network",
            "module.vpc_resources.module.vpc.google_compute_shared_vpc_host_project.shared_vpc_host",
            "module.cloud_router_resources.google_compute_router.router"
          ]
        }
      ]
    },
    {
      "module": "module.cloud_router_deployments",
      "mode": "managed",
      "type": "google_compute_router",
      "name": "router",
      "provider": "provider[\"registry.terraform.io/hashicorp/google\"]",
      "instances": [
        {
          "schema_version": 0,
          "attributes": {
            "bgp": [],
            "creation_timestamp": "2021-08-18T08:24:11.376-07:00",
            "description": "",
            "id": "projects/sdypp-framework-ago/regions/us-central1/routers/router-sdypp-framework-ago-vpc-deployments",
            "name": "router-sdypp-framework-ago-vpc-deployments",
            "network": "https://www.googleapis.com/compute/v1/projects/sdypp-framework-ago/global/networks/sdypp-framework-ago-vpc-deployments",
            "project": "sdypp-framework-ago",
            "region": "us-central1",
            "self_link": "https://www.googleapis.com/compute/v1/projects/sdypp-framework-ago/regions/us-central1/routers/router-sdypp-framework-ago-vpc-deployments",
            "timeouts": null
          },
          "sensitive_attributes": [],
          "private": "eyJlMmJmYjczMC1lY2FhLTExZTYtOGY4OC0zNDM2M2JjN2M0YzAiOnsiY3JlYXRlIjoyNDAwMDAwMDAwMDAsImRlbGV0ZSI6MjQwMDAwMDAwMDAwLCJ1cGRhdGUiOjI0MDAwMDAwMDAwMH19",
          "dependencies": [
            "module.vpc_deployments.module.routes.google_compute_route.route",
            "module.vpc_deployments.module.subnets.google_compute_subnetwork.subnetwork",
            "module.vpc_deployments.module.vpc.google_compute_network.network",
            "module.vpc_deployments.module.vpc.google_compute_shared_vpc_host_project.shared_vpc_host",
            "module.vpc_deployments.module.firewall_rules.google_compute_firewall.rules"
          ]
        }
      ]
    },
    {
      "module": "module.cloud_router_management",
      "mode": "managed",
      "type": "google_compute_router",
      "name": "router",
      "provider": "provider[\"registry.terraform.io/hashicorp/google\"]",
      "instances": [
        {
          "schema_version": 0,
          "attributes": {
            "bgp": [],
            "creation_timestamp": "2021-08-18T08:24:11.197-07:00",
            "description": "",
            "id": "projects/sdypp-framework-ago/regions/us-east1/routers/router-sdypp-framework-ago-vpc-management",
            "name": "router-sdypp-framework-ago-vpc-management",
            "network": "https://www.googleapis.com/compute/v1/projects/sdypp-framework-ago/global/networks/sdypp-framework-ago-vpc-management",
            "project": "sdypp-framework-ago",
            "region": "us-east1",
            "self_link": "https://www.googleapis.com/compute/v1/projects/sdypp-framework-ago/regions/us-east1/routers/router-sdypp-framework-ago-vpc-management",
            "timeouts": null
          },
          "sensitive_attributes": [],
          "private": "eyJlMmJmYjczMC1lY2FhLTExZTYtOGY4OC0zNDM2M2JjN2M0YzAiOnsiY3JlYXRlIjoyNDAwMDAwMDAwMDAsImRlbGV0ZSI6MjQwMDAwMDAwMDAwLCJ1cGRhdGUiOjI0MDAwMDAwMDAwMH19",
          "dependencies": [
            "module.vpc_management.module.subnets.google_compute_subnetwork.subnetwork",
            "module.vpc_management.module.vpc.google_compute_network.network",
            "module.vpc_management.module.vpc.google_compute_shared_vpc_host_project.shared_vpc_host",
            "module.vpc_management.module.firewall_rules.google_compute_firewall.rules",
            "module.vpc_management.module.routes.google_compute_route.route"
          ]
        }
      ]
    },
    {
      "module": "module.cloud_router_resources",
      "mode": "managed",
      "type": "google_compute_router",
      "name": "router",
      "provider": "provider[\"registry.terraform.io/hashicorp/google\"]",
      "instances": [
        {
          "schema_version": 0,
          "attributes": {
            "bgp": [],
            "creation_timestamp": "2021-08-18T08:24:16.303-07:00",
            "description": "",
            "id": "projects/sdypp-framework-ago/regions/us-west1/routers/router-sdypp-framework-ago-vpc-resources",
            "name": "router-sdypp-framework-ago-vpc-resources",
            "network": "https://www.googleapis.com/compute/v1/projects/sdypp-framework-ago/global/networks/sdypp-framework-ago-vpc-resources",
            "project": "sdypp-framework-ago",
            "region": "us-west1",
            "self_link": "https://www.googleapis.com/compute/v1/projects/sdypp-framework-ago/regions/us-west1/routers/router-sdypp-framework-ago-vpc-resources",
            "timeouts": null
          },
          "sensitive_attributes": [],
          "private": "eyJlMmJmYjczMC1lY2FhLTExZTYtOGY4OC0zNDM2M2JjN2M0YzAiOnsiY3JlYXRlIjoyNDAwMDAwMDAwMDAsImRlbGV0ZSI6MjQwMDAwMDAwMDAwLCJ1cGRhdGUiOjI0MDAwMDAwMDAwMH19",
          "dependencies": [
            "module.vpc_resources.module.vpc.google_compute_network.network",
            "module.vpc_resources.module.vpc.google_compute_shared_vpc_host_project.shared_vpc_host",
            "module.vpc_resources.module.firewall_rules.google_compute_firewall.rules",
            "module.vpc_resources.module.routes.google_compute_route.route",
            "module.vpc_resources.module.subnets.google_compute_subnetwork.subnetwork"
          ]
        }
      ]
    },
    {
      "module": "module.dns-private-zone",
      "mode": "managed",
      "type": "google_dns_managed_zone",
      "name": "private",
      "provider": "provider[\"registry.terraform.io/hashicorp/google\"]",
      "instances": [
        {
          "index_key": 0,
          "schema_version": 0,
          "attributes": {
            "description": "Managed by Terraform",
            "dns_name": "framework.services.gcp.com.ar.",
            "dnssec_config": [],
            "force_destroy": false,
            "forwarding_config": [],
            "id": "projects/sdypp-framework-ago/managedZones/framework-services-gcp-com-ar",
            "labels": {},
            "name": "framework-services-gcp-com-ar",
            "name_servers": [
              "ns-gcp-private.googledomains.com."
            ],
            "peering_config": [],
            "private_visibility_config": [
              {
                "networks": [
                  {
                    "network_url": "https://www.googleapis.com/compute/v1/projects/sdypp-framework-ago/global/networks/sdypp-framework-ago-vpc-deployments"
                  },
                  {
                    "network_url": "https://www.googleapis.com/compute/v1/projects/sdypp-framework-ago/global/networks/sdypp-framework-ago-vpc-resources"
                  }
                ]
              }
            ],
            "project": "sdypp-framework-ago",
            "timeouts": null,
            "visibility": "private"
          },
          "sensitive_attributes": [],
          "private": "eyJlMmJmYjczMC1lY2FhLTExZTYtOGY4OC0zNDM2M2JjN2M0YzAiOnsiY3JlYXRlIjoyNDAwMDAwMDAwMDAsImRlbGV0ZSI6MjQwMDAwMDAwMDAwLCJ1cGRhdGUiOjI0MDAwMDAwMDAwMH19",
          "dependencies": [
            "module.vpc_deployments.module.vpc.google_compute_network.network",
            "module.vpc_resources.module.vpc.google_compute_network.network"
          ]
        }
      ]
    },
    {
      "module": "module.firewall_rules_deployments",
      "mode": "managed",
      "type": "google_compute_firewall",
      "name": "rules",
      "provider": "provider[\"registry.terraform.io/hashicorp/google\"]",
      "instances": [
        {
          "index_key": "sdypp-framework-ago-vpc-deployments-allow-all-egress",
          "schema_version": 1,
          "attributes": {
            "allow": [
              {
                "ports": [],
                "protocol": "all"
              }
            ],
            "creation_timestamp": "2021-08-18T08:24:11.288-07:00",
            "deny": [],
            "description": "",
            "destination_ranges": [
              "0.0.0.0/0"
            ],
            "direction": "EGRESS",
            "disabled": false,
            "enable_logging": null,
            "id": "projects/sdypp-framework-ago/global/firewalls/sdypp-framework-ago-vpc-deployments-allow-all-egress",
            "log_config": [
              {
                "metadata": "INCLUDE_ALL_METADATA"
              }
            ],
            "name": "sdypp-framework-ago-vpc-deployments-allow-all-egress",
            "network": "https://www.googleapis.com/compute/v1/projects/sdypp-framework-ago/global/networks/sdypp-framework-ago-vpc-deployments",
            "priority": 1000,
            "project": "sdypp-framework-ago",
            "self_link": "https://www.googleapis.com/compute/v1/projects/sdypp-framework-ago/global/firewalls/sdypp-framework-ago-vpc-deployments-allow-all-egress",
            "source_ranges": [],
            "source_service_accounts": [],
            "source_tags": [],
            "target_service_accounts": [],
            "target_tags": [],
            "timeouts": null
          },
          "sensitive_attributes": [],
          "private": "eyJlMmJmYjczMC1lY2FhLTExZTYtOGY4OC0zNDM2M2JjN2M0YzAiOnsiY3JlYXRlIjoyNDAwMDAwMDAwMDAsImRlbGV0ZSI6MjQwMDAwMDAwMDAwLCJ1cGRhdGUiOjI0MDAwMDAwMDAwMH0sInNjaGVtYV92ZXJzaW9uIjoiMSJ9",
          "dependencies": [
            "module.vpc_deployments.module.vpc.google_compute_network.network",
            "module.vpc_deployments.module.vpc.google_compute_shared_vpc_host_project.shared_vpc_host",
            "module.vpc_deployments.module.firewall_rules.google_compute_firewall.rules",
            "module.vpc_deployments.module.routes.google_compute_route.route",
            "module.vpc_deployments.module.subnets.google_compute_subnetwork.subnetwork"
          ]
        },
        {
          "index_key": "sdypp-framework-ago-vpc-deployments-allow-all-ingress",
          "schema_version": 1,
          "attributes": {
            "allow": [
              {
                "ports": [],
                "protocol": "all"
              }
            ],
            "creation_timestamp": "2021-08-18T08:24:11.196-07:00",
            "deny": [],
            "description": "",
            "destination_ranges": [],
            "direction": "INGRESS",
            "disabled": false,
            "enable_logging": null,
            "id": "projects/sdypp-framework-ago/global/firewalls/sdypp-framework-ago-vpc-deployments-allow-all-ingress",
            "log_config": [
              {
                "metadata": "INCLUDE_ALL_METADATA"
              }
            ],
            "name": "sdypp-framework-ago-vpc-deployments-allow-all-ingress",
            "network": "https://www.googleapis.com/compute/v1/projects/sdypp-framework-ago/global/networks/sdypp-framework-ago-vpc-deployments",
            "priority": 1000,
            "project": "sdypp-framework-ago",
            "self_link": "https://www.googleapis.com/compute/v1/projects/sdypp-framework-ago/global/firewalls/sdypp-framework-ago-vpc-deployments-allow-all-ingress",
            "source_ranges": [
              "0.0.0.0/0"
            ],
            "source_service_accounts": [],
            "source_tags": [],
            "target_service_accounts": [],
            "target_tags": [],
            "timeouts": null
          },
          "sensitive_attributes": [],
          "private": "eyJlMmJmYjczMC1lY2FhLTExZTYtOGY4OC0zNDM2M2JjN2M0YzAiOnsiY3JlYXRlIjoyNDAwMDAwMDAwMDAsImRlbGV0ZSI6MjQwMDAwMDAwMDAwLCJ1cGRhdGUiOjI0MDAwMDAwMDAwMH0sInNjaGVtYV92ZXJzaW9uIjoiMSJ9",
          "dependencies": [
            "module.vpc_deployments.module.vpc.google_compute_network.network",
            "module.vpc_deployments.module.vpc.google_compute_shared_vpc_host_project.shared_vpc_host",
            "module.vpc_deployments.module.firewall_rules.google_compute_firewall.rules",
            "module.vpc_deployments.module.routes.google_compute_route.route",
            "module.vpc_deployments.module.subnets.google_compute_subnetwork.subnetwork"
          ]
        }
      ]
    },
    {
      "module": "module.firewall_rules_management",
      "mode": "managed",
      "type": "google_compute_firewall",
      "name": "rules",
      "provider": "provider[\"registry.terraform.io/hashicorp/google\"]",
      "instances": [
        {
          "index_key": "sdypp-framework-ago-vpc-management-allow-all-egress",
          "schema_version": 1,
          "attributes": {
            "allow": [
              {
                "ports": [],
                "protocol": "all"
              }
            ],
            "creation_timestamp": "2021-08-18T08:24:10.996-07:00",
            "deny": [],
            "description": "",
            "destination_ranges": [
              "0.0.0.0/0"
            ],
            "direction": "EGRESS",
            "disabled": false,
            "enable_logging": null,
            "id": "projects/sdypp-framework-ago/global/firewalls/sdypp-framework-ago-vpc-management-allow-all-egress",
            "log_config": [
              {
                "metadata": "INCLUDE_ALL_METADATA"
              }
            ],
            "name": "sdypp-framework-ago-vpc-management-allow-all-egress",
            "network": "https://www.googleapis.com/compute/v1/projects/sdypp-framework-ago/global/networks/sdypp-framework-ago-vpc-management",
            "priority": 1000,
            "project": "sdypp-framework-ago",
            "self_link": "https://www.googleapis.com/compute/v1/projects/sdypp-framework-ago/global/firewalls/sdypp-framework-ago-vpc-management-allow-all-egress",
            "source_ranges": [],
            "source_service_accounts": [],
            "source_tags": [],
            "target_service_accounts": [],
            "target_tags": [],
            "timeouts": null
          },
          "sensitive_attributes": [],
          "private": "eyJlMmJmYjczMC1lY2FhLTExZTYtOGY4OC0zNDM2M2JjN2M0YzAiOnsiY3JlYXRlIjoyNDAwMDAwMDAwMDAsImRlbGV0ZSI6MjQwMDAwMDAwMDAwLCJ1cGRhdGUiOjI0MDAwMDAwMDAwMH0sInNjaGVtYV92ZXJzaW9uIjoiMSJ9",
          "dependencies": [
            "module.vpc_management.module.subnets.google_compute_subnetwork.subnetwork",
            "module.vpc_management.module.vpc.google_compute_network.network",
            "module.vpc_management.module.vpc.google_compute_shared_vpc_host_project.shared_vpc_host",
            "module.vpc_management.module.firewall_rules.google_compute_firewall.rules",
            "module.vpc_management.module.routes.google_compute_route.route"
          ]
        },
        {
          "index_key": "sdypp-framework-ago-vpc-management-allow-all-ingress",
          "schema_version": 1,
          "attributes": {
            "allow": [
              {
                "ports": [],
                "protocol": "all"
              }
            ],
            "creation_timestamp": "2021-08-18T08:24:11.094-07:00",
            "deny": [],
            "description": "",
            "destination_ranges": [],
            "direction": "INGRESS",
            "disabled": false,
            "enable_logging": null,
            "id": "projects/sdypp-framework-ago/global/firewalls/sdypp-framework-ago-vpc-management-allow-all-ingress",
            "log_config": [
              {
                "metadata": "INCLUDE_ALL_METADATA"
              }
            ],
            "name": "sdypp-framework-ago-vpc-management-allow-all-ingress",
            "network": "https://www.googleapis.com/compute/v1/projects/sdypp-framework-ago/global/networks/sdypp-framework-ago-vpc-management",
            "priority": 1000,
            "project": "sdypp-framework-ago",
            "self_link": "https://www.googleapis.com/compute/v1/projects/sdypp-framework-ago/global/firewalls/sdypp-framework-ago-vpc-management-allow-all-ingress",
            "source_ranges": [
              "0.0.0.0/0"
            ],
            "source_service_accounts": [],
            "source_tags": [],
            "target_service_accounts": [],
            "target_tags": [],
            "timeouts": null
          },
          "sensitive_attributes": [],
          "private": "eyJlMmJmYjczMC1lY2FhLTExZTYtOGY4OC0zNDM2M2JjN2M0YzAiOnsiY3JlYXRlIjoyNDAwMDAwMDAwMDAsImRlbGV0ZSI6MjQwMDAwMDAwMDAwLCJ1cGRhdGUiOjI0MDAwMDAwMDAwMH0sInNjaGVtYV92ZXJzaW9uIjoiMSJ9",
          "dependencies": [
            "module.vpc_management.module.firewall_rules.google_compute_firewall.rules",
            "module.vpc_management.module.routes.google_compute_route.route",
            "module.vpc_management.module.subnets.google_compute_subnetwork.subnetwork",
            "module.vpc_management.module.vpc.google_compute_network.network",
            "module.vpc_management.module.vpc.google_compute_shared_vpc_host_project.shared_vpc_host"
          ]
        }
      ]
    },
    {
      "module": "module.firewall_rules_resources",
      "mode": "managed",
      "type": "google_compute_firewall",
      "name": "rules",
      "provider": "provider[\"registry.terraform.io/hashicorp/google\"]",
      "instances": [
        {
          "index_key": "sdypp-framework-ago-vpc-resources-allow-all-egress",
          "schema_version": 1,
          "attributes": {
            "allow": [
              {
                "ports": [],
                "protocol": "all"
              }
            ],
            "creation_timestamp": "2021-08-18T08:24:21.799-07:00",
            "deny": [],
            "description": "",
            "destination_ranges": [
              "0.0.0.0/0"
            ],
            "direction": "EGRESS",
            "disabled": false,
            "enable_logging": null,
            "id": "projects/sdypp-framework-ago/global/firewalls/sdypp-framework-ago-vpc-resources-allow-all-egress",
            "log_config": [
              {
                "metadata": "INCLUDE_ALL_METADATA"
              }
            ],
            "name": "sdypp-framework-ago-vpc-resources-allow-all-egress",
            "network": "https://www.googleapis.com/compute/v1/projects/sdypp-framework-ago/global/networks/sdypp-framework-ago-vpc-resources",
            "priority": 1000,
            "project": "sdypp-framework-ago",
            "self_link": "https://www.googleapis.com/compute/v1/projects/sdypp-framework-ago/global/firewalls/sdypp-framework-ago-vpc-resources-allow-all-egress",
            "source_ranges": [],
            "source_service_accounts": [],
            "source_tags": [],
            "target_service_accounts": [],
            "target_tags": [],
            "timeouts": null
          },
          "sensitive_attributes": [],
          "private": "eyJlMmJmYjczMC1lY2FhLTExZTYtOGY4OC0zNDM2M2JjN2M0YzAiOnsiY3JlYXRlIjoyNDAwMDAwMDAwMDAsImRlbGV0ZSI6MjQwMDAwMDAwMDAwLCJ1cGRhdGUiOjI0MDAwMDAwMDAwMH0sInNjaGVtYV92ZXJzaW9uIjoiMSJ9",
          "dependencies": [
            "module.vpc_resources.module.firewall_rules.google_compute_firewall.rules",
            "module.vpc_resources.module.routes.google_compute_route.route",
            "module.vpc_resources.module.subnets.google_compute_subnetwork.subnetwork",
            "module.vpc_resources.module.vpc.google_compute_network.network",
            "module.vpc_resources.module.vpc.google_compute_shared_vpc_host_project.shared_vpc_host"
          ]
        },
        {
          "index_key": "sdypp-framework-ago-vpc-resources-allow-all-ingress",
          "schema_version": 1,
          "attributes": {
            "allow": [
              {
                "ports": [],
                "protocol": "all"
              }
            ],
            "creation_timestamp": "2021-08-18T08:24:16.004-07:00",
            "deny": [],
            "description": "",
            "destination_ranges": [],
            "direction": "INGRESS",
            "disabled": false,
            "enable_logging": null,
            "id": "projects/sdypp-framework-ago/global/firewalls/sdypp-framework-ago-vpc-resources-allow-all-ingress",
            "log_config": [
              {
                "metadata": "INCLUDE_ALL_METADATA"
              }
            ],
            "name": "sdypp-framework-ago-vpc-resources-allow-all-ingress",
            "network": "https://www.googleapis.com/compute/v1/projects/sdypp-framework-ago/global/networks/sdypp-framework-ago-vpc-resources",
            "priority": 1000,
            "project": "sdypp-framework-ago",
            "self_link": "https://www.googleapis.com/compute/v1/projects/sdypp-framework-ago/global/firewalls/sdypp-framework-ago-vpc-resources-allow-all-ingress",
            "source_ranges": [
              "0.0.0.0/0"
            ],
            "source_service_accounts": [],
            "source_tags": [],
            "target_service_accounts": [],
            "target_tags": [],
            "timeouts": null
          },
          "sensitive_attributes": [],
          "private": "eyJlMmJmYjczMC1lY2FhLTExZTYtOGY4OC0zNDM2M2JjN2M0YzAiOnsiY3JlYXRlIjoyNDAwMDAwMDAwMDAsImRlbGV0ZSI6MjQwMDAwMDAwMDAwLCJ1cGRhdGUiOjI0MDAwMDAwMDAwMH0sInNjaGVtYV92ZXJzaW9uIjoiMSJ9",
          "dependencies": [
            "module.vpc_resources.module.firewall_rules.google_compute_firewall.rules",
            "module.vpc_resources.module.routes.google_compute_route.route",
            "module.vpc_resources.module.subnets.google_compute_subnetwork.subnetwork",
            "module.vpc_resources.module.vpc.google_compute_network.network",
            "module.vpc_resources.module.vpc.google_compute_shared_vpc_host_project.shared_vpc_host"
          ]
        }
      ]
    },
    {
      "module": "module.gcs_buckets",
      "mode": "managed",
      "type": "google_storage_bucket",
      "name": "buckets",
      "provider": "provider[\"registry.terraform.io/hashicorp/google\"]",
      "instances": [
        {
          "index_key": "task-bucket",
          "schema_version": 0,
          "attributes": {
            "bucket_policy_only": true,
            "cors": [],
            "default_event_based_hold": false,
            "encryption": [],
            "force_destroy": false,
            "id": "sdypp-framework-ago-us-central1-task-bucket",
            "labels": {
              "name": "sdypp-framework-ago-us-central1-task-bucket"
            },
            "lifecycle_rule": [],
            "location": "US-CENTRAL1",
            "logging": [],
            "name": "sdypp-framework-ago-us-central1-task-bucket",
            "project": "sdypp-framework-ago",
            "requester_pays": false,
            "retention_policy": [],
            "self_link": "https://www.googleapis.com/storage/v1/b/sdypp-framework-ago-us-central1-task-bucket",
            "storage_class": "REGIONAL",
            "uniform_bucket_level_access": true,
            "url": "gs://sdypp-framework-ago-us-central1-task-bucket",
            "versioning": [
              {
                "enabled": false
              }
            ],
            "website": []
          },
          "sensitive_attributes": [],
          "private": "bnVsbA=="
        }
      ]
    },
    {
      "module": "module.gcs_buckets",
      "mode": "managed",
      "type": "google_storage_bucket_iam_binding",
      "name": "admins",
      "provider": "provider[\"registry.terraform.io/hashicorp/google\"]",
      "instances": [
        {
          "index_key": "task-bucket",
          "schema_version": 0,
          "attributes": {
            "bucket": "b/sdypp-framework-ago-us-central1-task-bucket",
            "condition": [],
            "etag": null,
            "id": "b/sdypp-framework-ago-us-central1-task-bucket/roles/storage.objectAdmin",
            "members": [],
            "role": "roles/storage.objectAdmin"
          },
          "sensitive_attributes": [],
          "private": "bnVsbA==",
          "dependencies": [
            "module.gcs_buckets.google_storage_bucket.buckets"
          ]
        }
      ]
    },
    {
      "module": "module.gke_deployments",
      "mode": "data",
      "type": "google_compute_zones",
      "name": "available",
      "provider": "provider[\"registry.terraform.io/hashicorp/google\"]",
      "instances": [
        {
          "schema_version": 0,
          "attributes": {
            "id": "projects/sdypp-framework-ago/regions/us-central1",
            "names": [
              "us-central1-a",
              "us-central1-b",
              "us-central1-c",
              "us-central1-f"
            ],
            "project": "sdypp-framework-ago",
            "region": "us-central1",
            "status": null
          },
          "sensitive_attributes": []
        }
      ]
    },
    {
      "module": "module.gke_deployments",
      "mode": "data",
      "type": "google_container_engine_versions",
      "name": "region",
      "provider": "provider[\"registry.terraform.io/hashicorp/google\"]",
      "instances": [
        {
          "schema_version": 0,
          "attributes": {
            "default_cluster_version": "1.20.8-gke.900",
            "id": "2021-08-18 16:38:13.460644304 +0000 UTC",
            "latest_master_version": "1.20.9-gke.700",
            "latest_node_version": "1.20.9-gke.700",
            "location": "us-central1",
            "project": "sdypp-framework-ago",
            "release_channel_default_version": {
              "RAPID": "1.20.8-gke.900",
              "REGULAR": "1.20.8-gke.900",
              "STABLE": "1.18.20-gke.900"
            },
            "valid_master_versions": [
              "1.20.9-gke.700",
              "1.20.8-gke.2100",
              "1.20.8-gke.900",
              "1.20.8-gke.700",
              "1.19.13-gke.700",
              "1.19.12-gke.2100",
              "1.19.12-gke.1100",
              "1.19.12-gke.900",
              "1.19.12-gke.700",
              "1.19.11-gke.2101",
              "1.19.11-gke.1701",
              "1.19.10-gke.1701",
              "1.19.10-gke.1601",
              "1.19.10-gke.1001",
              "1.19.10-gke.1000",
              "1.19.9-gke.1900",
              "1.18.20-gke.3000",
              "1.18.20-gke.2300",
              "1.18.20-gke.900",
              "1.18.20-gke.501",
              "1.17.17-gke.9100",
              "1.17.17-gke.8200",
              "1.17.17-gke.7800",
              "1.17.17-gke.7200",
              "1.17.17-gke.6700",
              "1.17.17-gke.6000",
              "1.17.17-gke.5400",
              "1.17.17-gke.4900",
              "1.17.17-gke.4400",
              "1.17.17-gke.3700"
            ],
            "valid_node_versions": [
              "1.20.9-gke.700",
              "1.20.8-gke.2100",
              "1.20.8-gke.900",
              "1.20.8-gke.700",
              "1.20.7-gke.2200",
              "1.20.7-gke.1800",
              "1.20.6-gke.1400",
              "1.20.6-gke.1000",
              "1.19.13-gke.700",
              "1.19.12-gke.2100",
              "1.19.12-gke.1100",
              "1.19.12-gke.900",
              "1.19.12-gke.700",
              "1.19.11-gke.2101",
              "1.19.11-gke.2100",
              "1.19.11-gke.1701",
              "1.19.11-gke.1700",
              "1.19.10-gke.1701",
              "1.19.10-gke.1700",
              "1.19.10-gke.1601",
              "1.19.10-gke.1600",
              "1.19.10-gke.1001",
              "1.19.10-gke.1000",
              "1.19.9-gke.1900",
              "1.19.9-gke.1400",
              "1.19.9-gke.700",
              "1.19.9-gke.100",
              "1.19.8-gke.2000",
              "1.19.8-gke.1600",
              "1.19.8-gke.1000",
              "1.19.7-gke.2503",
              "1.19.7-gke.1500",
              "1.19.7-gke.1302",
              "1.19.7-gke.800",
              "1.19.6-gke.1700",
              "1.19.6-gke.1100",
              "1.19.6-gke.600",
              "1.18.20-gke.3000",
              "1.18.20-gke.2300",
              "1.18.20-gke.900",
              "1.18.20-gke.501",
              "1.18.19-gke.2101",
              "1.18.19-gke.2100",
              "1.18.19-gke.1701",
              "1.18.19-gke.1700",
              "1.18.18-gke.1701",
              "1.18.18-gke.1700",
              "1.18.18-gke.1101",
              "1.18.18-gke.1100",
              "1.18.17-gke.1901",
              "1.18.17-gke.1900",
              "1.18.17-gke.1201",
              "1.18.17-gke.1200",
              "1.18.17-gke.700",
              "1.18.17-gke.100",
              "1.18.16-gke.2100",
              "1.18.16-gke.1201",
              "1.18.16-gke.1200",
              "1.18.16-gke.502",
              "1.18.16-gke.500",
              "1.18.16-gke.302",
              "1.18.16-gke.300",
              "1.18.15-gke.2500",
              "1.18.15-gke.1502",
              "1.18.15-gke.1501",
              "1.18.15-gke.1500",
              "1.18.15-gke.1102",
              "1.18.15-gke.1100",
              "1.18.15-gke.800",
              "1.18.14-gke.1600",
              "1.18.14-gke.1200",
              "1.18.12-gke.1210",
              "1.18.12-gke.1206",
              "1.18.12-gke.1205",
              "1.18.12-gke.1201",
              "1.18.12-gke.1200",
              "1.18.12-gke.300",
              "1.18.10-gke.2701",
              "1.18.10-gke.2101",
              "1.18.10-gke.1500",
              "1.18.10-gke.601",
              "1.18.9-gke.2501",
              "1.18.9-gke.1501",
              "1.18.9-gke.801",
              "1.18.6-gke.4801",
              "1.18.6-gke.3504",
              "1.18.6-gke.3503",
              "1.17.17-gke.9100",
              "1.17.17-gke.8500",
              "1.17.17-gke.8200",
              "1.17.17-gke.7800",
              "1.17.17-gke.7200",
              "1.17.17-gke.6700",
              "1.17.17-gke.6000",
              "1.17.17-gke.5400",
              "1.17.17-gke.4900",
              "1.17.17-gke.4400",
              "1.17.17-gke.3700",
              "1.17.17-gke.3000",
              "1.17.17-gke.2800",
              "1.17.17-gke.2500",
              "1.17.17-gke.1500",
              "1.17.17-gke.1101",
              "1.17.17-gke.1100",
              "1.17.17-gke.600",
              "1.17.16-gke.1600",
              "1.17.16-gke.1300",
              "1.17.15-gke.800",
              "1.17.15-gke.300",
              "1.17.14-gke.1600",
              "1.17.14-gke.1200",
              "1.17.14-gke.400",
              "1.17.13-gke.2600",
              "1.17.13-gke.2001",
              "1.17.13-gke.1401",
              "1.17.13-gke.1400",
              "1.17.13-gke.600",
              "1.17.12-gke.2502",
              "1.17.12-gke.1504",
              "1.17.12-gke.1501",
              "1.17.12-gke.500",
              "1.17.9-gke.6300",
              "1.17.9-gke.1504",
              "1.16.15-gke.14800",
              "1.16.15-gke.12500",
              "1.16.15-gke.11800",
              "1.16.15-gke.10600",
              "1.16.15-gke.7801",
              "1.16.15-gke.7800",
              "1.16.15-gke.7300",
              "1.16.15-gke.6900",
              "1.16.15-gke.6000",
              "1.16.15-gke.5500",
              "1.16.15-gke.4901",
              "1.16.15-gke.4301",
              "1.16.15-gke.4300",
              "1.16.15-gke.3500",
              "1.16.15-gke.2601",
              "1.16.15-gke.1600",
              "1.16.15-gke.500",
              "1.16.13-gke.404",
              "1.16.13-gke.403",
              "1.16.13-gke.401",
              "1.16.13-gke.400",
              "1.16.13-gke.1",
              "1.16.11-gke.5",
              "1.16.10-gke.8",
              "1.16.9-gke.6",
              "1.16.9-gke.2",
              "1.16.8-gke.15",
              "1.16.8-gke.12",
              "1.16.8-gke.9",
              "1.15.12-gke.6002",
              "1.15.12-gke.6001",
              "1.15.12-gke.5000",
              "1.15.12-gke.4002",
              "1.15.12-gke.4000",
              "1.15.12-gke.20",
              "1.15.12-gke.17",
              "1.15.12-gke.16",
              "1.15.12-gke.13",
              "1.15.12-gke.9",
              "1.15.12-gke.6",
              "1.15.12-gke.3",
              "1.15.12-gke.2",
              "1.15.11-gke.17",
              "1.15.11-gke.15",
              "1.15.11-gke.13",
              "1.15.11-gke.12",
              "1.15.11-gke.11",
              "1.15.11-gke.9",
              "1.15.11-gke.5",
              "1.15.11-gke.3",
              "1.15.11-gke.1",
              "1.15.9-gke.26",
              "1.15.9-gke.24",
              "1.15.9-gke.22",
              "1.15.9-gke.12",
              "1.15.9-gke.9",
              "1.15.9-gke.8",
              "1.15.8-gke.3",
              "1.15.8-gke.2",
              "1.15.7-gke.23",
              "1.15.7-gke.2",
              "1.15.4-gke.22",
              "1.14.10-gke.1504",
              "1.14.10-gke.902",
              "1.14.10-gke.50",
              "1.14.10-gke.46",
              "1.14.10-gke.45",
              "1.14.10-gke.42",
              "1.14.10-gke.41",
              "1.14.10-gke.40",
              "1.14.10-gke.37",
              "1.14.10-gke.36",
              "1.14.10-gke.34",
              "1.14.10-gke.32",
              "1.14.10-gke.31",
              "1.14.10-gke.27",
              "1.14.10-gke.24",
              "1.14.10-gke.22",
              "1.14.10-gke.21",
              "1.14.10-gke.17",
              "1.14.10-gke.0",
              "1.14.9-gke.23",
              "1.14.9-gke.2",
              "1.14.9-gke.0",
              "1.14.8-gke.33",
              "1.14.8-gke.21",
              "1.14.8-gke.18",
              "1.14.8-gke.17",
              "1.14.8-gke.14",
              "1.14.8-gke.12",
              "1.14.8-gke.7",
              "1.14.8-gke.2",
              "1.14.7-gke.40",
              "1.14.7-gke.25",
              "1.14.7-gke.23",
              "1.14.7-gke.17",
              "1.14.7-gke.14",
              "1.14.7-gke.10",
              "1.14.6-gke.13",
              "1.14.6-gke.2",
              "1.14.6-gke.1",
              "1.14.3-gke.11",
              "1.14.3-gke.10",
              "1.14.3-gke.9",
              "1.14.2-gke.9",
              "1.14.1-gke.5",
              "1.13.12-gke.30",
              "1.13.12-gke.25",
              "1.13.12-gke.17",
              "1.13.12-gke.16",
              "1.13.12-gke.14",
              "1.13.12-gke.13",
              "1.13.12-gke.10",
              "1.13.12-gke.8",
              "1.13.12-gke.4",
              "1.13.12-gke.2",
              "1.13.11-gke.23",
              "1.13.11-gke.15",
              "1.13.11-gke.14",
              "1.13.11-gke.12",
              "1.13.11-gke.11",
              "1.13.11-gke.9",
              "1.13.11-gke.5",
              "1.13.10-gke.7",
              "1.13.10-gke.0",
              "1.13.9-gke.11",
              "1.13.9-gke.3",
              "1.13.7-gke.24",
              "1.13.7-gke.19",
              "1.13.7-gke.15",
              "1.13.7-gke.8",
              "1.13.7-gke.0",
              "1.13.6-gke.13",
              "1.13.6-gke.6",
              "1.13.6-gke.5",
              "1.13.6-gke.0",
              "1.13.5-gke.10",
              "1.12.10-gke.22",
              "1.12.10-gke.20",
              "1.12.10-gke.19",
              "1.12.10-gke.18",
              "1.12.10-gke.17",
              "1.12.10-gke.15",
              "1.12.10-gke.13",
              "1.12.10-gke.11",
              "1.12.10-gke.5",
              "1.12.9-gke.16",
              "1.12.9-gke.15",
              "1.12.9-gke.13",
              "1.12.9-gke.10",
              "1.12.9-gke.7",
              "1.12.9-gke.3",
              "1.12.8-gke.12",
              "1.12.8-gke.10",
              "1.12.8-gke.7",
              "1.12.8-gke.6",
              "1.12.7-gke.26",
              "1.12.7-gke.25",
              "1.12.7-gke.24",
              "1.12.7-gke.22",
              "1.12.7-gke.21",
              "1.12.7-gke.17",
              "1.12.7-gke.10",
              "1.12.7-gke.7",
              "1.12.6-gke.11",
              "1.12.6-gke.10",
              "1.12.6-gke.7",
              "1.12.5-gke.10",
              "1.12.5-gke.5",
              "1.11.10-gke.6",
              "1.11.10-gke.5"
            ],
            "version_prefix": null
          },
          "sensitive_attributes": []
        }
      ]
    },
    {
      "module": "module.gke_deployments",
      "mode": "data",
      "type": "google_container_engine_versions",
      "name": "zone",
      "provider": "provider[\"registry.terraform.io/hashicorp/google\"]",
      "instances": [
        {
          "schema_version": 0,
          "attributes": {
            "default_cluster_version": "1.20.8-gke.900",
            "id": "2021-08-18 16:38:13.869716532 +0000 UTC",
            "latest_master_version": "1.20.9-gke.700",
            "latest_node_version": "1.20.9-gke.700",
            "location": "us-central1-a",
            "project": "sdypp-framework-ago",
            "release_channel_default_version": {
              "RAPID": "1.20.8-gke.900",
              "REGULAR": "1.20.8-gke.900",
              "STABLE": "1.18.20-gke.900"
            },
            "valid_master_versions": [
              "1.20.9-gke.700",
              "1.20.8-gke.2100",
              "1.20.8-gke.900",
              "1.20.8-gke.700",
              "1.19.13-gke.700",
              "1.19.12-gke.2100",
              "1.19.12-gke.1100",
              "1.19.12-gke.900",
              "1.19.12-gke.700",
              "1.19.11-gke.2101",
              "1.19.11-gke.1701",
              "1.19.10-gke.1701",
              "1.19.10-gke.1601",
              "1.19.10-gke.1001",
              "1.19.10-gke.1000",
              "1.19.9-gke.1900",
              "1.18.20-gke.3000",
              "1.18.20-gke.2300",
              "1.18.20-gke.900",
              "1.18.20-gke.501",
              "1.17.17-gke.9100",
              "1.17.17-gke.8200",
              "1.17.17-gke.7800",
              "1.17.17-gke.7200",
              "1.17.17-gke.6700",
              "1.17.17-gke.6000",
              "1.17.17-gke.5400",
              "1.17.17-gke.4900",
              "1.17.17-gke.4400",
              "1.17.17-gke.3700"
            ],
            "valid_node_versions": [
              "1.20.9-gke.700",
              "1.20.8-gke.2100",
              "1.20.8-gke.900",
              "1.20.8-gke.700",
              "1.20.7-gke.2200",
              "1.20.7-gke.1800",
              "1.20.6-gke.1400",
              "1.20.6-gke.1000",
              "1.19.13-gke.700",
              "1.19.12-gke.2100",
              "1.19.12-gke.1100",
              "1.19.12-gke.900",
              "1.19.12-gke.700",
              "1.19.11-gke.2101",
              "1.19.11-gke.2100",
              "1.19.11-gke.1701",
              "1.19.11-gke.1700",
              "1.19.10-gke.1701",
              "1.19.10-gke.1700",
              "1.19.10-gke.1601",
              "1.19.10-gke.1600",
              "1.19.10-gke.1001",
              "1.19.10-gke.1000",
              "1.19.9-gke.1900",
              "1.19.9-gke.1400",
              "1.19.9-gke.700",
              "1.19.9-gke.100",
              "1.19.8-gke.2000",
              "1.19.8-gke.1600",
              "1.19.8-gke.1000",
              "1.19.7-gke.2503",
              "1.19.7-gke.1500",
              "1.19.7-gke.1302",
              "1.19.7-gke.800",
              "1.19.6-gke.1700",
              "1.19.6-gke.1100",
              "1.19.6-gke.600",
              "1.18.20-gke.3000",
              "1.18.20-gke.2300",
              "1.18.20-gke.900",
              "1.18.20-gke.501",
              "1.18.19-gke.2101",
              "1.18.19-gke.2100",
              "1.18.19-gke.1701",
              "1.18.19-gke.1700",
              "1.18.18-gke.1701",
              "1.18.18-gke.1700",
              "1.18.18-gke.1101",
              "1.18.18-gke.1100",
              "1.18.17-gke.1901",
              "1.18.17-gke.1900",
              "1.18.17-gke.1201",
              "1.18.17-gke.1200",
              "1.18.17-gke.700",
              "1.18.17-gke.100",
              "1.18.16-gke.2100",
              "1.18.16-gke.1201",
              "1.18.16-gke.1200",
              "1.18.16-gke.502",
              "1.18.16-gke.500",
              "1.18.16-gke.302",
              "1.18.16-gke.300",
              "1.18.15-gke.2500",
              "1.18.15-gke.1502",
              "1.18.15-gke.1501",
              "1.18.15-gke.1500",
              "1.18.15-gke.1102",
              "1.18.15-gke.1100",
              "1.18.15-gke.800",
              "1.18.14-gke.1600",
              "1.18.14-gke.1200",
              "1.18.12-gke.1210",
              "1.18.12-gke.1206",
              "1.18.12-gke.1205",
              "1.18.12-gke.1201",
              "1.18.12-gke.1200",
              "1.18.12-gke.300",
              "1.18.10-gke.2701",
              "1.18.10-gke.2101",
              "1.18.10-gke.1500",
              "1.18.10-gke.601",
              "1.18.9-gke.2501",
              "1.18.9-gke.1501",
              "1.18.9-gke.801",
              "1.18.6-gke.4801",
              "1.18.6-gke.3504",
              "1.18.6-gke.3503",
              "1.17.17-gke.9100",
              "1.17.17-gke.8500",
              "1.17.17-gke.8200",
              "1.17.17-gke.7800",
              "1.17.17-gke.7200",
              "1.17.17-gke.6700",
              "1.17.17-gke.6000",
              "1.17.17-gke.5400",
              "1.17.17-gke.4900",
              "1.17.17-gke.4400",
              "1.17.17-gke.3700",
              "1.17.17-gke.3000",
              "1.17.17-gke.2800",
              "1.17.17-gke.2500",
              "1.17.17-gke.1500",
              "1.17.17-gke.1101",
              "1.17.17-gke.1100",
              "1.17.17-gke.600",
              "1.17.16-gke.1600",
              "1.17.16-gke.1300",
              "1.17.15-gke.800",
              "1.17.15-gke.300",
              "1.17.14-gke.1600",
              "1.17.14-gke.1200",
              "1.17.14-gke.400",
              "1.17.13-gke.2600",
              "1.17.13-gke.2001",
              "1.17.13-gke.1401",
              "1.17.13-gke.1400",
              "1.17.13-gke.600",
              "1.17.12-gke.2502",
              "1.17.12-gke.1504",
              "1.17.12-gke.1501",
              "1.17.12-gke.500",
              "1.17.9-gke.6300",
              "1.17.9-gke.1504",
              "1.16.15-gke.14800",
              "1.16.15-gke.12500",
              "1.16.15-gke.11800",
              "1.16.15-gke.10600",
              "1.16.15-gke.7801",
              "1.16.15-gke.7800",
              "1.16.15-gke.7300",
              "1.16.15-gke.6900",
              "1.16.15-gke.6000",
              "1.16.15-gke.5500",
              "1.16.15-gke.4901",
              "1.16.15-gke.4301",
              "1.16.15-gke.4300",
              "1.16.15-gke.3500",
              "1.16.15-gke.2601",
              "1.16.15-gke.1600",
              "1.16.15-gke.500",
              "1.16.13-gke.404",
              "1.16.13-gke.403",
              "1.16.13-gke.401",
              "1.16.13-gke.400",
              "1.16.13-gke.1",
              "1.16.11-gke.5",
              "1.16.10-gke.8",
              "1.16.9-gke.6",
              "1.16.9-gke.2",
              "1.16.8-gke.15",
              "1.16.8-gke.12",
              "1.16.8-gke.9",
              "1.15.12-gke.6002",
              "1.15.12-gke.6001",
              "1.15.12-gke.5000",
              "1.15.12-gke.4002",
              "1.15.12-gke.4000",
              "1.15.12-gke.20",
              "1.15.12-gke.17",
              "1.15.12-gke.16",
              "1.15.12-gke.13",
              "1.15.12-gke.9",
              "1.15.12-gke.6",
              "1.15.12-gke.3",
              "1.15.12-gke.2",
              "1.15.11-gke.17",
              "1.15.11-gke.15",
              "1.15.11-gke.13",
              "1.15.11-gke.12",
              "1.15.11-gke.11",
              "1.15.11-gke.9",
              "1.15.11-gke.5",
              "1.15.11-gke.3",
              "1.15.11-gke.1",
              "1.15.9-gke.26",
              "1.15.9-gke.24",
              "1.15.9-gke.22",
              "1.15.9-gke.12",
              "1.15.9-gke.9",
              "1.15.9-gke.8",
              "1.15.8-gke.3",
              "1.15.8-gke.2",
              "1.15.7-gke.23",
              "1.15.7-gke.2",
              "1.15.4-gke.22",
              "1.14.10-gke.1504",
              "1.14.10-gke.902",
              "1.14.10-gke.50",
              "1.14.10-gke.46",
              "1.14.10-gke.45",
              "1.14.10-gke.42",
              "1.14.10-gke.41",
              "1.14.10-gke.40",
              "1.14.10-gke.37",
              "1.14.10-gke.36",
              "1.14.10-gke.34",
              "1.14.10-gke.32",
              "1.14.10-gke.31",
              "1.14.10-gke.27",
              "1.14.10-gke.24",
              "1.14.10-gke.22",
              "1.14.10-gke.21",
              "1.14.10-gke.17",
              "1.14.10-gke.0",
              "1.14.9-gke.23",
              "1.14.9-gke.2",
              "1.14.9-gke.0",
              "1.14.8-gke.33",
              "1.14.8-gke.21",
              "1.14.8-gke.18",
              "1.14.8-gke.17",
              "1.14.8-gke.14",
              "1.14.8-gke.12",
              "1.14.8-gke.7",
              "1.14.8-gke.2",
              "1.14.7-gke.40",
              "1.14.7-gke.25",
              "1.14.7-gke.23",
              "1.14.7-gke.17",
              "1.14.7-gke.14",
              "1.14.7-gke.10",
              "1.14.6-gke.13",
              "1.14.6-gke.2",
              "1.14.6-gke.1",
              "1.14.3-gke.11",
              "1.14.3-gke.10",
              "1.14.3-gke.9",
              "1.14.2-gke.9",
              "1.14.1-gke.5",
              "1.13.12-gke.30",
              "1.13.12-gke.25",
              "1.13.12-gke.17",
              "1.13.12-gke.16",
              "1.13.12-gke.14",
              "1.13.12-gke.13",
              "1.13.12-gke.10",
              "1.13.12-gke.8",
              "1.13.12-gke.4",
              "1.13.12-gke.2",
              "1.13.11-gke.23",
              "1.13.11-gke.15",
              "1.13.11-gke.14",
              "1.13.11-gke.12",
              "1.13.11-gke.11",
              "1.13.11-gke.9",
              "1.13.11-gke.5",
              "1.13.10-gke.7",
              "1.13.10-gke.0",
              "1.13.9-gke.11",
              "1.13.9-gke.3",
              "1.13.7-gke.24",
              "1.13.7-gke.19",
              "1.13.7-gke.15",
              "1.13.7-gke.8",
              "1.13.7-gke.0",
              "1.13.6-gke.13",
              "1.13.6-gke.6",
              "1.13.6-gke.5",
              "1.13.6-gke.0",
              "1.13.5-gke.10",
              "1.12.10-gke.22",
              "1.12.10-gke.20",
              "1.12.10-gke.19",
              "1.12.10-gke.18",
              "1.12.10-gke.17",
              "1.12.10-gke.15",
              "1.12.10-gke.13",
              "1.12.10-gke.11",
              "1.12.10-gke.5",
              "1.12.9-gke.16",
              "1.12.9-gke.15",
              "1.12.9-gke.13",
              "1.12.9-gke.10",
              "1.12.9-gke.7",
              "1.12.9-gke.3",
              "1.12.8-gke.12",
              "1.12.8-gke.10",
              "1.12.8-gke.7",
              "1.12.8-gke.6",
              "1.12.7-gke.26",
              "1.12.7-gke.25",
              "1.12.7-gke.24",
              "1.12.7-gke.22",
              "1.12.7-gke.21",
              "1.12.7-gke.17",
              "1.12.7-gke.10",
              "1.12.7-gke.7",
              "1.12.6-gke.11",
              "1.12.6-gke.10",
              "1.12.6-gke.7",
              "1.12.5-gke.10",
              "1.12.5-gke.5",
              "1.11.10-gke.6",
              "1.11.10-gke.5"
            ],
            "version_prefix": null
          },
          "sensitive_attributes": []
        }
      ]
    },
    {
      "module": "module.gke_deployments",
      "mode": "managed",
      "type": "google_container_cluster",
      "name": "primary",
      "provider": "provider[\"registry.terraform.io/hashicorp/google\"]",
      "instances": [
        {
          "schema_version": 1,
          "attributes": {
            "addons_config": [
              {
                "cloudrun_config": [],
                "horizontal_pod_autoscaling": [
                  {
                    "disabled": false
                  }
                ],
                "http_load_balancing": [
                  {
                    "disabled": true
                  }
                ],
                "network_policy_config": [
                  {
                    "disabled": true
                  }
                ]
              }
            ],
            "authenticator_groups_config": [],
            "cluster_autoscaling": [
              {
                "auto_provisioning_defaults": [
                  {
                    "oauth_scopes": [
                      "https://www.googleapis.com/auth/logging.write",
                      "https://www.googleapis.com/auth/monitoring"
                    ],
                    "service_account": "default"
                  }
                ],
                "enabled": true,
                "resource_limits": [
                  {
                    "maximum": 10,
                    "minimum": 1,
                    "resource_type": "cpu"
                  },
                  {
                    "maximum": 64,
                    "minimum": 1,
                    "resource_type": "memory"
                  }
                ]
              }
            ],
            "cluster_ipv4_cidr": "192.168.80.0/20",
            "database_encryption": [
              {
                "key_name": "",
                "state": "DECRYPTED"
              }
            ],
            "datapath_provider": "",
            "default_max_pods_per_node": 110,
            "default_snat_status": [
              {
                "disabled": false
              }
            ],
            "description": "",
            "enable_autopilot": false,
            "enable_binary_authorization": false,
            "enable_intranode_visibility": false,
            "enable_kubernetes_alpha": false,
            "enable_legacy_abac": false,
            "enable_shielded_nodes": true,
            "enable_tpu": false,
            "endpoint": "35.239.157.151",
            "id": "projects/sdypp-framework-ago/locations/us-central1/clusters/gke-deployments-cluster",
            "initial_node_count": 0,
            "instance_group_urls": [
              "https://www.googleapis.com/compute/v1/projects/sdypp-framework-ago/zones/us-central1-a/instanceGroups/gke-gke-deployments-clus-default-pool-3d158db2-grp",
              "https://www.googleapis.com/compute/v1/projects/sdypp-framework-ago/zones/us-central1-a/instanceGroups/gke-gke-deployments--default-node-poo-a5ef5326-grp"
            ],
            "ip_allocation_policy": [
              {
                "cluster_ipv4_cidr_block": "192.168.80.0/20",
                "cluster_secondary_range_name": "sdypp-framework-ago-subnet-deployments-pods",
                "services_ipv4_cidr_block": "192.168.96.0/20",
                "services_secondary_range_name": "sdypp-framework-ago-subnet-deployments-services"
              }
            ],
            "label_fingerprint": "a9dc16a7",
            "location": "us-central1",
            "logging_service": "logging.googleapis.com/kubernetes",
            "maintenance_policy": [
              {
                "daily_maintenance_window": [
                  {
                    "duration": "PT4H0M0S",
                    "start_time": "05:00"
                  }
                ],
                "maintenance_exclusion": [],
                "recurring_window": []
              }
            ],
            "master_auth": [
              {
                "client_certificate": "",
                "client_certificate_config": [
                  {
                    "issue_client_certificate": false
                  }
                ],
                "client_key": "",
                "cluster_ca_certificate": "LS0tLS1CRUdJTiBDRVJUSUZJQ0FURS0tLS0tCk1JSURLakNDQWhLZ0F3SUJBZ0lRWkVDeUtKdCtVZnRnSks5T2lTeFc2REFOQmdrcWhraUc5dzBCQVFzRkFEQXYKTVMwd0t3WURWUVFERXlRMFpHWXhaR0U1WkMxa01XTTRMVFJrWkRVdFlXVXlNaTB4TWpRNVpERmlZV1kxWWpJdwpIaGNOTWpFd09ERTRNVFF5TkRFeVdoY05Nall3T0RFM01UVXlOREV5V2pBdk1TMHdLd1lEVlFRREV5UTBaR1l4ClpHRTVaQzFrTVdNNExUUmtaRFV0WVdVeU1pMHhNalE1WkRGaVlXWTFZakl3Z2dFaU1BMEdDU3FHU0liM0RRRUIKQVFVQUE0SUJEd0F3Z2dFS0FvSUJBUURPcmg3WEpmZFNSWStTb3BLUGRTTWZUWmpiUjdFM0ZPZWxNdmdzSVRYMAo5UjdrU2VlSEZHT2ZTdWZCK2lqdkxibkNrNkN0bCsyODJjUzVhK3Z0YzZlcnlZVDM2eTdXclRRaE9WMi80WGo4Cm02WEZMT2Q0d1RxK3MrNGFuSnhvcW5OU2tMSTZYT25WZkUxMFg4RDNiTVJVWG5RY0JFYm5ZNXByZG00d1FaVTAKVU9nZjRpRHJqQWNFVitmQTdkUnIrSjV0L1hWUlI2ZUczTkxVVEd6clZ4WEhtMnZRZThvNjZxMHhQTkRXVk9aVgo1VFpCM2tDK0NBOXQzclhKVjJDUUZ3VnhvN2g2VWdVTCsxUEU0WE1TRU9SUkFqWmN0MldsbkJSd2IwbkhmczByCjdJRUFnSS9GRWVoUlQ1OXQzSlVIUUF5WXErNElHN3FBWjcyVnVOaUNKRXVqQWdNQkFBR2pRakJBTUE0R0ExVWQKRHdFQi93UUVBd0lDQkRBUEJnTlZIUk1CQWY4RUJUQURBUUgvTUIwR0ExVWREZ1FXQkJUem5vekxCZVIzbDNDZApES1FpUHFERlJ2SkpUVEFOQmdrcWhraUc5dzBCQVFzRkFBT0NBUUVBTzVycmlGZG8yQkRaellZWWRhNURzRWhFCkJCeFcwcE1FdkdnQ3pyaVJRRGhhTEZaQ0Eza0dmQnVWWm8raG9KOENwc0dsazMzUE5KYWRmWGFqRFpsSGpwYVYKZDJ5YlFsWXAycGZ6VVJyYVFSbkNGeks5QTNocGFFODhlN1ZubTFmclZ5TXVoc2QzS0ZiTTROTDhmRHMyUjNYawo0UThmaUJZK2FkeHI4bFFnM21wT0VOWFJLcjhiMnlWRk1UZWkzTyt0QytCSjNWTXFBOUg2VVhQaS91ZlR4dXNICm0vbFBlV2V6czg0UmQ5NzF1d29va1ROMHJuVlA5bHRUbVE3K1Q1UUZ5ck1lNWs3a1ZlYTJaTEp0d2QyTEh6bWkKMjk2eUFQZEUvVDZTckpTRlp6Qld1eVErU25HcWdyVHJYdjNpaHF2SFpvaFpBVmYzRFhOSWFsaHpTT3VrQmc9PQotLS0tLUVORCBDRVJUSUZJQ0FURS0tLS0tCg==",
                "password": "",
                "username": ""
              }
            ],
            "master_authorized_networks_config": [],
            "master_version": "1.20.9-gke.700",
            "min_master_version": "1.20.9-gke.700",
            "monitoring_service": "monitoring.googleapis.com/kubernetes",
            "name": "gke-deployments-cluster",
            "network": "projects/sdypp-framework-ago/global/networks/sdypp-framework-ago-vpc-deployments",
            "network_policy": [
              {
                "enabled": false,
                "provider": "PROVIDER_UNSPECIFIED"
              }
            ],
            "networking_mode": "VPC_NATIVE",
            "node_config": [
              {
                "disk_size_gb": 100,
                "disk_type": "pd-standard",
                "guest_accelerator": [],
                "image_type": "COS_CONTAINERD",
                "labels": {},
                "local_ssd_count": 0,
                "machine_type": "e2-medium",
                "metadata": {
                  "disable-legacy-endpoints": "true"
                },
                "min_cpu_platform": "",
                "oauth_scopes": [
                  "https://www.googleapis.com/auth/logging.write",
                  "https://www.googleapis.com/auth/monitoring"
                ],
                "preemptible": false,
                "service_account": "serviceaccount@sdypp-framework-ago.iam.gserviceaccount.com",
                "shielded_instance_config": [
                  {
                    "enable_integrity_monitoring": true,
                    "enable_secure_boot": false
                  }
                ],
                "tags": [],
                "taint": [],
                "workload_metadata_config": [
                  {
                    "node_metadata": "GKE_METADATA_SERVER"
                  }
                ]
              }
            ],
            "node_locations": [
              "us-central1-a"
            ],
            "node_pool": [
              {
                "autoscaling": [],
                "initial_node_count": 0,
                "instance_group_urls": [
                  "https://www.googleapis.com/compute/v1/projects/sdypp-framework-ago/zones/us-central1-a/instanceGroupManagers/gke-gke-deployments-clus-default-pool-3d158db2-grp"
                ],
                "management": [
                  {
                    "auto_repair": true,
                    "auto_upgrade": true
                  }
                ],
                "max_pods_per_node": 110,
                "name": "default-pool",
                "name_prefix": "",
                "node_config": [
                  {
                    "disk_size_gb": 100,
                    "disk_type": "pd-standard",
                    "guest_accelerator": [],
                    "image_type": "COS_CONTAINERD",
                    "labels": {},
                    "local_ssd_count": 0,
                    "machine_type": "e2-medium",
                    "metadata": {
                      "disable-legacy-endpoints": "true"
                    },
                    "min_cpu_platform": "",
                    "oauth_scopes": [
                      "https://www.googleapis.com/auth/logging.write",
                      "https://www.googleapis.com/auth/monitoring"
                    ],
                    "preemptible": false,
                    "service_account": "serviceaccount@sdypp-framework-ago.iam.gserviceaccount.com",
                    "shielded_instance_config": [
                      {
                        "enable_integrity_monitoring": true,
                        "enable_secure_boot": false
                      }
                    ],
                    "tags": [],
                    "taint": [],
                    "workload_metadata_config": [
                      {
                        "node_metadata": "GKE_METADATA_SERVER"
                      }
                    ]
                  }
                ],
                "node_count": 0,
                "node_locations": [
                  "us-central1-a"
                ],
                "upgrade_settings": [
                  {
                    "max_surge": 1,
                    "max_unavailable": 0
                  }
                ],
                "version": "1.20.9-gke.700"
              },
              {
                "autoscaling": [
                  {
                    "max_node_count": 4,
                    "min_node_count": 1
                  }
                ],
                "initial_node_count": 4,
                "instance_group_urls": [
                  "https://www.googleapis.com/compute/v1/projects/sdypp-framework-ago/zones/us-central1-a/instanceGroupManagers/gke-gke-deployments--default-node-poo-a5ef5326-grp"
                ],
                "management": [
                  {
                    "auto_repair": true,
                    "auto_upgrade": true
                  }
                ],
                "max_pods_per_node": 110,
                "name": "default-node-pool",
                "name_prefix": "",
                "node_config": [
                  {
                    "disk_size_gb": 10,
                    "disk_type": "pd-standard",
                    "guest_accelerator": [],
                    "image_type": "COS",
                    "labels": {
                      "cluster_name": "gke-deployments-cluster",
                      "default-node-pool": "true",
                      "node_pool": "default-node-pool"
                    },
                    "local_ssd_count": 0,
                    "machine_type": "n1-standard-1",
                    "metadata": {
                      "cluster_name": "gke-deployments-cluster",
                      "disable-legacy-endpoints": "true",
                      "node-pool-metadata-custom-value": "my-node-pool",
                      "node_pool": "default-node-pool"
                    },
                    "min_cpu_platform": "",
                    "oauth_scopes": [
                      "https://www.googleapis.com/auth/cloud-platform",
                      "https://www.googleapis.com/auth/ndev.clouddns.readwrite"
                    ],
                    "preemptible": true,
                    "service_account": "serviceaccount@sdypp-framework-ago.iam.gserviceaccount.com",
                    "shielded_instance_config": [
                      {
                        "enable_integrity_monitoring": true,
                        "enable_secure_boot": false
                      }
                    ],
                    "tags": [
                      "gke-gke-deployments-cluster",
                      "gke-gke-deployments-cluster-default-node-pool",
                      "default-node-pool"
                    ],
                    "taint": [
                      {
                        "effect": "PREFER_NO_SCHEDULE",
                        "key": "default-node-pool",
                        "value": "true"
                      }
                    ],
                    "workload_metadata_config": [
                      {
                        "node_metadata": "GKE_METADATA_SERVER"
                      }
                    ]
                  }
                ],
                "node_count": 3,
                "node_locations": [
                  "us-central1-a"
                ],
                "upgrade_settings": [
                  {
                    "max_surge": 1,
                    "max_unavailable": 0
                  }
                ],
                "version": "1.20.9-gke.700"
              }
            ],
            "node_version": "1.20.9-gke.700",
            "operation": null,
            "pod_security_policy_config": [],
            "private_cluster_config": [
              {
                "enable_private_endpoint": false,
                "enable_private_nodes": true,
                "master_global_access_config": [
                  {
                    "enabled": false
                  }
                ],
                "master_ipv4_cidr_block": "10.0.0.0/28",
                "peering_name": "gke-nd04339a457c6b6e263c-4fa0-a390-peer",
                "private_endpoint": "10.0.0.2",
                "public_endpoint": "35.239.157.151"
              }
            ],
            "private_ipv6_google_access": "",
            "project": "sdypp-framework-ago",
            "release_channel": [
              {
                "channel": "UNSPECIFIED"
              }
            ],
            "remove_default_node_pool": false,
            "resource_labels": {},
            "resource_usage_export_config": [],
            "self_link": "https://container.googleapis.com/v1beta1/projects/sdypp-framework-ago/locations/us-central1/clusters/gke-deployments-cluster",
            "services_ipv4_cidr": "192.168.96.0/20",
            "subnetwork": "projects/sdypp-framework-ago/regions/us-central1/subnetworks/sdypp-framework-ago-subnet-deployments",
            "timeouts": {
              "create": "45m",
              "delete": "45m",
              "read": null,
              "update": "45m"
            },
            "tpu_ipv4_cidr_block": "",
            "vertical_pod_autoscaling": [
              {
                "enabled": false
              }
            ],
            "workload_identity_config": [
              {
                "identity_namespace": "sdypp-framework-ago.svc.id.goog"
              }
            ]
          },
          "sensitive_attributes": [],
          "private": "eyJlMmJmYjczMC1lY2FhLTExZTYtOGY4OC0zNDM2M2JjN2M0YzAiOnsiY3JlYXRlIjoyNzAwMDAwMDAwMDAwLCJkZWxldGUiOjI3MDAwMDAwMDAwMDAsInJlYWQiOjI0MDAwMDAwMDAwMDAsInVwZGF0ZSI6MjcwMDAwMDAwMDAwMH0sInNjaGVtYV92ZXJzaW9uIjoiMSJ9",
          "dependencies": [
            "module.vpc_deployments.module.subnets.google_compute_subnetwork.subnetwork",
            "module.vpc_deployments.module.vpc.google_compute_network.network",
            "module.vpc_deployments.module.vpc.google_compute_shared_vpc_host_project.shared_vpc_host",
            "module.gke_deployments.data.google_container_engine_versions.zone",
            "module.gke_deployments.google_service_account.cluster_service_account",
            "module.gke_deployments.random_string.cluster_service_account_suffix",
            "module.vpc_deployments.module.firewall_rules.google_compute_firewall.rules",
            "module.vpc_deployments.module.routes.google_compute_route.route",
            "module.gke_deployments.data.google_compute_zones.available",
            "module.gke_deployments.data.google_container_engine_versions.region",
            "module.gke_deployments.random_shuffle.available_zones"
          ]
        }
      ]
    },
    {
      "module": "module.gke_deployments",
      "mode": "managed",
      "type": "google_container_node_pool",
      "name": "pools",
      "provider": "provider[\"registry.terraform.io/hashicorp/google\"]",
      "instances": [
        {
          "index_key": "default-node-pool",
          "schema_version": 1,
          "attributes": {
            "autoscaling": [
              {
                "max_node_count": 4,
                "min_node_count": 1
              }
            ],
            "cluster": "gke-deployments-cluster",
            "id": "projects/sdypp-framework-ago/locations/us-central1/clusters/gke-deployments-cluster/nodePools/default-node-pool",
            "initial_node_count": 4,
            "instance_group_urls": [
              "https://www.googleapis.com/compute/v1/projects/sdypp-framework-ago/zones/us-central1-a/instanceGroupManagers/gke-gke-deployments--default-node-poo-a5ef5326-grp"
            ],
            "location": "us-central1",
            "management": [
              {
                "auto_repair": true,
                "auto_upgrade": true
              }
            ],
            "max_pods_per_node": 110,
            "name": "default-node-pool",
            "name_prefix": "",
            "node_config": [
              {
                "disk_size_gb": 10,
                "disk_type": "pd-standard",
                "guest_accelerator": [],
                "image_type": "COS",
                "labels": {
                  "cluster_name": "gke-deployments-cluster",
                  "default-node-pool": "true",
                  "node_pool": "default-node-pool"
                },
                "local_ssd_count": 0,
                "machine_type": "n1-standard-1",
                "metadata": {
                  "cluster_name": "gke-deployments-cluster",
                  "disable-legacy-endpoints": "true",
                  "node-pool-metadata-custom-value": "my-node-pool",
                  "node_pool": "default-node-pool"
                },
                "min_cpu_platform": "",
                "oauth_scopes": [
                  "https://www.googleapis.com/auth/cloud-platform",
                  "https://www.googleapis.com/auth/ndev.clouddns.readwrite"
                ],
                "preemptible": true,
                "service_account": "serviceaccount@sdypp-framework-ago.iam.gserviceaccount.com",
                "shielded_instance_config": [
                  {
                    "enable_integrity_monitoring": true,
                    "enable_secure_boot": false
                  }
                ],
                "tags": [
                  "gke-gke-deployments-cluster",
                  "gke-gke-deployments-cluster-default-node-pool",
                  "default-node-pool"
                ],
                "taint": [
                  {
                    "effect": "PREFER_NO_SCHEDULE",
                    "key": "default-node-pool",
                    "value": "true"
                  }
                ],
                "workload_metadata_config": [
                  {
                    "node_metadata": "GKE_METADATA_SERVER"
                  }
                ]
              }
            ],
            "node_count": 3,
            "node_locations": [
              "us-central1-a"
            ],
            "operation": null,
            "project": "sdypp-framework-ago",
            "timeouts": {
              "create": "45m",
              "delete": "45m",
              "update": "45m"
            },
            "upgrade_settings": [
              {
                "max_surge": 1,
                "max_unavailable": 0
              }
            ],
            "version": "1.20.9-gke.700"
          },
          "sensitive_attributes": [],
          "private": "eyJlMmJmYjczMC1lY2FhLTExZTYtOGY4OC0zNDM2M2JjN2M0YzAiOnsiY3JlYXRlIjoyNzAwMDAwMDAwMDAwLCJkZWxldGUiOjI3MDAwMDAwMDAwMDAsInVwZGF0ZSI6MjcwMDAwMDAwMDAwMH0sInNjaGVtYV92ZXJzaW9uIjoiMSJ9",
          "dependencies": [
            "module.vpc_deployments.module.routes.google_compute_route.route",
            "module.vpc_deployments.module.subnets.google_compute_subnetwork.subnetwork",
            "module.vpc_deployments.module.vpc.google_compute_network.network",
            "module.gke_deployments.data.google_container_engine_versions.zone",
            "module.gke_deployments.google_container_cluster.primary",
            "module.vpc_deployments.module.firewall_rules.google_compute_firewall.rules",
            "module.gke_deployments.random_shuffle.available_zones",
            "module.gke_deployments.random_string.cluster_service_account_suffix",
            "module.vpc_deployments.module.vpc.google_compute_shared_vpc_host_project.shared_vpc_host",
            "module.gke_deployments.data.google_compute_zones.available",
            "module.gke_deployments.data.google_container_engine_versions.region",
            "module.gke_deployments.google_service_account.cluster_service_account"
          ]
        }
      ]
    },
    {
      "module": "module.gke_deployments",
      "mode": "managed",
      "type": "google_project_iam_member",
      "name": "cluster_service_account-log_writer",
      "provider": "provider[\"registry.terraform.io/hashicorp/google\"]",
      "instances": [
        {
          "index_key": 0,
          "schema_version": 0,
          "attributes": {
            "condition": [],
            "etag": "BwXJ2BAHKko=",
            "id": "sdypp-framework-ago/roles/logging.logWriter/serviceAccount:tf-gke-gke-deployments-ms4a@sdypp-framework-ago.iam.gserviceaccount.com",
            "member": "serviceAccount:tf-gke-gke-deployments-ms4a@sdypp-framework-ago.iam.gserviceaccount.com",
            "project": "sdypp-framework-ago",
            "role": "roles/logging.logWriter"
          },
          "sensitive_attributes": [],
          "private": "bnVsbA==",
          "dependencies": [
            "module.gke_deployments.google_service_account.cluster_service_account",
            "module.vpc_deployments.module.firewall_rules.google_compute_firewall.rules",
            "module.vpc_deployments.module.routes.google_compute_route.route",
            "module.vpc_deployments.module.subnets.google_compute_subnetwork.subnetwork",
            "module.vpc_deployments.module.vpc.google_compute_network.network",
            "module.vpc_deployments.module.vpc.google_compute_shared_vpc_host_project.shared_vpc_host"
          ]
        }
      ]
    },
    {
      "module": "module.gke_deployments",
      "mode": "managed",
      "type": "google_project_iam_member",
      "name": "cluster_service_account-metric_writer",
      "provider": "provider[\"registry.terraform.io/hashicorp/google\"]",
      "instances": [
        {
          "index_key": 0,
          "schema_version": 0,
          "attributes": {
            "condition": [],
            "etag": "BwXJ2BB3TZQ=",
            "id": "sdypp-framework-ago/roles/monitoring.metricWriter/serviceAccount:tf-gke-gke-deployments-ms4a@sdypp-framework-ago.iam.gserviceaccount.com",
            "member": "serviceAccount:tf-gke-gke-deployments-ms4a@sdypp-framework-ago.iam.gserviceaccount.com",
            "project": "sdypp-framework-ago",
            "role": "roles/monitoring.metricWriter"
          },
          "sensitive_attributes": [],
          "private": "bnVsbA==",
          "dependencies": [
            "module.gke_deployments.google_project_iam_member.cluster_service_account-log_writer",
            "module.gke_deployments.google_service_account.cluster_service_account",
            "module.vpc_deployments.module.firewall_rules.google_compute_firewall.rules",
            "module.vpc_deployments.module.routes.google_compute_route.route",
            "module.vpc_deployments.module.subnets.google_compute_subnetwork.subnetwork",
            "module.vpc_deployments.module.vpc.google_compute_network.network",
            "module.vpc_deployments.module.vpc.google_compute_shared_vpc_host_project.shared_vpc_host"
          ]
        }
      ]
    },
    {
      "module": "module.gke_deployments",
      "mode": "managed",
      "type": "google_project_iam_member",
      "name": "cluster_service_account-monitoring_viewer",
      "provider": "provider[\"registry.terraform.io/hashicorp/google\"]",
      "instances": [
        {
          "index_key": 0,
          "schema_version": 0,
          "attributes": {
            "condition": [],
            "etag": "BwXJ2BDmdiE=",
            "id": "sdypp-framework-ago/roles/monitoring.viewer/serviceAccount:tf-gke-gke-deployments-ms4a@sdypp-framework-ago.iam.gserviceaccount.com",
            "member": "serviceAccount:tf-gke-gke-deployments-ms4a@sdypp-framework-ago.iam.gserviceaccount.com",
            "project": "sdypp-framework-ago",
            "role": "roles/monitoring.viewer"
          },
          "sensitive_attributes": [],
          "private": "bnVsbA==",
          "dependencies": [
            "module.gke_deployments.google_project_iam_member.cluster_service_account-log_writer",
            "module.gke_deployments.google_project_iam_member.cluster_service_account-metric_writer",
            "module.gke_deployments.google_service_account.cluster_service_account",
            "module.vpc_deployments.module.firewall_rules.google_compute_firewall.rules",
            "module.vpc_deployments.module.routes.google_compute_route.route",
            "module.vpc_deployments.module.subnets.google_compute_subnetwork.subnetwork",
            "module.vpc_deployments.module.vpc.google_compute_network.network",
            "module.vpc_deployments.module.vpc.google_compute_shared_vpc_host_project.shared_vpc_host"
          ]
        }
      ]
    },
    {
      "module": "module.gke_deployments",
      "mode": "managed",
      "type": "google_project_iam_member",
      "name": "cluster_service_account-resourceMetadata-writer",
      "provider": "provider[\"registry.terraform.io/hashicorp/google\"]",
      "instances": [
        {
          "index_key": 0,
          "schema_version": 0,
          "attributes": {
            "condition": [],
            "etag": "BwXJ2BFY+Fg=",
            "id": "sdypp-framework-ago/roles/stackdriver.resourceMetadata.writer/serviceAccount:tf-gke-gke-deployments-ms4a@sdypp-framework-ago.iam.gserviceaccount.com",
            "member": "serviceAccount:tf-gke-gke-deployments-ms4a@sdypp-framework-ago.iam.gserviceaccount.com",
            "project": "sdypp-framework-ago",
            "role": "roles/stackdriver.resourceMetadata.writer"
          },
          "sensitive_attributes": [],
          "private": "bnVsbA==",
          "dependencies": [
            "module.gke_deployments.google_project_iam_member.cluster_service_account-log_writer",
            "module.gke_deployments.google_project_iam_member.cluster_service_account-metric_writer",
            "module.gke_deployments.google_project_iam_member.cluster_service_account-monitoring_viewer",
            "module.gke_deployments.google_service_account.cluster_service_account",
            "module.vpc_deployments.module.firewall_rules.google_compute_firewall.rules",
            "module.vpc_deployments.module.routes.google_compute_route.route",
            "module.vpc_deployments.module.subnets.google_compute_subnetwork.subnetwork",
            "module.vpc_deployments.module.vpc.google_compute_network.network",
            "module.vpc_deployments.module.vpc.google_compute_shared_vpc_host_project.shared_vpc_host"
          ]
        }
      ]
    },
    {
      "module": "module.gke_deployments",
      "mode": "managed",
      "type": "google_service_account",
      "name": "cluster_service_account",
      "provider": "provider[\"registry.terraform.io/hashicorp/google\"]",
      "instances": [
        {
          "index_key": 0,
          "schema_version": 0,
          "attributes": {
            "account_id": "tf-gke-gke-deployments-ms4a",
            "description": "",
            "display_name": "Terraform-managed service account for cluster gke-deployments-cluster",
            "email": "tf-gke-gke-deployments-ms4a@sdypp-framework-ago.iam.gserviceaccount.com",
            "id": "projects/sdypp-framework-ago/serviceAccounts/tf-gke-gke-deployments-ms4a@sdypp-framework-ago.iam.gserviceaccount.com",
            "name": "projects/sdypp-framework-ago/serviceAccounts/tf-gke-gke-deployments-ms4a@sdypp-framework-ago.iam.gserviceaccount.com",
            "project": "sdypp-framework-ago",
            "timeouts": null,
            "unique_id": "109170194331476073880"
          },
          "sensitive_attributes": [],
          "private": "eyJlMmJmYjczMC1lY2FhLTExZTYtOGY4OC0zNDM2M2JjN2M0YzAiOnsiY3JlYXRlIjozMDAwMDAwMDAwMDB9fQ==",
          "dependencies": [
            "module.gke_deployments.random_string.cluster_service_account_suffix",
            "module.vpc_deployments.module.firewall_rules.google_compute_firewall.rules",
            "module.vpc_deployments.module.routes.google_compute_route.route",
            "module.vpc_deployments.module.subnets.google_compute_subnetwork.subnetwork",
            "module.vpc_deployments.module.vpc.google_compute_network.network",
            "module.vpc_deployments.module.vpc.google_compute_shared_vpc_host_project.shared_vpc_host"
          ]
        }
      ]
    },
    {
      "module": "module.gke_deployments",
      "mode": "managed",
      "type": "random_shuffle",
      "name": "available_zones",
      "provider": "provider[\"registry.terraform.io/hashicorp/random\"]",
      "instances": [
        {
          "schema_version": 0,
          "attributes": {
            "id": "-",
            "input": [
              "us-central1-a",
              "us-central1-b",
              "us-central1-c",
              "us-central1-f"
            ],
            "keepers": null,
            "result": [
              "us-central1-f",
              "us-central1-c",
              "us-central1-a"
            ],
            "result_count": 3,
            "seed": null
          },
          "sensitive_attributes": [],
          "private": "bnVsbA==",
          "dependencies": [
            "module.vpc_deployments.module.vpc.google_compute_shared_vpc_host_project.shared_vpc_host",
            "module.gke_deployments.data.google_compute_zones.available",
            "module.vpc_deployments.module.firewall_rules.google_compute_firewall.rules",
            "module.vpc_deployments.module.routes.google_compute_route.route",
            "module.vpc_deployments.module.subnets.google_compute_subnetwork.subnetwork",
            "module.vpc_deployments.module.vpc.google_compute_network.network"
          ]
        }
      ]
    },
    {
      "module": "module.gke_deployments",
      "mode": "managed",
      "type": "random_string",
      "name": "cluster_service_account_suffix",
      "provider": "provider[\"registry.terraform.io/hashicorp/random\"]",
      "instances": [
        {
          "schema_version": 1,
          "attributes": {
            "id": "ms4a",
            "keepers": null,
            "length": 4,
            "lower": true,
            "min_lower": 0,
            "min_numeric": 0,
            "min_special": 0,
            "min_upper": 0,
            "number": true,
            "override_special": null,
            "result": "ms4a",
            "special": false,
            "upper": false
          },
          "sensitive_attributes": [],
          "private": "eyJzY2hlbWFfdmVyc2lvbiI6IjEifQ==",
          "dependencies": [
            "module.vpc_deployments.module.routes.google_compute_route.route",
            "module.vpc_deployments.module.subnets.google_compute_subnetwork.subnetwork",
            "module.vpc_deployments.module.vpc.google_compute_network.network",
            "module.vpc_deployments.module.vpc.google_compute_shared_vpc_host_project.shared_vpc_host",
            "module.vpc_deployments.module.firewall_rules.google_compute_firewall.rules"
          ]
        }
      ]
    },
    {
      "module": "module.gke_deployments.module.gcloud_delete_default_kube_dns_configmap.module.gcloud_kubectl",
      "mode": "managed",
      "type": "null_resource",
      "name": "module_depends_on",
      "provider": "provider[\"registry.terraform.io/hashicorp/null\"]",
      "instances": [
        {
          "index_key": 0,
          "schema_version": 0,
          "attributes": {
            "id": "1299965628945989890",
            "triggers": {
              "value": "2"
            }
          },
          "sensitive_attributes": [],
          "private": "bnVsbA==",
          "dependencies": [
            "module.gke_deployments.data.google_container_engine_versions.region",
            "module.gke_deployments.google_container_cluster.primary",
            "module.gke_deployments.google_container_node_pool.pools",
            "module.gke_deployments.google_service_account.cluster_service_account",
            "module.vpc_deployments.module.firewall_rules.google_compute_firewall.rules",
            "module.vpc_deployments.module.subnets.google_compute_subnetwork.subnetwork",
            "module.vpc_deployments.module.vpc.google_compute_network.network",
            "module.gke_deployments.data.google_compute_zones.available",
            "module.gke_deployments.random_shuffle.available_zones",
            "module.gke_deployments.random_string.cluster_service_account_suffix",
            "module.vpc_deployments.module.routes.google_compute_route.route",
            "module.vpc_deployments.module.vpc.google_compute_shared_vpc_host_project.shared_vpc_host",
            "module.gke_deployments.data.google_container_engine_versions.zone"
          ]
        }
      ]
    },
    {
      "module": "module.gke_management",
      "mode": "data",
      "type": "google_compute_zones",
      "name": "available",
      "provider": "provider[\"registry.terraform.io/hashicorp/google\"]",
      "instances": [
        {
          "schema_version": 0,
          "attributes": {
            "id": "projects/sdypp-framework-ago/regions/us-east1",
            "names": [
              "us-east1-b",
              "us-east1-c",
              "us-east1-d"
            ],
            "project": "sdypp-framework-ago",
            "region": "us-east1",
            "status": null
          },
          "sensitive_attributes": []
        }
      ]
    },
    {
      "module": "module.gke_management",
      "mode": "data",
      "type": "google_container_engine_versions",
      "name": "region",
      "provider": "provider[\"registry.terraform.io/hashicorp/google\"]",
      "instances": [
        {
          "schema_version": 0,
          "attributes": {
            "default_cluster_version": "1.20.8-gke.900",
            "id": "2021-08-18 16:38:13.425511206 +0000 UTC",
            "latest_master_version": "1.20.9-gke.1000",
            "latest_node_version": "1.20.9-gke.1000",
            "location": "us-east1",
            "project": "sdypp-framework-ago",
            "release_channel_default_version": {
              "RAPID": "1.20.8-gke.900",
              "REGULAR": "1.20.8-gke.900",
              "STABLE": "1.19.12-gke.2100"
            },
            "valid_master_versions": [
              "1.20.9-gke.1000",
              "1.20.9-gke.700",
              "1.20.8-gke.2100",
              "1.20.8-gke.900",
              "1.20.8-gke.700",
              "1.19.13-gke.1200",
              "1.19.13-gke.700",
              "1.19.12-gke.2100",
              "1.19.12-gke.1100",
              "1.19.12-gke.900",
              "1.19.12-gke.700",
              "1.19.11-gke.2101",
              "1.19.11-gke.1701",
              "1.19.10-gke.1701",
              "1.19.10-gke.1601",
              "1.19.10-gke.1001",
              "1.19.10-gke.1000",
              "1.19.9-gke.1900",
              "1.18.20-gke.3300",
              "1.18.20-gke.3000",
              "1.18.20-gke.2300",
              "1.18.20-gke.901",
              "1.18.20-gke.900",
              "1.18.20-gke.501",
              "1.17.17-gke.9100"
            ],
            "valid_node_versions": [
              "1.20.9-gke.1000",
              "1.20.9-gke.700",
              "1.20.8-gke.2100",
              "1.20.8-gke.900",
              "1.20.8-gke.700",
              "1.20.7-gke.2200",
              "1.20.7-gke.1800",
              "1.20.6-gke.1400",
              "1.20.6-gke.1000",
              "1.19.13-gke.1200",
              "1.19.13-gke.700",
              "1.19.12-gke.2100",
              "1.19.12-gke.1100",
              "1.19.12-gke.900",
              "1.19.12-gke.700",
              "1.19.11-gke.2101",
              "1.19.11-gke.2100",
              "1.19.11-gke.1701",
              "1.19.11-gke.1700",
              "1.19.10-gke.1701",
              "1.19.10-gke.1700",
              "1.19.10-gke.1601",
              "1.19.10-gke.1600",
              "1.19.10-gke.1001",
              "1.19.10-gke.1000",
              "1.19.9-gke.1900",
              "1.19.9-gke.1400",
              "1.19.9-gke.700",
              "1.19.9-gke.100",
              "1.19.8-gke.2000",
              "1.19.8-gke.1600",
              "1.19.8-gke.1000",
              "1.19.7-gke.2503",
              "1.19.7-gke.1500",
              "1.19.7-gke.1302",
              "1.19.7-gke.800",
              "1.19.6-gke.1700",
              "1.19.6-gke.1100",
              "1.19.6-gke.600",
              "1.18.20-gke.3300",
              "1.18.20-gke.3000",
              "1.18.20-gke.2300",
              "1.18.20-gke.901",
              "1.18.20-gke.900",
              "1.18.20-gke.501",
              "1.18.19-gke.2101",
              "1.18.19-gke.2100",
              "1.18.19-gke.1701",
              "1.18.19-gke.1700",
              "1.18.18-gke.1701",
              "1.18.18-gke.1700",
              "1.18.18-gke.1101",
              "1.18.18-gke.1100",
              "1.18.17-gke.1901",
              "1.18.17-gke.1900",
              "1.18.17-gke.1201",
              "1.18.17-gke.1200",
              "1.18.17-gke.700",
              "1.18.17-gke.100",
              "1.18.16-gke.2100",
              "1.18.16-gke.1201",
              "1.18.16-gke.1200",
              "1.18.16-gke.502",
              "1.18.16-gke.500",
              "1.18.16-gke.302",
              "1.18.16-gke.300",
              "1.18.15-gke.2500",
              "1.18.15-gke.1502",
              "1.18.15-gke.1501",
              "1.18.15-gke.1500",
              "1.18.15-gke.1102",
              "1.18.15-gke.1100",
              "1.18.15-gke.800",
              "1.18.14-gke.1600",
              "1.18.14-gke.1200",
              "1.18.12-gke.1210",
              "1.18.12-gke.1206",
              "1.18.12-gke.1205",
              "1.18.12-gke.1201",
              "1.18.12-gke.1200",
              "1.18.12-gke.300",
              "1.18.10-gke.2701",
              "1.18.10-gke.2101",
              "1.18.10-gke.1500",
              "1.18.10-gke.601",
              "1.18.9-gke.2501",
              "1.18.9-gke.1501",
              "1.18.9-gke.801",
              "1.18.6-gke.4801",
              "1.18.6-gke.3504",
              "1.18.6-gke.3503",
              "1.17.17-gke.9100",
              "1.17.17-gke.8500",
              "1.17.17-gke.8200",
              "1.17.17-gke.7800",
              "1.17.17-gke.7200",
              "1.17.17-gke.6700",
              "1.17.17-gke.6000",
              "1.17.17-gke.5400",
              "1.17.17-gke.4900",
              "1.17.17-gke.4400",
              "1.17.17-gke.3700",
              "1.17.17-gke.3000",
              "1.17.17-gke.2800",
              "1.17.17-gke.2500",
              "1.17.17-gke.1500",
              "1.17.17-gke.1101",
              "1.17.17-gke.1100",
              "1.17.17-gke.600",
              "1.17.16-gke.1600",
              "1.17.16-gke.1300",
              "1.17.15-gke.800",
              "1.17.15-gke.300",
              "1.17.14-gke.1600",
              "1.17.14-gke.1200",
              "1.17.14-gke.400",
              "1.17.13-gke.2600",
              "1.17.13-gke.2001",
              "1.17.13-gke.1401",
              "1.17.13-gke.1400",
              "1.17.13-gke.600",
              "1.17.12-gke.2502",
              "1.17.12-gke.1504",
              "1.17.12-gke.1501",
              "1.17.12-gke.500",
              "1.17.9-gke.6300",
              "1.17.9-gke.1504",
              "1.16.15-gke.14800",
              "1.16.15-gke.12500",
              "1.16.15-gke.11800",
              "1.16.15-gke.10600",
              "1.16.15-gke.7801",
              "1.16.15-gke.7800",
              "1.16.15-gke.7300",
              "1.16.15-gke.6900",
              "1.16.15-gke.6000",
              "1.16.15-gke.5500",
              "1.16.15-gke.4901",
              "1.16.15-gke.4301",
              "1.16.15-gke.4300",
              "1.16.15-gke.3500",
              "1.16.15-gke.2601",
              "1.16.15-gke.1600",
              "1.16.15-gke.500",
              "1.16.13-gke.404",
              "1.16.13-gke.403",
              "1.16.13-gke.401",
              "1.16.13-gke.400",
              "1.16.13-gke.1",
              "1.16.11-gke.5",
              "1.16.10-gke.8",
              "1.16.9-gke.6",
              "1.16.9-gke.2",
              "1.16.8-gke.15",
              "1.16.8-gke.12",
              "1.16.8-gke.9",
              "1.15.12-gke.6002",
              "1.15.12-gke.6001",
              "1.15.12-gke.5000",
              "1.15.12-gke.4002",
              "1.15.12-gke.4000",
              "1.15.12-gke.20",
              "1.15.12-gke.17",
              "1.15.12-gke.16",
              "1.15.12-gke.13",
              "1.15.12-gke.9",
              "1.15.12-gke.6",
              "1.15.12-gke.3",
              "1.15.12-gke.2",
              "1.15.11-gke.17",
              "1.15.11-gke.15",
              "1.15.11-gke.13",
              "1.15.11-gke.12",
              "1.15.11-gke.11",
              "1.15.11-gke.9",
              "1.15.11-gke.5",
              "1.15.11-gke.3",
              "1.15.11-gke.1",
              "1.15.9-gke.26",
              "1.15.9-gke.24",
              "1.15.9-gke.22",
              "1.15.9-gke.12",
              "1.15.9-gke.9",
              "1.15.9-gke.8",
              "1.15.8-gke.3",
              "1.15.8-gke.2",
              "1.15.7-gke.23",
              "1.15.7-gke.2",
              "1.15.4-gke.22",
              "1.14.10-gke.1504",
              "1.14.10-gke.902",
              "1.14.10-gke.50",
              "1.14.10-gke.46",
              "1.14.10-gke.45",
              "1.14.10-gke.42",
              "1.14.10-gke.41",
              "1.14.10-gke.40",
              "1.14.10-gke.37",
              "1.14.10-gke.36",
              "1.14.10-gke.34",
              "1.14.10-gke.32",
              "1.14.10-gke.31",
              "1.14.10-gke.27",
              "1.14.10-gke.24",
              "1.14.10-gke.22",
              "1.14.10-gke.21",
              "1.14.10-gke.17",
              "1.14.10-gke.0",
              "1.14.9-gke.23",
              "1.14.9-gke.2",
              "1.14.9-gke.0",
              "1.14.8-gke.33",
              "1.14.8-gke.21",
              "1.14.8-gke.18",
              "1.14.8-gke.17",
              "1.14.8-gke.14",
              "1.14.8-gke.12",
              "1.14.8-gke.7",
              "1.14.8-gke.2",
              "1.14.7-gke.40",
              "1.14.7-gke.25",
              "1.14.7-gke.23",
              "1.14.7-gke.17",
              "1.14.7-gke.14",
              "1.14.7-gke.10",
              "1.14.6-gke.13",
              "1.14.6-gke.2",
              "1.14.6-gke.1",
              "1.14.3-gke.11",
              "1.14.3-gke.10",
              "1.14.3-gke.9",
              "1.14.2-gke.9",
              "1.14.1-gke.5",
              "1.13.12-gke.30",
              "1.13.12-gke.25",
              "1.13.12-gke.17",
              "1.13.12-gke.16",
              "1.13.12-gke.14",
              "1.13.12-gke.13",
              "1.13.12-gke.10",
              "1.13.12-gke.8",
              "1.13.12-gke.4",
              "1.13.12-gke.2",
              "1.13.11-gke.23",
              "1.13.11-gke.15",
              "1.13.11-gke.14",
              "1.13.11-gke.12",
              "1.13.11-gke.11",
              "1.13.11-gke.9",
              "1.13.11-gke.5",
              "1.13.10-gke.7",
              "1.13.10-gke.0",
              "1.13.9-gke.11",
              "1.13.9-gke.3",
              "1.13.7-gke.24",
              "1.13.7-gke.19",
              "1.13.7-gke.15",
              "1.13.7-gke.8",
              "1.13.7-gke.0",
              "1.13.6-gke.13",
              "1.13.6-gke.6",
              "1.13.6-gke.5",
              "1.13.6-gke.0",
              "1.13.5-gke.10",
              "1.12.10-gke.22",
              "1.12.10-gke.20",
              "1.12.10-gke.19",
              "1.12.10-gke.18",
              "1.12.10-gke.17",
              "1.12.10-gke.15",
              "1.12.10-gke.13",
              "1.12.10-gke.11",
              "1.12.10-gke.5",
              "1.12.9-gke.16",
              "1.12.9-gke.15",
              "1.12.9-gke.13",
              "1.12.9-gke.10",
              "1.12.9-gke.7",
              "1.12.9-gke.3",
              "1.12.8-gke.12",
              "1.12.8-gke.10",
              "1.12.8-gke.7",
              "1.12.8-gke.6",
              "1.12.7-gke.26",
              "1.12.7-gke.25",
              "1.12.7-gke.24",
              "1.12.7-gke.22",
              "1.12.7-gke.21",
              "1.12.7-gke.17",
              "1.12.7-gke.10",
              "1.12.7-gke.7",
              "1.12.6-gke.11",
              "1.12.6-gke.10",
              "1.12.6-gke.7",
              "1.12.5-gke.10",
              "1.12.5-gke.5",
              "1.11.10-gke.6",
              "1.11.10-gke.5"
            ],
            "version_prefix": null
          },
          "sensitive_attributes": []
        }
      ]
    },
    {
      "module": "module.gke_management",
      "mode": "data",
      "type": "google_container_engine_versions",
      "name": "zone",
      "provider": "provider[\"registry.terraform.io/hashicorp/google\"]",
      "instances": [
        {
          "schema_version": 0,
          "attributes": {
            "default_cluster_version": "1.20.8-gke.900",
            "id": "2021-08-18 16:38:13.639361443 +0000 UTC",
            "latest_master_version": "1.20.9-gke.1000",
            "latest_node_version": "1.20.9-gke.1000",
            "location": "us-east1-b",
            "project": "sdypp-framework-ago",
            "release_channel_default_version": {
              "RAPID": "1.20.8-gke.900",
              "REGULAR": "1.20.8-gke.900",
              "STABLE": "1.19.12-gke.2100"
            },
            "valid_master_versions": [
              "1.20.9-gke.1000",
              "1.20.9-gke.700",
              "1.20.8-gke.2100",
              "1.20.8-gke.900",
              "1.20.8-gke.700",
              "1.19.13-gke.1200",
              "1.19.13-gke.700",
              "1.19.12-gke.2100",
              "1.19.12-gke.1100",
              "1.19.12-gke.900",
              "1.19.12-gke.700",
              "1.19.11-gke.2101",
              "1.19.11-gke.1701",
              "1.19.10-gke.1701",
              "1.19.10-gke.1601",
              "1.19.10-gke.1001",
              "1.19.10-gke.1000",
              "1.19.9-gke.1900",
              "1.18.20-gke.3300",
              "1.18.20-gke.3000",
              "1.18.20-gke.2300",
              "1.18.20-gke.901",
              "1.18.20-gke.900",
              "1.18.20-gke.501",
              "1.17.17-gke.9100"
            ],
            "valid_node_versions": [
              "1.20.9-gke.1000",
              "1.20.9-gke.700",
              "1.20.8-gke.2100",
              "1.20.8-gke.900",
              "1.20.8-gke.700",
              "1.20.7-gke.2200",
              "1.20.7-gke.1800",
              "1.20.6-gke.1400",
              "1.20.6-gke.1000",
              "1.19.13-gke.1200",
              "1.19.13-gke.700",
              "1.19.12-gke.2100",
              "1.19.12-gke.1100",
              "1.19.12-gke.900",
              "1.19.12-gke.700",
              "1.19.11-gke.2101",
              "1.19.11-gke.2100",
              "1.19.11-gke.1701",
              "1.19.11-gke.1700",
              "1.19.10-gke.1701",
              "1.19.10-gke.1700",
              "1.19.10-gke.1601",
              "1.19.10-gke.1600",
              "1.19.10-gke.1001",
              "1.19.10-gke.1000",
              "1.19.9-gke.1900",
              "1.19.9-gke.1400",
              "1.19.9-gke.700",
              "1.19.9-gke.100",
              "1.19.8-gke.2000",
              "1.19.8-gke.1600",
              "1.19.8-gke.1000",
              "1.19.7-gke.2503",
              "1.19.7-gke.1500",
              "1.19.7-gke.1302",
              "1.19.7-gke.800",
              "1.19.6-gke.1700",
              "1.19.6-gke.1100",
              "1.19.6-gke.600",
              "1.18.20-gke.3300",
              "1.18.20-gke.3000",
              "1.18.20-gke.2300",
              "1.18.20-gke.901",
              "1.18.20-gke.900",
              "1.18.20-gke.501",
              "1.18.19-gke.2101",
              "1.18.19-gke.2100",
              "1.18.19-gke.1701",
              "1.18.19-gke.1700",
              "1.18.18-gke.1701",
              "1.18.18-gke.1700",
              "1.18.18-gke.1101",
              "1.18.18-gke.1100",
              "1.18.17-gke.1901",
              "1.18.17-gke.1900",
              "1.18.17-gke.1201",
              "1.18.17-gke.1200",
              "1.18.17-gke.700",
              "1.18.17-gke.100",
              "1.18.16-gke.2100",
              "1.18.16-gke.1201",
              "1.18.16-gke.1200",
              "1.18.16-gke.502",
              "1.18.16-gke.500",
              "1.18.16-gke.302",
              "1.18.16-gke.300",
              "1.18.15-gke.2500",
              "1.18.15-gke.1502",
              "1.18.15-gke.1501",
              "1.18.15-gke.1500",
              "1.18.15-gke.1102",
              "1.18.15-gke.1100",
              "1.18.15-gke.800",
              "1.18.14-gke.1600",
              "1.18.14-gke.1200",
              "1.18.12-gke.1210",
              "1.18.12-gke.1206",
              "1.18.12-gke.1205",
              "1.18.12-gke.1201",
              "1.18.12-gke.1200",
              "1.18.12-gke.300",
              "1.18.10-gke.2701",
              "1.18.10-gke.2101",
              "1.18.10-gke.1500",
              "1.18.10-gke.601",
              "1.18.9-gke.2501",
              "1.18.9-gke.1501",
              "1.18.9-gke.801",
              "1.18.6-gke.4801",
              "1.18.6-gke.3504",
              "1.18.6-gke.3503",
              "1.17.17-gke.9100",
              "1.17.17-gke.8500",
              "1.17.17-gke.8200",
              "1.17.17-gke.7800",
              "1.17.17-gke.7200",
              "1.17.17-gke.6700",
              "1.17.17-gke.6000",
              "1.17.17-gke.5400",
              "1.17.17-gke.4900",
              "1.17.17-gke.4400",
              "1.17.17-gke.3700",
              "1.17.17-gke.3000",
              "1.17.17-gke.2800",
              "1.17.17-gke.2500",
              "1.17.17-gke.1500",
              "1.17.17-gke.1101",
              "1.17.17-gke.1100",
              "1.17.17-gke.600",
              "1.17.16-gke.1600",
              "1.17.16-gke.1300",
              "1.17.15-gke.800",
              "1.17.15-gke.300",
              "1.17.14-gke.1600",
              "1.17.14-gke.1200",
              "1.17.14-gke.400",
              "1.17.13-gke.2600",
              "1.17.13-gke.2001",
              "1.17.13-gke.1401",
              "1.17.13-gke.1400",
              "1.17.13-gke.600",
              "1.17.12-gke.2502",
              "1.17.12-gke.1504",
              "1.17.12-gke.1501",
              "1.17.12-gke.500",
              "1.17.9-gke.6300",
              "1.17.9-gke.1504",
              "1.16.15-gke.14800",
              "1.16.15-gke.12500",
              "1.16.15-gke.11800",
              "1.16.15-gke.10600",
              "1.16.15-gke.7801",
              "1.16.15-gke.7800",
              "1.16.15-gke.7300",
              "1.16.15-gke.6900",
              "1.16.15-gke.6000",
              "1.16.15-gke.5500",
              "1.16.15-gke.4901",
              "1.16.15-gke.4301",
              "1.16.15-gke.4300",
              "1.16.15-gke.3500",
              "1.16.15-gke.2601",
              "1.16.15-gke.1600",
              "1.16.15-gke.500",
              "1.16.13-gke.404",
              "1.16.13-gke.403",
              "1.16.13-gke.401",
              "1.16.13-gke.400",
              "1.16.13-gke.1",
              "1.16.11-gke.5",
              "1.16.10-gke.8",
              "1.16.9-gke.6",
              "1.16.9-gke.2",
              "1.16.8-gke.15",
              "1.16.8-gke.12",
              "1.16.8-gke.9",
              "1.15.12-gke.6002",
              "1.15.12-gke.6001",
              "1.15.12-gke.5000",
              "1.15.12-gke.4002",
              "1.15.12-gke.4000",
              "1.15.12-gke.20",
              "1.15.12-gke.17",
              "1.15.12-gke.16",
              "1.15.12-gke.13",
              "1.15.12-gke.9",
              "1.15.12-gke.6",
              "1.15.12-gke.3",
              "1.15.12-gke.2",
              "1.15.11-gke.17",
              "1.15.11-gke.15",
              "1.15.11-gke.13",
              "1.15.11-gke.12",
              "1.15.11-gke.11",
              "1.15.11-gke.9",
              "1.15.11-gke.5",
              "1.15.11-gke.3",
              "1.15.11-gke.1",
              "1.15.9-gke.26",
              "1.15.9-gke.24",
              "1.15.9-gke.22",
              "1.15.9-gke.12",
              "1.15.9-gke.9",
              "1.15.9-gke.8",
              "1.15.8-gke.3",
              "1.15.8-gke.2",
              "1.15.7-gke.23",
              "1.15.7-gke.2",
              "1.15.4-gke.22",
              "1.14.10-gke.1504",
              "1.14.10-gke.902",
              "1.14.10-gke.50",
              "1.14.10-gke.46",
              "1.14.10-gke.45",
              "1.14.10-gke.42",
              "1.14.10-gke.41",
              "1.14.10-gke.40",
              "1.14.10-gke.37",
              "1.14.10-gke.36",
              "1.14.10-gke.34",
              "1.14.10-gke.32",
              "1.14.10-gke.31",
              "1.14.10-gke.27",
              "1.14.10-gke.24",
              "1.14.10-gke.22",
              "1.14.10-gke.21",
              "1.14.10-gke.17",
              "1.14.10-gke.0",
              "1.14.9-gke.23",
              "1.14.9-gke.2",
              "1.14.9-gke.0",
              "1.14.8-gke.33",
              "1.14.8-gke.21",
              "1.14.8-gke.18",
              "1.14.8-gke.17",
              "1.14.8-gke.14",
              "1.14.8-gke.12",
              "1.14.8-gke.7",
              "1.14.8-gke.2",
              "1.14.7-gke.40",
              "1.14.7-gke.25",
              "1.14.7-gke.23",
              "1.14.7-gke.17",
              "1.14.7-gke.14",
              "1.14.7-gke.10",
              "1.14.6-gke.13",
              "1.14.6-gke.2",
              "1.14.6-gke.1",
              "1.14.3-gke.11",
              "1.14.3-gke.10",
              "1.14.3-gke.9",
              "1.14.2-gke.9",
              "1.14.1-gke.5",
              "1.13.12-gke.30",
              "1.13.12-gke.25",
              "1.13.12-gke.17",
              "1.13.12-gke.16",
              "1.13.12-gke.14",
              "1.13.12-gke.13",
              "1.13.12-gke.10",
              "1.13.12-gke.8",
              "1.13.12-gke.4",
              "1.13.12-gke.2",
              "1.13.11-gke.23",
              "1.13.11-gke.15",
              "1.13.11-gke.14",
              "1.13.11-gke.12",
              "1.13.11-gke.11",
              "1.13.11-gke.9",
              "1.13.11-gke.5",
              "1.13.10-gke.7",
              "1.13.10-gke.0",
              "1.13.9-gke.11",
              "1.13.9-gke.3",
              "1.13.7-gke.24",
              "1.13.7-gke.19",
              "1.13.7-gke.15",
              "1.13.7-gke.8",
              "1.13.7-gke.0",
              "1.13.6-gke.13",
              "1.13.6-gke.6",
              "1.13.6-gke.5",
              "1.13.6-gke.0",
              "1.13.5-gke.10",
              "1.12.10-gke.22",
              "1.12.10-gke.20",
              "1.12.10-gke.19",
              "1.12.10-gke.18",
              "1.12.10-gke.17",
              "1.12.10-gke.15",
              "1.12.10-gke.13",
              "1.12.10-gke.11",
              "1.12.10-gke.5",
              "1.12.9-gke.16",
              "1.12.9-gke.15",
              "1.12.9-gke.13",
              "1.12.9-gke.10",
              "1.12.9-gke.7",
              "1.12.9-gke.3",
              "1.12.8-gke.12",
              "1.12.8-gke.10",
              "1.12.8-gke.7",
              "1.12.8-gke.6",
              "1.12.7-gke.26",
              "1.12.7-gke.25",
              "1.12.7-gke.24",
              "1.12.7-gke.22",
              "1.12.7-gke.21",
              "1.12.7-gke.17",
              "1.12.7-gke.10",
              "1.12.7-gke.7",
              "1.12.6-gke.11",
              "1.12.6-gke.10",
              "1.12.6-gke.7",
              "1.12.5-gke.10",
              "1.12.5-gke.5",
              "1.11.10-gke.6",
              "1.11.10-gke.5"
            ],
            "version_prefix": null
          },
          "sensitive_attributes": []
        }
      ]
    },
    {
      "module": "module.gke_management",
      "mode": "managed",
      "type": "google_container_cluster",
      "name": "primary",
      "provider": "provider[\"registry.terraform.io/hashicorp/google\"]",
      "instances": [
        {
          "schema_version": 1,
          "attributes": {
            "addons_config": [
              {
                "cloudrun_config": [],
                "horizontal_pod_autoscaling": [
                  {
                    "disabled": false
                  }
                ],
                "http_load_balancing": [
                  {
                    "disabled": true
                  }
                ],
                "network_policy_config": [
                  {
                    "disabled": true
                  }
                ]
              }
            ],
            "authenticator_groups_config": [],
            "cluster_autoscaling": [
              {
                "auto_provisioning_defaults": [
                  {
                    "oauth_scopes": [
                      "https://www.googleapis.com/auth/logging.write",
                      "https://www.googleapis.com/auth/monitoring"
                    ],
                    "service_account": "default"
                  }
                ],
                "enabled": true,
                "resource_limits": [
                  {
                    "maximum": 10,
                    "minimum": 1,
                    "resource_type": "cpu"
                  },
                  {
                    "maximum": 64,
                    "minimum": 1,
                    "resource_type": "memory"
                  }
                ]
              }
            ],
            "cluster_ipv4_cidr": "192.168.80.0/20",
            "database_encryption": [
              {
                "key_name": "",
                "state": "DECRYPTED"
              }
            ],
            "datapath_provider": "",
            "default_max_pods_per_node": 110,
            "default_snat_status": [
              {
                "disabled": false
              }
            ],
            "description": "",
            "enable_autopilot": false,
            "enable_binary_authorization": false,
            "enable_intranode_visibility": false,
            "enable_kubernetes_alpha": false,
            "enable_legacy_abac": false,
            "enable_shielded_nodes": true,
            "enable_tpu": false,
            "endpoint": "34.75.200.146",
            "id": "projects/sdypp-framework-ago/locations/us-east1/clusters/gke-management-cluster",
            "initial_node_count": 0,
            "instance_group_urls": [
              "https://www.googleapis.com/compute/v1/projects/sdypp-framework-ago/zones/us-east1-b/instanceGroups/gke-gke-management-clust-default-pool-7ecc8ec9-grp",
              "https://www.googleapis.com/compute/v1/projects/sdypp-framework-ago/zones/us-east1-b/instanceGroups/gke-gke-management-c-default-node-poo-605788b6-grp"
            ],
            "ip_allocation_policy": [
              {
                "cluster_ipv4_cidr_block": "192.168.80.0/20",
                "cluster_secondary_range_name": "sdypp-framework-ago-subnet-management-pods",
                "services_ipv4_cidr_block": "192.168.96.0/20",
                "services_secondary_range_name": "sdypp-framework-ago-subnet-management-services"
              }
            ],
            "label_fingerprint": "a9dc16a7",
            "location": "us-east1",
            "logging_service": "logging.googleapis.com/kubernetes",
            "maintenance_policy": [
              {
                "daily_maintenance_window": [
                  {
                    "duration": "PT4H0M0S",
                    "start_time": "05:00"
                  }
                ],
                "maintenance_exclusion": [],
                "recurring_window": []
              }
            ],
            "master_auth": [
              {
                "client_certificate": "",
                "client_certificate_config": [
                  {
                    "issue_client_certificate": false
                  }
                ],
                "client_key": "",
                "cluster_ca_certificate": "LS0tLS1CRUdJTiBDRVJUSUZJQ0FURS0tLS0tCk1JSURLakNDQWhLZ0F3SUJBZ0lRWUxHa3pOamhFZmttMHVMZnd0OXkyekFOQmdrcWhraUc5dzBCQVFzRkFEQXYKTVMwd0t3WURWUVFERXlReE1XVmhabU5oT1MwMk9EYzVMVFEyTURJdE9HTmhNeTB3WlRJM09UZ3lZemd5WkdRdwpIaGNOTWpFd09ERTRNVFF6TkRVMVdoY05Nall3T0RFM01UVXpORFUxV2pBdk1TMHdLd1lEVlFRREV5UXhNV1ZoClptTmhPUzAyT0RjNUxUUTJNREl0T0dOaE15MHdaVEkzT1RneVl6Z3laR1F3Z2dFaU1BMEdDU3FHU0liM0RRRUIKQVFVQUE0SUJEd0F3Z2dFS0FvSUJBUUNwZWFRZ2F5eklPSUplNXg3VzlSOFhFczBKN2hYL1FuNERTN25vUmxqcApsTnNnSEJQYkVyQjVnOVhieU85LzdqNUJMK1hsMHRPNHBMQ0k4ZmZRQ1pzc09USGdTK1F2UGhjT2Zzd0JYMk9tCjhpb1J2dUQxVHM0djZUNkl1UmFKamVkcWExbTRXVEhrT1FhamtWYWpzVnNuNVUyY3NHNVBKdGZQeGZycytJQmQKcCs4S1MrQmJOaHpSYTVJcXZIRGNnbUNhKzdoaEltZmp0NGhVZGJkTlNwaXEyS1ZaWkgxQitMektyNnl1cS9ucApVcGhlWXp1d3dDM2lScFI3c1lYcTVaRGlmVjIvNzltY0NBUlJ4bHlzajkxcm1GWFVHTWQ1UGkrVWJPa2FkK3BZCkhEaGRFTUtuV3VTbThKYXNqM0lhSkl0M3pQN0t6aFN2MVJTbjJTUXB5SEdGQWdNQkFBR2pRakJBTUE0R0ExVWQKRHdFQi93UUVBd0lDQkRBUEJnTlZIUk1CQWY4RUJUQURBUUgvTUIwR0ExVWREZ1FXQkJUNDgwMXlpZDBtRUg5WQo1b0tRV0hLUEtUTzR1akFOQmdrcWhraUc5dzBCQVFzRkFBT0NBUUVBR2tmWVdWSTRaRzFDcXBPRGFodU52T0k1Ckg0bFgvZzcvV1lDNVZkb3hUUTFaTnFlZGs1dkhZWnVQd2R5TW8rWmhMS3piZ2V1dXd1Q0VOYkp1NnZtUHM3aFgKbVRCZ1BycjlPSEtsSHFFSWdBM3p5UEtObWlhamczMDFwVVFWYUpVcDg2RysxZlFHbTJseDl0eE9xRGNpTTRrTwpmUFJSSWVWcEtFb05wN3k5VnhaVWE3NW1lT0VGSmQwcmFzb1VBS2locno1Y044N3pXbEVCMnBkS0xXcHRMUGh5CmVNNjZHT3M0RWNKczJwQnFqancrSVdzLzN3VDVvZ1lKb2c4Wk1ST2lNOUlsNndzQUNCZ25pZkdWM0h0ekUzWGoKVFhmZVZGcTg3TGdsa3NNZndMaWRIS3ZiZ01SSzRuaVRZOENKRHgrSnI5cHJETkdGMkUwZllsUFROWlY5alE9PQotLS0tLUVORCBDRVJUSUZJQ0FURS0tLS0tCg==",
                "password": "",
                "username": ""
              }
            ],
            "master_authorized_networks_config": [],
            "master_version": "1.20.9-gke.1000",
            "min_master_version": "1.20.9-gke.1000",
            "monitoring_service": "monitoring.googleapis.com/kubernetes",
            "name": "gke-management-cluster",
            "network": "projects/sdypp-framework-ago/global/networks/sdypp-framework-ago-vpc-management",
            "network_policy": [
              {
                "enabled": false,
                "provider": "PROVIDER_UNSPECIFIED"
              }
            ],
            "networking_mode": "VPC_NATIVE",
            "node_config": [
              {
                "disk_size_gb": 100,
                "disk_type": "pd-standard",
                "guest_accelerator": [],
                "image_type": "COS_CONTAINERD",
                "labels": {},
                "local_ssd_count": 0,
                "machine_type": "e2-medium",
                "metadata": {
                  "disable-legacy-endpoints": "true"
                },
                "min_cpu_platform": "",
                "oauth_scopes": [
                  "https://www.googleapis.com/auth/logging.write",
                  "https://www.googleapis.com/auth/monitoring"
                ],
                "preemptible": false,
                "service_account": "serviceaccount@sdypp-framework-ago.iam.gserviceaccount.com",
                "shielded_instance_config": [
                  {
                    "enable_integrity_monitoring": true,
                    "enable_secure_boot": false
                  }
                ],
                "tags": [],
                "taint": [],
                "workload_metadata_config": [
                  {
                    "node_metadata": "GKE_METADATA_SERVER"
                  }
                ]
              }
            ],
            "node_locations": [
              "us-east1-b"
            ],
            "node_pool": [
              {
                "autoscaling": [],
                "initial_node_count": 0,
                "instance_group_urls": [
                  "https://www.googleapis.com/compute/v1/projects/sdypp-framework-ago/zones/us-east1-b/instanceGroupManagers/gke-gke-management-clust-default-pool-7ecc8ec9-grp"
                ],
                "management": [
                  {
                    "auto_repair": true,
                    "auto_upgrade": true
                  }
                ],
                "max_pods_per_node": 110,
                "name": "default-pool",
                "name_prefix": "",
                "node_config": [
                  {
                    "disk_size_gb": 100,
                    "disk_type": "pd-standard",
                    "guest_accelerator": [],
                    "image_type": "COS_CONTAINERD",
                    "labels": {},
                    "local_ssd_count": 0,
                    "machine_type": "e2-medium",
                    "metadata": {
                      "disable-legacy-endpoints": "true"
                    },
                    "min_cpu_platform": "",
                    "oauth_scopes": [
                      "https://www.googleapis.com/auth/logging.write",
                      "https://www.googleapis.com/auth/monitoring"
                    ],
                    "preemptible": false,
                    "service_account": "serviceaccount@sdypp-framework-ago.iam.gserviceaccount.com",
                    "shielded_instance_config": [
                      {
                        "enable_integrity_monitoring": true,
                        "enable_secure_boot": false
                      }
                    ],
                    "tags": [],
                    "taint": [],
                    "workload_metadata_config": [
                      {
                        "node_metadata": "GKE_METADATA_SERVER"
                      }
                    ]
                  }
                ],
                "node_count": 0,
                "node_locations": [
                  "us-east1-b"
                ],
                "upgrade_settings": [
                  {
                    "max_surge": 1,
                    "max_unavailable": 0
                  }
                ],
                "version": "1.20.9-gke.1000"
              },
              {
                "autoscaling": [
                  {
                    "max_node_count": 4,
                    "min_node_count": 1
                  }
                ],
                "initial_node_count": 4,
                "instance_group_urls": [
                  "https://www.googleapis.com/compute/v1/projects/sdypp-framework-ago/zones/us-east1-b/instanceGroupManagers/gke-gke-management-c-default-node-poo-605788b6-grp"
                ],
                "management": [
                  {
                    "auto_repair": true,
                    "auto_upgrade": true
                  }
                ],
                "max_pods_per_node": 110,
                "name": "default-node-pool",
                "name_prefix": "",
                "node_config": [
                  {
                    "disk_size_gb": 20,
                    "disk_type": "pd-standard",
                    "guest_accelerator": [],
                    "image_type": "COS",
                    "labels": {
                      "cluster_name": "gke-management-cluster",
                      "default-node-pool": "true",
                      "node_pool": "default-node-pool"
                    },
                    "local_ssd_count": 0,
                    "machine_type": "n1-standard-1",
                    "metadata": {
                      "cluster_name": "gke-management-cluster",
                      "disable-legacy-endpoints": "true",
                      "node-pool-metadata-custom-value": "my-node-pool",
                      "node_pool": "default-node-pool"
                    },
                    "min_cpu_platform": "",
                    "oauth_scopes": [
                      "https://www.googleapis.com/auth/cloud-platform",
                      "https://www.googleapis.com/auth/ndev.clouddns.readwrite"
                    ],
                    "preemptible": true,
                    "service_account": "serviceaccount@sdypp-framework-ago.iam.gserviceaccount.com",
                    "shielded_instance_config": [
                      {
                        "enable_integrity_monitoring": true,
                        "enable_secure_boot": false
                      }
                    ],
                    "tags": [
                      "gke-gke-management-cluster",
                      "gke-gke-management-cluster-default-node-pool",
                      "default-node-pool"
                    ],
                    "taint": [
                      {
                        "effect": "PREFER_NO_SCHEDULE",
                        "key": "default-node-pool",
                        "value": "true"
                      }
                    ],
                    "workload_metadata_config": [
                      {
                        "node_metadata": "GKE_METADATA_SERVER"
                      }
                    ]
                  }
                ],
                "node_count": 4,
                "node_locations": [
                  "us-east1-b"
                ],
                "upgrade_settings": [
                  {
                    "max_surge": 1,
                    "max_unavailable": 0
                  }
                ],
                "version": "1.20.9-gke.1000"
              }
            ],
            "node_version": "1.20.9-gke.1000",
            "operation": null,
            "pod_security_policy_config": [],
            "private_cluster_config": [
              {
                "enable_private_endpoint": false,
                "enable_private_nodes": true,
                "master_global_access_config": [
                  {
                    "enabled": false
                  }
                ],
                "master_ipv4_cidr_block": "10.0.0.0/28",
                "peering_name": "gke-n7bf4be13270b75d30c9-25ed-41fd-peer",
                "private_endpoint": "10.0.0.2",
                "public_endpoint": "34.75.200.146"
              }
            ],
            "private_ipv6_google_access": "",
            "project": "sdypp-framework-ago",
            "release_channel": [
              {
                "channel": "UNSPECIFIED"
              }
            ],
            "remove_default_node_pool": false,
            "resource_labels": {},
            "resource_usage_export_config": [],
            "self_link": "https://container.googleapis.com/v1beta1/projects/sdypp-framework-ago/locations/us-east1/clusters/gke-management-cluster",
            "services_ipv4_cidr": "192.168.96.0/20",
            "subnetwork": "projects/sdypp-framework-ago/regions/us-east1/subnetworks/sdypp-framework-ago-subnet-management",
            "timeouts": {
              "create": "45m",
              "delete": "45m",
              "read": null,
              "update": "45m"
            },
            "tpu_ipv4_cidr_block": "",
            "vertical_pod_autoscaling": [
              {
                "enabled": false
              }
            ],
            "workload_identity_config": [
              {
                "identity_namespace": "sdypp-framework-ago.svc.id.goog"
              }
            ]
          },
          "sensitive_attributes": [],
          "private": "eyJlMmJmYjczMC1lY2FhLTExZTYtOGY4OC0zNDM2M2JjN2M0YzAiOnsiY3JlYXRlIjoyNzAwMDAwMDAwMDAwLCJkZWxldGUiOjI3MDAwMDAwMDAwMDAsInJlYWQiOjI0MDAwMDAwMDAwMDAsInVwZGF0ZSI6MjcwMDAwMDAwMDAwMH0sInNjaGVtYV92ZXJzaW9uIjoiMSJ9",
          "dependencies": [
            "module.vpc_management.module.routes.google_compute_route.route",
            "module.gke_management.data.google_compute_zones.available",
            "module.gke_management.data.google_container_engine_versions.region",
            "module.gke_management.data.google_container_engine_versions.zone",
            "module.gke_management.google_service_account.cluster_service_account",
            "module.gke_management.random_shuffle.available_zones",
            "module.gke_management.random_string.cluster_service_account_suffix",
            "module.vpc_management.module.firewall_rules.google_compute_firewall.rules",
            "module.vpc_management.module.subnets.google_compute_subnetwork.subnetwork",
            "module.vpc_management.module.vpc.google_compute_network.network",
            "module.vpc_management.module.vpc.google_compute_shared_vpc_host_project.shared_vpc_host"
          ]
        }
      ]
    },
    {
      "module": "module.gke_management",
      "mode": "managed",
      "type": "google_container_node_pool",
      "name": "pools",
      "provider": "provider[\"registry.terraform.io/hashicorp/google\"]",
      "instances": [
        {
          "index_key": "default-node-pool",
          "schema_version": 1,
          "attributes": {
            "autoscaling": [
              {
                "max_node_count": 4,
                "min_node_count": 1
              }
            ],
            "cluster": "gke-management-cluster",
            "id": "projects/sdypp-framework-ago/locations/us-east1/clusters/gke-management-cluster/nodePools/default-node-pool",
            "initial_node_count": 4,
            "instance_group_urls": [
              "https://www.googleapis.com/compute/v1/projects/sdypp-framework-ago/zones/us-east1-b/instanceGroupManagers/gke-gke-management-c-default-node-poo-605788b6-grp"
            ],
            "location": "us-east1",
            "management": [
              {
                "auto_repair": true,
                "auto_upgrade": true
              }
            ],
            "max_pods_per_node": 110,
            "name": "default-node-pool",
            "name_prefix": "",
            "node_config": [
              {
                "disk_size_gb": 20,
                "disk_type": "pd-standard",
                "guest_accelerator": [],
                "image_type": "COS",
                "labels": {
                  "cluster_name": "gke-management-cluster",
                  "default-node-pool": "true",
                  "node_pool": "default-node-pool"
                },
                "local_ssd_count": 0,
                "machine_type": "n1-standard-1",
                "metadata": {
                  "cluster_name": "gke-management-cluster",
                  "disable-legacy-endpoints": "true",
                  "node-pool-metadata-custom-value": "my-node-pool",
                  "node_pool": "default-node-pool"
                },
                "min_cpu_platform": "",
                "oauth_scopes": [
                  "https://www.googleapis.com/auth/cloud-platform",
                  "https://www.googleapis.com/auth/ndev.clouddns.readwrite"
                ],
                "preemptible": true,
                "service_account": "serviceaccount@sdypp-framework-ago.iam.gserviceaccount.com",
                "shielded_instance_config": [
                  {
                    "enable_integrity_monitoring": true,
                    "enable_secure_boot": false
                  }
                ],
                "tags": [
                  "gke-gke-management-cluster",
                  "gke-gke-management-cluster-default-node-pool",
                  "default-node-pool"
                ],
                "taint": [
                  {
                    "effect": "PREFER_NO_SCHEDULE",
                    "key": "default-node-pool",
                    "value": "true"
                  }
                ],
                "workload_metadata_config": [
                  {
                    "node_metadata": "GKE_METADATA_SERVER"
                  }
                ]
              }
            ],
            "node_count": 4,
            "node_locations": [
              "us-east1-b"
            ],
            "operation": null,
            "project": "sdypp-framework-ago",
            "timeouts": {
              "create": "45m",
              "delete": "45m",
              "update": "45m"
            },
            "upgrade_settings": [
              {
                "max_surge": 1,
                "max_unavailable": 0
              }
            ],
            "version": "1.20.9-gke.1000"
          },
          "sensitive_attributes": [],
          "private": "eyJlMmJmYjczMC1lY2FhLTExZTYtOGY4OC0zNDM2M2JjN2M0YzAiOnsiY3JlYXRlIjoyNzAwMDAwMDAwMDAwLCJkZWxldGUiOjI3MDAwMDAwMDAwMDAsInVwZGF0ZSI6MjcwMDAwMDAwMDAwMH0sInNjaGVtYV92ZXJzaW9uIjoiMSJ9",
          "dependencies": [
            "module.vpc_management.module.routes.google_compute_route.route",
            "module.vpc_management.module.subnets.google_compute_subnetwork.subnetwork",
            "module.vpc_management.module.vpc.google_compute_shared_vpc_host_project.shared_vpc_host",
            "module.gke_management.data.google_compute_zones.available",
            "module.gke_management.data.google_container_engine_versions.region",
            "module.gke_management.data.google_container_engine_versions.zone",
            "module.gke_management.google_service_account.cluster_service_account",
            "module.vpc_management.module.vpc.google_compute_network.network",
            "module.gke_management.google_container_cluster.primary",
            "module.gke_management.random_shuffle.available_zones",
            "module.gke_management.random_string.cluster_service_account_suffix",
            "module.vpc_management.module.firewall_rules.google_compute_firewall.rules"
          ]
        }
      ]
    },
    {
      "module": "module.gke_management",
      "mode": "managed",
      "type": "google_project_iam_member",
      "name": "cluster_service_account-log_writer",
      "provider": "provider[\"registry.terraform.io/hashicorp/google\"]",
      "instances": [
        {
          "index_key": 0,
          "schema_version": 0,
          "attributes": {
            "condition": [],
            "etag": "BwXJ2BAHKko=",
            "id": "sdypp-framework-ago/roles/logging.logWriter/serviceAccount:tf-gke-gke-management--0o8g@sdypp-framework-ago.iam.gserviceaccount.com",
            "member": "serviceAccount:tf-gke-gke-management--0o8g@sdypp-framework-ago.iam.gserviceaccount.com",
            "project": "sdypp-framework-ago",
            "role": "roles/logging.logWriter"
          },
          "sensitive_attributes": [],
          "private": "bnVsbA==",
          "dependencies": [
            "module.gke_management.google_service_account.cluster_service_account",
            "module.vpc_management.module.firewall_rules.google_compute_firewall.rules",
            "module.vpc_management.module.routes.google_compute_route.route",
            "module.vpc_management.module.subnets.google_compute_subnetwork.subnetwork",
            "module.vpc_management.module.vpc.google_compute_network.network",
            "module.vpc_management.module.vpc.google_compute_shared_vpc_host_project.shared_vpc_host"
          ]
        }
      ]
    },
    {
      "module": "module.gke_management",
      "mode": "managed",
      "type": "google_project_iam_member",
      "name": "cluster_service_account-metric_writer",
      "provider": "provider[\"registry.terraform.io/hashicorp/google\"]",
      "instances": [
        {
          "index_key": 0,
          "schema_version": 0,
          "attributes": {
            "condition": [],
            "etag": "BwXJ2BB3TZQ=",
            "id": "sdypp-framework-ago/roles/monitoring.metricWriter/serviceAccount:tf-gke-gke-management--0o8g@sdypp-framework-ago.iam.gserviceaccount.com",
            "member": "serviceAccount:tf-gke-gke-management--0o8g@sdypp-framework-ago.iam.gserviceaccount.com",
            "project": "sdypp-framework-ago",
            "role": "roles/monitoring.metricWriter"
          },
          "sensitive_attributes": [],
          "private": "bnVsbA==",
          "dependencies": [
            "module.gke_management.google_project_iam_member.cluster_service_account-log_writer",
            "module.gke_management.google_service_account.cluster_service_account",
            "module.vpc_management.module.firewall_rules.google_compute_firewall.rules",
            "module.vpc_management.module.routes.google_compute_route.route",
            "module.vpc_management.module.subnets.google_compute_subnetwork.subnetwork",
            "module.vpc_management.module.vpc.google_compute_network.network",
            "module.vpc_management.module.vpc.google_compute_shared_vpc_host_project.shared_vpc_host"
          ]
        }
      ]
    },
    {
      "module": "module.gke_management",
      "mode": "managed",
      "type": "google_project_iam_member",
      "name": "cluster_service_account-monitoring_viewer",
      "provider": "provider[\"registry.terraform.io/hashicorp/google\"]",
      "instances": [
        {
          "index_key": 0,
          "schema_version": 0,
          "attributes": {
            "condition": [],
            "etag": "BwXJ2BDmdiE=",
            "id": "sdypp-framework-ago/roles/monitoring.viewer/serviceAccount:tf-gke-gke-management--0o8g@sdypp-framework-ago.iam.gserviceaccount.com",
            "member": "serviceAccount:tf-gke-gke-management--0o8g@sdypp-framework-ago.iam.gserviceaccount.com",
            "project": "sdypp-framework-ago",
            "role": "roles/monitoring.viewer"
          },
          "sensitive_attributes": [],
          "private": "bnVsbA==",
          "dependencies": [
            "module.gke_management.google_project_iam_member.cluster_service_account-log_writer",
            "module.gke_management.google_project_iam_member.cluster_service_account-metric_writer",
            "module.gke_management.google_service_account.cluster_service_account",
            "module.vpc_management.module.firewall_rules.google_compute_firewall.rules",
            "module.vpc_management.module.routes.google_compute_route.route",
            "module.vpc_management.module.subnets.google_compute_subnetwork.subnetwork",
            "module.vpc_management.module.vpc.google_compute_network.network",
            "module.vpc_management.module.vpc.google_compute_shared_vpc_host_project.shared_vpc_host"
          ]
        }
      ]
    },
    {
      "module": "module.gke_management",
      "mode": "managed",
      "type": "google_project_iam_member",
      "name": "cluster_service_account-resourceMetadata-writer",
      "provider": "provider[\"registry.terraform.io/hashicorp/google\"]",
      "instances": [
        {
          "index_key": 0,
          "schema_version": 0,
          "attributes": {
            "condition": [],
            "etag": "BwXJ2BFY+Fg=",
            "id": "sdypp-framework-ago/roles/stackdriver.resourceMetadata.writer/serviceAccount:tf-gke-gke-management--0o8g@sdypp-framework-ago.iam.gserviceaccount.com",
            "member": "serviceAccount:tf-gke-gke-management--0o8g@sdypp-framework-ago.iam.gserviceaccount.com",
            "project": "sdypp-framework-ago",
            "role": "roles/stackdriver.resourceMetadata.writer"
          },
          "sensitive_attributes": [],
          "private": "bnVsbA==",
          "dependencies": [
            "module.gke_management.google_project_iam_member.cluster_service_account-log_writer",
            "module.gke_management.google_project_iam_member.cluster_service_account-metric_writer",
            "module.gke_management.google_project_iam_member.cluster_service_account-monitoring_viewer",
            "module.gke_management.google_service_account.cluster_service_account",
            "module.vpc_management.module.firewall_rules.google_compute_firewall.rules",
            "module.vpc_management.module.routes.google_compute_route.route",
            "module.vpc_management.module.subnets.google_compute_subnetwork.subnetwork",
            "module.vpc_management.module.vpc.google_compute_network.network",
            "module.vpc_management.module.vpc.google_compute_shared_vpc_host_project.shared_vpc_host"
          ]
        }
      ]
    },
    {
      "module": "module.gke_management",
      "mode": "managed",
      "type": "google_service_account",
      "name": "cluster_service_account",
      "provider": "provider[\"registry.terraform.io/hashicorp/google\"]",
      "instances": [
        {
          "index_key": 0,
          "schema_version": 0,
          "attributes": {
            "account_id": "tf-gke-gke-management--0o8g",
            "description": "",
            "display_name": "Terraform-managed service account for cluster gke-management-cluster",
            "email": "tf-gke-gke-management--0o8g@sdypp-framework-ago.iam.gserviceaccount.com",
            "id": "projects/sdypp-framework-ago/serviceAccounts/tf-gke-gke-management--0o8g@sdypp-framework-ago.iam.gserviceaccount.com",
            "name": "projects/sdypp-framework-ago/serviceAccounts/tf-gke-gke-management--0o8g@sdypp-framework-ago.iam.gserviceaccount.com",
            "project": "sdypp-framework-ago",
            "timeouts": null,
            "unique_id": "100367974209609753205"
          },
          "sensitive_attributes": [],
          "private": "eyJlMmJmYjczMC1lY2FhLTExZTYtOGY4OC0zNDM2M2JjN2M0YzAiOnsiY3JlYXRlIjozMDAwMDAwMDAwMDB9fQ==",
          "dependencies": [
            "module.vpc_management.module.vpc.google_compute_network.network",
            "module.vpc_management.module.vpc.google_compute_shared_vpc_host_project.shared_vpc_host",
            "module.gke_management.random_string.cluster_service_account_suffix",
            "module.vpc_management.module.firewall_rules.google_compute_firewall.rules",
            "module.vpc_management.module.routes.google_compute_route.route",
            "module.vpc_management.module.subnets.google_compute_subnetwork.subnetwork"
          ]
        }
      ]
    },
    {
      "module": "module.gke_management",
      "mode": "managed",
      "type": "random_shuffle",
      "name": "available_zones",
      "provider": "provider[\"registry.terraform.io/hashicorp/random\"]",
      "instances": [
        {
          "schema_version": 0,
          "attributes": {
            "id": "-",
            "input": [
              "us-east1-b",
              "us-east1-c",
              "us-east1-d"
            ],
            "keepers": null,
            "result": [
              "us-east1-c",
              "us-east1-d",
              "us-east1-b"
            ],
            "result_count": 3,
            "seed": null
          },
          "sensitive_attributes": [],
          "private": "bnVsbA==",
          "dependencies": [
            "module.gke_management.data.google_compute_zones.available",
            "module.vpc_management.module.firewall_rules.google_compute_firewall.rules",
            "module.vpc_management.module.routes.google_compute_route.route",
            "module.vpc_management.module.subnets.google_compute_subnetwork.subnetwork",
            "module.vpc_management.module.vpc.google_compute_network.network",
            "module.vpc_management.module.vpc.google_compute_shared_vpc_host_project.shared_vpc_host"
          ]
        }
      ]
    },
    {
      "module": "module.gke_management",
      "mode": "managed",
      "type": "random_string",
      "name": "cluster_service_account_suffix",
      "provider": "provider[\"registry.terraform.io/hashicorp/random\"]",
      "instances": [
        {
          "schema_version": 1,
          "attributes": {
            "id": "0o8g",
            "keepers": null,
            "length": 4,
            "lower": true,
            "min_lower": 0,
            "min_numeric": 0,
            "min_special": 0,
            "min_upper": 0,
            "number": true,
            "override_special": null,
            "result": "0o8g",
            "special": false,
            "upper": false
          },
          "sensitive_attributes": [],
          "private": "eyJzY2hlbWFfdmVyc2lvbiI6IjEifQ==",
          "dependencies": [
            "module.vpc_management.module.routes.google_compute_route.route",
            "module.vpc_management.module.subnets.google_compute_subnetwork.subnetwork",
            "module.vpc_management.module.vpc.google_compute_network.network",
            "module.vpc_management.module.vpc.google_compute_shared_vpc_host_project.shared_vpc_host",
            "module.vpc_management.module.firewall_rules.google_compute_firewall.rules"
          ]
        }
      ]
    },
    {
      "module": "module.gke_management.module.gcloud_delete_default_kube_dns_configmap.module.gcloud_kubectl",
      "mode": "managed",
      "type": "null_resource",
      "name": "module_depends_on",
      "provider": "provider[\"registry.terraform.io/hashicorp/null\"]",
      "instances": [
        {
          "index_key": 0,
          "schema_version": 0,
          "attributes": {
            "id": "5627060991907167792",
            "triggers": {
              "value": "2"
            }
          },
          "sensitive_attributes": [],
          "private": "bnVsbA==",
          "dependencies": [
            "module.gke_management.google_container_cluster.primary",
            "module.gke_management.google_container_node_pool.pools",
            "module.gke_management.google_service_account.cluster_service_account",
            "module.gke_management.random_shuffle.available_zones",
            "module.vpc_management.module.firewall_rules.google_compute_firewall.rules",
            "module.vpc_management.module.vpc.google_compute_network.network",
            "module.gke_management.data.google_compute_zones.available",
            "module.gke_management.data.google_container_engine_versions.zone",
            "module.gke_management.random_string.cluster_service_account_suffix",
            "module.vpc_management.module.routes.google_compute_route.route",
            "module.vpc_management.module.subnets.google_compute_subnetwork.subnetwork",
            "module.vpc_management.module.vpc.google_compute_shared_vpc_host_project.shared_vpc_host",
            "module.gke_management.data.google_container_engine_versions.region"
          ]
        }
      ]
    },
    {
      "module": "module.gke_resources",
      "mode": "data",
      "type": "google_compute_zones",
      "name": "available",
      "provider": "provider[\"registry.terraform.io/hashicorp/google\"]",
      "instances": [
        {
          "schema_version": 0,
          "attributes": {
            "id": "projects/sdypp-framework-ago/regions/us-west1",
            "names": [
              "us-west1-a",
              "us-west1-b",
              "us-west1-c"
            ],
            "project": "sdypp-framework-ago",
            "region": "us-west1",
            "status": null
          },
          "sensitive_attributes": []
        }
      ]
    },
    {
      "module": "module.gke_resources",
      "mode": "data",
      "type": "google_container_engine_versions",
      "name": "region",
      "provider": "provider[\"registry.terraform.io/hashicorp/google\"]",
      "instances": [
        {
          "schema_version": 0,
          "attributes": {
            "default_cluster_version": "1.20.8-gke.900",
            "id": "2021-08-18 16:38:13.910141263 +0000 UTC",
            "latest_master_version": "1.20.9-gke.1000",
            "latest_node_version": "1.20.9-gke.1000",
            "location": "us-west1",
            "project": "sdypp-framework-ago",
            "release_channel_default_version": {
              "RAPID": "1.20.8-gke.900",
              "REGULAR": "1.20.8-gke.900",
              "STABLE": "1.19.12-gke.2100"
            },
            "valid_master_versions": [
              "1.20.9-gke.1000",
              "1.20.9-gke.700",
              "1.20.8-gke.2100",
              "1.20.8-gke.900",
              "1.20.8-gke.700",
              "1.19.13-gke.1200",
              "1.19.13-gke.700",
              "1.19.12-gke.2100",
              "1.19.12-gke.1100",
              "1.19.12-gke.900",
              "1.19.12-gke.700",
              "1.19.11-gke.2101",
              "1.19.11-gke.1701",
              "1.19.10-gke.1701",
              "1.19.10-gke.1601",
              "1.19.10-gke.1001",
              "1.19.10-gke.1000",
              "1.19.9-gke.1900",
              "1.18.20-gke.3300",
              "1.18.20-gke.3000",
              "1.18.20-gke.2300",
              "1.18.20-gke.901",
              "1.18.20-gke.900",
              "1.18.20-gke.501",
              "1.17.17-gke.9100"
            ],
            "valid_node_versions": [
              "1.20.9-gke.1000",
              "1.20.9-gke.700",
              "1.20.8-gke.2100",
              "1.20.8-gke.900",
              "1.20.8-gke.700",
              "1.20.7-gke.2200",
              "1.20.7-gke.1800",
              "1.20.6-gke.1400",
              "1.20.6-gke.1000",
              "1.19.13-gke.1200",
              "1.19.13-gke.700",
              "1.19.12-gke.2100",
              "1.19.12-gke.1100",
              "1.19.12-gke.900",
              "1.19.12-gke.700",
              "1.19.11-gke.2101",
              "1.19.11-gke.2100",
              "1.19.11-gke.1701",
              "1.19.11-gke.1700",
              "1.19.10-gke.1701",
              "1.19.10-gke.1700",
              "1.19.10-gke.1601",
              "1.19.10-gke.1600",
              "1.19.10-gke.1001",
              "1.19.10-gke.1000",
              "1.19.9-gke.1900",
              "1.19.9-gke.1400",
              "1.19.9-gke.700",
              "1.19.9-gke.100",
              "1.19.8-gke.2000",
              "1.19.8-gke.1600",
              "1.19.8-gke.1000",
              "1.19.7-gke.2503",
              "1.19.7-gke.1500",
              "1.19.7-gke.1302",
              "1.19.7-gke.800",
              "1.19.6-gke.1700",
              "1.19.6-gke.1100",
              "1.19.6-gke.600",
              "1.18.20-gke.3300",
              "1.18.20-gke.3000",
              "1.18.20-gke.2300",
              "1.18.20-gke.901",
              "1.18.20-gke.900",
              "1.18.20-gke.501",
              "1.18.19-gke.2101",
              "1.18.19-gke.2100",
              "1.18.19-gke.1701",
              "1.18.19-gke.1700",
              "1.18.18-gke.1701",
              "1.18.18-gke.1700",
              "1.18.18-gke.1101",
              "1.18.18-gke.1100",
              "1.18.17-gke.1901",
              "1.18.17-gke.1900",
              "1.18.17-gke.1201",
              "1.18.17-gke.1200",
              "1.18.17-gke.700",
              "1.18.17-gke.100",
              "1.18.16-gke.2100",
              "1.18.16-gke.1201",
              "1.18.16-gke.1200",
              "1.18.16-gke.502",
              "1.18.16-gke.500",
              "1.18.16-gke.302",
              "1.18.16-gke.300",
              "1.18.15-gke.2500",
              "1.18.15-gke.1502",
              "1.18.15-gke.1501",
              "1.18.15-gke.1500",
              "1.18.15-gke.1102",
              "1.18.15-gke.1100",
              "1.18.15-gke.800",
              "1.18.14-gke.1600",
              "1.18.14-gke.1200",
              "1.18.12-gke.1210",
              "1.18.12-gke.1206",
              "1.18.12-gke.1205",
              "1.18.12-gke.1201",
              "1.18.12-gke.1200",
              "1.18.12-gke.300",
              "1.18.10-gke.2701",
              "1.18.10-gke.2101",
              "1.18.10-gke.1500",
              "1.18.10-gke.601",
              "1.18.9-gke.2501",
              "1.18.9-gke.1501",
              "1.18.9-gke.801",
              "1.18.6-gke.4801",
              "1.18.6-gke.3504",
              "1.18.6-gke.3503",
              "1.17.17-gke.9100",
              "1.17.17-gke.8500",
              "1.17.17-gke.8200",
              "1.17.17-gke.7800",
              "1.17.17-gke.7200",
              "1.17.17-gke.6700",
              "1.17.17-gke.6000",
              "1.17.17-gke.5400",
              "1.17.17-gke.4900",
              "1.17.17-gke.4400",
              "1.17.17-gke.3700",
              "1.17.17-gke.3000",
              "1.17.17-gke.2800",
              "1.17.17-gke.2500",
              "1.17.17-gke.1500",
              "1.17.17-gke.1101",
              "1.17.17-gke.1100",
              "1.17.17-gke.600",
              "1.17.16-gke.1600",
              "1.17.16-gke.1300",
              "1.17.15-gke.800",
              "1.17.15-gke.300",
              "1.17.14-gke.1600",
              "1.17.14-gke.1200",
              "1.17.14-gke.400",
              "1.17.13-gke.2600",
              "1.17.13-gke.2001",
              "1.17.13-gke.1401",
              "1.17.13-gke.1400",
              "1.17.13-gke.600",
              "1.17.12-gke.2502",
              "1.17.12-gke.1504",
              "1.17.12-gke.1501",
              "1.17.12-gke.500",
              "1.17.9-gke.6300",
              "1.17.9-gke.1504",
              "1.16.15-gke.14800",
              "1.16.15-gke.12500",
              "1.16.15-gke.11800",
              "1.16.15-gke.10600",
              "1.16.15-gke.7801",
              "1.16.15-gke.7800",
              "1.16.15-gke.7300",
              "1.16.15-gke.6900",
              "1.16.15-gke.6000",
              "1.16.15-gke.5500",
              "1.16.15-gke.4901",
              "1.16.15-gke.4301",
              "1.16.15-gke.4300",
              "1.16.15-gke.3500",
              "1.16.15-gke.2601",
              "1.16.15-gke.1600",
              "1.16.15-gke.500",
              "1.16.13-gke.404",
              "1.16.13-gke.403",
              "1.16.13-gke.401",
              "1.16.13-gke.400",
              "1.16.13-gke.1",
              "1.16.11-gke.5",
              "1.16.10-gke.8",
              "1.16.9-gke.6",
              "1.16.9-gke.2",
              "1.16.8-gke.15",
              "1.16.8-gke.12",
              "1.16.8-gke.9",
              "1.15.12-gke.6002",
              "1.15.12-gke.6001",
              "1.15.12-gke.5000",
              "1.15.12-gke.4002",
              "1.15.12-gke.4000",
              "1.15.12-gke.20",
              "1.15.12-gke.17",
              "1.15.12-gke.16",
              "1.15.12-gke.13",
              "1.15.12-gke.9",
              "1.15.12-gke.6",
              "1.15.12-gke.3",
              "1.15.12-gke.2",
              "1.15.11-gke.17",
              "1.15.11-gke.15",
              "1.15.11-gke.13",
              "1.15.11-gke.12",
              "1.15.11-gke.11",
              "1.15.11-gke.9",
              "1.15.11-gke.5",
              "1.15.11-gke.3",
              "1.15.11-gke.1",
              "1.15.9-gke.26",
              "1.15.9-gke.24",
              "1.15.9-gke.22",
              "1.15.9-gke.12",
              "1.15.9-gke.9",
              "1.15.9-gke.8",
              "1.15.8-gke.3",
              "1.15.8-gke.2",
              "1.15.7-gke.23",
              "1.15.7-gke.2",
              "1.15.4-gke.22",
              "1.14.10-gke.1504",
              "1.14.10-gke.902",
              "1.14.10-gke.50",
              "1.14.10-gke.46",
              "1.14.10-gke.45",
              "1.14.10-gke.42",
              "1.14.10-gke.41",
              "1.14.10-gke.40",
              "1.14.10-gke.37",
              "1.14.10-gke.36",
              "1.14.10-gke.34",
              "1.14.10-gke.32",
              "1.14.10-gke.31",
              "1.14.10-gke.27",
              "1.14.10-gke.24",
              "1.14.10-gke.22",
              "1.14.10-gke.21",
              "1.14.10-gke.17",
              "1.14.10-gke.0",
              "1.14.9-gke.23",
              "1.14.9-gke.2",
              "1.14.9-gke.0",
              "1.14.8-gke.33",
              "1.14.8-gke.21",
              "1.14.8-gke.18",
              "1.14.8-gke.17",
              "1.14.8-gke.14",
              "1.14.8-gke.12",
              "1.14.8-gke.7",
              "1.14.8-gke.2",
              "1.14.7-gke.40",
              "1.14.7-gke.25",
              "1.14.7-gke.23",
              "1.14.7-gke.17",
              "1.14.7-gke.14",
              "1.14.7-gke.10",
              "1.14.6-gke.13",
              "1.14.6-gke.2",
              "1.14.6-gke.1",
              "1.14.3-gke.11",
              "1.14.3-gke.10",
              "1.14.3-gke.9",
              "1.14.2-gke.9",
              "1.14.1-gke.5",
              "1.13.12-gke.30",
              "1.13.12-gke.25",
              "1.13.12-gke.17",
              "1.13.12-gke.16",
              "1.13.12-gke.14",
              "1.13.12-gke.13",
              "1.13.12-gke.10",
              "1.13.12-gke.8",
              "1.13.12-gke.4",
              "1.13.12-gke.2",
              "1.13.11-gke.23",
              "1.13.11-gke.15",
              "1.13.11-gke.14",
              "1.13.11-gke.12",
              "1.13.11-gke.11",
              "1.13.11-gke.9",
              "1.13.11-gke.5",
              "1.13.10-gke.7",
              "1.13.10-gke.0",
              "1.13.9-gke.11",
              "1.13.9-gke.3",
              "1.13.7-gke.24",
              "1.13.7-gke.19",
              "1.13.7-gke.15",
              "1.13.7-gke.8",
              "1.13.7-gke.0",
              "1.13.6-gke.13",
              "1.13.6-gke.6",
              "1.13.6-gke.5",
              "1.13.6-gke.0",
              "1.13.5-gke.10",
              "1.12.10-gke.22",
              "1.12.10-gke.20",
              "1.12.10-gke.19",
              "1.12.10-gke.18",
              "1.12.10-gke.17",
              "1.12.10-gke.15",
              "1.12.10-gke.13",
              "1.12.10-gke.11",
              "1.12.10-gke.5",
              "1.12.9-gke.16",
              "1.12.9-gke.15",
              "1.12.9-gke.13",
              "1.12.9-gke.10",
              "1.12.9-gke.7",
              "1.12.9-gke.3",
              "1.12.8-gke.12",
              "1.12.8-gke.10",
              "1.12.8-gke.7",
              "1.12.8-gke.6",
              "1.12.7-gke.26",
              "1.12.7-gke.25",
              "1.12.7-gke.24",
              "1.12.7-gke.22",
              "1.12.7-gke.21",
              "1.12.7-gke.17",
              "1.12.7-gke.10",
              "1.12.7-gke.7",
              "1.12.6-gke.11",
              "1.12.6-gke.10",
              "1.12.6-gke.7",
              "1.12.5-gke.10",
              "1.12.5-gke.5",
              "1.11.10-gke.6",
              "1.11.10-gke.5"
            ],
            "version_prefix": null
          },
          "sensitive_attributes": []
        }
      ]
    },
    {
      "module": "module.gke_resources",
      "mode": "data",
      "type": "google_container_engine_versions",
      "name": "zone",
      "provider": "provider[\"registry.terraform.io/hashicorp/google\"]",
      "instances": [
        {
          "schema_version": 0,
          "attributes": {
            "default_cluster_version": "1.20.8-gke.900",
            "id": "2021-08-18 16:38:14.16096912 +0000 UTC",
            "latest_master_version": "1.20.9-gke.700",
            "latest_node_version": "1.20.9-gke.700",
            "location": "us-west1-a",
            "project": "sdypp-framework-ago",
            "release_channel_default_version": {
              "RAPID": "1.20.8-gke.900",
              "REGULAR": "1.20.8-gke.900",
              "STABLE": "1.18.20-gke.900"
            },
            "valid_master_versions": [
              "1.20.9-gke.700",
              "1.20.8-gke.2100",
              "1.20.8-gke.900",
              "1.20.8-gke.700",
              "1.19.13-gke.700",
              "1.19.12-gke.2100",
              "1.19.12-gke.1100",
              "1.19.12-gke.900",
              "1.19.12-gke.700",
              "1.19.11-gke.2101",
              "1.19.11-gke.1701",
              "1.19.10-gke.1701",
              "1.19.10-gke.1601",
              "1.19.10-gke.1001",
              "1.19.10-gke.1000",
              "1.19.9-gke.1900",
              "1.18.20-gke.3000",
              "1.18.20-gke.2300",
              "1.18.20-gke.900",
              "1.18.20-gke.501",
              "1.17.17-gke.9100",
              "1.17.17-gke.8200",
              "1.17.17-gke.7800",
              "1.17.17-gke.7200",
              "1.17.17-gke.6700",
              "1.17.17-gke.6000",
              "1.17.17-gke.5400",
              "1.17.17-gke.4900",
              "1.17.17-gke.4400",
              "1.17.17-gke.3700"
            ],
            "valid_node_versions": [
              "1.20.9-gke.700",
              "1.20.8-gke.2100",
              "1.20.8-gke.900",
              "1.20.8-gke.700",
              "1.20.7-gke.2200",
              "1.20.7-gke.1800",
              "1.20.6-gke.1400",
              "1.20.6-gke.1000",
              "1.19.13-gke.700",
              "1.19.12-gke.2100",
              "1.19.12-gke.1100",
              "1.19.12-gke.900",
              "1.19.12-gke.700",
              "1.19.11-gke.2101",
              "1.19.11-gke.2100",
              "1.19.11-gke.1701",
              "1.19.11-gke.1700",
              "1.19.10-gke.1701",
              "1.19.10-gke.1700",
              "1.19.10-gke.1601",
              "1.19.10-gke.1600",
              "1.19.10-gke.1001",
              "1.19.10-gke.1000",
              "1.19.9-gke.1900",
              "1.19.9-gke.1400",
              "1.19.9-gke.700",
              "1.19.9-gke.100",
              "1.19.8-gke.2000",
              "1.19.8-gke.1600",
              "1.19.8-gke.1000",
              "1.19.7-gke.2503",
              "1.19.7-gke.1500",
              "1.19.7-gke.1302",
              "1.19.7-gke.800",
              "1.19.6-gke.1700",
              "1.19.6-gke.1100",
              "1.19.6-gke.600",
              "1.18.20-gke.3000",
              "1.18.20-gke.2300",
              "1.18.20-gke.900",
              "1.18.20-gke.501",
              "1.18.19-gke.2101",
              "1.18.19-gke.2100",
              "1.18.19-gke.1701",
              "1.18.19-gke.1700",
              "1.18.18-gke.1701",
              "1.18.18-gke.1700",
              "1.18.18-gke.1101",
              "1.18.18-gke.1100",
              "1.18.17-gke.1901",
              "1.18.17-gke.1900",
              "1.18.17-gke.1201",
              "1.18.17-gke.1200",
              "1.18.17-gke.700",
              "1.18.17-gke.100",
              "1.18.16-gke.2100",
              "1.18.16-gke.1201",
              "1.18.16-gke.1200",
              "1.18.16-gke.502",
              "1.18.16-gke.500",
              "1.18.16-gke.302",
              "1.18.16-gke.300",
              "1.18.15-gke.2500",
              "1.18.15-gke.1502",
              "1.18.15-gke.1501",
              "1.18.15-gke.1500",
              "1.18.15-gke.1102",
              "1.18.15-gke.1100",
              "1.18.15-gke.800",
              "1.18.14-gke.1600",
              "1.18.14-gke.1200",
              "1.18.12-gke.1210",
              "1.18.12-gke.1206",
              "1.18.12-gke.1205",
              "1.18.12-gke.1201",
              "1.18.12-gke.1200",
              "1.18.12-gke.300",
              "1.18.10-gke.2701",
              "1.18.10-gke.2101",
              "1.18.10-gke.1500",
              "1.18.10-gke.601",
              "1.18.9-gke.2501",
              "1.18.9-gke.1501",
              "1.18.9-gke.801",
              "1.18.6-gke.4801",
              "1.18.6-gke.3504",
              "1.18.6-gke.3503",
              "1.17.17-gke.9100",
              "1.17.17-gke.8500",
              "1.17.17-gke.8200",
              "1.17.17-gke.7800",
              "1.17.17-gke.7200",
              "1.17.17-gke.6700",
              "1.17.17-gke.6000",
              "1.17.17-gke.5400",
              "1.17.17-gke.4900",
              "1.17.17-gke.4400",
              "1.17.17-gke.3700",
              "1.17.17-gke.3000",
              "1.17.17-gke.2800",
              "1.17.17-gke.2500",
              "1.17.17-gke.1500",
              "1.17.17-gke.1101",
              "1.17.17-gke.1100",
              "1.17.17-gke.600",
              "1.17.16-gke.1600",
              "1.17.16-gke.1300",
              "1.17.15-gke.800",
              "1.17.15-gke.300",
              "1.17.14-gke.1600",
              "1.17.14-gke.1200",
              "1.17.14-gke.400",
              "1.17.13-gke.2600",
              "1.17.13-gke.2001",
              "1.17.13-gke.1401",
              "1.17.13-gke.1400",
              "1.17.13-gke.600",
              "1.17.12-gke.2502",
              "1.17.12-gke.1504",
              "1.17.12-gke.1501",
              "1.17.12-gke.500",
              "1.17.9-gke.6300",
              "1.17.9-gke.1504",
              "1.16.15-gke.14800",
              "1.16.15-gke.12500",
              "1.16.15-gke.11800",
              "1.16.15-gke.10600",
              "1.16.15-gke.7801",
              "1.16.15-gke.7800",
              "1.16.15-gke.7300",
              "1.16.15-gke.6900",
              "1.16.15-gke.6000",
              "1.16.15-gke.5500",
              "1.16.15-gke.4901",
              "1.16.15-gke.4301",
              "1.16.15-gke.4300",
              "1.16.15-gke.3500",
              "1.16.15-gke.2601",
              "1.16.15-gke.1600",
              "1.16.15-gke.500",
              "1.16.13-gke.404",
              "1.16.13-gke.403",
              "1.16.13-gke.401",
              "1.16.13-gke.400",
              "1.16.13-gke.1",
              "1.16.11-gke.5",
              "1.16.10-gke.8",
              "1.16.9-gke.6",
              "1.16.9-gke.2",
              "1.16.8-gke.15",
              "1.16.8-gke.12",
              "1.16.8-gke.9",
              "1.15.12-gke.6002",
              "1.15.12-gke.6001",
              "1.15.12-gke.5000",
              "1.15.12-gke.4002",
              "1.15.12-gke.4000",
              "1.15.12-gke.20",
              "1.15.12-gke.17",
              "1.15.12-gke.16",
              "1.15.12-gke.13",
              "1.15.12-gke.9",
              "1.15.12-gke.6",
              "1.15.12-gke.3",
              "1.15.12-gke.2",
              "1.15.11-gke.17",
              "1.15.11-gke.15",
              "1.15.11-gke.13",
              "1.15.11-gke.12",
              "1.15.11-gke.11",
              "1.15.11-gke.9",
              "1.15.11-gke.5",
              "1.15.11-gke.3",
              "1.15.11-gke.1",
              "1.15.9-gke.26",
              "1.15.9-gke.24",
              "1.15.9-gke.22",
              "1.15.9-gke.12",
              "1.15.9-gke.9",
              "1.15.9-gke.8",
              "1.15.8-gke.3",
              "1.15.8-gke.2",
              "1.15.7-gke.23",
              "1.15.7-gke.2",
              "1.15.4-gke.22",
              "1.14.10-gke.1504",
              "1.14.10-gke.902",
              "1.14.10-gke.50",
              "1.14.10-gke.46",
              "1.14.10-gke.45",
              "1.14.10-gke.42",
              "1.14.10-gke.41",
              "1.14.10-gke.40",
              "1.14.10-gke.37",
              "1.14.10-gke.36",
              "1.14.10-gke.34",
              "1.14.10-gke.32",
              "1.14.10-gke.31",
              "1.14.10-gke.27",
              "1.14.10-gke.24",
              "1.14.10-gke.22",
              "1.14.10-gke.21",
              "1.14.10-gke.17",
              "1.14.10-gke.0",
              "1.14.9-gke.23",
              "1.14.9-gke.2",
              "1.14.9-gke.0",
              "1.14.8-gke.33",
              "1.14.8-gke.21",
              "1.14.8-gke.18",
              "1.14.8-gke.17",
              "1.14.8-gke.14",
              "1.14.8-gke.12",
              "1.14.8-gke.7",
              "1.14.8-gke.2",
              "1.14.7-gke.40",
              "1.14.7-gke.25",
              "1.14.7-gke.23",
              "1.14.7-gke.17",
              "1.14.7-gke.14",
              "1.14.7-gke.10",
              "1.14.6-gke.13",
              "1.14.6-gke.2",
              "1.14.6-gke.1",
              "1.14.3-gke.11",
              "1.14.3-gke.10",
              "1.14.3-gke.9",
              "1.14.2-gke.9",
              "1.14.1-gke.5",
              "1.13.12-gke.30",
              "1.13.12-gke.25",
              "1.13.12-gke.17",
              "1.13.12-gke.16",
              "1.13.12-gke.14",
              "1.13.12-gke.13",
              "1.13.12-gke.10",
              "1.13.12-gke.8",
              "1.13.12-gke.4",
              "1.13.12-gke.2",
              "1.13.11-gke.23",
              "1.13.11-gke.15",
              "1.13.11-gke.14",
              "1.13.11-gke.12",
              "1.13.11-gke.11",
              "1.13.11-gke.9",
              "1.13.11-gke.5",
              "1.13.10-gke.7",
              "1.13.10-gke.0",
              "1.13.9-gke.11",
              "1.13.9-gke.3",
              "1.13.7-gke.24",
              "1.13.7-gke.19",
              "1.13.7-gke.15",
              "1.13.7-gke.8",
              "1.13.7-gke.0",
              "1.13.6-gke.13",
              "1.13.6-gke.6",
              "1.13.6-gke.5",
              "1.13.6-gke.0",
              "1.13.5-gke.10",
              "1.12.10-gke.22",
              "1.12.10-gke.20",
              "1.12.10-gke.19",
              "1.12.10-gke.18",
              "1.12.10-gke.17",
              "1.12.10-gke.15",
              "1.12.10-gke.13",
              "1.12.10-gke.11",
              "1.12.10-gke.5",
              "1.12.9-gke.16",
              "1.12.9-gke.15",
              "1.12.9-gke.13",
              "1.12.9-gke.10",
              "1.12.9-gke.7",
              "1.12.9-gke.3",
              "1.12.8-gke.12",
              "1.12.8-gke.10",
              "1.12.8-gke.7",
              "1.12.8-gke.6",
              "1.12.7-gke.26",
              "1.12.7-gke.25",
              "1.12.7-gke.24",
              "1.12.7-gke.22",
              "1.12.7-gke.21",
              "1.12.7-gke.17",
              "1.12.7-gke.10",
              "1.12.7-gke.7",
              "1.12.6-gke.11",
              "1.12.6-gke.10",
              "1.12.6-gke.7",
              "1.12.5-gke.10",
              "1.12.5-gke.5",
              "1.11.10-gke.6",
              "1.11.10-gke.5"
            ],
            "version_prefix": null
          },
          "sensitive_attributes": []
        }
      ]
    },
    {
      "module": "module.gke_resources",
      "mode": "managed",
      "type": "google_container_cluster",
      "name": "primary",
      "provider": "provider[\"registry.terraform.io/hashicorp/google\"]",
      "instances": [
        {
          "schema_version": 1,
          "attributes": {
            "addons_config": [
              {
                "cloudrun_config": [],
                "horizontal_pod_autoscaling": [
                  {
                    "disabled": false
                  }
                ],
                "http_load_balancing": [
                  {
                    "disabled": true
                  }
                ],
                "network_policy_config": [
                  {
                    "disabled": true
                  }
                ]
              }
            ],
            "authenticator_groups_config": [],
            "cluster_autoscaling": [
              {
                "auto_provisioning_defaults": [
                  {
                    "oauth_scopes": [
                      "https://www.googleapis.com/auth/logging.write",
                      "https://www.googleapis.com/auth/monitoring"
                    ],
                    "service_account": "default"
                  }
                ],
                "enabled": true,
                "resource_limits": [
                  {
                    "maximum": 10,
                    "minimum": 1,
                    "resource_type": "cpu"
                  },
                  {
                    "maximum": 64,
                    "minimum": 1,
                    "resource_type": "memory"
                  }
                ]
              }
            ],
            "cluster_ipv4_cidr": "192.168.144.0/20",
            "database_encryption": [
              {
                "key_name": "",
                "state": "DECRYPTED"
              }
            ],
            "datapath_provider": "",
            "default_max_pods_per_node": 110,
            "default_snat_status": [
              {
                "disabled": false
              }
            ],
            "description": "",
            "enable_autopilot": false,
            "enable_binary_authorization": false,
            "enable_intranode_visibility": false,
            "enable_kubernetes_alpha": false,
            "enable_legacy_abac": false,
            "enable_shielded_nodes": true,
            "enable_tpu": false,
            "endpoint": "34.82.19.116",
            "id": "projects/sdypp-framework-ago/locations/us-west1/clusters/gke-resources-cluster",
            "initial_node_count": 0,
            "instance_group_urls": [
              "https://www.googleapis.com/compute/v1/projects/sdypp-framework-ago/zones/us-west1-a/instanceGroups/gke-gke-resources-cluste-default-pool-04a60f89-grp",
              "https://www.googleapis.com/compute/v1/projects/sdypp-framework-ago/zones/us-west1-a/instanceGroups/gke-gke-resources-cl-default-node-poo-0ab9956b-grp"
            ],
            "ip_allocation_policy": [
              {
                "cluster_ipv4_cidr_block": "192.168.144.0/20",
                "cluster_secondary_range_name": "sdypp-framework-ago-subnet-resources-pods",
                "services_ipv4_cidr_block": "192.168.160.0/20",
                "services_secondary_range_name": "sdypp-framework-ago-subnet-resources-services"
              }
            ],
            "label_fingerprint": "a9dc16a7",
            "location": "us-west1",
            "logging_service": "logging.googleapis.com/kubernetes",
            "maintenance_policy": [
              {
                "daily_maintenance_window": [
                  {
                    "duration": "PT4H0M0S",
                    "start_time": "05:00"
                  }
                ],
                "maintenance_exclusion": [],
                "recurring_window": []
              }
            ],
            "master_auth": [
              {
                "client_certificate": "",
                "client_certificate_config": [
                  {
                    "issue_client_certificate": false
                  }
                ],
                "client_key": "",
                "cluster_ca_certificate": "LS0tLS1CRUdJTiBDRVJUSUZJQ0FURS0tLS0tCk1JSURLekNDQWhPZ0F3SUJBZ0lSQU5tcStwaEp5MGNJenhjNVNPSFNLWnN3RFFZSktvWklodmNOQVFFTEJRQXcKTHpFdE1Dc0dBMVVFQXhNa05XUXdZMlZtWlRFdE9EYzNOUzAwTjJFNExXSTJOV1F0T1Rka05tRmhNRGcyTXpjNApNQjRYRFRJeE1EZ3hPREUwTWpReU1sb1hEVEkyTURneE56RTFNalF5TWxvd0x6RXRNQ3NHQTFVRUF4TWtOV1F3ClkyVm1aVEV0T0RjM05TMDBOMkU0TFdJMk5XUXRPVGRrTm1GaE1EZzJNemM0TUlJQklqQU5CZ2txaGtpRzl3MEIKQVFFRkFBT0NBUThBTUlJQkNnS0NBUUVBeUxOMmFoaGd0UEhZWHBmTXB4SVlmYTdVUEFFUWVFcmg0d2p6ZXRBWApsejZiSjY4cjdsTnZLYWZFOUFjQkdadkxwNzZQUE5IdEROeTFkWVhxV0NYYWp4Y3lpRGhQREExMDl1eHJSQlBBCnh5MHlsMVBFTWFzNUcrcXlVSUd1SzdKU1JWK1lIbThQKytqYVJxbDFLVFVHRE5SMzlPS2o1UUNCaU8yOWtXMGgKZnRUQUhEUno2dTF3NjQzUXQyMTJwWGVGRmdTMFVFcVpzdjlEazAxQ2ZMaTg3WmtHSVlPVWtGQm5YK21UWWhjVgpXcUo1enNrMGNRVFpmMVRWQ3l3U1JoelA4SlZvalh2dGxxdVRqcjBTdjdMRTFDUEg2VUd1d1ZzOWgwd0NNSXZVCjk2Zi9HNXhuV2RCTFVqQ3dRRHBJcy9kU25rczBlc2QxRTNwaVdwWDhRWnU2VVFJREFRQUJvMEl3UURBT0JnTlYKSFE4QkFmOEVCQU1DQWdRd0R3WURWUjBUQVFIL0JBVXdBd0VCL3pBZEJnTlZIUTRFRmdRVTJGL3cvYjUyMlNZaApmTTk0cDdBRUY3Sy9kd1l3RFFZSktvWklodmNOQVFFTEJRQURnZ0VCQUEwNGY5ZkMrU2ZGSGJnVUQxSy9NMjFICkdmMkVpQjhNSzhCUTZ1MTRQOHBvemJyUFU3Z0lJV3FLY1VSY0dVWEwycjRLRkpkczVMamFONTI2WWI2SlZuSUwKbThoaklxbmpmc2tYR0U3NG93RHhwR3hUSzRXNjd4T3ZaTzgxckZWbGxLaHFGY1o2UVNSUkw5SlN4eVI0SHh3VgpUVlhJK05wQ1RPNnVCZWprRW9RbnpjL1RwcnJpeDJSNTB2TkoyUHRKTVpaVmh6ampWUlZNQnNIYkp4WTY1cEtrCisxZzRqZ1h3cjlZOW5OTW9BWjBnT2xOWDZqVzI4RjFUQU5uUHdUVEFoNWgzMUhYZ3AvKzNFeEhGQkFCc0xpcTEKUUh0NVNZb0dmUDJPcUt4TzJicHdMYm5NVnR4Z2pVU2FjQXhZWThabTZnbjgvYy9HbVB4UjlHR251RUFMZk40PQotLS0tLUVORCBDRVJUSUZJQ0FURS0tLS0tCg==",
                "password": "",
                "username": ""
              }
            ],
            "master_authorized_networks_config": [],
            "master_version": "1.20.9-gke.1000",
            "min_master_version": "1.20.9-gke.1000",
            "monitoring_service": "monitoring.googleapis.com/kubernetes",
            "name": "gke-resources-cluster",
            "network": "projects/sdypp-framework-ago/global/networks/sdypp-framework-ago-vpc-resources",
            "network_policy": [
              {
                "enabled": false,
                "provider": "PROVIDER_UNSPECIFIED"
              }
            ],
            "networking_mode": "VPC_NATIVE",
            "node_config": [
              {
                "disk_size_gb": 100,
                "disk_type": "pd-standard",
                "guest_accelerator": [],
                "image_type": "COS_CONTAINERD",
                "labels": {},
                "local_ssd_count": 0,
                "machine_type": "e2-medium",
                "metadata": {
                  "disable-legacy-endpoints": "true"
                },
                "min_cpu_platform": "",
                "oauth_scopes": [
                  "https://www.googleapis.com/auth/logging.write",
                  "https://www.googleapis.com/auth/monitoring"
                ],
                "preemptible": false,
                "service_account": "serviceaccount@sdypp-framework-ago.iam.gserviceaccount.com",
                "shielded_instance_config": [
                  {
                    "enable_integrity_monitoring": true,
                    "enable_secure_boot": false
                  }
                ],
                "tags": [],
                "taint": [],
                "workload_metadata_config": [
                  {
                    "node_metadata": "GKE_METADATA_SERVER"
                  }
                ]
              }
            ],
            "node_locations": [
              "us-west1-a"
            ],
            "node_pool": [
              {
                "autoscaling": [],
                "initial_node_count": 0,
                "instance_group_urls": [
                  "https://www.googleapis.com/compute/v1/projects/sdypp-framework-ago/zones/us-west1-a/instanceGroupManagers/gke-gke-resources-cluste-default-pool-04a60f89-grp"
                ],
                "management": [
                  {
                    "auto_repair": true,
                    "auto_upgrade": true
                  }
                ],
                "max_pods_per_node": 110,
                "name": "default-pool",
                "name_prefix": "",
                "node_config": [
                  {
                    "disk_size_gb": 100,
                    "disk_type": "pd-standard",
                    "guest_accelerator": [],
                    "image_type": "COS_CONTAINERD",
                    "labels": {},
                    "local_ssd_count": 0,
                    "machine_type": "e2-medium",
                    "metadata": {
                      "disable-legacy-endpoints": "true"
                    },
                    "min_cpu_platform": "",
                    "oauth_scopes": [
                      "https://www.googleapis.com/auth/logging.write",
                      "https://www.googleapis.com/auth/monitoring"
                    ],
                    "preemptible": false,
                    "service_account": "serviceaccount@sdypp-framework-ago.iam.gserviceaccount.com",
                    "shielded_instance_config": [
                      {
                        "enable_integrity_monitoring": true,
                        "enable_secure_boot": false
                      }
                    ],
                    "tags": [],
                    "taint": [],
                    "workload_metadata_config": [
                      {
                        "node_metadata": "GKE_METADATA_SERVER"
                      }
                    ]
                  }
                ],
                "node_count": 0,
                "node_locations": [
                  "us-west1-a"
                ],
                "upgrade_settings": [
                  {
                    "max_surge": 1,
                    "max_unavailable": 0
                  }
                ],
                "version": "1.20.9-gke.1000"
              },
              {
                "autoscaling": [
                  {
                    "max_node_count": 3,
                    "min_node_count": 1
                  }
                ],
                "initial_node_count": 3,
                "instance_group_urls": [
                  "https://www.googleapis.com/compute/v1/projects/sdypp-framework-ago/zones/us-west1-a/instanceGroupManagers/gke-gke-resources-cl-default-node-poo-0ab9956b-grp"
                ],
                "management": [
                  {
                    "auto_repair": true,
                    "auto_upgrade": true
                  }
                ],
                "max_pods_per_node": 110,
                "name": "default-node-pool",
                "name_prefix": "",
                "node_config": [
                  {
                    "disk_size_gb": 10,
                    "disk_type": "pd-standard",
                    "guest_accelerator": [],
                    "image_type": "COS",
                    "labels": {
                      "cluster_name": "gke-resources-cluster",
                      "default-node-pool": "true",
                      "node_pool": "default-node-pool"
                    },
                    "local_ssd_count": 0,
                    "machine_type": "n1-standard-1",
                    "metadata": {
                      "cluster_name": "gke-resources-cluster",
                      "disable-legacy-endpoints": "true",
                      "node-pool-metadata-custom-value": "my-node-pool",
                      "node_pool": "default-node-pool"
                    },
                    "min_cpu_platform": "",
                    "oauth_scopes": [
                      "https://www.googleapis.com/auth/cloud-platform",
                      "https://www.googleapis.com/auth/ndev.clouddns.readwrite"
                    ],
                    "preemptible": true,
                    "service_account": "serviceaccount@sdypp-framework-ago.iam.gserviceaccount.com",
                    "shielded_instance_config": [
                      {
                        "enable_integrity_monitoring": true,
                        "enable_secure_boot": false
                      }
                    ],
                    "tags": [
                      "gke-gke-resources-cluster",
                      "gke-gke-resources-cluster-default-node-pool",
                      "default-node-pool"
                    ],
                    "taint": [
                      {
                        "effect": "PREFER_NO_SCHEDULE",
                        "key": "default-node-pool",
                        "value": "true"
                      }
                    ],
                    "workload_metadata_config": [
                      {
                        "node_metadata": "GKE_METADATA_SERVER"
                      }
                    ]
                  }
                ],
                "node_count": 3,
                "node_locations": [
                  "us-west1-a"
                ],
                "upgrade_settings": [
                  {
                    "max_surge": 1,
                    "max_unavailable": 0
                  }
                ],
                "version": "1.20.9-gke.1000"
              }
            ],
            "node_version": "1.20.9-gke.1000",
            "operation": null,
            "pod_security_policy_config": [],
            "private_cluster_config": [
              {
                "enable_private_endpoint": false,
                "enable_private_nodes": true,
                "master_global_access_config": [
                  {
                    "enabled": false
                  }
                ],
                "master_ipv4_cidr_block": "10.0.0.0/28",
                "peering_name": "gke-n3f522b196b452101187-1b3a-ee4b-peer",
                "private_endpoint": "10.0.0.2",
                "public_endpoint": "34.82.19.116"
              }
            ],
            "private_ipv6_google_access": "",
            "project": "sdypp-framework-ago",
            "release_channel": [
              {
                "channel": "UNSPECIFIED"
              }
            ],
            "remove_default_node_pool": false,
            "resource_labels": {},
            "resource_usage_export_config": [],
            "self_link": "https://container.googleapis.com/v1beta1/projects/sdypp-framework-ago/locations/us-west1/clusters/gke-resources-cluster",
            "services_ipv4_cidr": "192.168.160.0/20",
            "subnetwork": "projects/sdypp-framework-ago/regions/us-west1/subnetworks/sdypp-framework-ago-subnet-resources",
            "timeouts": {
              "create": "45m",
              "delete": "45m",
              "read": null,
              "update": "45m"
            },
            "tpu_ipv4_cidr_block": "",
            "vertical_pod_autoscaling": [
              {
                "enabled": false
              }
            ],
            "workload_identity_config": [
              {
                "identity_namespace": "sdypp-framework-ago.svc.id.goog"
              }
            ]
          },
          "sensitive_attributes": [],
          "private": "eyJlMmJmYjczMC1lY2FhLTExZTYtOGY4OC0zNDM2M2JjN2M0YzAiOnsiY3JlYXRlIjoyNzAwMDAwMDAwMDAwLCJkZWxldGUiOjI3MDAwMDAwMDAwMDAsInJlYWQiOjI0MDAwMDAwMDAwMDAsInVwZGF0ZSI6MjcwMDAwMDAwMDAwMH0sInNjaGVtYV92ZXJzaW9uIjoiMSJ9",
          "dependencies": [
            "module.gke_resources.data.google_container_engine_versions.region",
            "module.gke_resources.data.google_container_engine_versions.zone",
            "module.gke_resources.random_string.cluster_service_account_suffix",
            "module.vpc_resources.module.firewall_rules.google_compute_firewall.rules",
            "module.vpc_resources.module.routes.google_compute_route.route",
            "module.vpc_resources.module.vpc.google_compute_shared_vpc_host_project.shared_vpc_host",
            "module.gke_resources.data.google_compute_zones.available",
            "module.gke_resources.random_shuffle.available_zones",
            "module.vpc_resources.module.subnets.google_compute_subnetwork.subnetwork",
            "module.vpc_resources.module.vpc.google_compute_network.network",
            "module.gke_resources.google_service_account.cluster_service_account"
          ]
        }
      ]
    },
    {
      "module": "module.gke_resources",
      "mode": "managed",
      "type": "google_container_node_pool",
      "name": "pools",
      "provider": "provider[\"registry.terraform.io/hashicorp/google\"]",
      "instances": [
        {
          "index_key": "default-node-pool",
          "schema_version": 1,
          "attributes": {
            "autoscaling": [
              {
                "max_node_count": 3,
                "min_node_count": 1
              }
            ],
            "cluster": "gke-resources-cluster",
            "id": "projects/sdypp-framework-ago/locations/us-west1/clusters/gke-resources-cluster/nodePools/default-node-pool",
            "initial_node_count": 3,
            "instance_group_urls": [
              "https://www.googleapis.com/compute/v1/projects/sdypp-framework-ago/zones/us-west1-a/instanceGroupManagers/gke-gke-resources-cl-default-node-poo-0ab9956b-grp"
            ],
            "location": "us-west1",
            "management": [
              {
                "auto_repair": true,
                "auto_upgrade": true
              }
            ],
            "max_pods_per_node": 110,
            "name": "default-node-pool",
            "name_prefix": "",
            "node_config": [
              {
                "disk_size_gb": 10,
                "disk_type": "pd-standard",
                "guest_accelerator": [],
                "image_type": "COS",
                "labels": {
                  "cluster_name": "gke-resources-cluster",
                  "default-node-pool": "true",
                  "node_pool": "default-node-pool"
                },
                "local_ssd_count": 0,
                "machine_type": "n1-standard-1",
                "metadata": {
                  "cluster_name": "gke-resources-cluster",
                  "disable-legacy-endpoints": "true",
                  "node-pool-metadata-custom-value": "my-node-pool",
                  "node_pool": "default-node-pool"
                },
                "min_cpu_platform": "",
                "oauth_scopes": [
                  "https://www.googleapis.com/auth/cloud-platform",
                  "https://www.googleapis.com/auth/ndev.clouddns.readwrite"
                ],
                "preemptible": true,
                "service_account": "serviceaccount@sdypp-framework-ago.iam.gserviceaccount.com",
                "shielded_instance_config": [
                  {
                    "enable_integrity_monitoring": true,
                    "enable_secure_boot": false
                  }
                ],
                "tags": [
                  "gke-gke-resources-cluster",
                  "gke-gke-resources-cluster-default-node-pool",
                  "default-node-pool"
                ],
                "taint": [
                  {
                    "effect": "PREFER_NO_SCHEDULE",
                    "key": "default-node-pool",
                    "value": "true"
                  }
                ],
                "workload_metadata_config": [
                  {
                    "node_metadata": "GKE_METADATA_SERVER"
                  }
                ]
              }
            ],
            "node_count": 3,
            "node_locations": [
              "us-west1-a"
            ],
            "operation": null,
            "project": "sdypp-framework-ago",
            "timeouts": {
              "create": "45m",
              "delete": "45m",
              "update": "45m"
            },
            "upgrade_settings": [
              {
                "max_surge": 1,
                "max_unavailable": 0
              }
            ],
            "version": "1.20.9-gke.1000"
          },
          "sensitive_attributes": [],
          "private": "eyJlMmJmYjczMC1lY2FhLTExZTYtOGY4OC0zNDM2M2JjN2M0YzAiOnsiY3JlYXRlIjoyNzAwMDAwMDAwMDAwLCJkZWxldGUiOjI3MDAwMDAwMDAwMDAsInVwZGF0ZSI6MjcwMDAwMDAwMDAwMH0sInNjaGVtYV92ZXJzaW9uIjoiMSJ9",
          "dependencies": [
            "module.vpc_resources.module.subnets.google_compute_subnetwork.subnetwork",
            "module.vpc_resources.module.vpc.google_compute_network.network",
            "module.gke_resources.data.google_container_engine_versions.region",
            "module.gke_resources.google_service_account.cluster_service_account",
            "module.gke_resources.random_shuffle.available_zones",
            "module.vpc_resources.module.firewall_rules.google_compute_firewall.rules",
            "module.vpc_resources.module.routes.google_compute_route.route",
            "module.gke_resources.data.google_compute_zones.available",
            "module.gke_resources.data.google_container_engine_versions.zone",
            "module.gke_resources.google_container_cluster.primary",
            "module.gke_resources.random_string.cluster_service_account_suffix",
            "module.vpc_resources.module.vpc.google_compute_shared_vpc_host_project.shared_vpc_host"
          ]
        }
      ]
    },
    {
      "module": "module.gke_resources",
      "mode": "managed",
      "type": "google_project_iam_member",
      "name": "cluster_service_account-log_writer",
      "provider": "provider[\"registry.terraform.io/hashicorp/google\"]",
      "instances": [
        {
          "index_key": 0,
          "schema_version": 0,
          "attributes": {
            "condition": [],
            "etag": "BwXJ2BAHKko=",
            "id": "sdypp-framework-ago/roles/logging.logWriter/serviceAccount:tf-gke-gke-resources-c-u5kv@sdypp-framework-ago.iam.gserviceaccount.com",
            "member": "serviceAccount:tf-gke-gke-resources-c-u5kv@sdypp-framework-ago.iam.gserviceaccount.com",
            "project": "sdypp-framework-ago",
            "role": "roles/logging.logWriter"
          },
          "sensitive_attributes": [],
          "private": "bnVsbA==",
          "dependencies": [
            "module.gke_resources.google_service_account.cluster_service_account",
            "module.vpc_resources.module.firewall_rules.google_compute_firewall.rules",
            "module.vpc_resources.module.routes.google_compute_route.route",
            "module.vpc_resources.module.subnets.google_compute_subnetwork.subnetwork",
            "module.vpc_resources.module.vpc.google_compute_network.network",
            "module.vpc_resources.module.vpc.google_compute_shared_vpc_host_project.shared_vpc_host"
          ]
        }
      ]
    },
    {
      "module": "module.gke_resources",
      "mode": "managed",
      "type": "google_project_iam_member",
      "name": "cluster_service_account-metric_writer",
      "provider": "provider[\"registry.terraform.io/hashicorp/google\"]",
      "instances": [
        {
          "index_key": 0,
          "schema_version": 0,
          "attributes": {
            "condition": [],
            "etag": "BwXJ2BB3TZQ=",
            "id": "sdypp-framework-ago/roles/monitoring.metricWriter/serviceAccount:tf-gke-gke-resources-c-u5kv@sdypp-framework-ago.iam.gserviceaccount.com",
            "member": "serviceAccount:tf-gke-gke-resources-c-u5kv@sdypp-framework-ago.iam.gserviceaccount.com",
            "project": "sdypp-framework-ago",
            "role": "roles/monitoring.metricWriter"
          },
          "sensitive_attributes": [],
          "private": "bnVsbA==",
          "dependencies": [
            "module.gke_resources.google_project_iam_member.cluster_service_account-log_writer",
            "module.gke_resources.google_service_account.cluster_service_account",
            "module.vpc_resources.module.firewall_rules.google_compute_firewall.rules",
            "module.vpc_resources.module.routes.google_compute_route.route",
            "module.vpc_resources.module.subnets.google_compute_subnetwork.subnetwork",
            "module.vpc_resources.module.vpc.google_compute_network.network",
            "module.vpc_resources.module.vpc.google_compute_shared_vpc_host_project.shared_vpc_host"
          ]
        }
      ]
    },
    {
      "module": "module.gke_resources",
      "mode": "managed",
      "type": "google_project_iam_member",
      "name": "cluster_service_account-monitoring_viewer",
      "provider": "provider[\"registry.terraform.io/hashicorp/google\"]",
      "instances": [
        {
          "index_key": 0,
          "schema_version": 0,
          "attributes": {
            "condition": [],
            "etag": "BwXJ2BDmdiE=",
            "id": "sdypp-framework-ago/roles/monitoring.viewer/serviceAccount:tf-gke-gke-resources-c-u5kv@sdypp-framework-ago.iam.gserviceaccount.com",
            "member": "serviceAccount:tf-gke-gke-resources-c-u5kv@sdypp-framework-ago.iam.gserviceaccount.com",
            "project": "sdypp-framework-ago",
            "role": "roles/monitoring.viewer"
          },
          "sensitive_attributes": [],
          "private": "bnVsbA==",
          "dependencies": [
            "module.gke_resources.google_project_iam_member.cluster_service_account-log_writer",
            "module.gke_resources.google_project_iam_member.cluster_service_account-metric_writer",
            "module.gke_resources.google_service_account.cluster_service_account",
            "module.vpc_resources.module.firewall_rules.google_compute_firewall.rules",
            "module.vpc_resources.module.routes.google_compute_route.route",
            "module.vpc_resources.module.subnets.google_compute_subnetwork.subnetwork",
            "module.vpc_resources.module.vpc.google_compute_network.network",
            "module.vpc_resources.module.vpc.google_compute_shared_vpc_host_project.shared_vpc_host"
          ]
        }
      ]
    },
    {
      "module": "module.gke_resources",
      "mode": "managed",
      "type": "google_project_iam_member",
      "name": "cluster_service_account-resourceMetadata-writer",
      "provider": "provider[\"registry.terraform.io/hashicorp/google\"]",
      "instances": [
        {
          "index_key": 0,
          "schema_version": 0,
          "attributes": {
            "condition": [],
            "etag": "BwXJ2BFY+Fg=",
            "id": "sdypp-framework-ago/roles/stackdriver.resourceMetadata.writer/serviceAccount:tf-gke-gke-resources-c-u5kv@sdypp-framework-ago.iam.gserviceaccount.com",
            "member": "serviceAccount:tf-gke-gke-resources-c-u5kv@sdypp-framework-ago.iam.gserviceaccount.com",
            "project": "sdypp-framework-ago",
            "role": "roles/stackdriver.resourceMetadata.writer"
          },
          "sensitive_attributes": [],
          "private": "bnVsbA==",
          "dependencies": [
            "module.gke_resources.google_project_iam_member.cluster_service_account-log_writer",
            "module.gke_resources.google_project_iam_member.cluster_service_account-metric_writer",
            "module.gke_resources.google_project_iam_member.cluster_service_account-monitoring_viewer",
            "module.gke_resources.google_service_account.cluster_service_account",
            "module.vpc_resources.module.firewall_rules.google_compute_firewall.rules",
            "module.vpc_resources.module.routes.google_compute_route.route",
            "module.vpc_resources.module.subnets.google_compute_subnetwork.subnetwork",
            "module.vpc_resources.module.vpc.google_compute_network.network",
            "module.vpc_resources.module.vpc.google_compute_shared_vpc_host_project.shared_vpc_host"
          ]
        }
      ]
    },
    {
      "module": "module.gke_resources",
      "mode": "managed",
      "type": "google_service_account",
      "name": "cluster_service_account",
      "provider": "provider[\"registry.terraform.io/hashicorp/google\"]",
      "instances": [
        {
          "index_key": 0,
          "schema_version": 0,
          "attributes": {
            "account_id": "tf-gke-gke-resources-c-u5kv",
            "description": "",
            "display_name": "Terraform-managed service account for cluster gke-resources-cluster",
            "email": "tf-gke-gke-resources-c-u5kv@sdypp-framework-ago.iam.gserviceaccount.com",
            "id": "projects/sdypp-framework-ago/serviceAccounts/tf-gke-gke-resources-c-u5kv@sdypp-framework-ago.iam.gserviceaccount.com",
            "name": "projects/sdypp-framework-ago/serviceAccounts/tf-gke-gke-resources-c-u5kv@sdypp-framework-ago.iam.gserviceaccount.com",
            "project": "sdypp-framework-ago",
            "timeouts": null,
            "unique_id": "101074834010458247426"
          },
          "sensitive_attributes": [],
          "private": "eyJlMmJmYjczMC1lY2FhLTExZTYtOGY4OC0zNDM2M2JjN2M0YzAiOnsiY3JlYXRlIjozMDAwMDAwMDAwMDB9fQ==",
          "dependencies": [
            "module.gke_resources.random_string.cluster_service_account_suffix",
            "module.vpc_resources.module.firewall_rules.google_compute_firewall.rules",
            "module.vpc_resources.module.routes.google_compute_route.route",
            "module.vpc_resources.module.subnets.google_compute_subnetwork.subnetwork",
            "module.vpc_resources.module.vpc.google_compute_network.network",
            "module.vpc_resources.module.vpc.google_compute_shared_vpc_host_project.shared_vpc_host"
          ]
        }
      ]
    },
    {
      "module": "module.gke_resources",
      "mode": "managed",
      "type": "random_shuffle",
      "name": "available_zones",
      "provider": "provider[\"registry.terraform.io/hashicorp/random\"]",
      "instances": [
        {
          "schema_version": 0,
          "attributes": {
            "id": "-",
            "input": [
              "us-west1-a",
              "us-west1-b",
              "us-west1-c"
            ],
            "keepers": null,
            "result": [
              "us-west1-c",
              "us-west1-b",
              "us-west1-a"
            ],
            "result_count": 3,
            "seed": null
          },
          "sensitive_attributes": [],
          "private": "bnVsbA==",
          "dependencies": [
            "module.gke_resources.data.google_compute_zones.available",
            "module.vpc_resources.module.firewall_rules.google_compute_firewall.rules",
            "module.vpc_resources.module.routes.google_compute_route.route",
            "module.vpc_resources.module.subnets.google_compute_subnetwork.subnetwork",
            "module.vpc_resources.module.vpc.google_compute_network.network",
            "module.vpc_resources.module.vpc.google_compute_shared_vpc_host_project.shared_vpc_host"
          ]
        }
      ]
    },
    {
      "module": "module.gke_resources",
      "mode": "managed",
      "type": "random_string",
      "name": "cluster_service_account_suffix",
      "provider": "provider[\"registry.terraform.io/hashicorp/random\"]",
      "instances": [
        {
          "schema_version": 1,
          "attributes": {
            "id": "u5kv",
            "keepers": null,
            "length": 4,
            "lower": true,
            "min_lower": 0,
            "min_numeric": 0,
            "min_special": 0,
            "min_upper": 0,
            "number": true,
            "override_special": null,
            "result": "u5kv",
            "special": false,
            "upper": false
          },
          "sensitive_attributes": [],
          "private": "eyJzY2hlbWFfdmVyc2lvbiI6IjEifQ==",
          "dependencies": [
            "module.vpc_resources.module.vpc.google_compute_network.network",
            "module.vpc_resources.module.vpc.google_compute_shared_vpc_host_project.shared_vpc_host",
            "module.vpc_resources.module.firewall_rules.google_compute_firewall.rules",
            "module.vpc_resources.module.routes.google_compute_route.route",
            "module.vpc_resources.module.subnets.google_compute_subnetwork.subnetwork"
          ]
        }
      ]
    },
    {
      "module": "module.gke_resources.module.gcloud_delete_default_kube_dns_configmap.module.gcloud_kubectl",
      "mode": "managed",
      "type": "null_resource",
      "name": "module_depends_on",
      "provider": "provider[\"registry.terraform.io/hashicorp/null\"]",
      "instances": [
        {
          "index_key": 0,
          "schema_version": 0,
          "attributes": {
            "id": "3227959577457499574",
            "triggers": {
              "value": "2"
            }
          },
          "sensitive_attributes": [],
          "private": "bnVsbA==",
          "dependencies": [
            "module.gke_resources.data.google_compute_zones.available",
            "module.gke_resources.data.google_container_engine_versions.region",
            "module.gke_resources.google_container_node_pool.pools",
            "module.gke_resources.google_service_account.cluster_service_account",
            "module.gke_resources.random_shuffle.available_zones",
            "module.vpc_resources.module.firewall_rules.google_compute_firewall.rules",
            "module.gke_resources.data.google_container_engine_versions.zone",
            "module.gke_resources.google_container_cluster.primary",
            "module.gke_resources.random_string.cluster_service_account_suffix",
            "module.vpc_resources.module.routes.google_compute_route.route",
            "module.vpc_resources.module.subnets.google_compute_subnetwork.subnetwork",
            "module.vpc_resources.module.vpc.google_compute_network.network",
            "module.vpc_resources.module.vpc.google_compute_shared_vpc_host_project.shared_vpc_host"
          ]
        }
      ]
    },
    {
      "module": "module.peering",
      "mode": "managed",
      "type": "google_compute_network_peering",
      "name": "local_network_peering",
      "provider": "provider[\"registry.terraform.io/hashicorp/google-beta\"]",
      "instances": [
        {
          "schema_version": 0,
          "attributes": {
            "export_custom_routes": false,
            "export_subnet_routes_with_public_ip": true,
            "id": "sdypp-framework-ago-vpc-deployments/peering-sdypp-framework-ago-vpc-deployments-sdypp-framewor-0dmv",
            "import_custom_routes": false,
            "import_subnet_routes_with_public_ip": false,
            "name": "peering-sdypp-framework-ago-vpc-deployments-sdypp-framewor-0dmv",
            "network": "https://www.googleapis.com/compute/v1/projects/sdypp-framework-ago/global/networks/sdypp-framework-ago-vpc-deployments",
            "peer_network": "https://www.googleapis.com/compute/beta/projects/sdypp-framework-ago/global/networks/sdypp-framework-ago-vpc-resources",
            "state": "ACTIVE",
            "state_details": "[2021-08-18T08:24:24.864-07:00]: Connected.",
            "timeouts": null
          },
          "sensitive_attributes": [],
          "private": "eyJlMmJmYjczMC1lY2FhLTExZTYtOGY4OC0zNDM2M2JjN2M0YzAiOnsiY3JlYXRlIjoyNDAwMDAwMDAwMDAsImRlbGV0ZSI6MjQwMDAwMDAwMDAwLCJ1cGRhdGUiOjI0MDAwMDAwMDAwMH19",
          "dependencies": [
            "module.vpc_resources.module.vpc.google_compute_network.network",
            "module.vpc_resources.module.vpc.google_compute_shared_vpc_host_project.shared_vpc_host",
            "module.peering.random_string.network_peering_suffix",
            "module.vpc_deployments.module.subnets.google_compute_subnetwork.subnetwork",
            "module.vpc_deployments.module.vpc.google_compute_network.network",
            "module.vpc_deployments.module.vpc.google_compute_shared_vpc_host_project.shared_vpc_host",
            "module.vpc_resources.module.routes.google_compute_route.route",
            "module.vpc_resources.module.subnets.google_compute_subnetwork.subnetwork",
            "module.peering.null_resource.module_depends_on",
            "module.vpc_deployments.module.firewall_rules.google_compute_firewall.rules",
            "module.vpc_deployments.module.routes.google_compute_route.route",
            "module.vpc_resources.module.firewall_rules.google_compute_firewall.rules"
          ]
        }
      ]
    },
    {
      "module": "module.peering",
      "mode": "managed",
      "type": "google_compute_network_peering",
      "name": "peer_network_peering",
      "provider": "provider[\"registry.terraform.io/hashicorp/google-beta\"]",
      "instances": [
        {
          "schema_version": 0,
          "attributes": {
            "export_custom_routes": false,
            "export_subnet_routes_with_public_ip": false,
            "id": "sdypp-framework-ago-vpc-resources/peering-sdypp-framework-ago-vpc-resources-sdypp-framework--0dmv",
            "import_custom_routes": false,
            "import_subnet_routes_with_public_ip": true,
            "name": "peering-sdypp-framework-ago-vpc-resources-sdypp-framework--0dmv",
            "network": "https://www.googleapis.com/compute/v1/projects/sdypp-framework-ago/global/networks/sdypp-framework-ago-vpc-resources",
            "peer_network": "https://www.googleapis.com/compute/beta/projects/sdypp-framework-ago/global/networks/sdypp-framework-ago-vpc-deployments",
            "state": "ACTIVE",
            "state_details": "[2021-08-18T08:24:24.864-07:00]: Connected.",
            "timeouts": null
          },
          "sensitive_attributes": [],
          "private": "eyJlMmJmYjczMC1lY2FhLTExZTYtOGY4OC0zNDM2M2JjN2M0YzAiOnsiY3JlYXRlIjoyNDAwMDAwMDAwMDAsImRlbGV0ZSI6MjQwMDAwMDAwMDAwLCJ1cGRhdGUiOjI0MDAwMDAwMDAwMH19",
          "dependencies": [
            "module.vpc_deployments.module.subnets.google_compute_subnetwork.subnetwork",
            "module.vpc_deployments.module.vpc.google_compute_shared_vpc_host_project.shared_vpc_host",
            "module.vpc_resources.module.routes.google_compute_route.route",
            "module.vpc_resources.module.vpc.google_compute_shared_vpc_host_project.shared_vpc_host",
            "module.peering.google_compute_network_peering.local_network_peering",
            "module.peering.null_resource.module_depends_on",
            "module.vpc_deployments.module.routes.google_compute_route.route",
            "module.vpc_deployments.module.vpc.google_compute_network.network",
            "module.vpc_resources.module.firewall_rules.google_compute_firewall.rules",
            "module.vpc_resources.module.subnets.google_compute_subnetwork.subnetwork",
            "module.vpc_resources.module.vpc.google_compute_network.network",
            "module.peering.random_string.network_peering_suffix",
            "module.vpc_deployments.module.firewall_rules.google_compute_firewall.rules"
          ]
        }
      ]
    },
    {
      "module": "module.peering",
      "mode": "managed",
      "type": "null_resource",
      "name": "complete",
      "provider": "provider[\"registry.terraform.io/hashicorp/null\"]",
      "instances": [
        {
          "schema_version": 0,
          "attributes": {
            "id": "1972412560165900475",
            "triggers": null
          },
          "sensitive_attributes": [],
          "private": "bnVsbA==",
          "dependencies": [
            "module.vpc_deployments.module.firewall_rules.google_compute_firewall.rules",
            "module.vpc_resources.module.routes.google_compute_route.route",
            "module.vpc_resources.module.subnets.google_compute_subnetwork.subnetwork",
            "module.vpc_resources.module.vpc.google_compute_network.network",
            "module.vpc_resources.module.vpc.google_compute_shared_vpc_host_project.shared_vpc_host",
            "module.peering.google_compute_network_peering.local_network_peering",
            "module.vpc_deployments.module.vpc.google_compute_network.network",
            "module.vpc_deployments.module.vpc.google_compute_shared_vpc_host_project.shared_vpc_host",
            "module.peering.google_compute_network_peering.peer_network_peering",
            "module.peering.null_resource.module_depends_on",
            "module.peering.random_string.network_peering_suffix",
            "module.vpc_resources.module.firewall_rules.google_compute_firewall.rules",
            "module.vpc_deployments.module.routes.google_compute_route.route",
            "module.vpc_deployments.module.subnets.google_compute_subnetwork.subnetwork"
          ]
        }
      ]
    },
    {
      "module": "module.peering",
      "mode": "managed",
      "type": "null_resource",
      "name": "module_depends_on",
      "provider": "provider[\"registry.terraform.io/hashicorp/null\"]",
      "instances": [
        {
          "schema_version": 0,
          "attributes": {
            "id": "3337823311614698532",
            "triggers": {
              "value": "0"
            }
          },
          "sensitive_attributes": [],
          "private": "bnVsbA==",
          "dependencies": [
            "module.vpc_deployments.module.routes.google_compute_route.route",
            "module.vpc_deployments.module.subnets.google_compute_subnetwork.subnetwork",
            "module.vpc_resources.module.firewall_rules.google_compute_firewall.rules",
            "module.vpc_resources.module.routes.google_compute_route.route",
            "module.vpc_resources.module.subnets.google_compute_subnetwork.subnetwork",
            "module.vpc_resources.module.vpc.google_compute_network.network",
            "module.vpc_deployments.module.firewall_rules.google_compute_firewall.rules",
            "module.vpc_deployments.module.vpc.google_compute_network.network",
            "module.vpc_deployments.module.vpc.google_compute_shared_vpc_host_project.shared_vpc_host",
            "module.vpc_resources.module.vpc.google_compute_shared_vpc_host_project.shared_vpc_host"
          ]
        }
      ]
    },
    {
      "module": "module.peering",
      "mode": "managed",
      "type": "random_string",
      "name": "network_peering_suffix",
      "provider": "provider[\"registry.terraform.io/hashicorp/random\"]",
      "instances": [
        {
          "schema_version": 1,
          "attributes": {
            "id": "0dmv",
            "keepers": null,
            "length": 4,
            "lower": true,
            "min_lower": 0,
            "min_numeric": 0,
            "min_special": 0,
            "min_upper": 0,
            "number": true,
            "override_special": null,
            "result": "0dmv",
            "special": false,
            "upper": false
          },
          "sensitive_attributes": [],
          "private": "eyJzY2hlbWFfdmVyc2lvbiI6IjEifQ==",
          "dependencies": [
            "module.vpc_deployments.module.firewall_rules.google_compute_firewall.rules",
            "module.vpc_deployments.module.subnets.google_compute_subnetwork.subnetwork",
            "module.vpc_resources.module.routes.google_compute_route.route",
            "module.vpc_resources.module.firewall_rules.google_compute_firewall.rules",
            "module.vpc_resources.module.subnets.google_compute_subnetwork.subnetwork",
            "module.vpc_resources.module.vpc.google_compute_network.network",
            "module.vpc_resources.module.vpc.google_compute_shared_vpc_host_project.shared_vpc_host",
            "module.vpc_deployments.module.routes.google_compute_route.route",
            "module.vpc_deployments.module.vpc.google_compute_network.network",
            "module.vpc_deployments.module.vpc.google_compute_shared_vpc_host_project.shared_vpc_host"
          ]
        }
      ]
    },
    {
      "module": "module.vpc_deployments.module.routes",
      "mode": "managed",
      "type": "google_compute_route",
      "name": "route",
      "provider": "provider[\"registry.terraform.io/hashicorp/google\"]",
      "instances": [
        {
          "index_key": "sdypp-framework-ago-vpc-deployments-egress-internet",
          "schema_version": 0,
          "attributes": {
            "description": "route through IGW to access internet",
            "dest_range": "0.0.0.0/0",
            "id": "projects/sdypp-framework-ago/global/routes/sdypp-framework-ago-vpc-deployments-egress-internet",
            "name": "sdypp-framework-ago-vpc-deployments-egress-internet",
            "network": "https://www.googleapis.com/compute/v1/projects/sdypp-framework-ago/global/networks/sdypp-framework-ago-vpc-deployments",
            "next_hop_gateway": "https://www.googleapis.com/compute/v1/projects/sdypp-framework-ago/global/gateways/default-internet-gateway",
            "next_hop_ilb": "",
            "next_hop_instance": "",
            "next_hop_instance_zone": null,
            "next_hop_ip": "",
            "next_hop_network": "",
            "next_hop_vpn_tunnel": "",
            "priority": 1000,
            "project": "sdypp-framework-ago",
            "self_link": "https://www.googleapis.com/compute/v1/projects/sdypp-framework-ago/global/routes/sdypp-framework-ago-vpc-deployments-egress-internet",
            "tags": [
              "egress-inet"
            ],
            "timeouts": null
          },
          "sensitive_attributes": [],
          "private": "eyJlMmJmYjczMC1lY2FhLTExZTYtOGY4OC0zNDM2M2JjN2M0YzAiOnsiY3JlYXRlIjoyNDAwMDAwMDAwMDAsImRlbGV0ZSI6MjQwMDAwMDAwMDAwfX0=",
          "dependencies": [
            "module.vpc_deployments.module.subnets.google_compute_subnetwork.subnetwork",
            "module.vpc_deployments.module.vpc.google_compute_network.network"
          ]
        }
      ]
    },
    {
      "module": "module.vpc_deployments.module.subnets",
      "mode": "managed",
      "type": "google_compute_subnetwork",
      "name": "subnetwork",
      "provider": "provider[\"registry.terraform.io/hashicorp/google\"]",
      "instances": [
        {
          "index_key": "us-central1/sdypp-framework-ago-subnet-deployments",
          "schema_version": 0,
          "attributes": {
            "creation_timestamp": "2021-08-18T08:23:28.470-07:00",
            "description": "",
            "fingerprint": null,
            "gateway_address": "192.168.64.1",
            "id": "projects/sdypp-framework-ago/regions/us-central1/subnetworks/sdypp-framework-ago-subnet-deployments",
            "ip_cidr_range": "192.168.64.0/20",
            "log_config": [],
            "name": "sdypp-framework-ago-subnet-deployments",
            "network": "https://www.googleapis.com/compute/v1/projects/sdypp-framework-ago/global/networks/sdypp-framework-ago-vpc-deployments",
            "private_ip_google_access": false,
            "private_ipv6_google_access": "DISABLE_GOOGLE_ACCESS",
            "project": "sdypp-framework-ago",
            "region": "us-central1",
            "secondary_ip_range": [
              {
                "ip_cidr_range": "192.168.80.0/20",
                "range_name": "sdypp-framework-ago-subnet-deployments-pods"
              },
              {
                "ip_cidr_range": "192.168.96.0/20",
                "range_name": "sdypp-framework-ago-subnet-deployments-services"
              }
            ],
            "self_link": "https://www.googleapis.com/compute/v1/projects/sdypp-framework-ago/regions/us-central1/subnetworks/sdypp-framework-ago-subnet-deployments",
            "timeouts": null
          },
          "sensitive_attributes": [],
          "private": "eyJlMmJmYjczMC1lY2FhLTExZTYtOGY4OC0zNDM2M2JjN2M0YzAiOnsiY3JlYXRlIjozNjAwMDAwMDAwMDAsImRlbGV0ZSI6MzYwMDAwMDAwMDAwLCJ1cGRhdGUiOjM2MDAwMDAwMDAwMH19",
          "dependencies": [
            "module.vpc_deployments.module.vpc.google_compute_network.network"
          ]
        }
      ]
    },
    {
      "module": "module.vpc_deployments.module.vpc",
      "mode": "managed",
      "type": "google_compute_network",
      "name": "network",
      "provider": "provider[\"registry.terraform.io/hashicorp/google\"]",
      "instances": [
        {
          "schema_version": 0,
          "attributes": {
            "auto_create_subnetworks": false,
            "delete_default_routes_on_create": false,
            "description": "",
            "gateway_ipv4": "",
            "id": "projects/sdypp-framework-ago/global/networks/sdypp-framework-ago-vpc-deployments",
            "mtu": 0,
            "name": "sdypp-framework-ago-vpc-deployments",
            "project": "sdypp-framework-ago",
            "routing_mode": "REGIONAL",
            "self_link": "https://www.googleapis.com/compute/v1/projects/sdypp-framework-ago/global/networks/sdypp-framework-ago-vpc-deployments",
            "timeouts": null
          },
          "sensitive_attributes": [],
          "private": "eyJlMmJmYjczMC1lY2FhLTExZTYtOGY4OC0zNDM2M2JjN2M0YzAiOnsiY3JlYXRlIjoyNDAwMDAwMDAwMDAsImRlbGV0ZSI6MjQwMDAwMDAwMDAwLCJ1cGRhdGUiOjI0MDAwMDAwMDAwMH19"
        }
      ]
    },
    {
      "module": "module.vpc_management.module.routes",
      "mode": "managed",
      "type": "google_compute_route",
      "name": "route",
      "provider": "provider[\"registry.terraform.io/hashicorp/google\"]",
      "instances": [
        {
          "index_key": "sdypp-framework-ago-vpc-management-egress-internet",
          "schema_version": 0,
          "attributes": {
            "description": "route through IGW to access internet",
            "dest_range": "0.0.0.0/0",
            "id": "projects/sdypp-framework-ago/global/routes/sdypp-framework-ago-vpc-management-egress-internet",
            "name": "sdypp-framework-ago-vpc-management-egress-internet",
            "network": "https://www.googleapis.com/compute/v1/projects/sdypp-framework-ago/global/networks/sdypp-framework-ago-vpc-management",
            "next_hop_gateway": "https://www.googleapis.com/compute/v1/projects/sdypp-framework-ago/global/gateways/default-internet-gateway",
            "next_hop_ilb": "",
            "next_hop_instance": "",
            "next_hop_instance_zone": null,
            "next_hop_ip": "",
            "next_hop_network": "",
            "next_hop_vpn_tunnel": "",
            "priority": 1000,
            "project": "sdypp-framework-ago",
            "self_link": "https://www.googleapis.com/compute/v1/projects/sdypp-framework-ago/global/routes/sdypp-framework-ago-vpc-management-egress-internet",
            "tags": [
              "egress-inet"
            ],
            "timeouts": null
          },
          "sensitive_attributes": [],
          "private": "eyJlMmJmYjczMC1lY2FhLTExZTYtOGY4OC0zNDM2M2JjN2M0YzAiOnsiY3JlYXRlIjoyNDAwMDAwMDAwMDAsImRlbGV0ZSI6MjQwMDAwMDAwMDAwfX0=",
          "dependencies": [
            "module.vpc_management.module.subnets.google_compute_subnetwork.subnetwork",
            "module.vpc_management.module.vpc.google_compute_network.network"
          ]
        }
      ]
    },
    {
      "module": "module.vpc_management.module.subnets",
      "mode": "managed",
      "type": "google_compute_subnetwork",
      "name": "subnetwork",
      "provider": "provider[\"registry.terraform.io/hashicorp/google\"]",
      "instances": [
        {
          "index_key": "us-east1/sdypp-framework-ago-subnet-management",
          "schema_version": 0,
          "attributes": {
            "creation_timestamp": "2021-08-18T08:23:18.117-07:00",
            "description": "",
            "fingerprint": null,
            "gateway_address": "192.168.64.1",
            "id": "projects/sdypp-framework-ago/regions/us-east1/subnetworks/sdypp-framework-ago-subnet-management",
            "ip_cidr_range": "192.168.64.0/20",
            "log_config": [],
            "name": "sdypp-framework-ago-subnet-management",
            "network": "https://www.googleapis.com/compute/v1/projects/sdypp-framework-ago/global/networks/sdypp-framework-ago-vpc-management",
            "private_ip_google_access": false,
            "private_ipv6_google_access": "DISABLE_GOOGLE_ACCESS",
            "project": "sdypp-framework-ago",
            "region": "us-east1",
            "secondary_ip_range": [
              {
                "ip_cidr_range": "192.168.80.0/20",
                "range_name": "sdypp-framework-ago-subnet-management-pods"
              },
              {
                "ip_cidr_range": "192.168.96.0/20",
                "range_name": "sdypp-framework-ago-subnet-management-services"
              }
            ],
            "self_link": "https://www.googleapis.com/compute/v1/projects/sdypp-framework-ago/regions/us-east1/subnetworks/sdypp-framework-ago-subnet-management",
            "timeouts": null
          },
          "sensitive_attributes": [],
          "private": "eyJlMmJmYjczMC1lY2FhLTExZTYtOGY4OC0zNDM2M2JjN2M0YzAiOnsiY3JlYXRlIjozNjAwMDAwMDAwMDAsImRlbGV0ZSI6MzYwMDAwMDAwMDAwLCJ1cGRhdGUiOjM2MDAwMDAwMDAwMH19",
          "dependencies": [
            "module.vpc_management.module.vpc.google_compute_network.network"
          ]
        }
      ]
    },
    {
      "module": "module.vpc_management.module.vpc",
      "mode": "managed",
      "type": "google_compute_network",
      "name": "network",
      "provider": "provider[\"registry.terraform.io/hashicorp/google\"]",
      "instances": [
        {
          "schema_version": 0,
          "attributes": {
            "auto_create_subnetworks": false,
            "delete_default_routes_on_create": false,
            "description": "",
            "gateway_ipv4": "",
            "id": "projects/sdypp-framework-ago/global/networks/sdypp-framework-ago-vpc-management",
            "mtu": 0,
            "name": "sdypp-framework-ago-vpc-management",
            "project": "sdypp-framework-ago",
            "routing_mode": "REGIONAL",
            "self_link": "https://www.googleapis.com/compute/v1/projects/sdypp-framework-ago/global/networks/sdypp-framework-ago-vpc-management",
            "timeouts": null
          },
          "sensitive_attributes": [],
          "private": "eyJlMmJmYjczMC1lY2FhLTExZTYtOGY4OC0zNDM2M2JjN2M0YzAiOnsiY3JlYXRlIjoyNDAwMDAwMDAwMDAsImRlbGV0ZSI6MjQwMDAwMDAwMDAwLCJ1cGRhdGUiOjI0MDAwMDAwMDAwMH19"
        }
      ]
    },
    {
      "module": "module.vpc_resources.module.routes",
      "mode": "managed",
      "type": "google_compute_route",
      "name": "route",
      "provider": "provider[\"registry.terraform.io/hashicorp/google\"]",
      "instances": [
        {
          "index_key": "sdypp-framework-ago-vpc-resources-egress-internet",
          "schema_version": 0,
          "attributes": {
            "description": "route through IGW to access internet",
            "dest_range": "0.0.0.0/0",
            "id": "projects/sdypp-framework-ago/global/routes/sdypp-framework-ago-vpc-resources-egress-internet",
            "name": "sdypp-framework-ago-vpc-resources-egress-internet",
            "network": "https://www.googleapis.com/compute/v1/projects/sdypp-framework-ago/global/networks/sdypp-framework-ago-vpc-resources",
            "next_hop_gateway": "https://www.googleapis.com/compute/v1/projects/sdypp-framework-ago/global/gateways/default-internet-gateway",
            "next_hop_ilb": "",
            "next_hop_instance": "",
            "next_hop_instance_zone": null,
            "next_hop_ip": "",
            "next_hop_network": "",
            "next_hop_vpn_tunnel": "",
            "priority": 1000,
            "project": "sdypp-framework-ago",
            "self_link": "https://www.googleapis.com/compute/v1/projects/sdypp-framework-ago/global/routes/sdypp-framework-ago-vpc-resources-egress-internet",
            "tags": [
              "egress-inet"
            ],
            "timeouts": null
          },
          "sensitive_attributes": [],
          "private": "eyJlMmJmYjczMC1lY2FhLTExZTYtOGY4OC0zNDM2M2JjN2M0YzAiOnsiY3JlYXRlIjoyNDAwMDAwMDAwMDAsImRlbGV0ZSI6MjQwMDAwMDAwMDAwfX0=",
          "dependencies": [
            "module.vpc_resources.module.subnets.google_compute_subnetwork.subnetwork",
            "module.vpc_resources.module.vpc.google_compute_network.network"
          ]
        }
      ]
    },
    {
      "module": "module.vpc_resources.module.subnets",
      "mode": "managed",
      "type": "google_compute_subnetwork",
      "name": "subnetwork",
      "provider": "provider[\"registry.terraform.io/hashicorp/google\"]",
      "instances": [
        {
          "index_key": "us-west1/sdypp-framework-ago-subnet-resources",
          "schema_version": 0,
          "attributes": {
            "creation_timestamp": "2021-08-18T08:23:18.716-07:00",
            "description": "",
            "fingerprint": null,
            "gateway_address": "192.168.128.1",
            "id": "projects/sdypp-framework-ago/regions/us-west1/subnetworks/sdypp-framework-ago-subnet-resources",
            "ip_cidr_range": "192.168.128.0/20",
            "log_config": [],
            "name": "sdypp-framework-ago-subnet-resources",
            "network": "https://www.googleapis.com/compute/v1/projects/sdypp-framework-ago/global/networks/sdypp-framework-ago-vpc-resources",
            "private_ip_google_access": false,
            "private_ipv6_google_access": "DISABLE_GOOGLE_ACCESS",
            "project": "sdypp-framework-ago",
            "region": "us-west1",
            "secondary_ip_range": [
              {
                "ip_cidr_range": "192.168.144.0/20",
                "range_name": "sdypp-framework-ago-subnet-resources-pods"
              },
              {
                "ip_cidr_range": "192.168.160.0/20",
                "range_name": "sdypp-framework-ago-subnet-resources-services"
              }
            ],
            "self_link": "https://www.googleapis.com/compute/v1/projects/sdypp-framework-ago/regions/us-west1/subnetworks/sdypp-framework-ago-subnet-resources",
            "timeouts": null
          },
          "sensitive_attributes": [],
          "private": "eyJlMmJmYjczMC1lY2FhLTExZTYtOGY4OC0zNDM2M2JjN2M0YzAiOnsiY3JlYXRlIjozNjAwMDAwMDAwMDAsImRlbGV0ZSI6MzYwMDAwMDAwMDAwLCJ1cGRhdGUiOjM2MDAwMDAwMDAwMH19",
          "dependencies": [
            "module.vpc_resources.module.vpc.google_compute_network.network"
          ]
        }
      ]
    },
    {
      "module": "module.vpc_resources.module.vpc",
      "mode": "managed",
      "type": "google_compute_network",
      "name": "network",
      "provider": "provider[\"registry.terraform.io/hashicorp/google\"]",
      "instances": [
        {
          "schema_version": 0,
          "attributes": {
            "auto_create_subnetworks": false,
            "delete_default_routes_on_create": false,
            "description": "",
            "gateway_ipv4": "",
            "id": "projects/sdypp-framework-ago/global/networks/sdypp-framework-ago-vpc-resources",
            "mtu": 0,
            "name": "sdypp-framework-ago-vpc-resources",
            "project": "sdypp-framework-ago",
            "routing_mode": "REGIONAL",
            "self_link": "https://www.googleapis.com/compute/v1/projects/sdypp-framework-ago/global/networks/sdypp-framework-ago-vpc-resources",
            "timeouts": null
          },
          "sensitive_attributes": [],
          "private": "eyJlMmJmYjczMC1lY2FhLTExZTYtOGY4OC0zNDM2M2JjN2M0YzAiOnsiY3JlYXRlIjoyNDAwMDAwMDAwMDAsImRlbGV0ZSI6MjQwMDAwMDAwMDAwLCJ1cGRhdGUiOjI0MDAwMDAwMDAwMH19"
        }
      ]
    }
  ]
}
