{
  "version": 4,
  "terraform_version": "1.0.4",
  "serial": 317,
  "lineage": "bb5e322d-bb41-91d8-a113-7fe61f5724f9",
  "outputs": {},
  "resources": [
    {
      "module": "module.vpc_management.module.vpc",
      "mode": "managed",
      "type": "google_compute_network",
      "name": "network",
      "provider": "provider[\"registry.terraform.io/hashicorp/google\"]",
      "instances": [
        {
          "schema_version": 0,
          "attributes": {
            "auto_create_subnetworks": false,
            "delete_default_routes_on_create": false,
            "description": "",
            "gateway_ipv4": "",
            "id": "projects/sdypp-framework-ago/global/networks/sdypp-framework-ago-vpc-management",
            "mtu": 0,
            "name": "sdypp-framework-ago-vpc-management",
            "project": "sdypp-framework-ago",
            "routing_mode": "REGIONAL",
            "self_link": "https://www.googleapis.com/compute/v1/projects/sdypp-framework-ago/global/networks/sdypp-framework-ago-vpc-management",
            "timeouts": null
          },
          "sensitive_attributes": [],
          "private": "eyJlMmJmYjczMC1lY2FhLTExZTYtOGY4OC0zNDM2M2JjN2M0YzAiOnsiY3JlYXRlIjoyNDAwMDAwMDAwMDAsImRlbGV0ZSI6MjQwMDAwMDAwMDAwLCJ1cGRhdGUiOjI0MDAwMDAwMDAwMH19"
        }
      ]
    }
  ]
}
