{
  "version": 4,
  "terraform_version": "1.0.4",
  "serial": 79,
  "lineage": "f13138bd-844a-57fa-a1d1-21a284c57d56",
  "outputs": {},
  "resources": [
    {
      "module": "module.cloud-nat_deployments",
      "mode": "managed",
      "type": "google_compute_router_nat",
      "name": "main",
      "provider": "provider[\"registry.terraform.io/hashicorp/google\"]",
      "instances": [
        {
          "schema_version": 0,
          "attributes": {
            "drain_nat_ips": null,
            "enable_endpoint_independent_mapping": true,
            "icmp_idle_timeout_sec": 30,
            "id": "sdypp-framework-ago/us-central1/router-sdypp-framework-ago-vpc-deployments/nat-router-sdypp-framework-ago-vpc-deployments",
            "log_config": [],
            "min_ports_per_vm": 64,
            "name": "nat-router-sdypp-framework-ago-vpc-deployments",
            "nat_ip_allocate_option": "AUTO_ONLY",
            "nat_ips": null,
            "project": "sdypp-framework-ago",
            "region": "us-central1",
            "router": "router-sdypp-framework-ago-vpc-deployments",
            "source_subnetwork_ip_ranges_to_nat": "ALL_SUBNETWORKS_ALL_IP_RANGES",
            "subnetwork": [],
            "tcp_established_idle_timeout_sec": 1200,
            "tcp_transitory_idle_timeout_sec": 30,
            "timeouts": null,
            "udp_idle_timeout_sec": 30
          },
          "sensitive_attributes": [],
          "private": "eyJlMmJmYjczMC1lY2FhLTExZTYtOGY4OC0zNDM2M2JjN2M0YzAiOnsiY3JlYXRlIjo2MDAwMDAwMDAwMDAsImRlbGV0ZSI6NjAwMDAwMDAwMDAwLCJ1cGRhdGUiOjYwMDAwMDAwMDAwMH19",
          "dependencies": [
            "module.cloud-nat_deployments.google_compute_router.router",
            "module.cloud-nat_deployments.random_string.name_suffix",
            "module.cloud_router_deployments.google_compute_router.router",
            "module.cloud_router_deployments.google_compute_router_nat.nats",
            "module.vpc_deployments.module.firewall_rules.google_compute_firewall.rules",
            "module.vpc_deployments.module.routes.google_compute_route.route",
            "module.vpc_deployments.module.subnets.google_compute_subnetwork.subnetwork",
            "module.vpc_deployments.module.vpc.google_compute_network.network",
            "module.vpc_deployments.module.vpc.google_compute_shared_vpc_host_project.shared_vpc_host"
          ]
        }
      ]
    },
    {
      "module": "module.cloud-nat_deployments",
      "mode": "managed",
      "type": "random_string",
      "name": "name_suffix",
      "provider": "provider[\"registry.terraform.io/hashicorp/random\"]",
      "instances": [
        {
          "schema_version": 1,
          "attributes": {
            "id": "7qlcwu",
            "keepers": null,
            "length": 6,
            "lower": true,
            "min_lower": 0,
            "min_numeric": 0,
            "min_special": 0,
            "min_upper": 0,
            "number": true,
            "override_special": null,
            "result": "7qlcwu",
            "special": false,
            "upper": false
          },
          "sensitive_attributes": [],
          "private": "eyJzY2hlbWFfdmVyc2lvbiI6IjEifQ==",
          "dependencies": [
            "module.cloud_router_deployments.google_compute_router.router",
            "module.cloud_router_deployments.google_compute_router_nat.nats",
            "module.vpc_deployments.module.firewall_rules.google_compute_firewall.rules",
            "module.vpc_deployments.module.routes.google_compute_route.route",
            "module.vpc_deployments.module.subnets.google_compute_subnetwork.subnetwork",
            "module.vpc_deployments.module.vpc.google_compute_network.network",
            "module.vpc_deployments.module.vpc.google_compute_shared_vpc_host_project.shared_vpc_host"
          ]
        }
      ]
    },
    {
      "module": "module.cloud-nat_management",
      "mode": "managed",
      "type": "google_compute_router_nat",
      "name": "main",
      "provider": "provider[\"registry.terraform.io/hashicorp/google\"]",
      "instances": [
        {
          "schema_version": 0,
          "attributes": {
            "drain_nat_ips": null,
            "enable_endpoint_independent_mapping": true,
            "icmp_idle_timeout_sec": 30,
            "id": "sdypp-framework-ago/us-east1/router-sdypp-framework-ago-vpc-management/nat-router-sdypp-framework-ago-vpc-management",
            "log_config": [],
            "min_ports_per_vm": 64,
            "name": "nat-router-sdypp-framework-ago-vpc-management",
            "nat_ip_allocate_option": "AUTO_ONLY",
            "nat_ips": null,
            "project": "sdypp-framework-ago",
            "region": "us-east1",
            "router": "router-sdypp-framework-ago-vpc-management",
            "source_subnetwork_ip_ranges_to_nat": "ALL_SUBNETWORKS_ALL_IP_RANGES",
            "subnetwork": [],
            "tcp_established_idle_timeout_sec": 1200,
            "tcp_transitory_idle_timeout_sec": 30,
            "timeouts": null,
            "udp_idle_timeout_sec": 30
          },
          "sensitive_attributes": [],
          "private": "eyJlMmJmYjczMC1lY2FhLTExZTYtOGY4OC0zNDM2M2JjN2M0YzAiOnsiY3JlYXRlIjo2MDAwMDAwMDAwMDAsImRlbGV0ZSI6NjAwMDAwMDAwMDAwLCJ1cGRhdGUiOjYwMDAwMDAwMDAwMH19",
          "dependencies": [
            "module.cloud-nat_management.google_compute_router.router",
            "module.cloud-nat_management.random_string.name_suffix",
            "module.cloud_router_management.google_compute_router.router",
            "module.cloud_router_management.google_compute_router_nat.nats",
            "module.vpc_management.module.firewall_rules.google_compute_firewall.rules",
            "module.vpc_management.module.routes.google_compute_route.route",
            "module.vpc_management.module.subnets.google_compute_subnetwork.subnetwork",
            "module.vpc_management.module.vpc.google_compute_network.network",
            "module.vpc_management.module.vpc.google_compute_shared_vpc_host_project.shared_vpc_host"
          ]
        }
      ]
    },
    {
      "module": "module.cloud-nat_management",
      "mode": "managed",
      "type": "random_string",
      "name": "name_suffix",
      "provider": "provider[\"registry.terraform.io/hashicorp/random\"]",
      "instances": [
        {
          "schema_version": 1,
          "attributes": {
            "id": "5pj8d4",
            "keepers": null,
            "length": 6,
            "lower": true,
            "min_lower": 0,
            "min_numeric": 0,
            "min_special": 0,
            "min_upper": 0,
            "number": true,
            "override_special": null,
            "result": "5pj8d4",
            "special": false,
            "upper": false
          },
          "sensitive_attributes": [],
          "private": "eyJzY2hlbWFfdmVyc2lvbiI6IjEifQ==",
          "dependencies": [
            "module.cloud_router_management.google_compute_router.router",
            "module.cloud_router_management.google_compute_router_nat.nats",
            "module.vpc_management.module.firewall_rules.google_compute_firewall.rules",
            "module.vpc_management.module.routes.google_compute_route.route",
            "module.vpc_management.module.subnets.google_compute_subnetwork.subnetwork",
            "module.vpc_management.module.vpc.google_compute_network.network",
            "module.vpc_management.module.vpc.google_compute_shared_vpc_host_project.shared_vpc_host"
          ]
        }
      ]
    },
    {
      "module": "module.cloud-nat_resources",
      "mode": "managed",
      "type": "google_compute_router_nat",
      "name": "main",
      "provider": "provider[\"registry.terraform.io/hashicorp/google\"]",
      "instances": [
        {
          "schema_version": 0,
          "attributes": {
            "drain_nat_ips": null,
            "enable_endpoint_independent_mapping": true,
            "icmp_idle_timeout_sec": 30,
            "id": "sdypp-framework-ago/us-west1/router-sdypp-framework-ago-vpc-resources/nat-router-sdypp-framework-ago-vpc-resources",
            "log_config": [],
            "min_ports_per_vm": 64,
            "name": "nat-router-sdypp-framework-ago-vpc-resources",
            "nat_ip_allocate_option": "AUTO_ONLY",
            "nat_ips": null,
            "project": "sdypp-framework-ago",
            "region": "us-west1",
            "router": "router-sdypp-framework-ago-vpc-resources",
            "source_subnetwork_ip_ranges_to_nat": "ALL_SUBNETWORKS_ALL_IP_RANGES",
            "subnetwork": [],
            "tcp_established_idle_timeout_sec": 1200,
            "tcp_transitory_idle_timeout_sec": 30,
            "timeouts": null,
            "udp_idle_timeout_sec": 30
          },
          "sensitive_attributes": [],
          "private": "eyJlMmJmYjczMC1lY2FhLTExZTYtOGY4OC0zNDM2M2JjN2M0YzAiOnsiY3JlYXRlIjo2MDAwMDAwMDAwMDAsImRlbGV0ZSI6NjAwMDAwMDAwMDAwLCJ1cGRhdGUiOjYwMDAwMDAwMDAwMH19",
          "dependencies": [
            "module.cloud-nat_resources.google_compute_router.router",
            "module.cloud-nat_resources.random_string.name_suffix",
            "module.cloud_router_resources.google_compute_router.router",
            "module.cloud_router_resources.google_compute_router_nat.nats",
            "module.vpc_resources.module.firewall_rules.google_compute_firewall.rules",
            "module.vpc_resources.module.routes.google_compute_route.route",
            "module.vpc_resources.module.subnets.google_compute_subnetwork.subnetwork",
            "module.vpc_resources.module.vpc.google_compute_network.network",
            "module.vpc_resources.module.vpc.google_compute_shared_vpc_host_project.shared_vpc_host"
          ]
        }
      ]
    },
    {
      "module": "module.cloud-nat_resources",
      "mode": "managed",
      "type": "random_string",
      "name": "name_suffix",
      "provider": "provider[\"registry.terraform.io/hashicorp/random\"]",
      "instances": [
        {
          "schema_version": 1,
          "attributes": {
            "id": "c2y7r1",
            "keepers": null,
            "length": 6,
            "lower": true,
            "min_lower": 0,
            "min_numeric": 0,
            "min_special": 0,
            "min_upper": 0,
            "number": true,
            "override_special": null,
            "result": "c2y7r1",
            "special": false,
            "upper": false
          },
          "sensitive_attributes": [],
          "private": "eyJzY2hlbWFfdmVyc2lvbiI6IjEifQ==",
          "dependencies": [
            "module.cloud_router_resources.google_compute_router.router",
            "module.cloud_router_resources.google_compute_router_nat.nats",
            "module.vpc_resources.module.firewall_rules.google_compute_firewall.rules",
            "module.vpc_resources.module.routes.google_compute_route.route",
            "module.vpc_resources.module.subnets.google_compute_subnetwork.subnetwork",
            "module.vpc_resources.module.vpc.google_compute_network.network",
            "module.vpc_resources.module.vpc.google_compute_shared_vpc_host_project.shared_vpc_host"
          ]
        }
      ]
    },
    {
      "module": "module.cloud_router_deployments",
      "mode": "managed",
      "type": "google_compute_router",
      "name": "router",
      "provider": "provider[\"registry.terraform.io/hashicorp/google\"]",
      "instances": [
        {
          "schema_version": 0,
          "attributes": {
            "bgp": [],
            "creation_timestamp": "2021-08-23T17:29:01.571-07:00",
            "description": "",
            "id": "projects/sdypp-framework-ago/regions/us-central1/routers/router-sdypp-framework-ago-vpc-deployments",
            "name": "router-sdypp-framework-ago-vpc-deployments",
            "network": "https://www.googleapis.com/compute/v1/projects/sdypp-framework-ago/global/networks/sdypp-framework-ago-vpc-deployments",
            "project": "sdypp-framework-ago",
            "region": "us-central1",
            "self_link": "https://www.googleapis.com/compute/v1/projects/sdypp-framework-ago/regions/us-central1/routers/router-sdypp-framework-ago-vpc-deployments",
            "timeouts": null
          },
          "sensitive_attributes": [],
          "private": "eyJlMmJmYjczMC1lY2FhLTExZTYtOGY4OC0zNDM2M2JjN2M0YzAiOnsiY3JlYXRlIjoyNDAwMDAwMDAwMDAsImRlbGV0ZSI6MjQwMDAwMDAwMDAwLCJ1cGRhdGUiOjI0MDAwMDAwMDAwMH19",
          "dependencies": [
            "module.vpc_deployments.module.firewall_rules.google_compute_firewall.rules",
            "module.vpc_deployments.module.routes.google_compute_route.route",
            "module.vpc_deployments.module.subnets.google_compute_subnetwork.subnetwork",
            "module.vpc_deployments.module.vpc.google_compute_network.network",
            "module.vpc_deployments.module.vpc.google_compute_shared_vpc_host_project.shared_vpc_host"
          ]
        }
      ]
    },
    {
      "module": "module.cloud_router_management",
      "mode": "managed",
      "type": "google_compute_router",
      "name": "router",
      "provider": "provider[\"registry.terraform.io/hashicorp/google\"]",
      "instances": [
        {
          "schema_version": 0,
          "attributes": {
            "bgp": [],
            "creation_timestamp": "2021-08-23T17:29:02.097-07:00",
            "description": "",
            "id": "projects/sdypp-framework-ago/regions/us-east1/routers/router-sdypp-framework-ago-vpc-management",
            "name": "router-sdypp-framework-ago-vpc-management",
            "network": "https://www.googleapis.com/compute/v1/projects/sdypp-framework-ago/global/networks/sdypp-framework-ago-vpc-management",
            "project": "sdypp-framework-ago",
            "region": "us-east1",
            "self_link": "https://www.googleapis.com/compute/v1/projects/sdypp-framework-ago/regions/us-east1/routers/router-sdypp-framework-ago-vpc-management",
            "timeouts": null
          },
          "sensitive_attributes": [],
          "private": "eyJlMmJmYjczMC1lY2FhLTExZTYtOGY4OC0zNDM2M2JjN2M0YzAiOnsiY3JlYXRlIjoyNDAwMDAwMDAwMDAsImRlbGV0ZSI6MjQwMDAwMDAwMDAwLCJ1cGRhdGUiOjI0MDAwMDAwMDAwMH19",
          "dependencies": [
            "module.vpc_management.module.firewall_rules.google_compute_firewall.rules",
            "module.vpc_management.module.routes.google_compute_route.route",
            "module.vpc_management.module.subnets.google_compute_subnetwork.subnetwork",
            "module.vpc_management.module.vpc.google_compute_network.network",
            "module.vpc_management.module.vpc.google_compute_shared_vpc_host_project.shared_vpc_host"
          ]
        }
      ]
    },
    {
      "module": "module.cloud_router_resources",
      "mode": "managed",
      "type": "google_compute_router",
      "name": "router",
      "provider": "provider[\"registry.terraform.io/hashicorp/google\"]",
      "instances": [
        {
          "schema_version": 0,
          "attributes": {
            "bgp": [],
            "creation_timestamp": "2021-08-23T17:29:26.391-07:00",
            "description": "",
            "id": "projects/sdypp-framework-ago/regions/us-west1/routers/router-sdypp-framework-ago-vpc-resources",
            "name": "router-sdypp-framework-ago-vpc-resources",
            "network": "https://www.googleapis.com/compute/v1/projects/sdypp-framework-ago/global/networks/sdypp-framework-ago-vpc-resources",
            "project": "sdypp-framework-ago",
            "region": "us-west1",
            "self_link": "https://www.googleapis.com/compute/v1/projects/sdypp-framework-ago/regions/us-west1/routers/router-sdypp-framework-ago-vpc-resources",
            "timeouts": null
          },
          "sensitive_attributes": [],
          "private": "eyJlMmJmYjczMC1lY2FhLTExZTYtOGY4OC0zNDM2M2JjN2M0YzAiOnsiY3JlYXRlIjoyNDAwMDAwMDAwMDAsImRlbGV0ZSI6MjQwMDAwMDAwMDAwLCJ1cGRhdGUiOjI0MDAwMDAwMDAwMH19",
          "dependencies": [
            "module.vpc_resources.module.firewall_rules.google_compute_firewall.rules",
            "module.vpc_resources.module.routes.google_compute_route.route",
            "module.vpc_resources.module.subnets.google_compute_subnetwork.subnetwork",
            "module.vpc_resources.module.vpc.google_compute_network.network",
            "module.vpc_resources.module.vpc.google_compute_shared_vpc_host_project.shared_vpc_host"
          ]
        }
      ]
    },
    {
      "module": "module.dns-private-zone",
      "mode": "managed",
      "type": "google_dns_managed_zone",
      "name": "private",
      "provider": "provider[\"registry.terraform.io/hashicorp/google\"]",
      "instances": [
        {
          "index_key": 0,
          "schema_version": 0,
          "attributes": {
            "description": "Managed by Terraform",
            "dns_name": "framework.services.gcp.com.ar.",
            "dnssec_config": [],
            "force_destroy": false,
            "forwarding_config": [],
            "id": "projects/sdypp-framework-ago/managedZones/framework-services-gcp-com-ar",
            "labels": null,
            "name": "framework-services-gcp-com-ar",
            "name_servers": [
              "ns-gcp-private.googledomains.com."
            ],
            "peering_config": [],
            "private_visibility_config": [
              {
                "networks": [
                  {
                    "network_url": "https://www.googleapis.com/compute/v1/projects/sdypp-framework-ago/global/networks/sdypp-framework-ago-vpc-deployments"
                  },
                  {
                    "network_url": "https://www.googleapis.com/compute/v1/projects/sdypp-framework-ago/global/networks/sdypp-framework-ago-vpc-resources"
                  }
                ]
              }
            ],
            "project": "sdypp-framework-ago",
            "timeouts": null,
            "visibility": "private"
          },
          "sensitive_attributes": [],
          "private": "eyJlMmJmYjczMC1lY2FhLTExZTYtOGY4OC0zNDM2M2JjN2M0YzAiOnsiY3JlYXRlIjoyNDAwMDAwMDAwMDAsImRlbGV0ZSI6MjQwMDAwMDAwMDAwLCJ1cGRhdGUiOjI0MDAwMDAwMDAwMH19",
          "dependencies": [
            "module.vpc_deployments.module.vpc.google_compute_network.network",
            "module.vpc_resources.module.vpc.google_compute_network.network"
          ]
        }
      ]
    },
    {
      "module": "module.firewall_rules_deployments",
      "mode": "managed",
      "type": "google_compute_firewall",
      "name": "rules",
      "provider": "provider[\"registry.terraform.io/hashicorp/google\"]",
      "instances": [
        {
          "index_key": "sdypp-framework-ago-vpc-deployments-allow-all-egress",
          "schema_version": 1,
          "attributes": {
            "allow": [
              {
                "ports": [],
                "protocol": "all"
              }
            ],
            "creation_timestamp": "2021-08-23T17:29:01.389-07:00",
            "deny": [],
            "description": "",
            "destination_ranges": [
              "0.0.0.0/0"
            ],
            "direction": "EGRESS",
            "disabled": false,
            "enable_logging": null,
            "id": "projects/sdypp-framework-ago/global/firewalls/sdypp-framework-ago-vpc-deployments-allow-all-egress",
            "log_config": [
              {
                "metadata": "INCLUDE_ALL_METADATA"
              }
            ],
            "name": "sdypp-framework-ago-vpc-deployments-allow-all-egress",
            "network": "https://www.googleapis.com/compute/v1/projects/sdypp-framework-ago/global/networks/sdypp-framework-ago-vpc-deployments",
            "priority": 1000,
            "project": "sdypp-framework-ago",
            "self_link": "https://www.googleapis.com/compute/v1/projects/sdypp-framework-ago/global/firewalls/sdypp-framework-ago-vpc-deployments-allow-all-egress",
            "source_ranges": [],
            "source_service_accounts": null,
            "source_tags": null,
            "target_service_accounts": null,
            "target_tags": null,
            "timeouts": null
          },
          "sensitive_attributes": [],
          "private": "eyJlMmJmYjczMC1lY2FhLTExZTYtOGY4OC0zNDM2M2JjN2M0YzAiOnsiY3JlYXRlIjoyNDAwMDAwMDAwMDAsImRlbGV0ZSI6MjQwMDAwMDAwMDAwLCJ1cGRhdGUiOjI0MDAwMDAwMDAwMH0sInNjaGVtYV92ZXJzaW9uIjoiMSJ9",
          "dependencies": [
            "module.vpc_deployments.module.firewall_rules.google_compute_firewall.rules",
            "module.vpc_deployments.module.routes.google_compute_route.route",
            "module.vpc_deployments.module.subnets.google_compute_subnetwork.subnetwork",
            "module.vpc_deployments.module.vpc.google_compute_network.network",
            "module.vpc_deployments.module.vpc.google_compute_shared_vpc_host_project.shared_vpc_host"
          ]
        },
        {
          "index_key": "sdypp-framework-ago-vpc-deployments-allow-all-ingress",
          "schema_version": 1,
          "attributes": {
            "allow": [
              {
                "ports": [],
                "protocol": "all"
              }
            ],
            "creation_timestamp": "2021-08-23T17:29:01.399-07:00",
            "deny": [],
            "description": "",
            "destination_ranges": [],
            "direction": "INGRESS",
            "disabled": false,
            "enable_logging": null,
            "id": "projects/sdypp-framework-ago/global/firewalls/sdypp-framework-ago-vpc-deployments-allow-all-ingress",
            "log_config": [
              {
                "metadata": "INCLUDE_ALL_METADATA"
              }
            ],
            "name": "sdypp-framework-ago-vpc-deployments-allow-all-ingress",
            "network": "https://www.googleapis.com/compute/v1/projects/sdypp-framework-ago/global/networks/sdypp-framework-ago-vpc-deployments",
            "priority": 1000,
            "project": "sdypp-framework-ago",
            "self_link": "https://www.googleapis.com/compute/v1/projects/sdypp-framework-ago/global/firewalls/sdypp-framework-ago-vpc-deployments-allow-all-ingress",
            "source_ranges": [
              "0.0.0.0/0"
            ],
            "source_service_accounts": null,
            "source_tags": null,
            "target_service_accounts": null,
            "target_tags": null,
            "timeouts": null
          },
          "sensitive_attributes": [],
          "private": "eyJlMmJmYjczMC1lY2FhLTExZTYtOGY4OC0zNDM2M2JjN2M0YzAiOnsiY3JlYXRlIjoyNDAwMDAwMDAwMDAsImRlbGV0ZSI6MjQwMDAwMDAwMDAwLCJ1cGRhdGUiOjI0MDAwMDAwMDAwMH0sInNjaGVtYV92ZXJzaW9uIjoiMSJ9",
          "dependencies": [
            "module.vpc_deployments.module.firewall_rules.google_compute_firewall.rules",
            "module.vpc_deployments.module.routes.google_compute_route.route",
            "module.vpc_deployments.module.subnets.google_compute_subnetwork.subnetwork",
            "module.vpc_deployments.module.vpc.google_compute_network.network",
            "module.vpc_deployments.module.vpc.google_compute_shared_vpc_host_project.shared_vpc_host"
          ]
        }
      ]
    },
    {
      "module": "module.firewall_rules_management",
      "mode": "managed",
      "type": "google_compute_firewall",
      "name": "rules",
      "provider": "provider[\"registry.terraform.io/hashicorp/google\"]",
      "instances": [
        {
          "index_key": "sdypp-framework-ago-vpc-management-allow-all-egress",
          "schema_version": 1,
          "attributes": {
            "allow": [
              {
                "ports": [],
                "protocol": "all"
              }
            ],
            "creation_timestamp": "2021-08-23T17:29:02.095-07:00",
            "deny": [],
            "description": "",
            "destination_ranges": [
              "0.0.0.0/0"
            ],
            "direction": "EGRESS",
            "disabled": false,
            "enable_logging": null,
            "id": "projects/sdypp-framework-ago/global/firewalls/sdypp-framework-ago-vpc-management-allow-all-egress",
            "log_config": [
              {
                "metadata": "INCLUDE_ALL_METADATA"
              }
            ],
            "name": "sdypp-framework-ago-vpc-management-allow-all-egress",
            "network": "https://www.googleapis.com/compute/v1/projects/sdypp-framework-ago/global/networks/sdypp-framework-ago-vpc-management",
            "priority": 1000,
            "project": "sdypp-framework-ago",
            "self_link": "https://www.googleapis.com/compute/v1/projects/sdypp-framework-ago/global/firewalls/sdypp-framework-ago-vpc-management-allow-all-egress",
            "source_ranges": [],
            "source_service_accounts": null,
            "source_tags": null,
            "target_service_accounts": null,
            "target_tags": null,
            "timeouts": null
          },
          "sensitive_attributes": [],
          "private": "eyJlMmJmYjczMC1lY2FhLTExZTYtOGY4OC0zNDM2M2JjN2M0YzAiOnsiY3JlYXRlIjoyNDAwMDAwMDAwMDAsImRlbGV0ZSI6MjQwMDAwMDAwMDAwLCJ1cGRhdGUiOjI0MDAwMDAwMDAwMH0sInNjaGVtYV92ZXJzaW9uIjoiMSJ9",
          "dependencies": [
            "module.vpc_management.module.firewall_rules.google_compute_firewall.rules",
            "module.vpc_management.module.routes.google_compute_route.route",
            "module.vpc_management.module.subnets.google_compute_subnetwork.subnetwork",
            "module.vpc_management.module.vpc.google_compute_network.network",
            "module.vpc_management.module.vpc.google_compute_shared_vpc_host_project.shared_vpc_host"
          ]
        },
        {
          "index_key": "sdypp-framework-ago-vpc-management-allow-all-ingress",
          "schema_version": 1,
          "attributes": {
            "allow": [
              {
                "ports": [],
                "protocol": "all"
              }
            ],
            "creation_timestamp": "2021-08-23T17:29:01.691-07:00",
            "deny": [],
            "description": "",
            "destination_ranges": [],
            "direction": "INGRESS",
            "disabled": false,
            "enable_logging": null,
            "id": "projects/sdypp-framework-ago/global/firewalls/sdypp-framework-ago-vpc-management-allow-all-ingress",
            "log_config": [
              {
                "metadata": "INCLUDE_ALL_METADATA"
              }
            ],
            "name": "sdypp-framework-ago-vpc-management-allow-all-ingress",
            "network": "https://www.googleapis.com/compute/v1/projects/sdypp-framework-ago/global/networks/sdypp-framework-ago-vpc-management",
            "priority": 1000,
            "project": "sdypp-framework-ago",
            "self_link": "https://www.googleapis.com/compute/v1/projects/sdypp-framework-ago/global/firewalls/sdypp-framework-ago-vpc-management-allow-all-ingress",
            "source_ranges": [
              "0.0.0.0/0"
            ],
            "source_service_accounts": null,
            "source_tags": null,
            "target_service_accounts": null,
            "target_tags": null,
            "timeouts": null
          },
          "sensitive_attributes": [],
          "private": "eyJlMmJmYjczMC1lY2FhLTExZTYtOGY4OC0zNDM2M2JjN2M0YzAiOnsiY3JlYXRlIjoyNDAwMDAwMDAwMDAsImRlbGV0ZSI6MjQwMDAwMDAwMDAwLCJ1cGRhdGUiOjI0MDAwMDAwMDAwMH0sInNjaGVtYV92ZXJzaW9uIjoiMSJ9",
          "dependencies": [
            "module.vpc_management.module.firewall_rules.google_compute_firewall.rules",
            "module.vpc_management.module.routes.google_compute_route.route",
            "module.vpc_management.module.subnets.google_compute_subnetwork.subnetwork",
            "module.vpc_management.module.vpc.google_compute_network.network",
            "module.vpc_management.module.vpc.google_compute_shared_vpc_host_project.shared_vpc_host"
          ]
        }
      ]
    },
    {
      "module": "module.firewall_rules_resources",
      "mode": "managed",
      "type": "google_compute_firewall",
      "name": "rules",
      "provider": "provider[\"registry.terraform.io/hashicorp/google\"]",
      "instances": [
        {
          "index_key": "sdypp-framework-ago-vpc-resources-allow-all-egress",
          "schema_version": 1,
          "attributes": {
            "allow": [
              {
                "ports": [],
                "protocol": "all"
              }
            ],
            "creation_timestamp": "2021-08-23T17:29:25.686-07:00",
            "deny": [],
            "description": "",
            "destination_ranges": [
              "0.0.0.0/0"
            ],
            "direction": "EGRESS",
            "disabled": false,
            "enable_logging": null,
            "id": "projects/sdypp-framework-ago/global/firewalls/sdypp-framework-ago-vpc-resources-allow-all-egress",
            "log_config": [
              {
                "metadata": "INCLUDE_ALL_METADATA"
              }
            ],
            "name": "sdypp-framework-ago-vpc-resources-allow-all-egress",
            "network": "https://www.googleapis.com/compute/v1/projects/sdypp-framework-ago/global/networks/sdypp-framework-ago-vpc-resources",
            "priority": 1000,
            "project": "sdypp-framework-ago",
            "self_link": "https://www.googleapis.com/compute/v1/projects/sdypp-framework-ago/global/firewalls/sdypp-framework-ago-vpc-resources-allow-all-egress",
            "source_ranges": [],
            "source_service_accounts": null,
            "source_tags": null,
            "target_service_accounts": null,
            "target_tags": null,
            "timeouts": null
          },
          "sensitive_attributes": [],
          "private": "eyJlMmJmYjczMC1lY2FhLTExZTYtOGY4OC0zNDM2M2JjN2M0YzAiOnsiY3JlYXRlIjoyNDAwMDAwMDAwMDAsImRlbGV0ZSI6MjQwMDAwMDAwMDAwLCJ1cGRhdGUiOjI0MDAwMDAwMDAwMH0sInNjaGVtYV92ZXJzaW9uIjoiMSJ9",
          "dependencies": [
            "module.vpc_resources.module.firewall_rules.google_compute_firewall.rules",
            "module.vpc_resources.module.routes.google_compute_route.route",
            "module.vpc_resources.module.subnets.google_compute_subnetwork.subnetwork",
            "module.vpc_resources.module.vpc.google_compute_network.network",
            "module.vpc_resources.module.vpc.google_compute_shared_vpc_host_project.shared_vpc_host"
          ]
        },
        {
          "index_key": "sdypp-framework-ago-vpc-resources-allow-all-ingress",
          "schema_version": 1,
          "attributes": {
            "allow": [
              {
                "ports": [],
                "protocol": "all"
              }
            ],
            "creation_timestamp": "2021-08-23T17:29:25.692-07:00",
            "deny": [],
            "description": "",
            "destination_ranges": [],
            "direction": "INGRESS",
            "disabled": false,
            "enable_logging": null,
            "id": "projects/sdypp-framework-ago/global/firewalls/sdypp-framework-ago-vpc-resources-allow-all-ingress",
            "log_config": [
              {
                "metadata": "INCLUDE_ALL_METADATA"
              }
            ],
            "name": "sdypp-framework-ago-vpc-resources-allow-all-ingress",
            "network": "https://www.googleapis.com/compute/v1/projects/sdypp-framework-ago/global/networks/sdypp-framework-ago-vpc-resources",
            "priority": 1000,
            "project": "sdypp-framework-ago",
            "self_link": "https://www.googleapis.com/compute/v1/projects/sdypp-framework-ago/global/firewalls/sdypp-framework-ago-vpc-resources-allow-all-ingress",
            "source_ranges": [
              "0.0.0.0/0"
            ],
            "source_service_accounts": null,
            "source_tags": null,
            "target_service_accounts": null,
            "target_tags": null,
            "timeouts": null
          },
          "sensitive_attributes": [],
          "private": "eyJlMmJmYjczMC1lY2FhLTExZTYtOGY4OC0zNDM2M2JjN2M0YzAiOnsiY3JlYXRlIjoyNDAwMDAwMDAwMDAsImRlbGV0ZSI6MjQwMDAwMDAwMDAwLCJ1cGRhdGUiOjI0MDAwMDAwMDAwMH0sInNjaGVtYV92ZXJzaW9uIjoiMSJ9",
          "dependencies": [
            "module.vpc_resources.module.firewall_rules.google_compute_firewall.rules",
            "module.vpc_resources.module.routes.google_compute_route.route",
            "module.vpc_resources.module.subnets.google_compute_subnetwork.subnetwork",
            "module.vpc_resources.module.vpc.google_compute_network.network",
            "module.vpc_resources.module.vpc.google_compute_shared_vpc_host_project.shared_vpc_host"
          ]
        }
      ]
    },
    {
      "module": "module.gcs_buckets",
      "mode": "managed",
      "type": "google_storage_bucket",
      "name": "buckets",
      "provider": "provider[\"registry.terraform.io/hashicorp/google\"]",
      "instances": [
        {
          "index_key": "task-bucket",
          "schema_version": 0,
          "attributes": {
            "bucket_policy_only": true,
            "cors": [],
            "default_event_based_hold": false,
            "encryption": [],
            "force_destroy": false,
            "id": "sdypp-framework-ago-us-central1-task-bucket",
            "labels": {
              "name": "sdypp-framework-ago-us-central1-task-bucket"
            },
            "lifecycle_rule": [],
            "location": "US-CENTRAL1",
            "logging": [],
            "name": "sdypp-framework-ago-us-central1-task-bucket",
            "project": "sdypp-framework-ago",
            "requester_pays": false,
            "retention_policy": [],
            "self_link": "https://www.googleapis.com/storage/v1/b/sdypp-framework-ago-us-central1-task-bucket",
            "storage_class": "REGIONAL",
            "uniform_bucket_level_access": true,
            "url": "gs://sdypp-framework-ago-us-central1-task-bucket",
            "versioning": [
              {
                "enabled": false
              }
            ],
            "website": []
          },
          "sensitive_attributes": [],
          "private": "bnVsbA=="
        }
      ]
    },
    {
      "module": "module.gcs_buckets",
      "mode": "managed",
      "type": "google_storage_bucket_iam_binding",
      "name": "admins",
      "provider": "provider[\"registry.terraform.io/hashicorp/google\"]",
      "instances": [
        {
          "index_key": "task-bucket",
          "schema_version": 0,
          "attributes": {
            "bucket": "b/sdypp-framework-ago-us-central1-task-bucket",
            "condition": [],
            "etag": null,
            "id": "b/sdypp-framework-ago-us-central1-task-bucket/roles/storage.objectAdmin",
            "members": null,
            "role": "roles/storage.objectAdmin"
          },
          "sensitive_attributes": [],
          "private": "bnVsbA==",
          "dependencies": [
            "module.gcs_buckets.google_storage_bucket.buckets"
          ]
        }
      ]
    },
    {
      "module": "module.gke_deployments",
      "mode": "data",
      "type": "google_compute_zones",
      "name": "available",
      "provider": "provider[\"registry.terraform.io/hashicorp/google\"]",
      "instances": [
        {
          "schema_version": 0,
          "attributes": {
            "id": "projects/sdypp-framework-ago/regions/us-central1",
            "names": [
              "us-central1-a",
              "us-central1-b",
              "us-central1-c",
              "us-central1-f"
            ],
            "project": "sdypp-framework-ago",
            "region": "us-central1",
            "status": null
          },
          "sensitive_attributes": []
        }
      ]
    },
    {
      "module": "module.gke_deployments",
      "mode": "data",
      "type": "google_container_engine_versions",
      "name": "region",
      "provider": "provider[\"registry.terraform.io/hashicorp/google\"]",
      "instances": [
        {
          "schema_version": 0,
          "attributes": {
            "default_cluster_version": "1.20.8-gke.900",
            "id": "2021-08-24 00:29:01.651409344 +0000 UTC",
            "latest_master_version": "1.20.9-gke.1000",
            "latest_node_version": "1.20.9-gke.1000",
            "location": "us-central1",
            "project": "sdypp-framework-ago",
            "release_channel_default_version": {
              "RAPID": "1.20.8-gke.900",
              "REGULAR": "1.20.8-gke.900",
              "STABLE": "1.19.12-gke.2100"
            },
            "valid_master_versions": [
              "1.20.9-gke.1000",
              "1.20.9-gke.700",
              "1.20.8-gke.2100",
              "1.20.8-gke.900",
              "1.20.8-gke.700",
              "1.19.13-gke.1200",
              "1.19.13-gke.700",
              "1.19.12-gke.2100",
              "1.19.12-gke.1100",
              "1.19.12-gke.900",
              "1.19.12-gke.700",
              "1.19.11-gke.2101",
              "1.19.11-gke.1701",
              "1.19.10-gke.1701",
              "1.19.10-gke.1601",
              "1.19.10-gke.1001",
              "1.19.10-gke.1000",
              "1.19.9-gke.1900",
              "1.18.20-gke.3300",
              "1.18.20-gke.3000",
              "1.18.20-gke.2300",
              "1.18.20-gke.901",
              "1.18.20-gke.900",
              "1.18.20-gke.501",
              "1.17.17-gke.9100"
            ],
            "valid_node_versions": [
              "1.20.9-gke.1000",
              "1.20.9-gke.700",
              "1.20.8-gke.2100",
              "1.20.8-gke.900",
              "1.20.8-gke.700",
              "1.20.7-gke.2200",
              "1.20.7-gke.1800",
              "1.20.6-gke.1400",
              "1.20.6-gke.1000",
              "1.19.13-gke.1200",
              "1.19.13-gke.700",
              "1.19.12-gke.2100",
              "1.19.12-gke.1100",
              "1.19.12-gke.900",
              "1.19.12-gke.700",
              "1.19.11-gke.2101",
              "1.19.11-gke.2100",
              "1.19.11-gke.1701",
              "1.19.11-gke.1700",
              "1.19.10-gke.1701",
              "1.19.10-gke.1700",
              "1.19.10-gke.1601",
              "1.19.10-gke.1600",
              "1.19.10-gke.1001",
              "1.19.10-gke.1000",
              "1.19.9-gke.1900",
              "1.19.9-gke.1400",
              "1.19.9-gke.700",
              "1.19.9-gke.100",
              "1.19.8-gke.2000",
              "1.19.8-gke.1600",
              "1.19.8-gke.1000",
              "1.19.7-gke.2503",
              "1.19.7-gke.1500",
              "1.19.7-gke.1302",
              "1.19.7-gke.800",
              "1.19.6-gke.1700",
              "1.19.6-gke.1100",
              "1.19.6-gke.600",
              "1.18.20-gke.3300",
              "1.18.20-gke.3000",
              "1.18.20-gke.2300",
              "1.18.20-gke.901",
              "1.18.20-gke.900",
              "1.18.20-gke.501",
              "1.18.19-gke.2101",
              "1.18.19-gke.2100",
              "1.18.19-gke.1701",
              "1.18.19-gke.1700",
              "1.18.18-gke.1701",
              "1.18.18-gke.1700",
              "1.18.18-gke.1101",
              "1.18.18-gke.1100",
              "1.18.17-gke.1901",
              "1.18.17-gke.1900",
              "1.18.17-gke.1201",
              "1.18.17-gke.1200",
              "1.18.17-gke.700",
              "1.18.17-gke.100",
              "1.18.16-gke.2100",
              "1.18.16-gke.1201",
              "1.18.16-gke.1200",
              "1.18.16-gke.502",
              "1.18.16-gke.500",
              "1.18.16-gke.302",
              "1.18.16-gke.300",
              "1.18.15-gke.2500",
              "1.18.15-gke.1502",
              "1.18.15-gke.1501",
              "1.18.15-gke.1500",
              "1.18.15-gke.1102",
              "1.18.15-gke.1100",
              "1.18.15-gke.800",
              "1.18.14-gke.1600",
              "1.18.14-gke.1200",
              "1.18.12-gke.1210",
              "1.18.12-gke.1206",
              "1.18.12-gke.1205",
              "1.18.12-gke.1201",
              "1.18.12-gke.1200",
              "1.18.12-gke.300",
              "1.18.10-gke.2701",
              "1.18.10-gke.2101",
              "1.18.10-gke.1500",
              "1.18.10-gke.601",
              "1.18.9-gke.2501",
              "1.18.9-gke.1501",
              "1.18.9-gke.801",
              "1.18.6-gke.4801",
              "1.18.6-gke.3504",
              "1.18.6-gke.3503",
              "1.17.17-gke.9100",
              "1.17.17-gke.8500",
              "1.17.17-gke.8200",
              "1.17.17-gke.7800",
              "1.17.17-gke.7200",
              "1.17.17-gke.6700",
              "1.17.17-gke.6000",
              "1.17.17-gke.5400",
              "1.17.17-gke.4900",
              "1.17.17-gke.4400",
              "1.17.17-gke.3700",
              "1.17.17-gke.3000",
              "1.17.17-gke.2800",
              "1.17.17-gke.2500",
              "1.17.17-gke.1500",
              "1.17.17-gke.1101",
              "1.17.17-gke.1100",
              "1.17.17-gke.600",
              "1.17.16-gke.1600",
              "1.17.16-gke.1300",
              "1.17.15-gke.800",
              "1.17.15-gke.300",
              "1.17.14-gke.1600",
              "1.17.14-gke.1200",
              "1.17.14-gke.400",
              "1.17.13-gke.2600",
              "1.17.13-gke.2001",
              "1.17.13-gke.1401",
              "1.17.13-gke.1400",
              "1.17.13-gke.600",
              "1.17.12-gke.2502",
              "1.17.12-gke.1504",
              "1.17.12-gke.1501",
              "1.17.12-gke.500",
              "1.17.9-gke.6300",
              "1.17.9-gke.1504",
              "1.16.15-gke.14800",
              "1.16.15-gke.12500",
              "1.16.15-gke.11800",
              "1.16.15-gke.10600",
              "1.16.15-gke.7801",
              "1.16.15-gke.7800",
              "1.16.15-gke.7300",
              "1.16.15-gke.6900",
              "1.16.15-gke.6000",
              "1.16.15-gke.5500",
              "1.16.15-gke.4901",
              "1.16.15-gke.4301",
              "1.16.15-gke.4300",
              "1.16.15-gke.3500",
              "1.16.15-gke.2601",
              "1.16.15-gke.1600",
              "1.16.15-gke.500",
              "1.16.13-gke.404",
              "1.16.13-gke.403",
              "1.16.13-gke.401",
              "1.16.13-gke.400",
              "1.16.13-gke.1",
              "1.16.11-gke.5",
              "1.16.10-gke.8",
              "1.16.9-gke.6",
              "1.16.9-gke.2",
              "1.16.8-gke.15",
              "1.16.8-gke.12",
              "1.16.8-gke.9",
              "1.15.12-gke.6002",
              "1.15.12-gke.6001",
              "1.15.12-gke.5000",
              "1.15.12-gke.4002",
              "1.15.12-gke.4000",
              "1.15.12-gke.20",
              "1.15.12-gke.17",
              "1.15.12-gke.16",
              "1.15.12-gke.13",
              "1.15.12-gke.9",
              "1.15.12-gke.6",
              "1.15.12-gke.3",
              "1.15.12-gke.2",
              "1.15.11-gke.17",
              "1.15.11-gke.15",
              "1.15.11-gke.13",
              "1.15.11-gke.12",
              "1.15.11-gke.11",
              "1.15.11-gke.9",
              "1.15.11-gke.5",
              "1.15.11-gke.3",
              "1.15.11-gke.1",
              "1.15.9-gke.26",
              "1.15.9-gke.24",
              "1.15.9-gke.22",
              "1.15.9-gke.12",
              "1.15.9-gke.9",
              "1.15.9-gke.8",
              "1.15.8-gke.3",
              "1.15.8-gke.2",
              "1.15.7-gke.23",
              "1.15.7-gke.2",
              "1.15.4-gke.22",
              "1.14.10-gke.1504",
              "1.14.10-gke.902",
              "1.14.10-gke.50",
              "1.14.10-gke.46",
              "1.14.10-gke.45",
              "1.14.10-gke.42",
              "1.14.10-gke.41",
              "1.14.10-gke.40",
              "1.14.10-gke.37",
              "1.14.10-gke.36",
              "1.14.10-gke.34",
              "1.14.10-gke.32",
              "1.14.10-gke.31",
              "1.14.10-gke.27",
              "1.14.10-gke.24",
              "1.14.10-gke.22",
              "1.14.10-gke.21",
              "1.14.10-gke.17",
              "1.14.10-gke.0",
              "1.14.9-gke.23",
              "1.14.9-gke.2",
              "1.14.9-gke.0",
              "1.14.8-gke.33",
              "1.14.8-gke.21",
              "1.14.8-gke.18",
              "1.14.8-gke.17",
              "1.14.8-gke.14",
              "1.14.8-gke.12",
              "1.14.8-gke.7",
              "1.14.8-gke.2",
              "1.14.7-gke.40",
              "1.14.7-gke.25",
              "1.14.7-gke.23",
              "1.14.7-gke.17",
              "1.14.7-gke.14",
              "1.14.7-gke.10",
              "1.14.6-gke.13",
              "1.14.6-gke.2",
              "1.14.6-gke.1",
              "1.14.3-gke.11",
              "1.14.3-gke.10",
              "1.14.3-gke.9",
              "1.14.2-gke.9",
              "1.14.1-gke.5",
              "1.13.12-gke.30",
              "1.13.12-gke.25",
              "1.13.12-gke.17",
              "1.13.12-gke.16",
              "1.13.12-gke.14",
              "1.13.12-gke.13",
              "1.13.12-gke.10",
              "1.13.12-gke.8",
              "1.13.12-gke.4",
              "1.13.12-gke.2",
              "1.13.11-gke.23",
              "1.13.11-gke.15",
              "1.13.11-gke.14",
              "1.13.11-gke.12",
              "1.13.11-gke.11",
              "1.13.11-gke.9",
              "1.13.11-gke.5",
              "1.13.10-gke.7",
              "1.13.10-gke.0",
              "1.13.9-gke.11",
              "1.13.9-gke.3",
              "1.13.7-gke.24",
              "1.13.7-gke.19",
              "1.13.7-gke.15",
              "1.13.7-gke.8",
              "1.13.7-gke.0",
              "1.13.6-gke.13",
              "1.13.6-gke.6",
              "1.13.6-gke.5",
              "1.13.6-gke.0",
              "1.13.5-gke.10",
              "1.12.10-gke.22",
              "1.12.10-gke.20",
              "1.12.10-gke.19",
              "1.12.10-gke.18",
              "1.12.10-gke.17",
              "1.12.10-gke.15",
              "1.12.10-gke.13",
              "1.12.10-gke.11",
              "1.12.10-gke.5",
              "1.12.9-gke.16",
              "1.12.9-gke.15",
              "1.12.9-gke.13",
              "1.12.9-gke.10",
              "1.12.9-gke.7",
              "1.12.9-gke.3",
              "1.12.8-gke.12",
              "1.12.8-gke.10",
              "1.12.8-gke.7",
              "1.12.8-gke.6",
              "1.12.7-gke.26",
              "1.12.7-gke.25",
              "1.12.7-gke.24",
              "1.12.7-gke.22",
              "1.12.7-gke.21",
              "1.12.7-gke.17",
              "1.12.7-gke.10",
              "1.12.7-gke.7",
              "1.12.6-gke.11",
              "1.12.6-gke.10",
              "1.12.6-gke.7",
              "1.12.5-gke.10",
              "1.12.5-gke.5",
              "1.11.10-gke.6",
              "1.11.10-gke.5"
            ],
            "version_prefix": null
          },
          "sensitive_attributes": []
        }
      ]
    },
    {
      "module": "module.gke_deployments",
      "mode": "data",
      "type": "google_container_engine_versions",
      "name": "zone",
      "provider": "provider[\"registry.terraform.io/hashicorp/google\"]",
      "instances": [
        {
          "schema_version": 0,
          "attributes": {
            "default_cluster_version": "1.20.8-gke.900",
            "id": "2021-08-24 00:29:02.134951618 +0000 UTC",
            "latest_master_version": "1.20.9-gke.1000",
            "latest_node_version": "1.20.9-gke.1000",
            "location": "us-central1-a",
            "project": "sdypp-framework-ago",
            "release_channel_default_version": {
              "RAPID": "1.20.8-gke.900",
              "REGULAR": "1.20.8-gke.900",
              "STABLE": "1.19.12-gke.2100"
            },
            "valid_master_versions": [
              "1.20.9-gke.1000",
              "1.20.9-gke.700",
              "1.20.8-gke.2100",
              "1.20.8-gke.900",
              "1.20.8-gke.700",
              "1.19.13-gke.1200",
              "1.19.13-gke.700",
              "1.19.12-gke.2100",
              "1.19.12-gke.1100",
              "1.19.12-gke.900",
              "1.19.12-gke.700",
              "1.19.11-gke.2101",
              "1.19.11-gke.1701",
              "1.19.10-gke.1701",
              "1.19.10-gke.1601",
              "1.19.10-gke.1001",
              "1.19.10-gke.1000",
              "1.19.9-gke.1900",
              "1.18.20-gke.3300",
              "1.18.20-gke.3000",
              "1.18.20-gke.2300",
              "1.18.20-gke.901",
              "1.18.20-gke.900",
              "1.18.20-gke.501",
              "1.17.17-gke.9100"
            ],
            "valid_node_versions": [
              "1.20.9-gke.1000",
              "1.20.9-gke.700",
              "1.20.8-gke.2100",
              "1.20.8-gke.900",
              "1.20.8-gke.700",
              "1.20.7-gke.2200",
              "1.20.7-gke.1800",
              "1.20.6-gke.1400",
              "1.20.6-gke.1000",
              "1.19.13-gke.1200",
              "1.19.13-gke.700",
              "1.19.12-gke.2100",
              "1.19.12-gke.1100",
              "1.19.12-gke.900",
              "1.19.12-gke.700",
              "1.19.11-gke.2101",
              "1.19.11-gke.2100",
              "1.19.11-gke.1701",
              "1.19.11-gke.1700",
              "1.19.10-gke.1701",
              "1.19.10-gke.1700",
              "1.19.10-gke.1601",
              "1.19.10-gke.1600",
              "1.19.10-gke.1001",
              "1.19.10-gke.1000",
              "1.19.9-gke.1900",
              "1.19.9-gke.1400",
              "1.19.9-gke.700",
              "1.19.9-gke.100",
              "1.19.8-gke.2000",
              "1.19.8-gke.1600",
              "1.19.8-gke.1000",
              "1.19.7-gke.2503",
              "1.19.7-gke.1500",
              "1.19.7-gke.1302",
              "1.19.7-gke.800",
              "1.19.6-gke.1700",
              "1.19.6-gke.1100",
              "1.19.6-gke.600",
              "1.18.20-gke.3300",
              "1.18.20-gke.3000",
              "1.18.20-gke.2300",
              "1.18.20-gke.901",
              "1.18.20-gke.900",
              "1.18.20-gke.501",
              "1.18.19-gke.2101",
              "1.18.19-gke.2100",
              "1.18.19-gke.1701",
              "1.18.19-gke.1700",
              "1.18.18-gke.1701",
              "1.18.18-gke.1700",
              "1.18.18-gke.1101",
              "1.18.18-gke.1100",
              "1.18.17-gke.1901",
              "1.18.17-gke.1900",
              "1.18.17-gke.1201",
              "1.18.17-gke.1200",
              "1.18.17-gke.700",
              "1.18.17-gke.100",
              "1.18.16-gke.2100",
              "1.18.16-gke.1201",
              "1.18.16-gke.1200",
              "1.18.16-gke.502",
              "1.18.16-gke.500",
              "1.18.16-gke.302",
              "1.18.16-gke.300",
              "1.18.15-gke.2500",
              "1.18.15-gke.1502",
              "1.18.15-gke.1501",
              "1.18.15-gke.1500",
              "1.18.15-gke.1102",
              "1.18.15-gke.1100",
              "1.18.15-gke.800",
              "1.18.14-gke.1600",
              "1.18.14-gke.1200",
              "1.18.12-gke.1210",
              "1.18.12-gke.1206",
              "1.18.12-gke.1205",
              "1.18.12-gke.1201",
              "1.18.12-gke.1200",
              "1.18.12-gke.300",
              "1.18.10-gke.2701",
              "1.18.10-gke.2101",
              "1.18.10-gke.1500",
              "1.18.10-gke.601",
              "1.18.9-gke.2501",
              "1.18.9-gke.1501",
              "1.18.9-gke.801",
              "1.18.6-gke.4801",
              "1.18.6-gke.3504",
              "1.18.6-gke.3503",
              "1.17.17-gke.9100",
              "1.17.17-gke.8500",
              "1.17.17-gke.8200",
              "1.17.17-gke.7800",
              "1.17.17-gke.7200",
              "1.17.17-gke.6700",
              "1.17.17-gke.6000",
              "1.17.17-gke.5400",
              "1.17.17-gke.4900",
              "1.17.17-gke.4400",
              "1.17.17-gke.3700",
              "1.17.17-gke.3000",
              "1.17.17-gke.2800",
              "1.17.17-gke.2500",
              "1.17.17-gke.1500",
              "1.17.17-gke.1101",
              "1.17.17-gke.1100",
              "1.17.17-gke.600",
              "1.17.16-gke.1600",
              "1.17.16-gke.1300",
              "1.17.15-gke.800",
              "1.17.15-gke.300",
              "1.17.14-gke.1600",
              "1.17.14-gke.1200",
              "1.17.14-gke.400",
              "1.17.13-gke.2600",
              "1.17.13-gke.2001",
              "1.17.13-gke.1401",
              "1.17.13-gke.1400",
              "1.17.13-gke.600",
              "1.17.12-gke.2502",
              "1.17.12-gke.1504",
              "1.17.12-gke.1501",
              "1.17.12-gke.500",
              "1.17.9-gke.6300",
              "1.17.9-gke.1504",
              "1.16.15-gke.14800",
              "1.16.15-gke.12500",
              "1.16.15-gke.11800",
              "1.16.15-gke.10600",
              "1.16.15-gke.7801",
              "1.16.15-gke.7800",
              "1.16.15-gke.7300",
              "1.16.15-gke.6900",
              "1.16.15-gke.6000",
              "1.16.15-gke.5500",
              "1.16.15-gke.4901",
              "1.16.15-gke.4301",
              "1.16.15-gke.4300",
              "1.16.15-gke.3500",
              "1.16.15-gke.2601",
              "1.16.15-gke.1600",
              "1.16.15-gke.500",
              "1.16.13-gke.404",
              "1.16.13-gke.403",
              "1.16.13-gke.401",
              "1.16.13-gke.400",
              "1.16.13-gke.1",
              "1.16.11-gke.5",
              "1.16.10-gke.8",
              "1.16.9-gke.6",
              "1.16.9-gke.2",
              "1.16.8-gke.15",
              "1.16.8-gke.12",
              "1.16.8-gke.9",
              "1.15.12-gke.6002",
              "1.15.12-gke.6001",
              "1.15.12-gke.5000",
              "1.15.12-gke.4002",
              "1.15.12-gke.4000",
              "1.15.12-gke.20",
              "1.15.12-gke.17",
              "1.15.12-gke.16",
              "1.15.12-gke.13",
              "1.15.12-gke.9",
              "1.15.12-gke.6",
              "1.15.12-gke.3",
              "1.15.12-gke.2",
              "1.15.11-gke.17",
              "1.15.11-gke.15",
              "1.15.11-gke.13",
              "1.15.11-gke.12",
              "1.15.11-gke.11",
              "1.15.11-gke.9",
              "1.15.11-gke.5",
              "1.15.11-gke.3",
              "1.15.11-gke.1",
              "1.15.9-gke.26",
              "1.15.9-gke.24",
              "1.15.9-gke.22",
              "1.15.9-gke.12",
              "1.15.9-gke.9",
              "1.15.9-gke.8",
              "1.15.8-gke.3",
              "1.15.8-gke.2",
              "1.15.7-gke.23",
              "1.15.7-gke.2",
              "1.15.4-gke.22",
              "1.14.10-gke.1504",
              "1.14.10-gke.902",
              "1.14.10-gke.50",
              "1.14.10-gke.46",
              "1.14.10-gke.45",
              "1.14.10-gke.42",
              "1.14.10-gke.41",
              "1.14.10-gke.40",
              "1.14.10-gke.37",
              "1.14.10-gke.36",
              "1.14.10-gke.34",
              "1.14.10-gke.32",
              "1.14.10-gke.31",
              "1.14.10-gke.27",
              "1.14.10-gke.24",
              "1.14.10-gke.22",
              "1.14.10-gke.21",
              "1.14.10-gke.17",
              "1.14.10-gke.0",
              "1.14.9-gke.23",
              "1.14.9-gke.2",
              "1.14.9-gke.0",
              "1.14.8-gke.33",
              "1.14.8-gke.21",
              "1.14.8-gke.18",
              "1.14.8-gke.17",
              "1.14.8-gke.14",
              "1.14.8-gke.12",
              "1.14.8-gke.7",
              "1.14.8-gke.2",
              "1.14.7-gke.40",
              "1.14.7-gke.25",
              "1.14.7-gke.23",
              "1.14.7-gke.17",
              "1.14.7-gke.14",
              "1.14.7-gke.10",
              "1.14.6-gke.13",
              "1.14.6-gke.2",
              "1.14.6-gke.1",
              "1.14.3-gke.11",
              "1.14.3-gke.10",
              "1.14.3-gke.9",
              "1.14.2-gke.9",
              "1.14.1-gke.5",
              "1.13.12-gke.30",
              "1.13.12-gke.25",
              "1.13.12-gke.17",
              "1.13.12-gke.16",
              "1.13.12-gke.14",
              "1.13.12-gke.13",
              "1.13.12-gke.10",
              "1.13.12-gke.8",
              "1.13.12-gke.4",
              "1.13.12-gke.2",
              "1.13.11-gke.23",
              "1.13.11-gke.15",
              "1.13.11-gke.14",
              "1.13.11-gke.12",
              "1.13.11-gke.11",
              "1.13.11-gke.9",
              "1.13.11-gke.5",
              "1.13.10-gke.7",
              "1.13.10-gke.0",
              "1.13.9-gke.11",
              "1.13.9-gke.3",
              "1.13.7-gke.24",
              "1.13.7-gke.19",
              "1.13.7-gke.15",
              "1.13.7-gke.8",
              "1.13.7-gke.0",
              "1.13.6-gke.13",
              "1.13.6-gke.6",
              "1.13.6-gke.5",
              "1.13.6-gke.0",
              "1.13.5-gke.10",
              "1.12.10-gke.22",
              "1.12.10-gke.20",
              "1.12.10-gke.19",
              "1.12.10-gke.18",
              "1.12.10-gke.17",
              "1.12.10-gke.15",
              "1.12.10-gke.13",
              "1.12.10-gke.11",
              "1.12.10-gke.5",
              "1.12.9-gke.16",
              "1.12.9-gke.15",
              "1.12.9-gke.13",
              "1.12.9-gke.10",
              "1.12.9-gke.7",
              "1.12.9-gke.3",
              "1.12.8-gke.12",
              "1.12.8-gke.10",
              "1.12.8-gke.7",
              "1.12.8-gke.6",
              "1.12.7-gke.26",
              "1.12.7-gke.25",
              "1.12.7-gke.24",
              "1.12.7-gke.22",
              "1.12.7-gke.21",
              "1.12.7-gke.17",
              "1.12.7-gke.10",
              "1.12.7-gke.7",
              "1.12.6-gke.11",
              "1.12.6-gke.10",
              "1.12.6-gke.7",
              "1.12.5-gke.10",
              "1.12.5-gke.5",
              "1.11.10-gke.6",
              "1.11.10-gke.5"
            ],
            "version_prefix": null
          },
          "sensitive_attributes": []
        }
      ]
    },
    {
      "module": "module.gke_deployments",
      "mode": "managed",
      "type": "google_container_cluster",
      "name": "primary",
      "provider": "provider[\"registry.terraform.io/hashicorp/google\"]",
      "instances": [
        {
          "schema_version": 1,
          "attributes": {
            "addons_config": [
              {
                "cloudrun_config": [],
                "horizontal_pod_autoscaling": [
                  {
                    "disabled": false
                  }
                ],
                "http_load_balancing": [
                  {
                    "disabled": true
                  }
                ],
                "network_policy_config": [
                  {
                    "disabled": true
                  }
                ]
              }
            ],
            "authenticator_groups_config": [],
            "cluster_autoscaling": [
              {
                "auto_provisioning_defaults": [
                  {
                    "oauth_scopes": [
                      "https://www.googleapis.com/auth/logging.write",
                      "https://www.googleapis.com/auth/monitoring"
                    ],
                    "service_account": "default"
                  }
                ],
                "enabled": true,
                "resource_limits": [
                  {
                    "maximum": 10,
                    "minimum": 1,
                    "resource_type": "cpu"
                  },
                  {
                    "maximum": 64,
                    "minimum": 1,
                    "resource_type": "memory"
                  }
                ]
              }
            ],
            "cluster_ipv4_cidr": "192.168.32.0/20",
            "database_encryption": [
              {
                "key_name": "",
                "state": "DECRYPTED"
              }
            ],
            "datapath_provider": "",
            "default_max_pods_per_node": 110,
            "default_snat_status": [
              {
                "disabled": false
              }
            ],
            "description": "",
            "enable_autopilot": false,
            "enable_binary_authorization": false,
            "enable_intranode_visibility": false,
            "enable_kubernetes_alpha": false,
            "enable_legacy_abac": false,
            "enable_shielded_nodes": true,
            "enable_tpu": false,
            "endpoint": "35.192.15.163",
            "id": "projects/sdypp-framework-ago/locations/us-central1/clusters/gke-deployments-cluster",
            "initial_node_count": 0,
            "instance_group_urls": [
              "https://www.googleapis.com/compute/v1/projects/sdypp-framework-ago/zones/us-central1-a/instanceGroups/gke-gke-deployments-clus-default-pool-eb39f84a-grp"
            ],
            "ip_allocation_policy": [
              {
                "cluster_ipv4_cidr_block": "192.168.32.0/20",
                "cluster_secondary_range_name": "sdypp-framework-ago-subnet-deployments-pods",
                "services_ipv4_cidr_block": "192.168.48.0/20",
                "services_secondary_range_name": "sdypp-framework-ago-subnet-deployments-services"
              }
            ],
            "label_fingerprint": "a9dc16a7",
            "location": "us-central1",
            "logging_service": "logging.googleapis.com/kubernetes",
            "maintenance_policy": [
              {
                "daily_maintenance_window": [
                  {
                    "duration": "PT4H0M0S",
                    "start_time": "05:00"
                  }
                ],
                "maintenance_exclusion": [],
                "recurring_window": []
              }
            ],
            "master_auth": [
              {
                "client_certificate": "",
                "client_certificate_config": [
                  {
                    "issue_client_certificate": false
                  }
                ],
                "client_key": "",
                "cluster_ca_certificate": "LS0tLS1CRUdJTiBDRVJUSUZJQ0FURS0tLS0tCk1JSUVMRENDQXBTZ0F3SUJBZ0lRRzQwSGwycmdmTFhmdm96VzZKYnYwREFOQmdrcWhraUc5dzBCQVFzRkFEQXYKTVMwd0t3WURWUVFERXlSaU0ySXdNek0zWWkxaU1qVTVMVFEzT1dNdFlqVmtPQzFoTjJGaFl6VXlNMkpqWkdNdwpJQmNOTWpFd09ESXpNak15T1RBeldoZ1BNakExTVRBNE1UY3dNREk1TUROYU1DOHhMVEFyQmdOVkJBTVRKR0l6CllqQXpNemRpTFdJeU5Ua3RORGM1WXkxaU5XUTRMV0UzWVdGak5USXpZbU5rWXpDQ0FhSXdEUVlKS29aSWh2Y04KQVFFQkJRQURnZ0dQQURDQ0FZb0NnZ0dCQVBiMHBoSmQ4MExTMU5aVTl5clVneEFhZHBhWitHazVaWHhoQnM0eQpQUkplK0x6VTB4MDJNQ1ZCQllWbXEwMkVLQ1JqTmdLS1F2cHZZaFhEb2hnVHVYOThMNzAxQ0VISXRZYlV5ajBBCjRvVzlyRU9aR0hYRjRUR012MGpjYjdBVElRdXF6WnNSWUVidk92R05NTDdLTHpjWGZsQmxwWjB2M1R5SFh4NUwKV3hMSnZLN05DSmtWNVVLQ3BwaUN2TlZzelVIc2FXTmNnckdibG1zektPQnQ2L25WTFZLYjgrc0M0cjREbXhJTgpXMitwRnR0NGYvaURGWExadjhnMm1rVXhYWUd4SFZNRGdySVFZNTU0NkF1bXZFY1FvOFljMXNjRnAwQUd3NDdwClR2V08rcFNxckkxM0hEU2Q0WXhmaXZkSytNZzlDTFhCQ0NBbWpldS92RGQyUm5IaFdId0s2bVRzZWJKbXM1N0cKVE1MOGdtaXZpQzgzNmRrYytGdFhxMUpCM1VaRzlCcmtUdlVkR1NVNEdvOStZRHY0K0FicnRSTXlLREdZeVYzOAppb09FUDdGN1Q2Y1RrUmNxdUpuajRWdzdQSG1Kalh4aVpMVlFqT1doNE84cnFWbWdJckN2aVArMGxzTkhFMlJXCkQvbzBMSDQ4WndTT2JHajd2ZEYzVC9qVGF3SURBUUFCbzBJd1FEQU9CZ05WSFE4QkFmOEVCQU1DQWdRd0R3WUQKVlIwVEFRSC9CQVV3QXdFQi96QWRCZ05WSFE0RUZnUVVQZjd0VDZSSXVmNDFoUWczL2tZL3dFZ2E4UFF3RFFZSgpLb1pJaHZjTkFRRUxCUUFEZ2dHQkFHSWFlaXFUYjZHeHk5YWN5cldpM2ROMmdJZS9wUGJQV01TdFpiWFQ5c2xPCldwTmQvbzJObTFRVW9NeTZmSmkzdWtPMjNQdVNlRDM5ekNUVkI3MGo1T2hpVXlTVGhBWDlZZ2xFaUI2bTdpY0oKby9ZeE5ESGxpcVpLb0UrdUtoVVBOa2puWFNvMXdmcHFETitxRGZod3F5NkRyQjVMc2U1cGVhb0tKejc2VEl3eQp1ckRsM1YwU1p2NTlpSEtDbG5oaUtVQlVmd3QvWk5VeEJhTTRFb1dZQkh2WkJQL09JSmFTVUdBYXQ2aXE1cVVECkxQSHhyTmR2RUxRSE95YWl5Q1ZhT0ZjSk95TGF3UjY0TEFDWDM4bXRnLy8zYVBCaGI5OEdwN1QyVklsZUhxZ0UKMGx0SFhaQVEyeXhEZlhzSTJSeFc0bE1ZbHZZRC84VEFCYk5qc0g4R2JUeWZkS2RCNUhsMjF6d3l1bGJkNkE5OApDZm5vUWZlanB6RDVDNHROcjJrbWVQNXc4V2N3a1NpSEhjVFM3ZlhwMjBacm5yVVN1Ryt2d0x2aVRKSmpqalB3CkcwNmtqN01EeVZkT1V0NmU5aENjYURLbmYrTHloU3lGVzYxaXZWdG5MWGs1a3V5aU9PNWJuNnlkZEpWajVzMWcKcHV0ekd3N2NmcG5YN2hZcGpXVktBUT09Ci0tLS0tRU5EIENFUlRJRklDQVRFLS0tLS0K",
                "password": "",
                "username": ""
              }
            ],
            "master_authorized_networks_config": [],
            "master_version": "1.20.9-gke.1000",
            "min_master_version": "1.20.9-gke.1000",
            "monitoring_service": "monitoring.googleapis.com/kubernetes",
            "name": "gke-deployments-cluster",
            "network": "projects/sdypp-framework-ago/global/networks/sdypp-framework-ago-vpc-deployments",
            "network_policy": [
              {
                "enabled": false,
                "provider": "PROVIDER_UNSPECIFIED"
              }
            ],
            "networking_mode": "VPC_NATIVE",
            "node_config": [
              {
                "disk_size_gb": 100,
                "disk_type": "pd-standard",
                "guest_accelerator": [],
                "image_type": "COS_CONTAINERD",
                "labels": {},
                "local_ssd_count": 0,
                "machine_type": "e2-medium",
                "metadata": {
                  "disable-legacy-endpoints": "true"
                },
                "min_cpu_platform": "",
                "oauth_scopes": [
                  "https://www.googleapis.com/auth/logging.write",
                  "https://www.googleapis.com/auth/monitoring"
                ],
                "preemptible": false,
                "service_account": "serviceaccount@sdypp-framework-ago.iam.gserviceaccount.com",
                "shielded_instance_config": [
                  {
                    "enable_integrity_monitoring": true,
                    "enable_secure_boot": false
                  }
                ],
                "tags": [],
                "taint": [],
                "workload_metadata_config": [
                  {
                    "node_metadata": "GKE_METADATA_SERVER"
                  }
                ]
              }
            ],
            "node_locations": [
              "us-central1-a"
            ],
            "node_pool": [
              {
                "autoscaling": [],
                "initial_node_count": 0,
                "instance_group_urls": [
                  "https://www.googleapis.com/compute/v1/projects/sdypp-framework-ago/zones/us-central1-a/instanceGroupManagers/gke-gke-deployments-clus-default-pool-eb39f84a-grp"
                ],
                "management": [
                  {
                    "auto_repair": true,
                    "auto_upgrade": true
                  }
                ],
                "max_pods_per_node": 110,
                "name": "default-pool",
                "name_prefix": "",
                "node_config": [
                  {
                    "disk_size_gb": 100,
                    "disk_type": "pd-standard",
                    "guest_accelerator": [],
                    "image_type": "COS_CONTAINERD",
                    "labels": {},
                    "local_ssd_count": 0,
                    "machine_type": "e2-medium",
                    "metadata": {
                      "disable-legacy-endpoints": "true"
                    },
                    "min_cpu_platform": "",
                    "oauth_scopes": [
                      "https://www.googleapis.com/auth/logging.write",
                      "https://www.googleapis.com/auth/monitoring"
                    ],
                    "preemptible": false,
                    "service_account": "serviceaccount@sdypp-framework-ago.iam.gserviceaccount.com",
                    "shielded_instance_config": [
                      {
                        "enable_integrity_monitoring": true,
                        "enable_secure_boot": false
                      }
                    ],
                    "tags": null,
                    "taint": [],
                    "workload_metadata_config": [
                      {
                        "node_metadata": "GKE_METADATA_SERVER"
                      }
                    ]
                  }
                ],
                "node_count": 0,
                "node_locations": [
                  "us-central1-a"
                ],
                "upgrade_settings": [
                  {
                    "max_surge": 1,
                    "max_unavailable": 0
                  }
                ],
                "version": "1.20.9-gke.1000"
              }
            ],
            "node_version": "1.20.9-gke.1000",
            "operation": null,
            "pod_security_policy_config": [],
            "private_cluster_config": [
              {
                "enable_private_endpoint": false,
                "enable_private_nodes": true,
                "master_global_access_config": [
                  {
                    "enabled": false
                  }
                ],
                "master_ipv4_cidr_block": "10.0.0.0/28",
                "peering_name": "gke-nd04339a457c6b6e263c-05bf-4875-peer",
                "private_endpoint": "10.0.0.2",
                "public_endpoint": "35.192.15.163"
              }
            ],
            "private_ipv6_google_access": "",
            "project": "sdypp-framework-ago",
            "release_channel": [
              {
                "channel": "UNSPECIFIED"
              }
            ],
            "remove_default_node_pool": false,
            "resource_labels": null,
            "resource_usage_export_config": [],
            "self_link": "https://container.googleapis.com/v1beta1/projects/sdypp-framework-ago/locations/us-central1/clusters/gke-deployments-cluster",
            "services_ipv4_cidr": "192.168.48.0/20",
            "subnetwork": "projects/sdypp-framework-ago/regions/us-central1/subnetworks/sdypp-framework-ago-subnet-deployments",
            "timeouts": {
              "create": "45m",
              "delete": "45m",
              "read": null,
              "update": "45m"
            },
            "tpu_ipv4_cidr_block": "",
            "vertical_pod_autoscaling": [
              {
                "enabled": false
              }
            ],
            "workload_identity_config": [
              {
                "identity_namespace": "sdypp-framework-ago.svc.id.goog"
              }
            ]
          },
          "sensitive_attributes": [],
          "private": "eyJlMmJmYjczMC1lY2FhLTExZTYtOGY4OC0zNDM2M2JjN2M0YzAiOnsiY3JlYXRlIjoyNzAwMDAwMDAwMDAwLCJkZWxldGUiOjI3MDAwMDAwMDAwMDAsInJlYWQiOjI0MDAwMDAwMDAwMDAsInVwZGF0ZSI6MjcwMDAwMDAwMDAwMH0sInNjaGVtYV92ZXJzaW9uIjoiMSJ9",
          "dependencies": [
            "module.gke_deployments.data.google_compute_zones.available",
            "module.gke_deployments.data.google_container_engine_versions.region",
            "module.gke_deployments.data.google_container_engine_versions.zone",
            "module.gke_deployments.google_service_account.cluster_service_account",
            "module.gke_deployments.random_shuffle.available_zones",
            "module.gke_deployments.random_string.cluster_service_account_suffix",
            "module.vpc_deployments.module.firewall_rules.google_compute_firewall.rules",
            "module.vpc_deployments.module.routes.google_compute_route.route",
            "module.vpc_deployments.module.subnets.google_compute_subnetwork.subnetwork",
            "module.vpc_deployments.module.vpc.google_compute_network.network",
            "module.vpc_deployments.module.vpc.google_compute_shared_vpc_host_project.shared_vpc_host"
          ]
        }
      ]
    },
    {
      "module": "module.gke_deployments",
      "mode": "managed",
      "type": "google_container_node_pool",
      "name": "pools",
      "provider": "provider[\"registry.terraform.io/hashicorp/google\"]",
      "instances": [
        {
          "index_key": "default-node-pool",
          "schema_version": 1,
          "attributes": {
            "autoscaling": [
              {
                "max_node_count": 4,
                "min_node_count": 1
              }
            ],
            "cluster": "gke-deployments-cluster",
            "id": "projects/sdypp-framework-ago/locations/us-central1/clusters/gke-deployments-cluster/nodePools/default-node-pool",
            "initial_node_count": 4,
            "instance_group_urls": [
              "https://www.googleapis.com/compute/v1/projects/sdypp-framework-ago/zones/us-central1-a/instanceGroupManagers/gke-gke-deployments--default-node-poo-ba8c9961-grp"
            ],
            "location": "us-central1",
            "management": [
              {
                "auto_repair": true,
                "auto_upgrade": true
              }
            ],
            "max_pods_per_node": 110,
            "name": "default-node-pool",
            "name_prefix": "",
            "node_config": [
              {
                "disk_size_gb": 10,
                "disk_type": "pd-standard",
                "guest_accelerator": [],
                "image_type": "COS",
                "labels": {
                  "cluster_name": "gke-deployments-cluster",
                  "default-node-pool": "true",
                  "node_pool": "default-node-pool"
                },
                "local_ssd_count": 0,
                "machine_type": "n1-standard-1",
                "metadata": {
                  "cluster_name": "gke-deployments-cluster",
                  "disable-legacy-endpoints": "true",
                  "node-pool-metadata-custom-value": "my-node-pool",
                  "node_pool": "default-node-pool"
                },
                "min_cpu_platform": "",
                "oauth_scopes": [
                  "https://www.googleapis.com/auth/cloud-platform",
                  "https://www.googleapis.com/auth/ndev.clouddns.readwrite"
                ],
                "preemptible": true,
                "service_account": "serviceaccount@sdypp-framework-ago.iam.gserviceaccount.com",
                "shielded_instance_config": [
                  {
                    "enable_integrity_monitoring": true,
                    "enable_secure_boot": false
                  }
                ],
                "tags": [
                  "gke-gke-deployments-cluster",
                  "gke-gke-deployments-cluster-default-node-pool",
                  "default-node-pool"
                ],
                "taint": [
                  {
                    "effect": "PREFER_NO_SCHEDULE",
                    "key": "default-node-pool",
                    "value": "true"
                  }
                ],
                "workload_metadata_config": [
                  {
                    "node_metadata": "GKE_METADATA_SERVER"
                  }
                ]
              }
            ],
            "node_count": 4,
            "node_locations": [
              "us-central1-a"
            ],
            "operation": null,
            "project": "sdypp-framework-ago",
            "timeouts": {
              "create": "45m",
              "delete": "45m",
              "update": "45m"
            },
            "upgrade_settings": [
              {
                "max_surge": 1,
                "max_unavailable": 0
              }
            ],
            "version": "1.20.9-gke.1000"
          },
          "sensitive_attributes": [],
          "private": "eyJlMmJmYjczMC1lY2FhLTExZTYtOGY4OC0zNDM2M2JjN2M0YzAiOnsiY3JlYXRlIjoyNzAwMDAwMDAwMDAwLCJkZWxldGUiOjI3MDAwMDAwMDAwMDAsInVwZGF0ZSI6MjcwMDAwMDAwMDAwMH0sInNjaGVtYV92ZXJzaW9uIjoiMSJ9",
          "dependencies": [
            "module.gke_deployments.data.google_compute_zones.available",
            "module.gke_deployments.data.google_container_engine_versions.region",
            "module.gke_deployments.data.google_container_engine_versions.zone",
            "module.gke_deployments.google_container_cluster.primary",
            "module.gke_deployments.google_service_account.cluster_service_account",
            "module.gke_deployments.random_shuffle.available_zones",
            "module.gke_deployments.random_string.cluster_service_account_suffix",
            "module.vpc_deployments.module.firewall_rules.google_compute_firewall.rules",
            "module.vpc_deployments.module.routes.google_compute_route.route",
            "module.vpc_deployments.module.subnets.google_compute_subnetwork.subnetwork",
            "module.vpc_deployments.module.vpc.google_compute_network.network",
            "module.vpc_deployments.module.vpc.google_compute_shared_vpc_host_project.shared_vpc_host"
          ]
        }
      ]
    },
    {
      "module": "module.gke_deployments",
      "mode": "managed",
      "type": "google_project_iam_member",
      "name": "cluster_service_account-log_writer",
      "provider": "provider[\"registry.terraform.io/hashicorp/google\"]",
      "instances": [
        {
          "index_key": 0,
          "schema_version": 0,
          "attributes": {
            "condition": [],
            "etag": "BwXKQzjKhbo=",
            "id": "sdypp-framework-ago/roles/logging.logWriter/serviceAccount:tf-gke-gke-deployments-929n@sdypp-framework-ago.iam.gserviceaccount.com",
            "member": "serviceAccount:tf-gke-gke-deployments-929n@sdypp-framework-ago.iam.gserviceaccount.com",
            "project": "sdypp-framework-ago",
            "role": "roles/logging.logWriter"
          },
          "sensitive_attributes": [],
          "private": "bnVsbA==",
          "dependencies": [
            "module.gke_deployments.google_service_account.cluster_service_account",
            "module.gke_deployments.random_string.cluster_service_account_suffix",
            "module.vpc_deployments.module.firewall_rules.google_compute_firewall.rules",
            "module.vpc_deployments.module.routes.google_compute_route.route",
            "module.vpc_deployments.module.subnets.google_compute_subnetwork.subnetwork",
            "module.vpc_deployments.module.vpc.google_compute_network.network",
            "module.vpc_deployments.module.vpc.google_compute_shared_vpc_host_project.shared_vpc_host"
          ]
        }
      ]
    },
    {
      "module": "module.gke_deployments",
      "mode": "managed",
      "type": "google_project_iam_member",
      "name": "cluster_service_account-metric_writer",
      "provider": "provider[\"registry.terraform.io/hashicorp/google\"]",
      "instances": [
        {
          "index_key": 0,
          "schema_version": 0,
          "attributes": {
            "condition": [],
            "etag": "BwXKQzlUE0U=",
            "id": "sdypp-framework-ago/roles/monitoring.metricWriter/serviceAccount:tf-gke-gke-deployments-929n@sdypp-framework-ago.iam.gserviceaccount.com",
            "member": "serviceAccount:tf-gke-gke-deployments-929n@sdypp-framework-ago.iam.gserviceaccount.com",
            "project": "sdypp-framework-ago",
            "role": "roles/monitoring.metricWriter"
          },
          "sensitive_attributes": [],
          "private": "bnVsbA==",
          "dependencies": [
            "module.gke_deployments.google_project_iam_member.cluster_service_account-log_writer",
            "module.gke_deployments.google_service_account.cluster_service_account",
            "module.gke_deployments.random_string.cluster_service_account_suffix",
            "module.vpc_deployments.module.firewall_rules.google_compute_firewall.rules",
            "module.vpc_deployments.module.routes.google_compute_route.route",
            "module.vpc_deployments.module.subnets.google_compute_subnetwork.subnetwork",
            "module.vpc_deployments.module.vpc.google_compute_network.network",
            "module.vpc_deployments.module.vpc.google_compute_shared_vpc_host_project.shared_vpc_host"
          ]
        }
      ]
    },
    {
      "module": "module.gke_deployments",
      "mode": "managed",
      "type": "google_project_iam_member",
      "name": "cluster_service_account-monitoring_viewer",
      "provider": "provider[\"registry.terraform.io/hashicorp/google\"]",
      "instances": [
        {
          "index_key": 0,
          "schema_version": 0,
          "attributes": {
            "condition": [],
            "etag": "BwXKQzozdds=",
            "id": "sdypp-framework-ago/roles/monitoring.viewer/serviceAccount:tf-gke-gke-deployments-929n@sdypp-framework-ago.iam.gserviceaccount.com",
            "member": "serviceAccount:tf-gke-gke-deployments-929n@sdypp-framework-ago.iam.gserviceaccount.com",
            "project": "sdypp-framework-ago",
            "role": "roles/monitoring.viewer"
          },
          "sensitive_attributes": [],
          "private": "bnVsbA==",
          "dependencies": [
            "module.gke_deployments.google_project_iam_member.cluster_service_account-log_writer",
            "module.gke_deployments.google_project_iam_member.cluster_service_account-metric_writer",
            "module.gke_deployments.google_service_account.cluster_service_account",
            "module.gke_deployments.random_string.cluster_service_account_suffix",
            "module.vpc_deployments.module.firewall_rules.google_compute_firewall.rules",
            "module.vpc_deployments.module.routes.google_compute_route.route",
            "module.vpc_deployments.module.subnets.google_compute_subnetwork.subnetwork",
            "module.vpc_deployments.module.vpc.google_compute_network.network",
            "module.vpc_deployments.module.vpc.google_compute_shared_vpc_host_project.shared_vpc_host"
          ]
        }
      ]
    },
    {
      "module": "module.gke_deployments",
      "mode": "managed",
      "type": "google_project_iam_member",
      "name": "cluster_service_account-resourceMetadata-writer",
      "provider": "provider[\"registry.terraform.io/hashicorp/google\"]",
      "instances": [
        {
          "index_key": 0,
          "schema_version": 0,
          "attributes": {
            "condition": [],
            "etag": "BwXKQzq/Hmw=",
            "id": "sdypp-framework-ago/roles/stackdriver.resourceMetadata.writer/serviceAccount:tf-gke-gke-deployments-929n@sdypp-framework-ago.iam.gserviceaccount.com",
            "member": "serviceAccount:tf-gke-gke-deployments-929n@sdypp-framework-ago.iam.gserviceaccount.com",
            "project": "sdypp-framework-ago",
            "role": "roles/stackdriver.resourceMetadata.writer"
          },
          "sensitive_attributes": [],
          "private": "bnVsbA==",
          "dependencies": [
            "module.gke_deployments.google_project_iam_member.cluster_service_account-log_writer",
            "module.gke_deployments.google_project_iam_member.cluster_service_account-metric_writer",
            "module.gke_deployments.google_project_iam_member.cluster_service_account-monitoring_viewer",
            "module.gke_deployments.google_service_account.cluster_service_account",
            "module.gke_deployments.random_string.cluster_service_account_suffix",
            "module.vpc_deployments.module.firewall_rules.google_compute_firewall.rules",
            "module.vpc_deployments.module.routes.google_compute_route.route",
            "module.vpc_deployments.module.subnets.google_compute_subnetwork.subnetwork",
            "module.vpc_deployments.module.vpc.google_compute_network.network",
            "module.vpc_deployments.module.vpc.google_compute_shared_vpc_host_project.shared_vpc_host"
          ]
        }
      ]
    },
    {
      "module": "module.gke_deployments",
      "mode": "managed",
      "type": "google_service_account",
      "name": "cluster_service_account",
      "provider": "provider[\"registry.terraform.io/hashicorp/google\"]",
      "instances": [
        {
          "index_key": 0,
          "schema_version": 0,
          "attributes": {
            "account_id": "tf-gke-gke-deployments-929n",
            "description": "",
            "display_name": "Terraform-managed service account for cluster gke-deployments-cluster",
            "email": "tf-gke-gke-deployments-929n@sdypp-framework-ago.iam.gserviceaccount.com",
            "id": "projects/sdypp-framework-ago/serviceAccounts/tf-gke-gke-deployments-929n@sdypp-framework-ago.iam.gserviceaccount.com",
            "name": "projects/sdypp-framework-ago/serviceAccounts/tf-gke-gke-deployments-929n@sdypp-framework-ago.iam.gserviceaccount.com",
            "project": "sdypp-framework-ago",
            "timeouts": null,
            "unique_id": "114081728885090441738"
          },
          "sensitive_attributes": [],
          "private": "eyJlMmJmYjczMC1lY2FhLTExZTYtOGY4OC0zNDM2M2JjN2M0YzAiOnsiY3JlYXRlIjozMDAwMDAwMDAwMDB9fQ==",
          "dependencies": [
            "module.gke_deployments.random_string.cluster_service_account_suffix",
            "module.vpc_deployments.module.firewall_rules.google_compute_firewall.rules",
            "module.vpc_deployments.module.routes.google_compute_route.route",
            "module.vpc_deployments.module.subnets.google_compute_subnetwork.subnetwork",
            "module.vpc_deployments.module.vpc.google_compute_network.network",
            "module.vpc_deployments.module.vpc.google_compute_shared_vpc_host_project.shared_vpc_host"
          ]
        }
      ]
    },
    {
      "module": "module.gke_deployments",
      "mode": "managed",
      "type": "random_shuffle",
      "name": "available_zones",
      "provider": "provider[\"registry.terraform.io/hashicorp/random\"]",
      "instances": [
        {
          "schema_version": 0,
          "attributes": {
            "id": "-",
            "input": [
              "us-central1-a",
              "us-central1-b",
              "us-central1-c",
              "us-central1-f"
            ],
            "keepers": null,
            "result": [
              "us-central1-f",
              "us-central1-a",
              "us-central1-b"
            ],
            "result_count": 3,
            "seed": null
          },
          "sensitive_attributes": [],
          "private": "bnVsbA==",
          "dependencies": [
            "module.gke_deployments.data.google_compute_zones.available",
            "module.vpc_deployments.module.firewall_rules.google_compute_firewall.rules",
            "module.vpc_deployments.module.routes.google_compute_route.route",
            "module.vpc_deployments.module.subnets.google_compute_subnetwork.subnetwork",
            "module.vpc_deployments.module.vpc.google_compute_network.network",
            "module.vpc_deployments.module.vpc.google_compute_shared_vpc_host_project.shared_vpc_host"
          ]
        }
      ]
    },
    {
      "module": "module.gke_deployments",
      "mode": "managed",
      "type": "random_string",
      "name": "cluster_service_account_suffix",
      "provider": "provider[\"registry.terraform.io/hashicorp/random\"]",
      "instances": [
        {
          "schema_version": 1,
          "attributes": {
            "id": "929n",
            "keepers": null,
            "length": 4,
            "lower": true,
            "min_lower": 0,
            "min_numeric": 0,
            "min_special": 0,
            "min_upper": 0,
            "number": true,
            "override_special": null,
            "result": "929n",
            "special": false,
            "upper": false
          },
          "sensitive_attributes": [],
          "private": "eyJzY2hlbWFfdmVyc2lvbiI6IjEifQ==",
          "dependencies": [
            "module.vpc_deployments.module.firewall_rules.google_compute_firewall.rules",
            "module.vpc_deployments.module.routes.google_compute_route.route",
            "module.vpc_deployments.module.subnets.google_compute_subnetwork.subnetwork",
            "module.vpc_deployments.module.vpc.google_compute_network.network",
            "module.vpc_deployments.module.vpc.google_compute_shared_vpc_host_project.shared_vpc_host"
          ]
        }
      ]
    },
    {
      "module": "module.gke_deployments.module.gcloud_delete_default_kube_dns_configmap.module.gcloud_kubectl",
      "mode": "managed",
      "type": "null_resource",
      "name": "module_depends_on",
      "provider": "provider[\"registry.terraform.io/hashicorp/null\"]",
      "instances": [
        {
          "index_key": 0,
          "schema_version": 0,
          "attributes": {
            "id": "7398454080620396808",
            "triggers": {
              "value": "2"
            }
          },
          "sensitive_attributes": [],
          "private": "bnVsbA==",
          "dependencies": [
            "module.gke_deployments.data.google_compute_zones.available",
            "module.gke_deployments.data.google_container_engine_versions.region",
            "module.gke_deployments.data.google_container_engine_versions.zone",
            "module.gke_deployments.google_container_cluster.primary",
            "module.gke_deployments.google_container_node_pool.pools",
            "module.gke_deployments.google_service_account.cluster_service_account",
            "module.gke_deployments.random_shuffle.available_zones",
            "module.gke_deployments.random_string.cluster_service_account_suffix",
            "module.vpc_deployments.module.firewall_rules.google_compute_firewall.rules",
            "module.vpc_deployments.module.routes.google_compute_route.route",
            "module.vpc_deployments.module.subnets.google_compute_subnetwork.subnetwork",
            "module.vpc_deployments.module.vpc.google_compute_network.network",
            "module.vpc_deployments.module.vpc.google_compute_shared_vpc_host_project.shared_vpc_host"
          ]
        }
      ]
    },
    {
      "module": "module.gke_management",
      "mode": "data",
      "type": "google_compute_zones",
      "name": "available",
      "provider": "provider[\"registry.terraform.io/hashicorp/google\"]",
      "instances": [
        {
          "schema_version": 0,
          "attributes": {
            "id": "projects/sdypp-framework-ago/regions/us-east1",
            "names": [
              "us-east1-b",
              "us-east1-c",
              "us-east1-d"
            ],
            "project": "sdypp-framework-ago",
            "region": "us-east1",
            "status": null
          },
          "sensitive_attributes": []
        }
      ]
    },
    {
      "module": "module.gke_management",
      "mode": "data",
      "type": "google_container_engine_versions",
      "name": "region",
      "provider": "provider[\"registry.terraform.io/hashicorp/google\"]",
      "instances": [
        {
          "schema_version": 0,
          "attributes": {
            "default_cluster_version": "1.20.8-gke.900",
            "id": "2021-08-24 00:29:01.458764185 +0000 UTC",
            "latest_master_version": "1.20.9-gke.1000",
            "latest_node_version": "1.20.9-gke.1000",
            "location": "us-east1",
            "project": "sdypp-framework-ago",
            "release_channel_default_version": {
              "RAPID": "1.20.8-gke.900",
              "REGULAR": "1.20.8-gke.900",
              "STABLE": "1.19.12-gke.2100"
            },
            "valid_master_versions": [
              "1.20.9-gke.1000",
              "1.20.9-gke.700",
              "1.20.8-gke.2100",
              "1.20.8-gke.900",
              "1.20.8-gke.700",
              "1.19.13-gke.1200",
              "1.19.13-gke.700",
              "1.19.12-gke.2100",
              "1.19.12-gke.1100",
              "1.19.12-gke.900",
              "1.19.12-gke.700",
              "1.19.11-gke.2101",
              "1.19.11-gke.1701",
              "1.19.10-gke.1701",
              "1.19.10-gke.1601",
              "1.19.10-gke.1001",
              "1.19.10-gke.1000",
              "1.19.9-gke.1900",
              "1.18.20-gke.3300",
              "1.18.20-gke.3000",
              "1.18.20-gke.2300",
              "1.18.20-gke.901",
              "1.18.20-gke.900",
              "1.18.20-gke.501",
              "1.17.17-gke.9100"
            ],
            "valid_node_versions": [
              "1.20.9-gke.1000",
              "1.20.9-gke.700",
              "1.20.8-gke.2100",
              "1.20.8-gke.900",
              "1.20.8-gke.700",
              "1.20.7-gke.2200",
              "1.20.7-gke.1800",
              "1.20.6-gke.1400",
              "1.20.6-gke.1000",
              "1.19.13-gke.1200",
              "1.19.13-gke.700",
              "1.19.12-gke.2100",
              "1.19.12-gke.1100",
              "1.19.12-gke.900",
              "1.19.12-gke.700",
              "1.19.11-gke.2101",
              "1.19.11-gke.2100",
              "1.19.11-gke.1701",
              "1.19.11-gke.1700",
              "1.19.10-gke.1701",
              "1.19.10-gke.1700",
              "1.19.10-gke.1601",
              "1.19.10-gke.1600",
              "1.19.10-gke.1001",
              "1.19.10-gke.1000",
              "1.19.9-gke.1900",
              "1.19.9-gke.1400",
              "1.19.9-gke.700",
              "1.19.9-gke.100",
              "1.19.8-gke.2000",
              "1.19.8-gke.1600",
              "1.19.8-gke.1000",
              "1.19.7-gke.2503",
              "1.19.7-gke.1500",
              "1.19.7-gke.1302",
              "1.19.7-gke.800",
              "1.19.6-gke.1700",
              "1.19.6-gke.1100",
              "1.19.6-gke.600",
              "1.18.20-gke.3300",
              "1.18.20-gke.3000",
              "1.18.20-gke.2300",
              "1.18.20-gke.901",
              "1.18.20-gke.900",
              "1.18.20-gke.501",
              "1.18.19-gke.2101",
              "1.18.19-gke.2100",
              "1.18.19-gke.1701",
              "1.18.19-gke.1700",
              "1.18.18-gke.1701",
              "1.18.18-gke.1700",
              "1.18.18-gke.1101",
              "1.18.18-gke.1100",
              "1.18.17-gke.1901",
              "1.18.17-gke.1900",
              "1.18.17-gke.1201",
              "1.18.17-gke.1200",
              "1.18.17-gke.700",
              "1.18.17-gke.100",
              "1.18.16-gke.2100",
              "1.18.16-gke.1201",
              "1.18.16-gke.1200",
              "1.18.16-gke.502",
              "1.18.16-gke.500",
              "1.18.16-gke.302",
              "1.18.16-gke.300",
              "1.18.15-gke.2500",
              "1.18.15-gke.1502",
              "1.18.15-gke.1501",
              "1.18.15-gke.1500",
              "1.18.15-gke.1102",
              "1.18.15-gke.1100",
              "1.18.15-gke.800",
              "1.18.14-gke.1600",
              "1.18.14-gke.1200",
              "1.18.12-gke.1210",
              "1.18.12-gke.1206",
              "1.18.12-gke.1205",
              "1.18.12-gke.1201",
              "1.18.12-gke.1200",
              "1.18.12-gke.300",
              "1.18.10-gke.2701",
              "1.18.10-gke.2101",
              "1.18.10-gke.1500",
              "1.18.10-gke.601",
              "1.18.9-gke.2501",
              "1.18.9-gke.1501",
              "1.18.9-gke.801",
              "1.18.6-gke.4801",
              "1.18.6-gke.3504",
              "1.18.6-gke.3503",
              "1.17.17-gke.9100",
              "1.17.17-gke.8500",
              "1.17.17-gke.8200",
              "1.17.17-gke.7800",
              "1.17.17-gke.7200",
              "1.17.17-gke.6700",
              "1.17.17-gke.6000",
              "1.17.17-gke.5400",
              "1.17.17-gke.4900",
              "1.17.17-gke.4400",
              "1.17.17-gke.3700",
              "1.17.17-gke.3000",
              "1.17.17-gke.2800",
              "1.17.17-gke.2500",
              "1.17.17-gke.1500",
              "1.17.17-gke.1101",
              "1.17.17-gke.1100",
              "1.17.17-gke.600",
              "1.17.16-gke.1600",
              "1.17.16-gke.1300",
              "1.17.15-gke.800",
              "1.17.15-gke.300",
              "1.17.14-gke.1600",
              "1.17.14-gke.1200",
              "1.17.14-gke.400",
              "1.17.13-gke.2600",
              "1.17.13-gke.2001",
              "1.17.13-gke.1401",
              "1.17.13-gke.1400",
              "1.17.13-gke.600",
              "1.17.12-gke.2502",
              "1.17.12-gke.1504",
              "1.17.12-gke.1501",
              "1.17.12-gke.500",
              "1.17.9-gke.6300",
              "1.17.9-gke.1504",
              "1.16.15-gke.14800",
              "1.16.15-gke.12500",
              "1.16.15-gke.11800",
              "1.16.15-gke.10600",
              "1.16.15-gke.7801",
              "1.16.15-gke.7800",
              "1.16.15-gke.7300",
              "1.16.15-gke.6900",
              "1.16.15-gke.6000",
              "1.16.15-gke.5500",
              "1.16.15-gke.4901",
              "1.16.15-gke.4301",
              "1.16.15-gke.4300",
              "1.16.15-gke.3500",
              "1.16.15-gke.2601",
              "1.16.15-gke.1600",
              "1.16.15-gke.500",
              "1.16.13-gke.404",
              "1.16.13-gke.403",
              "1.16.13-gke.401",
              "1.16.13-gke.400",
              "1.16.13-gke.1",
              "1.16.11-gke.5",
              "1.16.10-gke.8",
              "1.16.9-gke.6",
              "1.16.9-gke.2",
              "1.16.8-gke.15",
              "1.16.8-gke.12",
              "1.16.8-gke.9",
              "1.15.12-gke.6002",
              "1.15.12-gke.6001",
              "1.15.12-gke.5000",
              "1.15.12-gke.4002",
              "1.15.12-gke.4000",
              "1.15.12-gke.20",
              "1.15.12-gke.17",
              "1.15.12-gke.16",
              "1.15.12-gke.13",
              "1.15.12-gke.9",
              "1.15.12-gke.6",
              "1.15.12-gke.3",
              "1.15.12-gke.2",
              "1.15.11-gke.17",
              "1.15.11-gke.15",
              "1.15.11-gke.13",
              "1.15.11-gke.12",
              "1.15.11-gke.11",
              "1.15.11-gke.9",
              "1.15.11-gke.5",
              "1.15.11-gke.3",
              "1.15.11-gke.1",
              "1.15.9-gke.26",
              "1.15.9-gke.24",
              "1.15.9-gke.22",
              "1.15.9-gke.12",
              "1.15.9-gke.9",
              "1.15.9-gke.8",
              "1.15.8-gke.3",
              "1.15.8-gke.2",
              "1.15.7-gke.23",
              "1.15.7-gke.2",
              "1.15.4-gke.22",
              "1.14.10-gke.1504",
              "1.14.10-gke.902",
              "1.14.10-gke.50",
              "1.14.10-gke.46",
              "1.14.10-gke.45",
              "1.14.10-gke.42",
              "1.14.10-gke.41",
              "1.14.10-gke.40",
              "1.14.10-gke.37",
              "1.14.10-gke.36",
              "1.14.10-gke.34",
              "1.14.10-gke.32",
              "1.14.10-gke.31",
              "1.14.10-gke.27",
              "1.14.10-gke.24",
              "1.14.10-gke.22",
              "1.14.10-gke.21",
              "1.14.10-gke.17",
              "1.14.10-gke.0",
              "1.14.9-gke.23",
              "1.14.9-gke.2",
              "1.14.9-gke.0",
              "1.14.8-gke.33",
              "1.14.8-gke.21",
              "1.14.8-gke.18",
              "1.14.8-gke.17",
              "1.14.8-gke.14",
              "1.14.8-gke.12",
              "1.14.8-gke.7",
              "1.14.8-gke.2",
              "1.14.7-gke.40",
              "1.14.7-gke.25",
              "1.14.7-gke.23",
              "1.14.7-gke.17",
              "1.14.7-gke.14",
              "1.14.7-gke.10",
              "1.14.6-gke.13",
              "1.14.6-gke.2",
              "1.14.6-gke.1",
              "1.14.3-gke.11",
              "1.14.3-gke.10",
              "1.14.3-gke.9",
              "1.14.2-gke.9",
              "1.14.1-gke.5",
              "1.13.12-gke.30",
              "1.13.12-gke.25",
              "1.13.12-gke.17",
              "1.13.12-gke.16",
              "1.13.12-gke.14",
              "1.13.12-gke.13",
              "1.13.12-gke.10",
              "1.13.12-gke.8",
              "1.13.12-gke.4",
              "1.13.12-gke.2",
              "1.13.11-gke.23",
              "1.13.11-gke.15",
              "1.13.11-gke.14",
              "1.13.11-gke.12",
              "1.13.11-gke.11",
              "1.13.11-gke.9",
              "1.13.11-gke.5",
              "1.13.10-gke.7",
              "1.13.10-gke.0",
              "1.13.9-gke.11",
              "1.13.9-gke.3",
              "1.13.7-gke.24",
              "1.13.7-gke.19",
              "1.13.7-gke.15",
              "1.13.7-gke.8",
              "1.13.7-gke.0",
              "1.13.6-gke.13",
              "1.13.6-gke.6",
              "1.13.6-gke.5",
              "1.13.6-gke.0",
              "1.13.5-gke.10",
              "1.12.10-gke.22",
              "1.12.10-gke.20",
              "1.12.10-gke.19",
              "1.12.10-gke.18",
              "1.12.10-gke.17",
              "1.12.10-gke.15",
              "1.12.10-gke.13",
              "1.12.10-gke.11",
              "1.12.10-gke.5",
              "1.12.9-gke.16",
              "1.12.9-gke.15",
              "1.12.9-gke.13",
              "1.12.9-gke.10",
              "1.12.9-gke.7",
              "1.12.9-gke.3",
              "1.12.8-gke.12",
              "1.12.8-gke.10",
              "1.12.8-gke.7",
              "1.12.8-gke.6",
              "1.12.7-gke.26",
              "1.12.7-gke.25",
              "1.12.7-gke.24",
              "1.12.7-gke.22",
              "1.12.7-gke.21",
              "1.12.7-gke.17",
              "1.12.7-gke.10",
              "1.12.7-gke.7",
              "1.12.6-gke.11",
              "1.12.6-gke.10",
              "1.12.6-gke.7",
              "1.12.5-gke.10",
              "1.12.5-gke.5",
              "1.11.10-gke.6",
              "1.11.10-gke.5"
            ],
            "version_prefix": null
          },
          "sensitive_attributes": []
        }
      ]
    },
    {
      "module": "module.gke_management",
      "mode": "data",
      "type": "google_container_engine_versions",
      "name": "zone",
      "provider": "provider[\"registry.terraform.io/hashicorp/google\"]",
      "instances": [
        {
          "schema_version": 0,
          "attributes": {
            "default_cluster_version": "1.20.8-gke.900",
            "id": "2021-08-24 00:29:02.650621369 +0000 UTC",
            "latest_master_version": "1.20.9-gke.1000",
            "latest_node_version": "1.20.9-gke.1000",
            "location": "us-east1-b",
            "project": "sdypp-framework-ago",
            "release_channel_default_version": {
              "RAPID": "1.20.8-gke.900",
              "REGULAR": "1.20.8-gke.900",
              "STABLE": "1.19.12-gke.2100"
            },
            "valid_master_versions": [
              "1.20.9-gke.1000",
              "1.20.9-gke.700",
              "1.20.8-gke.2100",
              "1.20.8-gke.900",
              "1.20.8-gke.700",
              "1.19.13-gke.1200",
              "1.19.13-gke.700",
              "1.19.12-gke.2100",
              "1.19.12-gke.1100",
              "1.19.12-gke.900",
              "1.19.12-gke.700",
              "1.19.11-gke.2101",
              "1.19.11-gke.1701",
              "1.19.10-gke.1701",
              "1.19.10-gke.1601",
              "1.19.10-gke.1001",
              "1.19.10-gke.1000",
              "1.19.9-gke.1900",
              "1.18.20-gke.3300",
              "1.18.20-gke.3000",
              "1.18.20-gke.2300",
              "1.18.20-gke.901",
              "1.18.20-gke.900",
              "1.18.20-gke.501",
              "1.17.17-gke.9100"
            ],
            "valid_node_versions": [
              "1.20.9-gke.1000",
              "1.20.9-gke.700",
              "1.20.8-gke.2100",
              "1.20.8-gke.900",
              "1.20.8-gke.700",
              "1.20.7-gke.2200",
              "1.20.7-gke.1800",
              "1.20.6-gke.1400",
              "1.20.6-gke.1000",
              "1.19.13-gke.1200",
              "1.19.13-gke.700",
              "1.19.12-gke.2100",
              "1.19.12-gke.1100",
              "1.19.12-gke.900",
              "1.19.12-gke.700",
              "1.19.11-gke.2101",
              "1.19.11-gke.2100",
              "1.19.11-gke.1701",
              "1.19.11-gke.1700",
              "1.19.10-gke.1701",
              "1.19.10-gke.1700",
              "1.19.10-gke.1601",
              "1.19.10-gke.1600",
              "1.19.10-gke.1001",
              "1.19.10-gke.1000",
              "1.19.9-gke.1900",
              "1.19.9-gke.1400",
              "1.19.9-gke.700",
              "1.19.9-gke.100",
              "1.19.8-gke.2000",
              "1.19.8-gke.1600",
              "1.19.8-gke.1000",
              "1.19.7-gke.2503",
              "1.19.7-gke.1500",
              "1.19.7-gke.1302",
              "1.19.7-gke.800",
              "1.19.6-gke.1700",
              "1.19.6-gke.1100",
              "1.19.6-gke.600",
              "1.18.20-gke.3300",
              "1.18.20-gke.3000",
              "1.18.20-gke.2300",
              "1.18.20-gke.901",
              "1.18.20-gke.900",
              "1.18.20-gke.501",
              "1.18.19-gke.2101",
              "1.18.19-gke.2100",
              "1.18.19-gke.1701",
              "1.18.19-gke.1700",
              "1.18.18-gke.1701",
              "1.18.18-gke.1700",
              "1.18.18-gke.1101",
              "1.18.18-gke.1100",
              "1.18.17-gke.1901",
              "1.18.17-gke.1900",
              "1.18.17-gke.1201",
              "1.18.17-gke.1200",
              "1.18.17-gke.700",
              "1.18.17-gke.100",
              "1.18.16-gke.2100",
              "1.18.16-gke.1201",
              "1.18.16-gke.1200",
              "1.18.16-gke.502",
              "1.18.16-gke.500",
              "1.18.16-gke.302",
              "1.18.16-gke.300",
              "1.18.15-gke.2500",
              "1.18.15-gke.1502",
              "1.18.15-gke.1501",
              "1.18.15-gke.1500",
              "1.18.15-gke.1102",
              "1.18.15-gke.1100",
              "1.18.15-gke.800",
              "1.18.14-gke.1600",
              "1.18.14-gke.1200",
              "1.18.12-gke.1210",
              "1.18.12-gke.1206",
              "1.18.12-gke.1205",
              "1.18.12-gke.1201",
              "1.18.12-gke.1200",
              "1.18.12-gke.300",
              "1.18.10-gke.2701",
              "1.18.10-gke.2101",
              "1.18.10-gke.1500",
              "1.18.10-gke.601",
              "1.18.9-gke.2501",
              "1.18.9-gke.1501",
              "1.18.9-gke.801",
              "1.18.6-gke.4801",
              "1.18.6-gke.3504",
              "1.18.6-gke.3503",
              "1.17.17-gke.9100",
              "1.17.17-gke.8500",
              "1.17.17-gke.8200",
              "1.17.17-gke.7800",
              "1.17.17-gke.7200",
              "1.17.17-gke.6700",
              "1.17.17-gke.6000",
              "1.17.17-gke.5400",
              "1.17.17-gke.4900",
              "1.17.17-gke.4400",
              "1.17.17-gke.3700",
              "1.17.17-gke.3000",
              "1.17.17-gke.2800",
              "1.17.17-gke.2500",
              "1.17.17-gke.1500",
              "1.17.17-gke.1101",
              "1.17.17-gke.1100",
              "1.17.17-gke.600",
              "1.17.16-gke.1600",
              "1.17.16-gke.1300",
              "1.17.15-gke.800",
              "1.17.15-gke.300",
              "1.17.14-gke.1600",
              "1.17.14-gke.1200",
              "1.17.14-gke.400",
              "1.17.13-gke.2600",
              "1.17.13-gke.2001",
              "1.17.13-gke.1401",
              "1.17.13-gke.1400",
              "1.17.13-gke.600",
              "1.17.12-gke.2502",
              "1.17.12-gke.1504",
              "1.17.12-gke.1501",
              "1.17.12-gke.500",
              "1.17.9-gke.6300",
              "1.17.9-gke.1504",
              "1.16.15-gke.14800",
              "1.16.15-gke.12500",
              "1.16.15-gke.11800",
              "1.16.15-gke.10600",
              "1.16.15-gke.7801",
              "1.16.15-gke.7800",
              "1.16.15-gke.7300",
              "1.16.15-gke.6900",
              "1.16.15-gke.6000",
              "1.16.15-gke.5500",
              "1.16.15-gke.4901",
              "1.16.15-gke.4301",
              "1.16.15-gke.4300",
              "1.16.15-gke.3500",
              "1.16.15-gke.2601",
              "1.16.15-gke.1600",
              "1.16.15-gke.500",
              "1.16.13-gke.404",
              "1.16.13-gke.403",
              "1.16.13-gke.401",
              "1.16.13-gke.400",
              "1.16.13-gke.1",
              "1.16.11-gke.5",
              "1.16.10-gke.8",
              "1.16.9-gke.6",
              "1.16.9-gke.2",
              "1.16.8-gke.15",
              "1.16.8-gke.12",
              "1.16.8-gke.9",
              "1.15.12-gke.6002",
              "1.15.12-gke.6001",
              "1.15.12-gke.5000",
              "1.15.12-gke.4002",
              "1.15.12-gke.4000",
              "1.15.12-gke.20",
              "1.15.12-gke.17",
              "1.15.12-gke.16",
              "1.15.12-gke.13",
              "1.15.12-gke.9",
              "1.15.12-gke.6",
              "1.15.12-gke.3",
              "1.15.12-gke.2",
              "1.15.11-gke.17",
              "1.15.11-gke.15",
              "1.15.11-gke.13",
              "1.15.11-gke.12",
              "1.15.11-gke.11",
              "1.15.11-gke.9",
              "1.15.11-gke.5",
              "1.15.11-gke.3",
              "1.15.11-gke.1",
              "1.15.9-gke.26",
              "1.15.9-gke.24",
              "1.15.9-gke.22",
              "1.15.9-gke.12",
              "1.15.9-gke.9",
              "1.15.9-gke.8",
              "1.15.8-gke.3",
              "1.15.8-gke.2",
              "1.15.7-gke.23",
              "1.15.7-gke.2",
              "1.15.4-gke.22",
              "1.14.10-gke.1504",
              "1.14.10-gke.902",
              "1.14.10-gke.50",
              "1.14.10-gke.46",
              "1.14.10-gke.45",
              "1.14.10-gke.42",
              "1.14.10-gke.41",
              "1.14.10-gke.40",
              "1.14.10-gke.37",
              "1.14.10-gke.36",
              "1.14.10-gke.34",
              "1.14.10-gke.32",
              "1.14.10-gke.31",
              "1.14.10-gke.27",
              "1.14.10-gke.24",
              "1.14.10-gke.22",
              "1.14.10-gke.21",
              "1.14.10-gke.17",
              "1.14.10-gke.0",
              "1.14.9-gke.23",
              "1.14.9-gke.2",
              "1.14.9-gke.0",
              "1.14.8-gke.33",
              "1.14.8-gke.21",
              "1.14.8-gke.18",
              "1.14.8-gke.17",
              "1.14.8-gke.14",
              "1.14.8-gke.12",
              "1.14.8-gke.7",
              "1.14.8-gke.2",
              "1.14.7-gke.40",
              "1.14.7-gke.25",
              "1.14.7-gke.23",
              "1.14.7-gke.17",
              "1.14.7-gke.14",
              "1.14.7-gke.10",
              "1.14.6-gke.13",
              "1.14.6-gke.2",
              "1.14.6-gke.1",
              "1.14.3-gke.11",
              "1.14.3-gke.10",
              "1.14.3-gke.9",
              "1.14.2-gke.9",
              "1.14.1-gke.5",
              "1.13.12-gke.30",
              "1.13.12-gke.25",
              "1.13.12-gke.17",
              "1.13.12-gke.16",
              "1.13.12-gke.14",
              "1.13.12-gke.13",
              "1.13.12-gke.10",
              "1.13.12-gke.8",
              "1.13.12-gke.4",
              "1.13.12-gke.2",
              "1.13.11-gke.23",
              "1.13.11-gke.15",
              "1.13.11-gke.14",
              "1.13.11-gke.12",
              "1.13.11-gke.11",
              "1.13.11-gke.9",
              "1.13.11-gke.5",
              "1.13.10-gke.7",
              "1.13.10-gke.0",
              "1.13.9-gke.11",
              "1.13.9-gke.3",
              "1.13.7-gke.24",
              "1.13.7-gke.19",
              "1.13.7-gke.15",
              "1.13.7-gke.8",
              "1.13.7-gke.0",
              "1.13.6-gke.13",
              "1.13.6-gke.6",
              "1.13.6-gke.5",
              "1.13.6-gke.0",
              "1.13.5-gke.10",
              "1.12.10-gke.22",
              "1.12.10-gke.20",
              "1.12.10-gke.19",
              "1.12.10-gke.18",
              "1.12.10-gke.17",
              "1.12.10-gke.15",
              "1.12.10-gke.13",
              "1.12.10-gke.11",
              "1.12.10-gke.5",
              "1.12.9-gke.16",
              "1.12.9-gke.15",
              "1.12.9-gke.13",
              "1.12.9-gke.10",
              "1.12.9-gke.7",
              "1.12.9-gke.3",
              "1.12.8-gke.12",
              "1.12.8-gke.10",
              "1.12.8-gke.7",
              "1.12.8-gke.6",
              "1.12.7-gke.26",
              "1.12.7-gke.25",
              "1.12.7-gke.24",
              "1.12.7-gke.22",
              "1.12.7-gke.21",
              "1.12.7-gke.17",
              "1.12.7-gke.10",
              "1.12.7-gke.7",
              "1.12.6-gke.11",
              "1.12.6-gke.10",
              "1.12.6-gke.7",
              "1.12.5-gke.10",
              "1.12.5-gke.5",
              "1.11.10-gke.6",
              "1.11.10-gke.5"
            ],
            "version_prefix": null
          },
          "sensitive_attributes": []
        }
      ]
    },
    {
      "module": "module.gke_management",
      "mode": "managed",
      "type": "google_container_cluster",
      "name": "primary",
      "provider": "provider[\"registry.terraform.io/hashicorp/google\"]",
      "instances": [
        {
          "schema_version": 1,
          "attributes": {
            "addons_config": [
              {
                "cloudrun_config": [],
                "horizontal_pod_autoscaling": [
                  {
                    "disabled": false
                  }
                ],
                "http_load_balancing": [
                  {
                    "disabled": true
                  }
                ],
                "network_policy_config": [
                  {
                    "disabled": true
                  }
                ]
              }
            ],
            "authenticator_groups_config": [],
            "cluster_autoscaling": [
              {
                "auto_provisioning_defaults": [
                  {
                    "oauth_scopes": [
                      "https://www.googleapis.com/auth/logging.write",
                      "https://www.googleapis.com/auth/monitoring"
                    ],
                    "service_account": "default"
                  }
                ],
                "enabled": true,
                "resource_limits": [
                  {
                    "maximum": 10,
                    "minimum": 1,
                    "resource_type": "cpu"
                  },
                  {
                    "maximum": 64,
                    "minimum": 1,
                    "resource_type": "memory"
                  }
                ]
              }
            ],
            "cluster_ipv4_cidr": "192.168.80.0/20",
            "database_encryption": [
              {
                "key_name": "",
                "state": "DECRYPTED"
              }
            ],
            "datapath_provider": "",
            "default_max_pods_per_node": 110,
            "default_snat_status": [
              {
                "disabled": false
              }
            ],
            "description": "",
            "enable_autopilot": false,
            "enable_binary_authorization": false,
            "enable_intranode_visibility": false,
            "enable_kubernetes_alpha": false,
            "enable_legacy_abac": false,
            "enable_shielded_nodes": true,
            "enable_tpu": false,
            "endpoint": "34.75.113.140",
            "id": "projects/sdypp-framework-ago/locations/us-east1/clusters/gke-management-cluster",
            "initial_node_count": 0,
            "instance_group_urls": [
              "https://www.googleapis.com/compute/v1/projects/sdypp-framework-ago/zones/us-east1-b/instanceGroups/gke-gke-management-clust-default-pool-295a313e-grp"
            ],
            "ip_allocation_policy": [
              {
                "cluster_ipv4_cidr_block": "192.168.80.0/20",
                "cluster_secondary_range_name": "sdypp-framework-ago-subnet-management-pods",
                "services_ipv4_cidr_block": "192.168.96.0/20",
                "services_secondary_range_name": "sdypp-framework-ago-subnet-management-services"
              }
            ],
            "label_fingerprint": "a9dc16a7",
            "location": "us-east1",
            "logging_service": "logging.googleapis.com/kubernetes",
            "maintenance_policy": [
              {
                "daily_maintenance_window": [
                  {
                    "duration": "PT4H0M0S",
                    "start_time": "05:00"
                  }
                ],
                "maintenance_exclusion": [],
                "recurring_window": []
              }
            ],
            "master_auth": [
              {
                "client_certificate": "",
                "client_certificate_config": [
                  {
                    "issue_client_certificate": false
                  }
                ],
                "client_key": "",
                "cluster_ca_certificate": "LS0tLS1CRUdJTiBDRVJUSUZJQ0FURS0tLS0tCk1JSURLakNDQWhLZ0F3SUJBZ0lRSkd1NktRU1U0NDQwK0QvdWRXZnZrakFOQmdrcWhraUc5dzBCQVFzRkFEQXYKTVMwd0t3WURWUVFERXlRM01ESmxORGcxTkMwelpEYzRMVFEyT0RRdE9EaGhZeTFsTnpobE1tRmxZV1ZoTldNdwpIaGNOTWpFd09ESXpNak15T1RFeldoY05Nall3T0RJek1EQXlPVEV6V2pBdk1TMHdLd1lEVlFRREV5UTNNREpsCk5EZzFOQzB6WkRjNExUUTJPRFF0T0RoaFl5MWxOemhsTW1GbFlXVmhOV013Z2dFaU1BMEdDU3FHU0liM0RRRUIKQVFVQUE0SUJEd0F3Z2dFS0FvSUJBUURKMWRzblJGejYyZDYzN3hyTFQvaGVYVFErMU94ZUNKcU1QaGZ6MjNybQpCL1NMNmVJZmNFRzdmZEhoc2piYXBJWkRRdmxTUnp5aC8zZ1dKQ1p0VXBTUEp2R21yaHZKSFlmMnhKMEQ0QzF1CjRDMGEvU054SExCTnBHTWV4Y3h6K1d4NEN6Sm1iN0JqY1A0UTY0N3VuU0JhSHBLQ3VCelUyVHZHS1M1Z255RUgKUVVqSHFvLzh4cjRPMHhESmVDbFY5RXI1VjBtNXM3S08wanJGTHlZQ3FHd0g2U3RLdzJZbU9QVUYyclUrVVBPVwpBVkRGeWVUVENOalhaVmlQa002RHFRaDVWTGVwdDdIY292dnBEZnd0d0IzMkhrMzRJSWxUWFZqSjV4dVVmb1A5Ck9TcFAzVDErcnRwTjJiVXN2N2d5aWlRbk80dFhmNXRINlhsWXpOcDZLQ29MQWdNQkFBR2pRakJBTUE0R0ExVWQKRHdFQi93UUVBd0lDQkRBUEJnTlZIUk1CQWY4RUJUQURBUUgvTUIwR0ExVWREZ1FXQkJTeG1xcGQrY1J2UFJ0MQovaThqU2Z0dFJYRFRFREFOQmdrcWhraUc5dzBCQVFzRkFBT0NBUUVBZjcrdXlwdWtRZVV2L3Z4Y2dBZU9HQllxCkxmaVZaUkZUcUMvc3BSUStLQ2t3cFlPT1lwdml5aVRjaUhYRWU5eE1vcG1zVHBpTXdyWmxCQVFQbUt4R2d2ZFoKRmMyejZTdE5BaUcxU2xaQ3BQcXBWNmIxYllRN3ZTRUFxUGIvUW1GRjU1ckpQZnRxQ3FWVzk2eWNBdnRHdGRQVQpyV0cxSjBnSzVFT2k5ZGxwb2JkcmRaYTliRWZPWGpINDhGL2VEMWx6QzduMFU3a3IwT3hFQy94Wno2TnFXR1dyCkppT1o2QXJweHdJZkNONkpnZUhlbHBqK0ZWK2VPaU9JV3pFamVyT1I1eWZsNVprOTZETU9IbU5wWThGMXl6eE0KTEEvSTA3eG95ZWM4L1BpMDJuVmVMVEZnVVhSM1dUc3RIMVA4Y0crMTY2d0R1alhDeVo5WGJHVDBVZUhFVFE9PQotLS0tLUVORCBDRVJUSUZJQ0FURS0tLS0tCg==",
                "password": "",
                "username": ""
              }
            ],
            "master_authorized_networks_config": [],
            "master_version": "1.20.9-gke.1000",
            "min_master_version": "1.20.9-gke.1000",
            "monitoring_service": "monitoring.googleapis.com/kubernetes",
            "name": "gke-management-cluster",
            "network": "projects/sdypp-framework-ago/global/networks/sdypp-framework-ago-vpc-management",
            "network_policy": [
              {
                "enabled": false,
                "provider": "PROVIDER_UNSPECIFIED"
              }
            ],
            "networking_mode": "VPC_NATIVE",
            "node_config": [
              {
                "disk_size_gb": 100,
                "disk_type": "pd-standard",
                "guest_accelerator": [],
                "image_type": "COS_CONTAINERD",
                "labels": {},
                "local_ssd_count": 0,
                "machine_type": "e2-medium",
                "metadata": {
                  "disable-legacy-endpoints": "true"
                },
                "min_cpu_platform": "",
                "oauth_scopes": [
                  "https://www.googleapis.com/auth/logging.write",
                  "https://www.googleapis.com/auth/monitoring"
                ],
                "preemptible": false,
                "service_account": "serviceaccount@sdypp-framework-ago.iam.gserviceaccount.com",
                "shielded_instance_config": [
                  {
                    "enable_integrity_monitoring": true,
                    "enable_secure_boot": false
                  }
                ],
                "tags": [],
                "taint": [],
                "workload_metadata_config": [
                  {
                    "node_metadata": "GKE_METADATA_SERVER"
                  }
                ]
              }
            ],
            "node_locations": [
              "us-east1-b"
            ],
            "node_pool": [
              {
                "autoscaling": [],
                "initial_node_count": 0,
                "instance_group_urls": [
                  "https://www.googleapis.com/compute/v1/projects/sdypp-framework-ago/zones/us-east1-b/instanceGroupManagers/gke-gke-management-clust-default-pool-295a313e-grp"
                ],
                "management": [
                  {
                    "auto_repair": true,
                    "auto_upgrade": true
                  }
                ],
                "max_pods_per_node": 110,
                "name": "default-pool",
                "name_prefix": "",
                "node_config": [
                  {
                    "disk_size_gb": 100,
                    "disk_type": "pd-standard",
                    "guest_accelerator": [],
                    "image_type": "COS_CONTAINERD",
                    "labels": {},
                    "local_ssd_count": 0,
                    "machine_type": "e2-medium",
                    "metadata": {
                      "disable-legacy-endpoints": "true"
                    },
                    "min_cpu_platform": "",
                    "oauth_scopes": [
                      "https://www.googleapis.com/auth/logging.write",
                      "https://www.googleapis.com/auth/monitoring"
                    ],
                    "preemptible": false,
                    "service_account": "serviceaccount@sdypp-framework-ago.iam.gserviceaccount.com",
                    "shielded_instance_config": [
                      {
                        "enable_integrity_monitoring": true,
                        "enable_secure_boot": false
                      }
                    ],
                    "tags": null,
                    "taint": [],
                    "workload_metadata_config": [
                      {
                        "node_metadata": "GKE_METADATA_SERVER"
                      }
                    ]
                  }
                ],
                "node_count": 0,
                "node_locations": [
                  "us-east1-b"
                ],
                "upgrade_settings": [
                  {
                    "max_surge": 1,
                    "max_unavailable": 0
                  }
                ],
                "version": "1.20.9-gke.1000"
              }
            ],
            "node_version": "1.20.9-gke.1000",
            "operation": null,
            "pod_security_policy_config": [],
            "private_cluster_config": [
              {
                "enable_private_endpoint": false,
                "enable_private_nodes": true,
                "master_global_access_config": [
                  {
                    "enabled": false
                  }
                ],
                "master_ipv4_cidr_block": "10.0.0.0/28",
                "peering_name": "gke-n7bf4be13270b75d30c9-30cd-1464-peer",
                "private_endpoint": "10.0.0.2",
                "public_endpoint": "34.75.113.140"
              }
            ],
            "private_ipv6_google_access": "",
            "project": "sdypp-framework-ago",
            "release_channel": [
              {
                "channel": "UNSPECIFIED"
              }
            ],
            "remove_default_node_pool": false,
            "resource_labels": null,
            "resource_usage_export_config": [],
            "self_link": "https://container.googleapis.com/v1beta1/projects/sdypp-framework-ago/locations/us-east1/clusters/gke-management-cluster",
            "services_ipv4_cidr": "192.168.96.0/20",
            "subnetwork": "projects/sdypp-framework-ago/regions/us-east1/subnetworks/sdypp-framework-ago-subnet-management",
            "timeouts": {
              "create": "45m",
              "delete": "45m",
              "read": null,
              "update": "45m"
            },
            "tpu_ipv4_cidr_block": "",
            "vertical_pod_autoscaling": [
              {
                "enabled": false
              }
            ],
            "workload_identity_config": [
              {
                "identity_namespace": "sdypp-framework-ago.svc.id.goog"
              }
            ]
          },
          "sensitive_attributes": [],
          "private": "eyJlMmJmYjczMC1lY2FhLTExZTYtOGY4OC0zNDM2M2JjN2M0YzAiOnsiY3JlYXRlIjoyNzAwMDAwMDAwMDAwLCJkZWxldGUiOjI3MDAwMDAwMDAwMDAsInJlYWQiOjI0MDAwMDAwMDAwMDAsInVwZGF0ZSI6MjcwMDAwMDAwMDAwMH0sInNjaGVtYV92ZXJzaW9uIjoiMSJ9",
          "dependencies": [
            "module.gke_management.data.google_compute_zones.available",
            "module.gke_management.data.google_container_engine_versions.region",
            "module.gke_management.data.google_container_engine_versions.zone",
            "module.gke_management.google_service_account.cluster_service_account",
            "module.gke_management.random_shuffle.available_zones",
            "module.gke_management.random_string.cluster_service_account_suffix",
            "module.vpc_management.module.firewall_rules.google_compute_firewall.rules",
            "module.vpc_management.module.routes.google_compute_route.route",
            "module.vpc_management.module.subnets.google_compute_subnetwork.subnetwork",
            "module.vpc_management.module.vpc.google_compute_network.network",
            "module.vpc_management.module.vpc.google_compute_shared_vpc_host_project.shared_vpc_host"
          ]
        }
      ]
    },
    {
      "module": "module.gke_management",
      "mode": "managed",
      "type": "google_container_node_pool",
      "name": "pools",
      "provider": "provider[\"registry.terraform.io/hashicorp/google\"]",
      "instances": [
        {
          "index_key": "default-node-pool",
          "schema_version": 1,
          "attributes": {
            "autoscaling": [
              {
                "max_node_count": 4,
                "min_node_count": 1
              }
            ],
            "cluster": "gke-management-cluster",
            "id": "projects/sdypp-framework-ago/locations/us-east1/clusters/gke-management-cluster/nodePools/default-node-pool",
            "initial_node_count": 4,
            "instance_group_urls": [
              "https://www.googleapis.com/compute/v1/projects/sdypp-framework-ago/zones/us-east1-b/instanceGroupManagers/gke-gke-management-c-default-node-poo-f54f51e6-grp"
            ],
            "location": "us-east1",
            "management": [
              {
                "auto_repair": true,
                "auto_upgrade": true
              }
            ],
            "max_pods_per_node": 110,
            "name": "default-node-pool",
            "name_prefix": "",
            "node_config": [
              {
                "disk_size_gb": 20,
                "disk_type": "pd-standard",
                "guest_accelerator": [],
                "image_type": "COS",
                "labels": {
                  "cluster_name": "gke-management-cluster",
                  "default-node-pool": "true",
                  "node_pool": "default-node-pool"
                },
                "local_ssd_count": 0,
                "machine_type": "n1-standard-1",
                "metadata": {
                  "cluster_name": "gke-management-cluster",
                  "disable-legacy-endpoints": "true",
                  "node-pool-metadata-custom-value": "my-node-pool",
                  "node_pool": "default-node-pool"
                },
                "min_cpu_platform": "",
                "oauth_scopes": [
                  "https://www.googleapis.com/auth/cloud-platform",
                  "https://www.googleapis.com/auth/ndev.clouddns.readwrite"
                ],
                "preemptible": true,
                "service_account": "serviceaccount@sdypp-framework-ago.iam.gserviceaccount.com",
                "shielded_instance_config": [
                  {
                    "enable_integrity_monitoring": true,
                    "enable_secure_boot": false
                  }
                ],
                "tags": [
                  "gke-gke-management-cluster",
                  "gke-gke-management-cluster-default-node-pool",
                  "default-node-pool"
                ],
                "taint": [
                  {
                    "effect": "PREFER_NO_SCHEDULE",
                    "key": "default-node-pool",
                    "value": "true"
                  }
                ],
                "workload_metadata_config": [
                  {
                    "node_metadata": "GKE_METADATA_SERVER"
                  }
                ]
              }
            ],
            "node_count": 4,
            "node_locations": [
              "us-east1-b"
            ],
            "operation": null,
            "project": "sdypp-framework-ago",
            "timeouts": {
              "create": "45m",
              "delete": "45m",
              "update": "45m"
            },
            "upgrade_settings": [
              {
                "max_surge": 1,
                "max_unavailable": 0
              }
            ],
            "version": "1.20.9-gke.1000"
          },
          "sensitive_attributes": [],
          "private": "eyJlMmJmYjczMC1lY2FhLTExZTYtOGY4OC0zNDM2M2JjN2M0YzAiOnsiY3JlYXRlIjoyNzAwMDAwMDAwMDAwLCJkZWxldGUiOjI3MDAwMDAwMDAwMDAsInVwZGF0ZSI6MjcwMDAwMDAwMDAwMH0sInNjaGVtYV92ZXJzaW9uIjoiMSJ9",
          "dependencies": [
            "module.gke_management.data.google_compute_zones.available",
            "module.gke_management.data.google_container_engine_versions.region",
            "module.gke_management.data.google_container_engine_versions.zone",
            "module.gke_management.google_container_cluster.primary",
            "module.gke_management.google_service_account.cluster_service_account",
            "module.gke_management.random_shuffle.available_zones",
            "module.gke_management.random_string.cluster_service_account_suffix",
            "module.vpc_management.module.firewall_rules.google_compute_firewall.rules",
            "module.vpc_management.module.routes.google_compute_route.route",
            "module.vpc_management.module.subnets.google_compute_subnetwork.subnetwork",
            "module.vpc_management.module.vpc.google_compute_network.network",
            "module.vpc_management.module.vpc.google_compute_shared_vpc_host_project.shared_vpc_host"
          ]
        }
      ]
    },
    {
      "module": "module.gke_management",
      "mode": "managed",
      "type": "google_project_iam_member",
      "name": "cluster_service_account-log_writer",
      "provider": "provider[\"registry.terraform.io/hashicorp/google\"]",
      "instances": [
        {
          "index_key": 0,
          "schema_version": 0,
          "attributes": {
            "condition": [],
            "etag": "BwXKQzjKhbo=",
            "id": "sdypp-framework-ago/roles/logging.logWriter/serviceAccount:tf-gke-gke-management--7h2w@sdypp-framework-ago.iam.gserviceaccount.com",
            "member": "serviceAccount:tf-gke-gke-management--7h2w@sdypp-framework-ago.iam.gserviceaccount.com",
            "project": "sdypp-framework-ago",
            "role": "roles/logging.logWriter"
          },
          "sensitive_attributes": [],
          "private": "bnVsbA==",
          "dependencies": [
            "module.gke_management.google_service_account.cluster_service_account",
            "module.gke_management.random_string.cluster_service_account_suffix",
            "module.vpc_management.module.firewall_rules.google_compute_firewall.rules",
            "module.vpc_management.module.routes.google_compute_route.route",
            "module.vpc_management.module.subnets.google_compute_subnetwork.subnetwork",
            "module.vpc_management.module.vpc.google_compute_network.network",
            "module.vpc_management.module.vpc.google_compute_shared_vpc_host_project.shared_vpc_host"
          ]
        }
      ]
    },
    {
      "module": "module.gke_management",
      "mode": "managed",
      "type": "google_project_iam_member",
      "name": "cluster_service_account-metric_writer",
      "provider": "provider[\"registry.terraform.io/hashicorp/google\"]",
      "instances": [
        {
          "index_key": 0,
          "schema_version": 0,
          "attributes": {
            "condition": [],
            "etag": "BwXKQzlUE0U=",
            "id": "sdypp-framework-ago/roles/monitoring.metricWriter/serviceAccount:tf-gke-gke-management--7h2w@sdypp-framework-ago.iam.gserviceaccount.com",
            "member": "serviceAccount:tf-gke-gke-management--7h2w@sdypp-framework-ago.iam.gserviceaccount.com",
            "project": "sdypp-framework-ago",
            "role": "roles/monitoring.metricWriter"
          },
          "sensitive_attributes": [],
          "private": "bnVsbA==",
          "dependencies": [
            "module.gke_management.google_project_iam_member.cluster_service_account-log_writer",
            "module.gke_management.google_service_account.cluster_service_account",
            "module.gke_management.random_string.cluster_service_account_suffix",
            "module.vpc_management.module.firewall_rules.google_compute_firewall.rules",
            "module.vpc_management.module.routes.google_compute_route.route",
            "module.vpc_management.module.subnets.google_compute_subnetwork.subnetwork",
            "module.vpc_management.module.vpc.google_compute_network.network",
            "module.vpc_management.module.vpc.google_compute_shared_vpc_host_project.shared_vpc_host"
          ]
        }
      ]
    },
    {
      "module": "module.gke_management",
      "mode": "managed",
      "type": "google_project_iam_member",
      "name": "cluster_service_account-monitoring_viewer",
      "provider": "provider[\"registry.terraform.io/hashicorp/google\"]",
      "instances": [
        {
          "index_key": 0,
          "schema_version": 0,
          "attributes": {
            "condition": [],
            "etag": "BwXKQzozdds=",
            "id": "sdypp-framework-ago/roles/monitoring.viewer/serviceAccount:tf-gke-gke-management--7h2w@sdypp-framework-ago.iam.gserviceaccount.com",
            "member": "serviceAccount:tf-gke-gke-management--7h2w@sdypp-framework-ago.iam.gserviceaccount.com",
            "project": "sdypp-framework-ago",
            "role": "roles/monitoring.viewer"
          },
          "sensitive_attributes": [],
          "private": "bnVsbA==",
          "dependencies": [
            "module.gke_management.google_project_iam_member.cluster_service_account-log_writer",
            "module.gke_management.google_project_iam_member.cluster_service_account-metric_writer",
            "module.gke_management.google_service_account.cluster_service_account",
            "module.gke_management.random_string.cluster_service_account_suffix",
            "module.vpc_management.module.firewall_rules.google_compute_firewall.rules",
            "module.vpc_management.module.routes.google_compute_route.route",
            "module.vpc_management.module.subnets.google_compute_subnetwork.subnetwork",
            "module.vpc_management.module.vpc.google_compute_network.network",
            "module.vpc_management.module.vpc.google_compute_shared_vpc_host_project.shared_vpc_host"
          ]
        }
      ]
    },
    {
      "module": "module.gke_management",
      "mode": "managed",
      "type": "google_project_iam_member",
      "name": "cluster_service_account-resourceMetadata-writer",
      "provider": "provider[\"registry.terraform.io/hashicorp/google\"]",
      "instances": [
        {
          "index_key": 0,
          "schema_version": 0,
          "attributes": {
            "condition": [],
            "etag": "BwXKQzq/Hmw=",
            "id": "sdypp-framework-ago/roles/stackdriver.resourceMetadata.writer/serviceAccount:tf-gke-gke-management--7h2w@sdypp-framework-ago.iam.gserviceaccount.com",
            "member": "serviceAccount:tf-gke-gke-management--7h2w@sdypp-framework-ago.iam.gserviceaccount.com",
            "project": "sdypp-framework-ago",
            "role": "roles/stackdriver.resourceMetadata.writer"
          },
          "sensitive_attributes": [],
          "private": "bnVsbA==",
          "dependencies": [
            "module.gke_management.google_project_iam_member.cluster_service_account-log_writer",
            "module.gke_management.google_project_iam_member.cluster_service_account-metric_writer",
            "module.gke_management.google_project_iam_member.cluster_service_account-monitoring_viewer",
            "module.gke_management.google_service_account.cluster_service_account",
            "module.gke_management.random_string.cluster_service_account_suffix",
            "module.vpc_management.module.firewall_rules.google_compute_firewall.rules",
            "module.vpc_management.module.routes.google_compute_route.route",
            "module.vpc_management.module.subnets.google_compute_subnetwork.subnetwork",
            "module.vpc_management.module.vpc.google_compute_network.network",
            "module.vpc_management.module.vpc.google_compute_shared_vpc_host_project.shared_vpc_host"
          ]
        }
      ]
    },
    {
      "module": "module.gke_management",
      "mode": "managed",
      "type": "google_service_account",
      "name": "cluster_service_account",
      "provider": "provider[\"registry.terraform.io/hashicorp/google\"]",
      "instances": [
        {
          "index_key": 0,
          "schema_version": 0,
          "attributes": {
            "account_id": "tf-gke-gke-management--7h2w",
            "description": "",
            "display_name": "Terraform-managed service account for cluster gke-management-cluster",
            "email": "tf-gke-gke-management--7h2w@sdypp-framework-ago.iam.gserviceaccount.com",
            "id": "projects/sdypp-framework-ago/serviceAccounts/tf-gke-gke-management--7h2w@sdypp-framework-ago.iam.gserviceaccount.com",
            "name": "projects/sdypp-framework-ago/serviceAccounts/tf-gke-gke-management--7h2w@sdypp-framework-ago.iam.gserviceaccount.com",
            "project": "sdypp-framework-ago",
            "timeouts": null,
            "unique_id": "110849742898729479588"
          },
          "sensitive_attributes": [],
          "private": "eyJlMmJmYjczMC1lY2FhLTExZTYtOGY4OC0zNDM2M2JjN2M0YzAiOnsiY3JlYXRlIjozMDAwMDAwMDAwMDB9fQ==",
          "dependencies": [
            "module.gke_management.random_string.cluster_service_account_suffix",
            "module.vpc_management.module.firewall_rules.google_compute_firewall.rules",
            "module.vpc_management.module.routes.google_compute_route.route",
            "module.vpc_management.module.subnets.google_compute_subnetwork.subnetwork",
            "module.vpc_management.module.vpc.google_compute_network.network",
            "module.vpc_management.module.vpc.google_compute_shared_vpc_host_project.shared_vpc_host"
          ]
        }
      ]
    },
    {
      "module": "module.gke_management",
      "mode": "managed",
      "type": "random_shuffle",
      "name": "available_zones",
      "provider": "provider[\"registry.terraform.io/hashicorp/random\"]",
      "instances": [
        {
          "schema_version": 0,
          "attributes": {
            "id": "-",
            "input": [
              "us-east1-b",
              "us-east1-c",
              "us-east1-d"
            ],
            "keepers": null,
            "result": [
              "us-east1-c",
              "us-east1-b",
              "us-east1-d"
            ],
            "result_count": 3,
            "seed": null
          },
          "sensitive_attributes": [],
          "private": "bnVsbA==",
          "dependencies": [
            "module.gke_management.data.google_compute_zones.available",
            "module.vpc_management.module.firewall_rules.google_compute_firewall.rules",
            "module.vpc_management.module.routes.google_compute_route.route",
            "module.vpc_management.module.subnets.google_compute_subnetwork.subnetwork",
            "module.vpc_management.module.vpc.google_compute_network.network",
            "module.vpc_management.module.vpc.google_compute_shared_vpc_host_project.shared_vpc_host"
          ]
        }
      ]
    },
    {
      "module": "module.gke_management",
      "mode": "managed",
      "type": "random_string",
      "name": "cluster_service_account_suffix",
      "provider": "provider[\"registry.terraform.io/hashicorp/random\"]",
      "instances": [
        {
          "schema_version": 1,
          "attributes": {
            "id": "7h2w",
            "keepers": null,
            "length": 4,
            "lower": true,
            "min_lower": 0,
            "min_numeric": 0,
            "min_special": 0,
            "min_upper": 0,
            "number": true,
            "override_special": null,
            "result": "7h2w",
            "special": false,
            "upper": false
          },
          "sensitive_attributes": [],
          "private": "eyJzY2hlbWFfdmVyc2lvbiI6IjEifQ==",
          "dependencies": [
            "module.vpc_management.module.firewall_rules.google_compute_firewall.rules",
            "module.vpc_management.module.routes.google_compute_route.route",
            "module.vpc_management.module.subnets.google_compute_subnetwork.subnetwork",
            "module.vpc_management.module.vpc.google_compute_network.network",
            "module.vpc_management.module.vpc.google_compute_shared_vpc_host_project.shared_vpc_host"
          ]
        }
      ]
    },
    {
      "module": "module.gke_management.module.gcloud_delete_default_kube_dns_configmap.module.gcloud_kubectl",
      "mode": "managed",
      "type": "null_resource",
      "name": "module_depends_on",
      "provider": "provider[\"registry.terraform.io/hashicorp/null\"]",
      "instances": [
        {
          "index_key": 0,
          "schema_version": 0,
          "attributes": {
            "id": "6155679841549090015",
            "triggers": {
              "value": "2"
            }
          },
          "sensitive_attributes": [],
          "private": "bnVsbA==",
          "dependencies": [
            "module.gke_management.data.google_compute_zones.available",
            "module.gke_management.data.google_container_engine_versions.region",
            "module.gke_management.data.google_container_engine_versions.zone",
            "module.gke_management.google_container_cluster.primary",
            "module.gke_management.google_container_node_pool.pools",
            "module.gke_management.google_service_account.cluster_service_account",
            "module.gke_management.random_shuffle.available_zones",
            "module.gke_management.random_string.cluster_service_account_suffix",
            "module.vpc_management.module.firewall_rules.google_compute_firewall.rules",
            "module.vpc_management.module.routes.google_compute_route.route",
            "module.vpc_management.module.subnets.google_compute_subnetwork.subnetwork",
            "module.vpc_management.module.vpc.google_compute_network.network",
            "module.vpc_management.module.vpc.google_compute_shared_vpc_host_project.shared_vpc_host"
          ]
        }
      ]
    },
    {
      "module": "module.gke_resources",
      "mode": "data",
      "type": "google_compute_zones",
      "name": "available",
      "provider": "provider[\"registry.terraform.io/hashicorp/google\"]",
      "instances": [
        {
          "schema_version": 0,
          "attributes": {
            "id": "projects/sdypp-framework-ago/regions/us-west1",
            "names": [
              "us-west1-a",
              "us-west1-b",
              "us-west1-c"
            ],
            "project": "sdypp-framework-ago",
            "region": "us-west1",
            "status": null
          },
          "sensitive_attributes": []
        }
      ]
    },
    {
      "module": "module.gke_resources",
      "mode": "data",
      "type": "google_container_engine_versions",
      "name": "region",
      "provider": "provider[\"registry.terraform.io/hashicorp/google\"]",
      "instances": [
        {
          "schema_version": 0,
          "attributes": {
            "default_cluster_version": "1.20.8-gke.900",
            "id": "2021-08-24 00:29:25.471113069 +0000 UTC",
            "latest_master_version": "1.20.9-gke.1000",
            "latest_node_version": "1.20.9-gke.1000",
            "location": "us-west1",
            "project": "sdypp-framework-ago",
            "release_channel_default_version": {
              "RAPID": "1.20.8-gke.900",
              "REGULAR": "1.20.8-gke.900",
              "STABLE": "1.19.12-gke.2100"
            },
            "valid_master_versions": [
              "1.20.9-gke.1000",
              "1.20.9-gke.700",
              "1.20.8-gke.2100",
              "1.20.8-gke.900",
              "1.20.8-gke.700",
              "1.19.13-gke.1200",
              "1.19.13-gke.700",
              "1.19.12-gke.2100",
              "1.19.12-gke.1100",
              "1.19.12-gke.900",
              "1.19.12-gke.700",
              "1.19.11-gke.2101",
              "1.19.11-gke.1701",
              "1.19.10-gke.1701",
              "1.19.10-gke.1601",
              "1.19.10-gke.1001",
              "1.19.10-gke.1000",
              "1.19.9-gke.1900",
              "1.18.20-gke.3300",
              "1.18.20-gke.3000",
              "1.18.20-gke.2300",
              "1.18.20-gke.901",
              "1.18.20-gke.900",
              "1.18.20-gke.501",
              "1.17.17-gke.9100"
            ],
            "valid_node_versions": [
              "1.20.9-gke.1000",
              "1.20.9-gke.700",
              "1.20.8-gke.2100",
              "1.20.8-gke.900",
              "1.20.8-gke.700",
              "1.20.7-gke.2200",
              "1.20.7-gke.1800",
              "1.20.6-gke.1400",
              "1.20.6-gke.1000",
              "1.19.13-gke.1200",
              "1.19.13-gke.700",
              "1.19.12-gke.2100",
              "1.19.12-gke.1100",
              "1.19.12-gke.900",
              "1.19.12-gke.700",
              "1.19.11-gke.2101",
              "1.19.11-gke.2100",
              "1.19.11-gke.1701",
              "1.19.11-gke.1700",
              "1.19.10-gke.1701",
              "1.19.10-gke.1700",
              "1.19.10-gke.1601",
              "1.19.10-gke.1600",
              "1.19.10-gke.1001",
              "1.19.10-gke.1000",
              "1.19.9-gke.1900",
              "1.19.9-gke.1400",
              "1.19.9-gke.700",
              "1.19.9-gke.100",
              "1.19.8-gke.2000",
              "1.19.8-gke.1600",
              "1.19.8-gke.1000",
              "1.19.7-gke.2503",
              "1.19.7-gke.1500",
              "1.19.7-gke.1302",
              "1.19.7-gke.800",
              "1.19.6-gke.1700",
              "1.19.6-gke.1100",
              "1.19.6-gke.600",
              "1.18.20-gke.3300",
              "1.18.20-gke.3000",
              "1.18.20-gke.2300",
              "1.18.20-gke.901",
              "1.18.20-gke.900",
              "1.18.20-gke.501",
              "1.18.19-gke.2101",
              "1.18.19-gke.2100",
              "1.18.19-gke.1701",
              "1.18.19-gke.1700",
              "1.18.18-gke.1701",
              "1.18.18-gke.1700",
              "1.18.18-gke.1101",
              "1.18.18-gke.1100",
              "1.18.17-gke.1901",
              "1.18.17-gke.1900",
              "1.18.17-gke.1201",
              "1.18.17-gke.1200",
              "1.18.17-gke.700",
              "1.18.17-gke.100",
              "1.18.16-gke.2100",
              "1.18.16-gke.1201",
              "1.18.16-gke.1200",
              "1.18.16-gke.502",
              "1.18.16-gke.500",
              "1.18.16-gke.302",
              "1.18.16-gke.300",
              "1.18.15-gke.2500",
              "1.18.15-gke.1502",
              "1.18.15-gke.1501",
              "1.18.15-gke.1500",
              "1.18.15-gke.1102",
              "1.18.15-gke.1100",
              "1.18.15-gke.800",
              "1.18.14-gke.1600",
              "1.18.14-gke.1200",
              "1.18.12-gke.1210",
              "1.18.12-gke.1206",
              "1.18.12-gke.1205",
              "1.18.12-gke.1201",
              "1.18.12-gke.1200",
              "1.18.12-gke.300",
              "1.18.10-gke.2701",
              "1.18.10-gke.2101",
              "1.18.10-gke.1500",
              "1.18.10-gke.601",
              "1.18.9-gke.2501",
              "1.18.9-gke.1501",
              "1.18.9-gke.801",
              "1.18.6-gke.4801",
              "1.18.6-gke.3504",
              "1.18.6-gke.3503",
              "1.17.17-gke.9100",
              "1.17.17-gke.8500",
              "1.17.17-gke.8200",
              "1.17.17-gke.7800",
              "1.17.17-gke.7200",
              "1.17.17-gke.6700",
              "1.17.17-gke.6000",
              "1.17.17-gke.5400",
              "1.17.17-gke.4900",
              "1.17.17-gke.4400",
              "1.17.17-gke.3700",
              "1.17.17-gke.3000",
              "1.17.17-gke.2800",
              "1.17.17-gke.2500",
              "1.17.17-gke.1500",
              "1.17.17-gke.1101",
              "1.17.17-gke.1100",
              "1.17.17-gke.600",
              "1.17.16-gke.1600",
              "1.17.16-gke.1300",
              "1.17.15-gke.800",
              "1.17.15-gke.300",
              "1.17.14-gke.1600",
              "1.17.14-gke.1200",
              "1.17.14-gke.400",
              "1.17.13-gke.2600",
              "1.17.13-gke.2001",
              "1.17.13-gke.1401",
              "1.17.13-gke.1400",
              "1.17.13-gke.600",
              "1.17.12-gke.2502",
              "1.17.12-gke.1504",
              "1.17.12-gke.1501",
              "1.17.12-gke.500",
              "1.17.9-gke.6300",
              "1.17.9-gke.1504",
              "1.16.15-gke.14800",
              "1.16.15-gke.12500",
              "1.16.15-gke.11800",
              "1.16.15-gke.10600",
              "1.16.15-gke.7801",
              "1.16.15-gke.7800",
              "1.16.15-gke.7300",
              "1.16.15-gke.6900",
              "1.16.15-gke.6000",
              "1.16.15-gke.5500",
              "1.16.15-gke.4901",
              "1.16.15-gke.4301",
              "1.16.15-gke.4300",
              "1.16.15-gke.3500",
              "1.16.15-gke.2601",
              "1.16.15-gke.1600",
              "1.16.15-gke.500",
              "1.16.13-gke.404",
              "1.16.13-gke.403",
              "1.16.13-gke.401",
              "1.16.13-gke.400",
              "1.16.13-gke.1",
              "1.16.11-gke.5",
              "1.16.10-gke.8",
              "1.16.9-gke.6",
              "1.16.9-gke.2",
              "1.16.8-gke.15",
              "1.16.8-gke.12",
              "1.16.8-gke.9",
              "1.15.12-gke.6002",
              "1.15.12-gke.6001",
              "1.15.12-gke.5000",
              "1.15.12-gke.4002",
              "1.15.12-gke.4000",
              "1.15.12-gke.20",
              "1.15.12-gke.17",
              "1.15.12-gke.16",
              "1.15.12-gke.13",
              "1.15.12-gke.9",
              "1.15.12-gke.6",
              "1.15.12-gke.3",
              "1.15.12-gke.2",
              "1.15.11-gke.17",
              "1.15.11-gke.15",
              "1.15.11-gke.13",
              "1.15.11-gke.12",
              "1.15.11-gke.11",
              "1.15.11-gke.9",
              "1.15.11-gke.5",
              "1.15.11-gke.3",
              "1.15.11-gke.1",
              "1.15.9-gke.26",
              "1.15.9-gke.24",
              "1.15.9-gke.22",
              "1.15.9-gke.12",
              "1.15.9-gke.9",
              "1.15.9-gke.8",
              "1.15.8-gke.3",
              "1.15.8-gke.2",
              "1.15.7-gke.23",
              "1.15.7-gke.2",
              "1.15.4-gke.22",
              "1.14.10-gke.1504",
              "1.14.10-gke.902",
              "1.14.10-gke.50",
              "1.14.10-gke.46",
              "1.14.10-gke.45",
              "1.14.10-gke.42",
              "1.14.10-gke.41",
              "1.14.10-gke.40",
              "1.14.10-gke.37",
              "1.14.10-gke.36",
              "1.14.10-gke.34",
              "1.14.10-gke.32",
              "1.14.10-gke.31",
              "1.14.10-gke.27",
              "1.14.10-gke.24",
              "1.14.10-gke.22",
              "1.14.10-gke.21",
              "1.14.10-gke.17",
              "1.14.10-gke.0",
              "1.14.9-gke.23",
              "1.14.9-gke.2",
              "1.14.9-gke.0",
              "1.14.8-gke.33",
              "1.14.8-gke.21",
              "1.14.8-gke.18",
              "1.14.8-gke.17",
              "1.14.8-gke.14",
              "1.14.8-gke.12",
              "1.14.8-gke.7",
              "1.14.8-gke.2",
              "1.14.7-gke.40",
              "1.14.7-gke.25",
              "1.14.7-gke.23",
              "1.14.7-gke.17",
              "1.14.7-gke.14",
              "1.14.7-gke.10",
              "1.14.6-gke.13",
              "1.14.6-gke.2",
              "1.14.6-gke.1",
              "1.14.3-gke.11",
              "1.14.3-gke.10",
              "1.14.3-gke.9",
              "1.14.2-gke.9",
              "1.14.1-gke.5",
              "1.13.12-gke.30",
              "1.13.12-gke.25",
              "1.13.12-gke.17",
              "1.13.12-gke.16",
              "1.13.12-gke.14",
              "1.13.12-gke.13",
              "1.13.12-gke.10",
              "1.13.12-gke.8",
              "1.13.12-gke.4",
              "1.13.12-gke.2",
              "1.13.11-gke.23",
              "1.13.11-gke.15",
              "1.13.11-gke.14",
              "1.13.11-gke.12",
              "1.13.11-gke.11",
              "1.13.11-gke.9",
              "1.13.11-gke.5",
              "1.13.10-gke.7",
              "1.13.10-gke.0",
              "1.13.9-gke.11",
              "1.13.9-gke.3",
              "1.13.7-gke.24",
              "1.13.7-gke.19",
              "1.13.7-gke.15",
              "1.13.7-gke.8",
              "1.13.7-gke.0",
              "1.13.6-gke.13",
              "1.13.6-gke.6",
              "1.13.6-gke.5",
              "1.13.6-gke.0",
              "1.13.5-gke.10",
              "1.12.10-gke.22",
              "1.12.10-gke.20",
              "1.12.10-gke.19",
              "1.12.10-gke.18",
              "1.12.10-gke.17",
              "1.12.10-gke.15",
              "1.12.10-gke.13",
              "1.12.10-gke.11",
              "1.12.10-gke.5",
              "1.12.9-gke.16",
              "1.12.9-gke.15",
              "1.12.9-gke.13",
              "1.12.9-gke.10",
              "1.12.9-gke.7",
              "1.12.9-gke.3",
              "1.12.8-gke.12",
              "1.12.8-gke.10",
              "1.12.8-gke.7",
              "1.12.8-gke.6",
              "1.12.7-gke.26",
              "1.12.7-gke.25",
              "1.12.7-gke.24",
              "1.12.7-gke.22",
              "1.12.7-gke.21",
              "1.12.7-gke.17",
              "1.12.7-gke.10",
              "1.12.7-gke.7",
              "1.12.6-gke.11",
              "1.12.6-gke.10",
              "1.12.6-gke.7",
              "1.12.5-gke.10",
              "1.12.5-gke.5",
              "1.11.10-gke.6",
              "1.11.10-gke.5"
            ],
            "version_prefix": null
          },
          "sensitive_attributes": []
        }
      ]
    },
    {
      "module": "module.gke_resources",
      "mode": "data",
      "type": "google_container_engine_versions",
      "name": "zone",
      "provider": "provider[\"registry.terraform.io/hashicorp/google\"]",
      "instances": [
        {
          "schema_version": 0,
          "attributes": {
            "default_cluster_version": "1.20.8-gke.900",
            "id": "2021-08-24 00:29:26.020136022 +0000 UTC",
            "latest_master_version": "1.20.9-gke.1000",
            "latest_node_version": "1.20.9-gke.1000",
            "location": "us-west1-a",
            "project": "sdypp-framework-ago",
            "release_channel_default_version": {
              "RAPID": "1.20.8-gke.900",
              "REGULAR": "1.20.8-gke.900",
              "STABLE": "1.19.12-gke.2100"
            },
            "valid_master_versions": [
              "1.20.9-gke.1000",
              "1.20.9-gke.700",
              "1.20.8-gke.2100",
              "1.20.8-gke.900",
              "1.20.8-gke.700",
              "1.19.13-gke.1200",
              "1.19.13-gke.700",
              "1.19.12-gke.2100",
              "1.19.12-gke.1100",
              "1.19.12-gke.900",
              "1.19.12-gke.700",
              "1.19.11-gke.2101",
              "1.19.11-gke.1701",
              "1.19.10-gke.1701",
              "1.19.10-gke.1601",
              "1.19.10-gke.1001",
              "1.19.10-gke.1000",
              "1.19.9-gke.1900",
              "1.18.20-gke.3300",
              "1.18.20-gke.3000",
              "1.18.20-gke.2300",
              "1.18.20-gke.901",
              "1.18.20-gke.900",
              "1.18.20-gke.501",
              "1.17.17-gke.9100"
            ],
            "valid_node_versions": [
              "1.20.9-gke.1000",
              "1.20.9-gke.700",
              "1.20.8-gke.2100",
              "1.20.8-gke.900",
              "1.20.8-gke.700",
              "1.20.7-gke.2200",
              "1.20.7-gke.1800",
              "1.20.6-gke.1400",
              "1.20.6-gke.1000",
              "1.19.13-gke.1200",
              "1.19.13-gke.700",
              "1.19.12-gke.2100",
              "1.19.12-gke.1100",
              "1.19.12-gke.900",
              "1.19.12-gke.700",
              "1.19.11-gke.2101",
              "1.19.11-gke.2100",
              "1.19.11-gke.1701",
              "1.19.11-gke.1700",
              "1.19.10-gke.1701",
              "1.19.10-gke.1700",
              "1.19.10-gke.1601",
              "1.19.10-gke.1600",
              "1.19.10-gke.1001",
              "1.19.10-gke.1000",
              "1.19.9-gke.1900",
              "1.19.9-gke.1400",
              "1.19.9-gke.700",
              "1.19.9-gke.100",
              "1.19.8-gke.2000",
              "1.19.8-gke.1600",
              "1.19.8-gke.1000",
              "1.19.7-gke.2503",
              "1.19.7-gke.1500",
              "1.19.7-gke.1302",
              "1.19.7-gke.800",
              "1.19.6-gke.1700",
              "1.19.6-gke.1100",
              "1.19.6-gke.600",
              "1.18.20-gke.3300",
              "1.18.20-gke.3000",
              "1.18.20-gke.2300",
              "1.18.20-gke.901",
              "1.18.20-gke.900",
              "1.18.20-gke.501",
              "1.18.19-gke.2101",
              "1.18.19-gke.2100",
              "1.18.19-gke.1701",
              "1.18.19-gke.1700",
              "1.18.18-gke.1701",
              "1.18.18-gke.1700",
              "1.18.18-gke.1101",
              "1.18.18-gke.1100",
              "1.18.17-gke.1901",
              "1.18.17-gke.1900",
              "1.18.17-gke.1201",
              "1.18.17-gke.1200",
              "1.18.17-gke.700",
              "1.18.17-gke.100",
              "1.18.16-gke.2100",
              "1.18.16-gke.1201",
              "1.18.16-gke.1200",
              "1.18.16-gke.502",
              "1.18.16-gke.500",
              "1.18.16-gke.302",
              "1.18.16-gke.300",
              "1.18.15-gke.2500",
              "1.18.15-gke.1502",
              "1.18.15-gke.1501",
              "1.18.15-gke.1500",
              "1.18.15-gke.1102",
              "1.18.15-gke.1100",
              "1.18.15-gke.800",
              "1.18.14-gke.1600",
              "1.18.14-gke.1200",
              "1.18.12-gke.1210",
              "1.18.12-gke.1206",
              "1.18.12-gke.1205",
              "1.18.12-gke.1201",
              "1.18.12-gke.1200",
              "1.18.12-gke.300",
              "1.18.10-gke.2701",
              "1.18.10-gke.2101",
              "1.18.10-gke.1500",
              "1.18.10-gke.601",
              "1.18.9-gke.2501",
              "1.18.9-gke.1501",
              "1.18.9-gke.801",
              "1.18.6-gke.4801",
              "1.18.6-gke.3504",
              "1.18.6-gke.3503",
              "1.17.17-gke.9100",
              "1.17.17-gke.8500",
              "1.17.17-gke.8200",
              "1.17.17-gke.7800",
              "1.17.17-gke.7200",
              "1.17.17-gke.6700",
              "1.17.17-gke.6000",
              "1.17.17-gke.5400",
              "1.17.17-gke.4900",
              "1.17.17-gke.4400",
              "1.17.17-gke.3700",
              "1.17.17-gke.3000",
              "1.17.17-gke.2800",
              "1.17.17-gke.2500",
              "1.17.17-gke.1500",
              "1.17.17-gke.1101",
              "1.17.17-gke.1100",
              "1.17.17-gke.600",
              "1.17.16-gke.1600",
              "1.17.16-gke.1300",
              "1.17.15-gke.800",
              "1.17.15-gke.300",
              "1.17.14-gke.1600",
              "1.17.14-gke.1200",
              "1.17.14-gke.400",
              "1.17.13-gke.2600",
              "1.17.13-gke.2001",
              "1.17.13-gke.1401",
              "1.17.13-gke.1400",
              "1.17.13-gke.600",
              "1.17.12-gke.2502",
              "1.17.12-gke.1504",
              "1.17.12-gke.1501",
              "1.17.12-gke.500",
              "1.17.9-gke.6300",
              "1.17.9-gke.1504",
              "1.16.15-gke.14800",
              "1.16.15-gke.12500",
              "1.16.15-gke.11800",
              "1.16.15-gke.10600",
              "1.16.15-gke.7801",
              "1.16.15-gke.7800",
              "1.16.15-gke.7300",
              "1.16.15-gke.6900",
              "1.16.15-gke.6000",
              "1.16.15-gke.5500",
              "1.16.15-gke.4901",
              "1.16.15-gke.4301",
              "1.16.15-gke.4300",
              "1.16.15-gke.3500",
              "1.16.15-gke.2601",
              "1.16.15-gke.1600",
              "1.16.15-gke.500",
              "1.16.13-gke.404",
              "1.16.13-gke.403",
              "1.16.13-gke.401",
              "1.16.13-gke.400",
              "1.16.13-gke.1",
              "1.16.11-gke.5",
              "1.16.10-gke.8",
              "1.16.9-gke.6",
              "1.16.9-gke.2",
              "1.16.8-gke.15",
              "1.16.8-gke.12",
              "1.16.8-gke.9",
              "1.15.12-gke.6002",
              "1.15.12-gke.6001",
              "1.15.12-gke.5000",
              "1.15.12-gke.4002",
              "1.15.12-gke.4000",
              "1.15.12-gke.20",
              "1.15.12-gke.17",
              "1.15.12-gke.16",
              "1.15.12-gke.13",
              "1.15.12-gke.9",
              "1.15.12-gke.6",
              "1.15.12-gke.3",
              "1.15.12-gke.2",
              "1.15.11-gke.17",
              "1.15.11-gke.15",
              "1.15.11-gke.13",
              "1.15.11-gke.12",
              "1.15.11-gke.11",
              "1.15.11-gke.9",
              "1.15.11-gke.5",
              "1.15.11-gke.3",
              "1.15.11-gke.1",
              "1.15.9-gke.26",
              "1.15.9-gke.24",
              "1.15.9-gke.22",
              "1.15.9-gke.12",
              "1.15.9-gke.9",
              "1.15.9-gke.8",
              "1.15.8-gke.3",
              "1.15.8-gke.2",
              "1.15.7-gke.23",
              "1.15.7-gke.2",
              "1.15.4-gke.22",
              "1.14.10-gke.1504",
              "1.14.10-gke.902",
              "1.14.10-gke.50",
              "1.14.10-gke.46",
              "1.14.10-gke.45",
              "1.14.10-gke.42",
              "1.14.10-gke.41",
              "1.14.10-gke.40",
              "1.14.10-gke.37",
              "1.14.10-gke.36",
              "1.14.10-gke.34",
              "1.14.10-gke.32",
              "1.14.10-gke.31",
              "1.14.10-gke.27",
              "1.14.10-gke.24",
              "1.14.10-gke.22",
              "1.14.10-gke.21",
              "1.14.10-gke.17",
              "1.14.10-gke.0",
              "1.14.9-gke.23",
              "1.14.9-gke.2",
              "1.14.9-gke.0",
              "1.14.8-gke.33",
              "1.14.8-gke.21",
              "1.14.8-gke.18",
              "1.14.8-gke.17",
              "1.14.8-gke.14",
              "1.14.8-gke.12",
              "1.14.8-gke.7",
              "1.14.8-gke.2",
              "1.14.7-gke.40",
              "1.14.7-gke.25",
              "1.14.7-gke.23",
              "1.14.7-gke.17",
              "1.14.7-gke.14",
              "1.14.7-gke.10",
              "1.14.6-gke.13",
              "1.14.6-gke.2",
              "1.14.6-gke.1",
              "1.14.3-gke.11",
              "1.14.3-gke.10",
              "1.14.3-gke.9",
              "1.14.2-gke.9",
              "1.14.1-gke.5",
              "1.13.12-gke.30",
              "1.13.12-gke.25",
              "1.13.12-gke.17",
              "1.13.12-gke.16",
              "1.13.12-gke.14",
              "1.13.12-gke.13",
              "1.13.12-gke.10",
              "1.13.12-gke.8",
              "1.13.12-gke.4",
              "1.13.12-gke.2",
              "1.13.11-gke.23",
              "1.13.11-gke.15",
              "1.13.11-gke.14",
              "1.13.11-gke.12",
              "1.13.11-gke.11",
              "1.13.11-gke.9",
              "1.13.11-gke.5",
              "1.13.10-gke.7",
              "1.13.10-gke.0",
              "1.13.9-gke.11",
              "1.13.9-gke.3",
              "1.13.7-gke.24",
              "1.13.7-gke.19",
              "1.13.7-gke.15",
              "1.13.7-gke.8",
              "1.13.7-gke.0",
              "1.13.6-gke.13",
              "1.13.6-gke.6",
              "1.13.6-gke.5",
              "1.13.6-gke.0",
              "1.13.5-gke.10",
              "1.12.10-gke.22",
              "1.12.10-gke.20",
              "1.12.10-gke.19",
              "1.12.10-gke.18",
              "1.12.10-gke.17",
              "1.12.10-gke.15",
              "1.12.10-gke.13",
              "1.12.10-gke.11",
              "1.12.10-gke.5",
              "1.12.9-gke.16",
              "1.12.9-gke.15",
              "1.12.9-gke.13",
              "1.12.9-gke.10",
              "1.12.9-gke.7",
              "1.12.9-gke.3",
              "1.12.8-gke.12",
              "1.12.8-gke.10",
              "1.12.8-gke.7",
              "1.12.8-gke.6",
              "1.12.7-gke.26",
              "1.12.7-gke.25",
              "1.12.7-gke.24",
              "1.12.7-gke.22",
              "1.12.7-gke.21",
              "1.12.7-gke.17",
              "1.12.7-gke.10",
              "1.12.7-gke.7",
              "1.12.6-gke.11",
              "1.12.6-gke.10",
              "1.12.6-gke.7",
              "1.12.5-gke.10",
              "1.12.5-gke.5",
              "1.11.10-gke.6",
              "1.11.10-gke.5"
            ],
            "version_prefix": null
          },
          "sensitive_attributes": []
        }
      ]
    },
    {
      "module": "module.gke_resources",
      "mode": "managed",
      "type": "google_container_cluster",
      "name": "primary",
      "provider": "provider[\"registry.terraform.io/hashicorp/google\"]",
      "instances": [
        {
          "schema_version": 1,
          "attributes": {
            "addons_config": [
              {
                "cloudrun_config": [],
                "horizontal_pod_autoscaling": [
                  {
                    "disabled": false
                  }
                ],
                "http_load_balancing": [
                  {
                    "disabled": true
                  }
                ],
                "network_policy_config": [
                  {
                    "disabled": true
                  }
                ]
              }
            ],
            "authenticator_groups_config": [],
            "cluster_autoscaling": [
              {
                "auto_provisioning_defaults": [
                  {
                    "oauth_scopes": [
                      "https://www.googleapis.com/auth/logging.write",
                      "https://www.googleapis.com/auth/monitoring"
                    ],
                    "service_account": "default"
                  }
                ],
                "enabled": true,
                "resource_limits": [
                  {
                    "maximum": 10,
                    "minimum": 1,
                    "resource_type": "cpu"
                  },
                  {
                    "maximum": 64,
                    "minimum": 1,
                    "resource_type": "memory"
                  }
                ]
              }
            ],
            "cluster_ipv4_cidr": "192.168.144.0/20",
            "database_encryption": [
              {
                "key_name": "",
                "state": "DECRYPTED"
              }
            ],
            "datapath_provider": "",
            "default_max_pods_per_node": 110,
            "default_snat_status": [
              {
                "disabled": false
              }
            ],
            "description": "",
            "enable_autopilot": false,
            "enable_binary_authorization": false,
            "enable_intranode_visibility": false,
            "enable_kubernetes_alpha": false,
            "enable_legacy_abac": false,
            "enable_shielded_nodes": true,
            "enable_tpu": false,
            "endpoint": "34.82.245.250",
            "id": "projects/sdypp-framework-ago/locations/us-west1/clusters/gke-resources-cluster",
            "initial_node_count": 0,
            "instance_group_urls": [
              "https://www.googleapis.com/compute/v1/projects/sdypp-framework-ago/zones/us-west1-a/instanceGroups/gke-gke-resources-cluste-default-pool-cdeae558-grp"
            ],
            "ip_allocation_policy": [
              {
                "cluster_ipv4_cidr_block": "192.168.144.0/20",
                "cluster_secondary_range_name": "sdypp-framework-ago-subnet-resources-pods",
                "services_ipv4_cidr_block": "192.168.160.0/20",
                "services_secondary_range_name": "sdypp-framework-ago-subnet-resources-services"
              }
            ],
            "label_fingerprint": "a9dc16a7",
            "location": "us-west1",
            "logging_service": "logging.googleapis.com/kubernetes",
            "maintenance_policy": [
              {
                "daily_maintenance_window": [
                  {
                    "duration": "PT4H0M0S",
                    "start_time": "05:00"
                  }
                ],
                "maintenance_exclusion": [],
                "recurring_window": []
              }
            ],
            "master_auth": [
              {
                "client_certificate": "",
                "client_certificate_config": [
                  {
                    "issue_client_certificate": false
                  }
                ],
                "client_key": "",
                "cluster_ca_certificate": "LS0tLS1CRUdJTiBDRVJUSUZJQ0FURS0tLS0tCk1JSUVMRENDQXBTZ0F3SUJBZ0lRR3cvRzZ0WkVrTWJUYTBqR3hXaDNJakFOQmdrcWhraUc5dzBCQVFzRkFEQXYKTVMwd0t3WURWUVFERXlSak5UQmpNV0poTVMwNE9UUTBMVFJsTlRFdFlXVTFaUzFoTmpjeE56QTNPREJoTjJJdwpJQmNOTWpFd09ESXpNak15T1RJMldoZ1BNakExTVRBNE1UY3dNREk1TWpaYU1DOHhMVEFyQmdOVkJBTVRKR00xCk1HTXhZbUV4TFRnNU5EUXROR1UxTVMxaFpUVmxMV0UyTnpFM01EYzRNR0UzWWpDQ0FhSXdEUVlKS29aSWh2Y04KQVFFQkJRQURnZ0dQQURDQ0FZb0NnZ0dCQUt0TUhpcUwwQ28yNllWaGJJSDBQUGZGMGxxeUtHbWRZcm5zenZsWAp3d0xRRHViOFNGMGFSV3ZLNlQ4V2ZYVkJ6UGczTVF3RHllMUZxNGFkdml6OE1LL3dPSDdQdW4zSkFwd2U5cVhXCmltMG9LOFFFbkxZNnNkZVliSkRGQXovVSs2WWtMalBQbWJ3MGZsZ3o2aHVlaU9FeCsvNThVd0VNR212QjZxSGQKWGltRkMwTHNkQ09heEZxUDBRc25JcFpSZXlaeW9MUzRsdURvYTNNU29CaCtuNGZtUEgvYndqY3g1UHVyWGdCdgptN2ZFNVY3eTErUnNDdjNGdVByTEJmMkxoNklFWmNFaUMrM1R6VnZOVW9KSEk5b2YxcXVvajBvUDQwRmZNckJyClZaNVdyejJxajYzVjMwKzBqdGNVK1E2OWdSeDVocDhvbHlQSHhDcWNXY29IMGhPWHUwSDYxMUk5dWpIRzBaZTIKTUg4REVJOFRtMjhXZURONU1zYkFuOWh0TXdFdlNxUUJTNFZ4b1M5MnVtbXczNWt1czN1Z29SWXErSnBrRng2SApGMCswTzZISGZiOEx4MytzeXo1WXA3UytNOXZNWU1zUFdEdlVrT0xnUjZEejZqL2Q1VVJ0RW9nTDg5c2VVWktkCnUxcGRJZTU1SHhFWlJ0amg0TG5ybVMrSUVRSURBUUFCbzBJd1FEQU9CZ05WSFE4QkFmOEVCQU1DQWdRd0R3WUQKVlIwVEFRSC9CQVV3QXdFQi96QWRCZ05WSFE0RUZnUVVDMXFmSnNWdlNVSThiT0NDc0R6alQrSlVNaWt3RFFZSgpLb1pJaHZjTkFRRUxCUUFEZ2dHQkFKTEJ1aDJpcjVtUHVXZmtFN0NqanpwaHRVYjNWSVNYaldYNGNBcGMxK2JaCmlabDBhaHFOdkNvS0xobEtuWEhmOEc0V21XMnFDSmttS1JFd1R1T3JZVmd3MVlDZGtlSWs2TndCU0FqL3JMN0MKa2g3ZUplTTZnaGhLYjJKWnFZYm0wYVhoSEsyamQxZGNoS0NIcXExVS85NVUyK2pRQWZVLzdVLzc0VDMrdlpidQpNUThreE5nMEZkOEdoVDNjYVFVWmROOUZZS1Vhb2RmcEFuV3NZc0NNQlVZeFBpRVljN3ZJZG1VQUtMalVtOWk1CmJVV1NNb3B6L0ZsVjZrVHdSRENCSnp5UlpIT2J6SFJMWks3UEVGWnRYRUwvcWFXSGt6Z1MwQXNSU3lPQkhhbHQKMFoxOUsxc0Z6WVdFSzRqY3ZHdWFBUmNyRkRoMW96SWdrNlNUVDJzZXNqZUJ6SnpxVVdueVNGUThyL21QbGh4dwpQZmNBUThUQzV0VnA4U01Ka0VBUzViRG5qWkprMlJKNktyWGVtVDUyVnlJMW80dC8wdTRqUmd4ZjB4UTNBd0NGClhVTzJ0OVNZblVNaWE4S2orbS9XS1I2R0JvRHVhUVpvL1MrN2RzMlkyU3RlVGJvUG56MlpjWUQ3VHZ0bHNLNGQKRURvZERTeEZEejl0ODZhYnFZK0hoQT09Ci0tLS0tRU5EIENFUlRJRklDQVRFLS0tLS0K",
                "password": "",
                "username": ""
              }
            ],
            "master_authorized_networks_config": [],
            "master_version": "1.20.9-gke.1000",
            "min_master_version": "1.20.9-gke.1000",
            "monitoring_service": "monitoring.googleapis.com/kubernetes",
            "name": "gke-resources-cluster",
            "network": "projects/sdypp-framework-ago/global/networks/sdypp-framework-ago-vpc-resources",
            "network_policy": [
              {
                "enabled": false,
                "provider": "PROVIDER_UNSPECIFIED"
              }
            ],
            "networking_mode": "VPC_NATIVE",
            "node_config": [
              {
                "disk_size_gb": 100,
                "disk_type": "pd-standard",
                "guest_accelerator": [],
                "image_type": "COS_CONTAINERD",
                "labels": {},
                "local_ssd_count": 0,
                "machine_type": "e2-medium",
                "metadata": {
                  "disable-legacy-endpoints": "true"
                },
                "min_cpu_platform": "",
                "oauth_scopes": [
                  "https://www.googleapis.com/auth/logging.write",
                  "https://www.googleapis.com/auth/monitoring"
                ],
                "preemptible": false,
                "service_account": "serviceaccount@sdypp-framework-ago.iam.gserviceaccount.com",
                "shielded_instance_config": [
                  {
                    "enable_integrity_monitoring": true,
                    "enable_secure_boot": false
                  }
                ],
                "tags": [],
                "taint": [],
                "workload_metadata_config": [
                  {
                    "node_metadata": "GKE_METADATA_SERVER"
                  }
                ]
              }
            ],
            "node_locations": [
              "us-west1-a"
            ],
            "node_pool": [
              {
                "autoscaling": [],
                "initial_node_count": 0,
                "instance_group_urls": [
                  "https://www.googleapis.com/compute/v1/projects/sdypp-framework-ago/zones/us-west1-a/instanceGroupManagers/gke-gke-resources-cluste-default-pool-cdeae558-grp"
                ],
                "management": [
                  {
                    "auto_repair": true,
                    "auto_upgrade": true
                  }
                ],
                "max_pods_per_node": 110,
                "name": "default-pool",
                "name_prefix": "",
                "node_config": [
                  {
                    "disk_size_gb": 100,
                    "disk_type": "pd-standard",
                    "guest_accelerator": [],
                    "image_type": "COS_CONTAINERD",
                    "labels": {},
                    "local_ssd_count": 0,
                    "machine_type": "e2-medium",
                    "metadata": {
                      "disable-legacy-endpoints": "true"
                    },
                    "min_cpu_platform": "",
                    "oauth_scopes": [
                      "https://www.googleapis.com/auth/logging.write",
                      "https://www.googleapis.com/auth/monitoring"
                    ],
                    "preemptible": false,
                    "service_account": "serviceaccount@sdypp-framework-ago.iam.gserviceaccount.com",
                    "shielded_instance_config": [
                      {
                        "enable_integrity_monitoring": true,
                        "enable_secure_boot": false
                      }
                    ],
                    "tags": null,
                    "taint": [],
                    "workload_metadata_config": [
                      {
                        "node_metadata": "GKE_METADATA_SERVER"
                      }
                    ]
                  }
                ],
                "node_count": 0,
                "node_locations": [
                  "us-west1-a"
                ],
                "upgrade_settings": [
                  {
                    "max_surge": 1,
                    "max_unavailable": 0
                  }
                ],
                "version": "1.20.9-gke.1000"
              }
            ],
            "node_version": "1.20.9-gke.1000",
            "operation": null,
            "pod_security_policy_config": [],
            "private_cluster_config": [
              {
                "enable_private_endpoint": false,
                "enable_private_nodes": true,
                "master_global_access_config": [
                  {
                    "enabled": false
                  }
                ],
                "master_ipv4_cidr_block": "10.0.0.0/28",
                "peering_name": "gke-n3f522b196b452101187-fa43-2be1-peer",
                "private_endpoint": "10.0.0.2",
                "public_endpoint": "34.82.245.250"
              }
            ],
            "private_ipv6_google_access": "",
            "project": "sdypp-framework-ago",
            "release_channel": [
              {
                "channel": "UNSPECIFIED"
              }
            ],
            "remove_default_node_pool": false,
            "resource_labels": null,
            "resource_usage_export_config": [],
            "self_link": "https://container.googleapis.com/v1beta1/projects/sdypp-framework-ago/locations/us-west1/clusters/gke-resources-cluster",
            "services_ipv4_cidr": "192.168.160.0/20",
            "subnetwork": "projects/sdypp-framework-ago/regions/us-west1/subnetworks/sdypp-framework-ago-subnet-resources",
            "timeouts": {
              "create": "45m",
              "delete": "45m",
              "read": null,
              "update": "45m"
            },
            "tpu_ipv4_cidr_block": "",
            "vertical_pod_autoscaling": [
              {
                "enabled": false
              }
            ],
            "workload_identity_config": [
              {
                "identity_namespace": "sdypp-framework-ago.svc.id.goog"
              }
            ]
          },
          "sensitive_attributes": [],
          "private": "eyJlMmJmYjczMC1lY2FhLTExZTYtOGY4OC0zNDM2M2JjN2M0YzAiOnsiY3JlYXRlIjoyNzAwMDAwMDAwMDAwLCJkZWxldGUiOjI3MDAwMDAwMDAwMDAsInJlYWQiOjI0MDAwMDAwMDAwMDAsInVwZGF0ZSI6MjcwMDAwMDAwMDAwMH0sInNjaGVtYV92ZXJzaW9uIjoiMSJ9",
          "dependencies": [
            "module.gke_resources.data.google_compute_zones.available",
            "module.gke_resources.data.google_container_engine_versions.region",
            "module.gke_resources.data.google_container_engine_versions.zone",
            "module.gke_resources.google_service_account.cluster_service_account",
            "module.gke_resources.random_shuffle.available_zones",
            "module.gke_resources.random_string.cluster_service_account_suffix",
            "module.vpc_resources.module.firewall_rules.google_compute_firewall.rules",
            "module.vpc_resources.module.routes.google_compute_route.route",
            "module.vpc_resources.module.subnets.google_compute_subnetwork.subnetwork",
            "module.vpc_resources.module.vpc.google_compute_network.network",
            "module.vpc_resources.module.vpc.google_compute_shared_vpc_host_project.shared_vpc_host"
          ]
        }
      ]
    },
    {
      "module": "module.gke_resources",
      "mode": "managed",
      "type": "google_container_node_pool",
      "name": "pools",
      "provider": "provider[\"registry.terraform.io/hashicorp/google\"]",
      "instances": [
        {
          "index_key": "default-node-pool",
          "schema_version": 1,
          "attributes": {
            "autoscaling": [
              {
                "max_node_count": 3,
                "min_node_count": 1
              }
            ],
            "cluster": "gke-resources-cluster",
            "id": "projects/sdypp-framework-ago/locations/us-west1/clusters/gke-resources-cluster/nodePools/default-node-pool",
            "initial_node_count": 3,
            "instance_group_urls": [
              "https://www.googleapis.com/compute/v1/projects/sdypp-framework-ago/zones/us-west1-a/instanceGroupManagers/gke-gke-resources-cl-default-node-poo-1696e3f7-grp"
            ],
            "location": "us-west1",
            "management": [
              {
                "auto_repair": true,
                "auto_upgrade": true
              }
            ],
            "max_pods_per_node": 110,
            "name": "default-node-pool",
            "name_prefix": "",
            "node_config": [
              {
                "disk_size_gb": 10,
                "disk_type": "pd-standard",
                "guest_accelerator": [],
                "image_type": "COS",
                "labels": {
                  "cluster_name": "gke-resources-cluster",
                  "default-node-pool": "true",
                  "node_pool": "default-node-pool"
                },
                "local_ssd_count": 0,
                "machine_type": "n1-standard-1",
                "metadata": {
                  "cluster_name": "gke-resources-cluster",
                  "disable-legacy-endpoints": "true",
                  "node-pool-metadata-custom-value": "my-node-pool",
                  "node_pool": "default-node-pool"
                },
                "min_cpu_platform": "",
                "oauth_scopes": [
                  "https://www.googleapis.com/auth/cloud-platform",
                  "https://www.googleapis.com/auth/ndev.clouddns.readwrite"
                ],
                "preemptible": true,
                "service_account": "serviceaccount@sdypp-framework-ago.iam.gserviceaccount.com",
                "shielded_instance_config": [
                  {
                    "enable_integrity_monitoring": true,
                    "enable_secure_boot": false
                  }
                ],
                "tags": [
                  "gke-gke-resources-cluster",
                  "gke-gke-resources-cluster-default-node-pool",
                  "default-node-pool"
                ],
                "taint": [
                  {
                    "effect": "PREFER_NO_SCHEDULE",
                    "key": "default-node-pool",
                    "value": "true"
                  }
                ],
                "workload_metadata_config": [
                  {
                    "node_metadata": "GKE_METADATA_SERVER"
                  }
                ]
              }
            ],
            "node_count": 3,
            "node_locations": [
              "us-west1-a"
            ],
            "operation": null,
            "project": "sdypp-framework-ago",
            "timeouts": {
              "create": "45m",
              "delete": "45m",
              "update": "45m"
            },
            "upgrade_settings": [
              {
                "max_surge": 1,
                "max_unavailable": 0
              }
            ],
            "version": "1.20.9-gke.1000"
          },
          "sensitive_attributes": [],
          "private": "eyJlMmJmYjczMC1lY2FhLTExZTYtOGY4OC0zNDM2M2JjN2M0YzAiOnsiY3JlYXRlIjoyNzAwMDAwMDAwMDAwLCJkZWxldGUiOjI3MDAwMDAwMDAwMDAsInVwZGF0ZSI6MjcwMDAwMDAwMDAwMH0sInNjaGVtYV92ZXJzaW9uIjoiMSJ9",
          "dependencies": [
            "module.gke_resources.data.google_compute_zones.available",
            "module.gke_resources.data.google_container_engine_versions.region",
            "module.gke_resources.data.google_container_engine_versions.zone",
            "module.gke_resources.google_container_cluster.primary",
            "module.gke_resources.google_service_account.cluster_service_account",
            "module.gke_resources.random_shuffle.available_zones",
            "module.gke_resources.random_string.cluster_service_account_suffix",
            "module.vpc_resources.module.firewall_rules.google_compute_firewall.rules",
            "module.vpc_resources.module.routes.google_compute_route.route",
            "module.vpc_resources.module.subnets.google_compute_subnetwork.subnetwork",
            "module.vpc_resources.module.vpc.google_compute_network.network",
            "module.vpc_resources.module.vpc.google_compute_shared_vpc_host_project.shared_vpc_host"
          ]
        }
      ]
    },
    {
      "module": "module.gke_resources",
      "mode": "managed",
      "type": "google_project_iam_member",
      "name": "cluster_service_account-log_writer",
      "provider": "provider[\"registry.terraform.io/hashicorp/google\"]",
      "instances": [
        {
          "index_key": 0,
          "schema_version": 0,
          "attributes": {
            "condition": [],
            "etag": "BwXKQzozdds=",
            "id": "sdypp-framework-ago/roles/logging.logWriter/serviceAccount:tf-gke-gke-resources-c-367i@sdypp-framework-ago.iam.gserviceaccount.com",
            "member": "serviceAccount:tf-gke-gke-resources-c-367i@sdypp-framework-ago.iam.gserviceaccount.com",
            "project": "sdypp-framework-ago",
            "role": "roles/logging.logWriter"
          },
          "sensitive_attributes": [],
          "private": "bnVsbA==",
          "dependencies": [
            "module.gke_resources.google_service_account.cluster_service_account",
            "module.gke_resources.random_string.cluster_service_account_suffix",
            "module.vpc_resources.module.firewall_rules.google_compute_firewall.rules",
            "module.vpc_resources.module.routes.google_compute_route.route",
            "module.vpc_resources.module.subnets.google_compute_subnetwork.subnetwork",
            "module.vpc_resources.module.vpc.google_compute_network.network",
            "module.vpc_resources.module.vpc.google_compute_shared_vpc_host_project.shared_vpc_host"
          ]
        }
      ]
    },
    {
      "module": "module.gke_resources",
      "mode": "managed",
      "type": "google_project_iam_member",
      "name": "cluster_service_account-metric_writer",
      "provider": "provider[\"registry.terraform.io/hashicorp/google\"]",
      "instances": [
        {
          "index_key": 0,
          "schema_version": 0,
          "attributes": {
            "condition": [],
            "etag": "BwXKQzq/Hmw=",
            "id": "sdypp-framework-ago/roles/monitoring.metricWriter/serviceAccount:tf-gke-gke-resources-c-367i@sdypp-framework-ago.iam.gserviceaccount.com",
            "member": "serviceAccount:tf-gke-gke-resources-c-367i@sdypp-framework-ago.iam.gserviceaccount.com",
            "project": "sdypp-framework-ago",
            "role": "roles/monitoring.metricWriter"
          },
          "sensitive_attributes": [],
          "private": "bnVsbA==",
          "dependencies": [
            "module.gke_resources.google_project_iam_member.cluster_service_account-log_writer",
            "module.gke_resources.google_service_account.cluster_service_account",
            "module.gke_resources.random_string.cluster_service_account_suffix",
            "module.vpc_resources.module.firewall_rules.google_compute_firewall.rules",
            "module.vpc_resources.module.routes.google_compute_route.route",
            "module.vpc_resources.module.subnets.google_compute_subnetwork.subnetwork",
            "module.vpc_resources.module.vpc.google_compute_network.network",
            "module.vpc_resources.module.vpc.google_compute_shared_vpc_host_project.shared_vpc_host"
          ]
        }
      ]
    },
    {
      "module": "module.gke_resources",
      "mode": "managed",
      "type": "google_project_iam_member",
      "name": "cluster_service_account-monitoring_viewer",
      "provider": "provider[\"registry.terraform.io/hashicorp/google\"]",
      "instances": [
        {
          "index_key": 0,
          "schema_version": 0,
          "attributes": {
            "condition": [],
            "etag": "BwXKQztKOyM=",
            "id": "sdypp-framework-ago/roles/monitoring.viewer/serviceAccount:tf-gke-gke-resources-c-367i@sdypp-framework-ago.iam.gserviceaccount.com",
            "member": "serviceAccount:tf-gke-gke-resources-c-367i@sdypp-framework-ago.iam.gserviceaccount.com",
            "project": "sdypp-framework-ago",
            "role": "roles/monitoring.viewer"
          },
          "sensitive_attributes": [],
          "private": "bnVsbA==",
          "dependencies": [
            "module.gke_resources.google_project_iam_member.cluster_service_account-log_writer",
            "module.gke_resources.google_project_iam_member.cluster_service_account-metric_writer",
            "module.gke_resources.google_service_account.cluster_service_account",
            "module.gke_resources.random_string.cluster_service_account_suffix",
            "module.vpc_resources.module.firewall_rules.google_compute_firewall.rules",
            "module.vpc_resources.module.routes.google_compute_route.route",
            "module.vpc_resources.module.subnets.google_compute_subnetwork.subnetwork",
            "module.vpc_resources.module.vpc.google_compute_network.network",
            "module.vpc_resources.module.vpc.google_compute_shared_vpc_host_project.shared_vpc_host"
          ]
        }
      ]
    },
    {
      "module": "module.gke_resources",
      "mode": "managed",
      "type": "google_project_iam_member",
      "name": "cluster_service_account-resourceMetadata-writer",
      "provider": "provider[\"registry.terraform.io/hashicorp/google\"]",
      "instances": [
        {
          "index_key": 0,
          "schema_version": 0,
          "attributes": {
            "condition": [],
            "etag": "BwXKQzvIozE=",
            "id": "sdypp-framework-ago/roles/stackdriver.resourceMetadata.writer/serviceAccount:tf-gke-gke-resources-c-367i@sdypp-framework-ago.iam.gserviceaccount.com",
            "member": "serviceAccount:tf-gke-gke-resources-c-367i@sdypp-framework-ago.iam.gserviceaccount.com",
            "project": "sdypp-framework-ago",
            "role": "roles/stackdriver.resourceMetadata.writer"
          },
          "sensitive_attributes": [],
          "private": "bnVsbA==",
          "dependencies": [
            "module.gke_resources.google_project_iam_member.cluster_service_account-log_writer",
            "module.gke_resources.google_project_iam_member.cluster_service_account-metric_writer",
            "module.gke_resources.google_project_iam_member.cluster_service_account-monitoring_viewer",
            "module.gke_resources.google_service_account.cluster_service_account",
            "module.gke_resources.random_string.cluster_service_account_suffix",
            "module.vpc_resources.module.firewall_rules.google_compute_firewall.rules",
            "module.vpc_resources.module.routes.google_compute_route.route",
            "module.vpc_resources.module.subnets.google_compute_subnetwork.subnetwork",
            "module.vpc_resources.module.vpc.google_compute_network.network",
            "module.vpc_resources.module.vpc.google_compute_shared_vpc_host_project.shared_vpc_host"
          ]
        }
      ]
    },
    {
      "module": "module.gke_resources",
      "mode": "managed",
      "type": "google_service_account",
      "name": "cluster_service_account",
      "provider": "provider[\"registry.terraform.io/hashicorp/google\"]",
      "instances": [
        {
          "index_key": 0,
          "schema_version": 0,
          "attributes": {
            "account_id": "tf-gke-gke-resources-c-367i",
            "description": "",
            "display_name": "Terraform-managed service account for cluster gke-resources-cluster",
            "email": "tf-gke-gke-resources-c-367i@sdypp-framework-ago.iam.gserviceaccount.com",
            "id": "projects/sdypp-framework-ago/serviceAccounts/tf-gke-gke-resources-c-367i@sdypp-framework-ago.iam.gserviceaccount.com",
            "name": "projects/sdypp-framework-ago/serviceAccounts/tf-gke-gke-resources-c-367i@sdypp-framework-ago.iam.gserviceaccount.com",
            "project": "sdypp-framework-ago",
            "timeouts": null,
            "unique_id": "103005995131452359469"
          },
          "sensitive_attributes": [],
          "private": "eyJlMmJmYjczMC1lY2FhLTExZTYtOGY4OC0zNDM2M2JjN2M0YzAiOnsiY3JlYXRlIjozMDAwMDAwMDAwMDB9fQ==",
          "dependencies": [
            "module.gke_resources.random_string.cluster_service_account_suffix",
            "module.vpc_resources.module.firewall_rules.google_compute_firewall.rules",
            "module.vpc_resources.module.routes.google_compute_route.route",
            "module.vpc_resources.module.subnets.google_compute_subnetwork.subnetwork",
            "module.vpc_resources.module.vpc.google_compute_network.network",
            "module.vpc_resources.module.vpc.google_compute_shared_vpc_host_project.shared_vpc_host"
          ]
        }
      ]
    },
    {
      "module": "module.gke_resources",
      "mode": "managed",
      "type": "random_shuffle",
      "name": "available_zones",
      "provider": "provider[\"registry.terraform.io/hashicorp/random\"]",
      "instances": [
        {
          "schema_version": 0,
          "attributes": {
            "id": "-",
            "input": [
              "us-west1-a",
              "us-west1-b",
              "us-west1-c"
            ],
            "keepers": null,
            "result": [
              "us-west1-b",
              "us-west1-a",
              "us-west1-c"
            ],
            "result_count": 3,
            "seed": null
          },
          "sensitive_attributes": [],
          "private": "bnVsbA==",
          "dependencies": [
            "module.gke_resources.data.google_compute_zones.available",
            "module.vpc_resources.module.firewall_rules.google_compute_firewall.rules",
            "module.vpc_resources.module.routes.google_compute_route.route",
            "module.vpc_resources.module.subnets.google_compute_subnetwork.subnetwork",
            "module.vpc_resources.module.vpc.google_compute_network.network",
            "module.vpc_resources.module.vpc.google_compute_shared_vpc_host_project.shared_vpc_host"
          ]
        }
      ]
    },
    {
      "module": "module.gke_resources",
      "mode": "managed",
      "type": "random_string",
      "name": "cluster_service_account_suffix",
      "provider": "provider[\"registry.terraform.io/hashicorp/random\"]",
      "instances": [
        {
          "schema_version": 1,
          "attributes": {
            "id": "367i",
            "keepers": null,
            "length": 4,
            "lower": true,
            "min_lower": 0,
            "min_numeric": 0,
            "min_special": 0,
            "min_upper": 0,
            "number": true,
            "override_special": null,
            "result": "367i",
            "special": false,
            "upper": false
          },
          "sensitive_attributes": [],
          "private": "eyJzY2hlbWFfdmVyc2lvbiI6IjEifQ==",
          "dependencies": [
            "module.vpc_resources.module.firewall_rules.google_compute_firewall.rules",
            "module.vpc_resources.module.routes.google_compute_route.route",
            "module.vpc_resources.module.subnets.google_compute_subnetwork.subnetwork",
            "module.vpc_resources.module.vpc.google_compute_network.network",
            "module.vpc_resources.module.vpc.google_compute_shared_vpc_host_project.shared_vpc_host"
          ]
        }
      ]
    },
    {
      "module": "module.gke_resources.module.gcloud_delete_default_kube_dns_configmap.module.gcloud_kubectl",
      "mode": "managed",
      "type": "null_resource",
      "name": "module_depends_on",
      "provider": "provider[\"registry.terraform.io/hashicorp/null\"]",
      "instances": [
        {
          "index_key": 0,
          "schema_version": 0,
          "attributes": {
            "id": "628668393416258657",
            "triggers": {
              "value": "2"
            }
          },
          "sensitive_attributes": [],
          "private": "bnVsbA==",
          "dependencies": [
            "module.gke_resources.data.google_compute_zones.available",
            "module.gke_resources.data.google_container_engine_versions.region",
            "module.gke_resources.data.google_container_engine_versions.zone",
            "module.gke_resources.google_container_cluster.primary",
            "module.gke_resources.google_container_node_pool.pools",
            "module.gke_resources.google_service_account.cluster_service_account",
            "module.gke_resources.random_shuffle.available_zones",
            "module.gke_resources.random_string.cluster_service_account_suffix",
            "module.vpc_resources.module.firewall_rules.google_compute_firewall.rules",
            "module.vpc_resources.module.routes.google_compute_route.route",
            "module.vpc_resources.module.subnets.google_compute_subnetwork.subnetwork",
            "module.vpc_resources.module.vpc.google_compute_network.network",
            "module.vpc_resources.module.vpc.google_compute_shared_vpc_host_project.shared_vpc_host"
          ]
        }
      ]
    },
    {
      "module": "module.peering",
      "mode": "managed",
      "type": "google_compute_network_peering",
      "name": "local_network_peering",
      "provider": "provider[\"registry.terraform.io/hashicorp/google-beta\"]",
      "instances": [
        {
          "schema_version": 0,
          "attributes": {
            "export_custom_routes": false,
            "export_subnet_routes_with_public_ip": true,
            "id": "sdypp-framework-ago-vpc-deployments/peering-sdypp-framework-ago-vpc-deployments-sdypp-framewor-of38",
            "import_custom_routes": false,
            "import_subnet_routes_with_public_ip": false,
            "name": "peering-sdypp-framework-ago-vpc-deployments-sdypp-framewor-of38",
            "network": "https://www.googleapis.com/compute/v1/projects/sdypp-framework-ago/global/networks/sdypp-framework-ago-vpc-deployments",
            "peer_network": "https://www.googleapis.com/compute/beta/projects/sdypp-framework-ago/global/networks/sdypp-framework-ago-vpc-resources",
            "state": "INACTIVE",
            "state_details": "[2021-08-23T17:29:26.994-07:00]: Waiting for peer network to connect.",
            "timeouts": null
          },
          "sensitive_attributes": [],
          "private": "eyJlMmJmYjczMC1lY2FhLTExZTYtOGY4OC0zNDM2M2JjN2M0YzAiOnsiY3JlYXRlIjoyNDAwMDAwMDAwMDAsImRlbGV0ZSI6MjQwMDAwMDAwMDAwLCJ1cGRhdGUiOjI0MDAwMDAwMDAwMH19",
          "dependencies": [
            "module.peering.null_resource.module_depends_on",
            "module.peering.random_string.network_peering_suffix",
            "module.vpc_deployments.module.firewall_rules.google_compute_firewall.rules",
            "module.vpc_deployments.module.routes.google_compute_route.route",
            "module.vpc_deployments.module.subnets.google_compute_subnetwork.subnetwork",
            "module.vpc_deployments.module.vpc.google_compute_network.network",
            "module.vpc_deployments.module.vpc.google_compute_shared_vpc_host_project.shared_vpc_host",
            "module.vpc_resources.module.firewall_rules.google_compute_firewall.rules",
            "module.vpc_resources.module.routes.google_compute_route.route",
            "module.vpc_resources.module.subnets.google_compute_subnetwork.subnetwork",
            "module.vpc_resources.module.vpc.google_compute_network.network",
            "module.vpc_resources.module.vpc.google_compute_shared_vpc_host_project.shared_vpc_host"
          ]
        }
      ]
    },
    {
      "module": "module.peering",
      "mode": "managed",
      "type": "google_compute_network_peering",
      "name": "peer_network_peering",
      "provider": "provider[\"registry.terraform.io/hashicorp/google-beta\"]",
      "instances": [
        {
          "schema_version": 0,
          "attributes": {
            "export_custom_routes": false,
            "export_subnet_routes_with_public_ip": false,
            "id": "sdypp-framework-ago-vpc-resources/peering-sdypp-framework-ago-vpc-resources-sdypp-framework--of38",
            "import_custom_routes": false,
            "import_subnet_routes_with_public_ip": true,
            "name": "peering-sdypp-framework-ago-vpc-resources-sdypp-framework--of38",
            "network": "https://www.googleapis.com/compute/v1/projects/sdypp-framework-ago/global/networks/sdypp-framework-ago-vpc-resources",
            "peer_network": "https://www.googleapis.com/compute/beta/projects/sdypp-framework-ago/global/networks/sdypp-framework-ago-vpc-deployments",
            "state": "ACTIVE",
            "state_details": "[2021-08-23T17:29:29.164-07:00]: Connected.",
            "timeouts": null
          },
          "sensitive_attributes": [],
          "private": "eyJlMmJmYjczMC1lY2FhLTExZTYtOGY4OC0zNDM2M2JjN2M0YzAiOnsiY3JlYXRlIjoyNDAwMDAwMDAwMDAsImRlbGV0ZSI6MjQwMDAwMDAwMDAwLCJ1cGRhdGUiOjI0MDAwMDAwMDAwMH19",
          "dependencies": [
            "module.peering.google_compute_network_peering.local_network_peering",
            "module.peering.null_resource.module_depends_on",
            "module.peering.random_string.network_peering_suffix",
            "module.vpc_deployments.module.firewall_rules.google_compute_firewall.rules",
            "module.vpc_deployments.module.routes.google_compute_route.route",
            "module.vpc_deployments.module.subnets.google_compute_subnetwork.subnetwork",
            "module.vpc_deployments.module.vpc.google_compute_network.network",
            "module.vpc_deployments.module.vpc.google_compute_shared_vpc_host_project.shared_vpc_host",
            "module.vpc_resources.module.firewall_rules.google_compute_firewall.rules",
            "module.vpc_resources.module.routes.google_compute_route.route",
            "module.vpc_resources.module.subnets.google_compute_subnetwork.subnetwork",
            "module.vpc_resources.module.vpc.google_compute_network.network",
            "module.vpc_resources.module.vpc.google_compute_shared_vpc_host_project.shared_vpc_host"
          ]
        }
      ]
    },
    {
      "module": "module.peering",
      "mode": "managed",
      "type": "null_resource",
      "name": "complete",
      "provider": "provider[\"registry.terraform.io/hashicorp/null\"]",
      "instances": [
        {
          "schema_version": 0,
          "attributes": {
            "id": "5630392490707695503",
            "triggers": null
          },
          "sensitive_attributes": [],
          "private": "bnVsbA==",
          "dependencies": [
            "module.peering.google_compute_network_peering.local_network_peering",
            "module.peering.google_compute_network_peering.peer_network_peering",
            "module.peering.null_resource.module_depends_on",
            "module.peering.random_string.network_peering_suffix",
            "module.vpc_deployments.module.firewall_rules.google_compute_firewall.rules",
            "module.vpc_deployments.module.routes.google_compute_route.route",
            "module.vpc_deployments.module.subnets.google_compute_subnetwork.subnetwork",
            "module.vpc_deployments.module.vpc.google_compute_network.network",
            "module.vpc_deployments.module.vpc.google_compute_shared_vpc_host_project.shared_vpc_host",
            "module.vpc_resources.module.firewall_rules.google_compute_firewall.rules",
            "module.vpc_resources.module.routes.google_compute_route.route",
            "module.vpc_resources.module.subnets.google_compute_subnetwork.subnetwork",
            "module.vpc_resources.module.vpc.google_compute_network.network",
            "module.vpc_resources.module.vpc.google_compute_shared_vpc_host_project.shared_vpc_host"
          ]
        }
      ]
    },
    {
      "module": "module.peering",
      "mode": "managed",
      "type": "null_resource",
      "name": "module_depends_on",
      "provider": "provider[\"registry.terraform.io/hashicorp/null\"]",
      "instances": [
        {
          "schema_version": 0,
          "attributes": {
            "id": "6578165508040652114",
            "triggers": {
              "value": "0"
            }
          },
          "sensitive_attributes": [],
          "private": "bnVsbA==",
          "dependencies": [
            "module.vpc_deployments.module.firewall_rules.google_compute_firewall.rules",
            "module.vpc_deployments.module.routes.google_compute_route.route",
            "module.vpc_deployments.module.subnets.google_compute_subnetwork.subnetwork",
            "module.vpc_deployments.module.vpc.google_compute_network.network",
            "module.vpc_deployments.module.vpc.google_compute_shared_vpc_host_project.shared_vpc_host",
            "module.vpc_resources.module.firewall_rules.google_compute_firewall.rules",
            "module.vpc_resources.module.routes.google_compute_route.route",
            "module.vpc_resources.module.subnets.google_compute_subnetwork.subnetwork",
            "module.vpc_resources.module.vpc.google_compute_network.network",
            "module.vpc_resources.module.vpc.google_compute_shared_vpc_host_project.shared_vpc_host"
          ]
        }
      ]
    },
    {
      "module": "module.peering",
      "mode": "managed",
      "type": "random_string",
      "name": "network_peering_suffix",
      "provider": "provider[\"registry.terraform.io/hashicorp/random\"]",
      "instances": [
        {
          "schema_version": 1,
          "attributes": {
            "id": "of38",
            "keepers": null,
            "length": 4,
            "lower": true,
            "min_lower": 0,
            "min_numeric": 0,
            "min_special": 0,
            "min_upper": 0,
            "number": true,
            "override_special": null,
            "result": "of38",
            "special": false,
            "upper": false
          },
          "sensitive_attributes": [],
          "private": "eyJzY2hlbWFfdmVyc2lvbiI6IjEifQ==",
          "dependencies": [
            "module.vpc_deployments.module.firewall_rules.google_compute_firewall.rules",
            "module.vpc_deployments.module.routes.google_compute_route.route",
            "module.vpc_deployments.module.subnets.google_compute_subnetwork.subnetwork",
            "module.vpc_deployments.module.vpc.google_compute_network.network",
            "module.vpc_deployments.module.vpc.google_compute_shared_vpc_host_project.shared_vpc_host",
            "module.vpc_resources.module.firewall_rules.google_compute_firewall.rules",
            "module.vpc_resources.module.routes.google_compute_route.route",
            "module.vpc_resources.module.subnets.google_compute_subnetwork.subnetwork",
            "module.vpc_resources.module.vpc.google_compute_network.network",
            "module.vpc_resources.module.vpc.google_compute_shared_vpc_host_project.shared_vpc_host"
          ]
        }
      ]
    },
    {
      "module": "module.vpc_deployments.module.routes",
      "mode": "managed",
      "type": "google_compute_route",
      "name": "route",
      "provider": "provider[\"registry.terraform.io/hashicorp/google\"]",
      "instances": [
        {
          "index_key": "sdypp-framework-ago-vpc-deployments-egress-internet",
          "schema_version": 0,
          "attributes": {
            "description": "route through IGW to access internet",
            "dest_range": "0.0.0.0/0",
            "id": "projects/sdypp-framework-ago/global/routes/sdypp-framework-ago-vpc-deployments-egress-internet",
            "name": "sdypp-framework-ago-vpc-deployments-egress-internet",
            "network": "https://www.googleapis.com/compute/v1/projects/sdypp-framework-ago/global/networks/sdypp-framework-ago-vpc-deployments",
            "next_hop_gateway": "https://www.googleapis.com/compute/v1/projects/sdypp-framework-ago/global/gateways/default-internet-gateway",
            "next_hop_ilb": "",
            "next_hop_instance": "",
            "next_hop_instance_zone": null,
            "next_hop_ip": "",
            "next_hop_network": "",
            "next_hop_vpn_tunnel": "",
            "priority": 1000,
            "project": "sdypp-framework-ago",
            "self_link": "https://www.googleapis.com/compute/v1/projects/sdypp-framework-ago/global/routes/sdypp-framework-ago-vpc-deployments-egress-internet",
            "tags": [
              "egress-inet"
            ],
            "timeouts": null
          },
          "sensitive_attributes": [],
          "private": "eyJlMmJmYjczMC1lY2FhLTExZTYtOGY4OC0zNDM2M2JjN2M0YzAiOnsiY3JlYXRlIjoyNDAwMDAwMDAwMDAsImRlbGV0ZSI6MjQwMDAwMDAwMDAwfX0=",
          "dependencies": [
            "module.vpc_deployments.module.subnets.google_compute_subnetwork.subnetwork",
            "module.vpc_deployments.module.vpc.google_compute_network.network"
          ]
        }
      ]
    },
    {
      "module": "module.vpc_deployments.module.subnets",
      "mode": "managed",
      "type": "google_compute_subnetwork",
      "name": "subnetwork",
      "provider": "provider[\"registry.terraform.io/hashicorp/google\"]",
      "instances": [
        {
          "index_key": "us-central1/sdypp-framework-ago-subnet-deployments",
          "schema_version": 0,
          "attributes": {
            "creation_timestamp": "2021-08-23T17:28:16.846-07:00",
            "description": "",
            "fingerprint": null,
            "gateway_address": "192.168.16.1",
            "id": "projects/sdypp-framework-ago/regions/us-central1/subnetworks/sdypp-framework-ago-subnet-deployments",
            "ip_cidr_range": "192.168.16.0/20",
            "log_config": [],
            "name": "sdypp-framework-ago-subnet-deployments",
            "network": "https://www.googleapis.com/compute/v1/projects/sdypp-framework-ago/global/networks/sdypp-framework-ago-vpc-deployments",
            "private_ip_google_access": false,
            "private_ipv6_google_access": "DISABLE_GOOGLE_ACCESS",
            "project": "sdypp-framework-ago",
            "region": "us-central1",
            "secondary_ip_range": [
              {
                "ip_cidr_range": "192.168.32.0/20",
                "range_name": "sdypp-framework-ago-subnet-deployments-pods"
              },
              {
                "ip_cidr_range": "192.168.48.0/20",
                "range_name": "sdypp-framework-ago-subnet-deployments-services"
              }
            ],
            "self_link": "https://www.googleapis.com/compute/v1/projects/sdypp-framework-ago/regions/us-central1/subnetworks/sdypp-framework-ago-subnet-deployments",
            "timeouts": null
          },
          "sensitive_attributes": [],
          "private": "eyJlMmJmYjczMC1lY2FhLTExZTYtOGY4OC0zNDM2M2JjN2M0YzAiOnsiY3JlYXRlIjozNjAwMDAwMDAwMDAsImRlbGV0ZSI6MzYwMDAwMDAwMDAwLCJ1cGRhdGUiOjM2MDAwMDAwMDAwMH19",
          "dependencies": [
            "module.vpc_deployments.module.vpc.google_compute_network.network"
          ]
        }
      ]
    },
    {
      "module": "module.vpc_deployments.module.vpc",
      "mode": "managed",
      "type": "google_compute_network",
      "name": "network",
      "provider": "provider[\"registry.terraform.io/hashicorp/google\"]",
      "instances": [
        {
          "schema_version": 0,
          "attributes": {
            "auto_create_subnetworks": false,
            "delete_default_routes_on_create": false,
            "description": "",
            "gateway_ipv4": "",
            "id": "projects/sdypp-framework-ago/global/networks/sdypp-framework-ago-vpc-deployments",
            "mtu": 0,
            "name": "sdypp-framework-ago-vpc-deployments",
            "project": "sdypp-framework-ago",
            "routing_mode": "REGIONAL",
            "self_link": "https://www.googleapis.com/compute/v1/projects/sdypp-framework-ago/global/networks/sdypp-framework-ago-vpc-deployments",
            "timeouts": null
          },
          "sensitive_attributes": [],
          "private": "eyJlMmJmYjczMC1lY2FhLTExZTYtOGY4OC0zNDM2M2JjN2M0YzAiOnsiY3JlYXRlIjoyNDAwMDAwMDAwMDAsImRlbGV0ZSI6MjQwMDAwMDAwMDAwLCJ1cGRhdGUiOjI0MDAwMDAwMDAwMH19"
        }
      ]
    },
    {
      "module": "module.vpc_management.module.routes",
      "mode": "managed",
      "type": "google_compute_route",
      "name": "route",
      "provider": "provider[\"registry.terraform.io/hashicorp/google\"]",
      "instances": [
        {
          "index_key": "sdypp-framework-ago-vpc-management-egress-internet",
          "schema_version": 0,
          "attributes": {
            "description": "route through IGW to access internet",
            "dest_range": "0.0.0.0/0",
            "id": "projects/sdypp-framework-ago/global/routes/sdypp-framework-ago-vpc-management-egress-internet",
            "name": "sdypp-framework-ago-vpc-management-egress-internet",
            "network": "https://www.googleapis.com/compute/v1/projects/sdypp-framework-ago/global/networks/sdypp-framework-ago-vpc-management",
            "next_hop_gateway": "https://www.googleapis.com/compute/v1/projects/sdypp-framework-ago/global/gateways/default-internet-gateway",
            "next_hop_ilb": "",
            "next_hop_instance": "",
            "next_hop_instance_zone": null,
            "next_hop_ip": "",
            "next_hop_network": "",
            "next_hop_vpn_tunnel": "",
            "priority": 1000,
            "project": "sdypp-framework-ago",
            "self_link": "https://www.googleapis.com/compute/v1/projects/sdypp-framework-ago/global/routes/sdypp-framework-ago-vpc-management-egress-internet",
            "tags": [
              "egress-inet"
            ],
            "timeouts": null
          },
          "sensitive_attributes": [],
          "private": "eyJlMmJmYjczMC1lY2FhLTExZTYtOGY4OC0zNDM2M2JjN2M0YzAiOnsiY3JlYXRlIjoyNDAwMDAwMDAwMDAsImRlbGV0ZSI6MjQwMDAwMDAwMDAwfX0=",
          "dependencies": [
            "module.vpc_management.module.subnets.google_compute_subnetwork.subnetwork",
            "module.vpc_management.module.vpc.google_compute_network.network"
          ]
        }
      ]
    },
    {
      "module": "module.vpc_management.module.subnets",
      "mode": "managed",
      "type": "google_compute_subnetwork",
      "name": "subnetwork",
      "provider": "provider[\"registry.terraform.io/hashicorp/google\"]",
      "instances": [
        {
          "index_key": "us-east1/sdypp-framework-ago-subnet-management",
          "schema_version": 0,
          "attributes": {
            "creation_timestamp": "2021-08-23T17:28:16.777-07:00",
            "description": "",
            "fingerprint": null,
            "gateway_address": "192.168.64.1",
            "id": "projects/sdypp-framework-ago/regions/us-east1/subnetworks/sdypp-framework-ago-subnet-management",
            "ip_cidr_range": "192.168.64.0/20",
            "log_config": [],
            "name": "sdypp-framework-ago-subnet-management",
            "network": "https://www.googleapis.com/compute/v1/projects/sdypp-framework-ago/global/networks/sdypp-framework-ago-vpc-management",
            "private_ip_google_access": false,
            "private_ipv6_google_access": "DISABLE_GOOGLE_ACCESS",
            "project": "sdypp-framework-ago",
            "region": "us-east1",
            "secondary_ip_range": [
              {
                "ip_cidr_range": "192.168.80.0/20",
                "range_name": "sdypp-framework-ago-subnet-management-pods"
              },
              {
                "ip_cidr_range": "192.168.96.0/20",
                "range_name": "sdypp-framework-ago-subnet-management-services"
              }
            ],
            "self_link": "https://www.googleapis.com/compute/v1/projects/sdypp-framework-ago/regions/us-east1/subnetworks/sdypp-framework-ago-subnet-management",
            "timeouts": null
          },
          "sensitive_attributes": [],
          "private": "eyJlMmJmYjczMC1lY2FhLTExZTYtOGY4OC0zNDM2M2JjN2M0YzAiOnsiY3JlYXRlIjozNjAwMDAwMDAwMDAsImRlbGV0ZSI6MzYwMDAwMDAwMDAwLCJ1cGRhdGUiOjM2MDAwMDAwMDAwMH19",
          "dependencies": [
            "module.vpc_management.module.vpc.google_compute_network.network"
          ]
        }
      ]
    },
    {
      "module": "module.vpc_management.module.vpc",
      "mode": "managed",
      "type": "google_compute_network",
      "name": "network",
      "provider": "provider[\"registry.terraform.io/hashicorp/google\"]",
      "instances": [
        {
          "schema_version": 0,
          "attributes": {
            "auto_create_subnetworks": false,
            "delete_default_routes_on_create": false,
            "description": "",
            "gateway_ipv4": "",
            "id": "projects/sdypp-framework-ago/global/networks/sdypp-framework-ago-vpc-management",
            "mtu": 0,
            "name": "sdypp-framework-ago-vpc-management",
            "project": "sdypp-framework-ago",
            "routing_mode": "REGIONAL",
            "self_link": "https://www.googleapis.com/compute/v1/projects/sdypp-framework-ago/global/networks/sdypp-framework-ago-vpc-management",
            "timeouts": null
          },
          "sensitive_attributes": [],
          "private": "eyJlMmJmYjczMC1lY2FhLTExZTYtOGY4OC0zNDM2M2JjN2M0YzAiOnsiY3JlYXRlIjoyNDAwMDAwMDAwMDAsImRlbGV0ZSI6MjQwMDAwMDAwMDAwLCJ1cGRhdGUiOjI0MDAwMDAwMDAwMH19"
        }
      ]
    },
    {
      "module": "module.vpc_resources.module.routes",
      "mode": "managed",
      "type": "google_compute_route",
      "name": "route",
      "provider": "provider[\"registry.terraform.io/hashicorp/google\"]",
      "instances": [
        {
          "index_key": "sdypp-framework-ago-vpc-resources-egress-internet",
          "schema_version": 0,
          "attributes": {
            "description": "route through IGW to access internet",
            "dest_range": "0.0.0.0/0",
            "id": "projects/sdypp-framework-ago/global/routes/sdypp-framework-ago-vpc-resources-egress-internet",
            "name": "sdypp-framework-ago-vpc-resources-egress-internet",
            "network": "https://www.googleapis.com/compute/v1/projects/sdypp-framework-ago/global/networks/sdypp-framework-ago-vpc-resources",
            "next_hop_gateway": "https://www.googleapis.com/compute/v1/projects/sdypp-framework-ago/global/gateways/default-internet-gateway",
            "next_hop_ilb": "",
            "next_hop_instance": "",
            "next_hop_instance_zone": null,
            "next_hop_ip": "",
            "next_hop_network": "",
            "next_hop_vpn_tunnel": "",
            "priority": 1000,
            "project": "sdypp-framework-ago",
            "self_link": "https://www.googleapis.com/compute/v1/projects/sdypp-framework-ago/global/routes/sdypp-framework-ago-vpc-resources-egress-internet",
            "tags": [
              "egress-inet"
            ],
            "timeouts": null
          },
          "sensitive_attributes": [],
          "private": "eyJlMmJmYjczMC1lY2FhLTExZTYtOGY4OC0zNDM2M2JjN2M0YzAiOnsiY3JlYXRlIjoyNDAwMDAwMDAwMDAsImRlbGV0ZSI6MjQwMDAwMDAwMDAwfX0=",
          "dependencies": [
            "module.vpc_resources.module.subnets.google_compute_subnetwork.subnetwork",
            "module.vpc_resources.module.vpc.google_compute_network.network"
          ]
        }
      ]
    },
    {
      "module": "module.vpc_resources.module.subnets",
      "mode": "managed",
      "type": "google_compute_subnetwork",
      "name": "subnetwork",
      "provider": "provider[\"registry.terraform.io/hashicorp/google\"]",
      "instances": [
        {
          "index_key": "us-west1/sdypp-framework-ago-subnet-resources",
          "schema_version": 0,
          "attributes": {
            "creation_timestamp": "2021-08-23T17:28:28.462-07:00",
            "description": "",
            "fingerprint": null,
            "gateway_address": "192.168.128.1",
            "id": "projects/sdypp-framework-ago/regions/us-west1/subnetworks/sdypp-framework-ago-subnet-resources",
            "ip_cidr_range": "192.168.128.0/20",
            "log_config": [],
            "name": "sdypp-framework-ago-subnet-resources",
            "network": "https://www.googleapis.com/compute/v1/projects/sdypp-framework-ago/global/networks/sdypp-framework-ago-vpc-resources",
            "private_ip_google_access": false,
            "private_ipv6_google_access": "DISABLE_GOOGLE_ACCESS",
            "project": "sdypp-framework-ago",
            "region": "us-west1",
            "secondary_ip_range": [
              {
                "ip_cidr_range": "192.168.144.0/20",
                "range_name": "sdypp-framework-ago-subnet-resources-pods"
              },
              {
                "ip_cidr_range": "192.168.160.0/20",
                "range_name": "sdypp-framework-ago-subnet-resources-services"
              }
            ],
            "self_link": "https://www.googleapis.com/compute/v1/projects/sdypp-framework-ago/regions/us-west1/subnetworks/sdypp-framework-ago-subnet-resources",
            "timeouts": null
          },
          "sensitive_attributes": [],
          "private": "eyJlMmJmYjczMC1lY2FhLTExZTYtOGY4OC0zNDM2M2JjN2M0YzAiOnsiY3JlYXRlIjozNjAwMDAwMDAwMDAsImRlbGV0ZSI6MzYwMDAwMDAwMDAwLCJ1cGRhdGUiOjM2MDAwMDAwMDAwMH19",
          "dependencies": [
            "module.vpc_resources.module.vpc.google_compute_network.network"
          ]
        }
      ]
    },
    {
      "module": "module.vpc_resources.module.vpc",
      "mode": "managed",
      "type": "google_compute_network",
      "name": "network",
      "provider": "provider[\"registry.terraform.io/hashicorp/google\"]",
      "instances": [
        {
          "schema_version": 0,
          "attributes": {
            "auto_create_subnetworks": false,
            "delete_default_routes_on_create": false,
            "description": "",
            "gateway_ipv4": "",
            "id": "projects/sdypp-framework-ago/global/networks/sdypp-framework-ago-vpc-resources",
            "mtu": 0,
            "name": "sdypp-framework-ago-vpc-resources",
            "project": "sdypp-framework-ago",
            "routing_mode": "REGIONAL",
            "self_link": "https://www.googleapis.com/compute/v1/projects/sdypp-framework-ago/global/networks/sdypp-framework-ago-vpc-resources",
            "timeouts": null
          },
          "sensitive_attributes": [],
          "private": "eyJlMmJmYjczMC1lY2FhLTExZTYtOGY4OC0zNDM2M2JjN2M0YzAiOnsiY3JlYXRlIjoyNDAwMDAwMDAwMDAsImRlbGV0ZSI6MjQwMDAwMDAwMDAwLCJ1cGRhdGUiOjI0MDAwMDAwMDAwMH19"
        }
      ]
    }
  ]
}
